{
  "version": 4,
  "terraform_version": "0.13.4",
  "serial": 180,
  "lineage": "12501dbd-ee22-dc3f-1766-608d84e3277a",
  "outputs": {},
  "resources": [
    {
      "module": "module.eks-jx",
      "mode": "managed",
      "type": "random_pet",
      "name": "current",
      "provider": "provider[\"registry.terraform.io/hashicorp/random\"]",
      "instances": [
        {
          "schema_version": 0,
          "attributes": {
            "id": "tf-jx-many-ray",
            "keepers": {
              "cluster_name": "capires"
            },
            "length": 2,
            "prefix": "tf-jx",
            "separator": "-"
          },
          "private": "bnVsbA=="
        }
      ]
    },
    {
      "module": "module.eks-jx.module.cluster",
      "mode": "data",
      "type": "aws_availability_zones",
      "name": "available",
      "provider": "module.eks-jx.provider[\"registry.terraform.io/hashicorp/aws\"]",
      "instances": [
        {
          "schema_version": 0,
          "attributes": {
            "all_availability_zones": null,
            "exclude_names": null,
            "exclude_zone_ids": null,
            "filter": null,
            "group_names": [
              "us-east-1"
            ],
            "id": "us-east-1",
            "names": [
              "us-east-1a",
              "us-east-1b",
              "us-east-1c",
              "us-east-1d",
              "us-east-1e",
              "us-east-1f"
            ],
            "state": null,
            "zone_ids": [
              "use1-az4",
              "use1-az6",
              "use1-az1",
              "use1-az2",
              "use1-az3",
              "use1-az5"
            ]
          }
        }
      ]
    },
    {
      "module": "module.eks-jx.module.cluster",
      "mode": "data",
      "type": "aws_eks_cluster",
      "name": "cluster",
      "provider": "module.eks-jx.provider[\"registry.terraform.io/hashicorp/aws\"]",
      "instances": [
        {
          "schema_version": 0,
          "attributes": {
            "arn": "arn:aws:eks:us-east-1:621520006631:cluster/capires",
            "certificate_authority": [
              {
                "data": "LS0tLS1CRUdJTiBDRVJUSUZJQ0FURS0tLS0tCk1JSUN5RENDQWJDZ0F3SUJBZ0lCQURBTkJna3Foa2lHOXcwQkFRc0ZBREFWTVJNd0VRWURWUVFERXdwcmRXSmwKY201bGRHVnpNQjRYRFRJd01UQXlPVEV3TVRnd05Wb1hEVE13TVRBeU56RXdNVGd3TlZvd0ZURVRNQkVHQTFVRQpBeE1LYTNWaVpYSnVaWFJsY3pDQ0FTSXdEUVlKS29aSWh2Y05BUUVCQlFBRGdnRVBBRENDQVFvQ2dnRUJBTFBkCmgxY2FWb21GMDdhSEoxUU5FOTVkblRlL2xLSlRCMk1iUUljQXFwSXF5NEZEcFRhQ1hMeFZnT1VyN0xIN2pIYmcKd0VsaFV4blRGUVo1TFpCVzVkcmx3VzdvNHhWd3RUZWY4R2dMcERMUEhiMzVqNGM4RjU3LzBGUDlqMEdLMENFZgptWERiSlJjWDNRcGRIQ2lqS25xT2xicGJIemtsM1JaZVphdG5leWxUdkYrelYrNE9WemY2M2NlM05yNVZLTDVoCkx4a1ljUWxDRDJxY2FkMHZhcnkrVmlKMVlkQ082YUh5RWNHdlJJMkRLa2syeE82NlhiVXh2diswVXRSUDNEaloKMFI0dnZhNTl5RzVabDU5MndjNk5LcnRLMWI4aTRLYWZvSS9qbE1OdjNEbW1CRk5SdWdLWE14Z2JSVFlqekJxaApaQXF6WHBMYitnM09QZUo4RkdrQ0F3RUFBYU1qTUNFd0RnWURWUjBQQVFIL0JBUURBZ0trTUE4R0ExVWRFd0VCCi93UUZNQU1CQWY4d0RRWUpLb1pJaHZjTkFRRUxCUUFEZ2dFQkFDQTYzU09ZOTVrK3BpK0kzbG5kMHo0OWF2cGwKODcrL0hLSmRzaFFDUzUraHBEUUV3SENEenpYSFJzTWV3YUZ6Q2VJTTRPalRnRHF4R2NTR0ZZdmkxbnNzOGtlQgovZW9wdzFtMnJpVWlJeFdvcDF6bmk4VXFHSzVoelNsQWgyWjRYTFhuakFkdEF0QlJ4eFJ5SmozcVZjZzJqTk9DCnpYZkUyM3BhS1hLVjNVdVZxd1U4NUJVYlZDRHhmdmNvUG8rYUQ3UUhYUGl5TkxXdkRXUm1NTjFkSm94M3NLVGIKRlQ0cVNweTFHTldtb1Y3NU5QK2xqRGs1NUR5dUsrQlpXTlFROC93Rkk3cHlkU2s0OE5JU1RRUEtMNE51dUJ2QQprTmFrTmlCWnh4dmY4dUhLcG9RMk1wU0FXS0UvUzRJakN5QXppWURVNy9ib2VRSDBlTHZIdmlUK241ST0KLS0tLS1FTkQgQ0VSVElGSUNBVEUtLS0tLQo="
              }
            ],
            "created_at": "2020-10-29 10:09:29.456 +0000 UTC",
            "enabled_cluster_log_types": [],
            "endpoint": "https://552D7E72A668FA4D2ACD29C13EA28221.gr7.us-east-1.eks.amazonaws.com",
            "id": "capires",
            "identity": [
              {
                "oidc": [
                  {
                    "issuer": "https://oidc.eks.us-east-1.amazonaws.com/id/552D7E72A668FA4D2ACD29C13EA28221"
                  }
                ]
              }
            ],
            "name": "capires",
            "platform_version": "eks.3",
            "role_arn": "arn:aws:iam::621520006631:role/capires20201029100912204000000006",
            "status": "ACTIVE",
            "tags": {},
            "version": "1.17",
            "vpc_config": [
              {
                "cluster_security_group_id": "sg-0473fab207ab917bd",
                "endpoint_private_access": false,
                "endpoint_public_access": true,
                "public_access_cidrs": [
                  "0.0.0.0/0"
                ],
                "security_group_ids": [
                  "sg-0b6637ddef383b5d8"
                ],
                "subnet_ids": [
                  "subnet-013474d379ea8cabc",
                  "subnet-0590e87914926b8bb",
                  "subnet-082d7c60e77b1f2cb"
                ],
                "vpc_id": "vpc-01acca9b887511bbe"
              }
            ]
          }
        }
      ]
    },
    {
      "module": "module.eks-jx.module.cluster",
      "mode": "data",
      "type": "aws_eks_cluster_auth",
      "name": "cluster",
      "provider": "module.eks-jx.provider[\"registry.terraform.io/hashicorp/aws\"]",
      "instances": [
        {
          "schema_version": 0,
          "attributes": {
            "id": "capires",
            "name": "capires",
            "token": "k8s-aws-v1.aHR0cHM6Ly9zdHMuYW1hem9uYXdzLmNvbS8_QWN0aW9uPUdldENhbGxlcklkZW50aXR5JlZlcnNpb249MjAxMS0wNi0xNSZYLUFtei1BbGdvcml0aG09QVdTNC1ITUFDLVNIQTI1NiZYLUFtei1DcmVkZW50aWFsPUFLSUFaQk5MMlZYVDNHTktTMzRTJTJGMjAyMDEwMzAlMkZ1cy1lYXN0LTElMkZzdHMlMkZhd3M0X3JlcXVlc3QmWC1BbXotRGF0ZT0yMDIwMTAzMFQxNjEyMjhaJlgtQW16LUV4cGlyZXM9MCZYLUFtei1TaWduZWRIZWFkZXJzPWhvc3QlM0J4LWs4cy1hd3MtaWQmWC1BbXotU2lnbmF0dXJlPWRlODBjMGFkYzMzNTRjMjgxYTVjNWQ3OTU5MTRhOWMzNDQxZTg4NGZlYTIxN2RhYzdlZjA1MTVjNTE4ZDVjMTU"
          }
        }
      ]
    },
    {
      "module": "module.eks-jx.module.cluster",
      "mode": "managed",
      "type": "kubernetes_namespace",
      "name": "jx",
      "provider": "module.eks-jx.module.cluster.provider[\"registry.terraform.io/hashicorp/kubernetes\"]",
      "instances": [
        {
          "index_key": 0,
          "schema_version": 0,
          "attributes": {
            "id": "jx",
            "metadata": [
              {
                "annotations": {
                  "jenkins-x.io/created-by": "Jenkins X",
                  "jenkins.io/chart": "env"
                },
                "generate_name": "",
                "generation": 0,
                "labels": {
                  "certmanager.k8s.io/disable-validation": "true",
                  "env": "dev",
                  "jenkins.io/chart-release": "jenkins-x",
                  "jenkins.io/version": "2",
                  "team": "jx"
                },
                "name": "jx",
                "resource_version": "331280",
                "self_link": "/api/v1/namespaces/jx",
                "uid": "1ffc8090-a97b-4600-8a3c-18bf201e5279"
              }
            ],
            "timeouts": null
          }
        }
      ]
    },
    {
      "module": "module.eks-jx.module.cluster",
      "mode": "managed",
      "type": "null_resource",
      "name": "kubeconfig",
      "provider": "provider[\"registry.terraform.io/hashicorp/null\"]",
      "instances": [
        {
          "schema_version": 0,
          "attributes": {
            "id": "1646602825833941640",
            "triggers": null
          },
          "dependencies": [
            "module.eks-jx.module.cluster.data.aws_availability_zones.available",
            "module.eks-jx.module.cluster.data.aws_eks_cluster.cluster",
            "module.eks-jx.module.cluster.data.aws_eks_cluster_auth.cluster",
            "module.eks-jx.module.cluster.module.eks.aws_autoscaling_group.workers",
            "module.eks-jx.module.cluster.module.eks.aws_autoscaling_group.workers_launch_template",
            "module.eks-jx.module.cluster.module.eks.aws_cloudwatch_log_group.this",
            "module.eks-jx.module.cluster.module.eks.aws_eks_cluster.this",
            "module.eks-jx.module.cluster.module.eks.aws_iam_instance_profile.workers",
            "module.eks-jx.module.cluster.module.eks.aws_iam_instance_profile.workers_launch_template",
            "module.eks-jx.module.cluster.module.eks.aws_iam_openid_connect_provider.oidc_provider",
            "module.eks-jx.module.cluster.module.eks.aws_iam_role.cluster",
            "module.eks-jx.module.cluster.module.eks.aws_iam_role.workers",
            "module.eks-jx.module.cluster.module.eks.aws_iam_role_policy_attachment.cluster_AmazonEKSClusterPolicy",
            "module.eks-jx.module.cluster.module.eks.aws_iam_role_policy_attachment.cluster_AmazonEKSServicePolicy",
            "module.eks-jx.module.cluster.module.eks.aws_iam_role_policy_attachment.workers_AmazonEC2ContainerRegistryReadOnly",
            "module.eks-jx.module.cluster.module.eks.aws_iam_role_policy_attachment.workers_AmazonEKSWorkerNodePolicy",
            "module.eks-jx.module.cluster.module.eks.aws_iam_role_policy_attachment.workers_AmazonEKS_CNI_Policy",
            "module.eks-jx.module.cluster.module.eks.aws_iam_role_policy_attachment.workers_additional_policies",
            "module.eks-jx.module.cluster.module.eks.aws_launch_configuration.workers",
            "module.eks-jx.module.cluster.module.eks.aws_launch_template.workers_launch_template",
            "module.eks-jx.module.cluster.module.eks.aws_security_group.cluster",
            "module.eks-jx.module.cluster.module.eks.aws_security_group.workers",
            "module.eks-jx.module.cluster.module.eks.aws_security_group_rule.cluster_egress_internet",
            "module.eks-jx.module.cluster.module.eks.aws_security_group_rule.cluster_https_worker_ingress",
            "module.eks-jx.module.cluster.module.eks.aws_security_group_rule.cluster_primary_ingress_workers",
            "module.eks-jx.module.cluster.module.eks.aws_security_group_rule.cluster_private_access",
            "module.eks-jx.module.cluster.module.eks.aws_security_group_rule.workers_egress_internet",
            "module.eks-jx.module.cluster.module.eks.aws_security_group_rule.workers_ingress_cluster",
            "module.eks-jx.module.cluster.module.eks.aws_security_group_rule.workers_ingress_cluster_https",
            "module.eks-jx.module.cluster.module.eks.aws_security_group_rule.workers_ingress_cluster_kubelet",
            "module.eks-jx.module.cluster.module.eks.aws_security_group_rule.workers_ingress_cluster_primary",
            "module.eks-jx.module.cluster.module.eks.aws_security_group_rule.workers_ingress_self",
            "module.eks-jx.module.cluster.module.eks.data.aws_ami.eks_worker",
            "module.eks-jx.module.cluster.module.eks.data.aws_ami.eks_worker_windows",
            "module.eks-jx.module.cluster.module.eks.data.aws_caller_identity.current",
            "module.eks-jx.module.cluster.module.eks.data.aws_iam_instance_profile.custom_worker_group_iam_instance_profile",
            "module.eks-jx.module.cluster.module.eks.data.aws_iam_instance_profile.custom_worker_group_launch_template_iam_instance_profile",
            "module.eks-jx.module.cluster.module.eks.data.aws_iam_policy_document.cluster_assume_role_policy",
            "module.eks-jx.module.cluster.module.eks.data.aws_iam_policy_document.workers_assume_role_policy",
            "module.eks-jx.module.cluster.module.eks.data.aws_iam_role.custom_cluster_iam_role",
            "module.eks-jx.module.cluster.module.eks.data.aws_partition.current",
            "module.eks-jx.module.cluster.module.eks.data.null_data_source.node_groups",
            "module.eks-jx.module.cluster.module.eks.data.template_file.launch_template_userdata",
            "module.eks-jx.module.cluster.module.eks.data.template_file.userdata",
            "module.eks-jx.module.cluster.module.eks.kubernetes_config_map.aws_auth",
            "module.eks-jx.module.cluster.module.eks.local_file.kubeconfig",
            "module.eks-jx.module.cluster.module.eks.module.node_groups.aws_eks_node_group.workers",
            "module.eks-jx.module.cluster.module.eks.module.node_groups.random_pet.node_groups",
            "module.eks-jx.module.cluster.module.eks.null_resource.wait_for_cluster",
            "module.eks-jx.module.cluster.module.eks.random_pet.workers",
            "module.eks-jx.module.cluster.module.eks.random_pet.workers_launch_template",
            "module.eks-jx.module.cluster.module.vpc.aws_subnet.private",
            "module.eks-jx.module.cluster.module.vpc.aws_subnet.public",
            "module.eks-jx.module.cluster.module.vpc.aws_vpc.this",
            "module.eks-jx.module.cluster.module.vpc.aws_vpc_ipv4_cidr_block_association.this",
            "module.eks-jx.random_pet.current"
          ]
        }
      ]
    },
    {
      "module": "module.eks-jx.module.cluster.module.eks",
      "mode": "data",
      "type": "aws_ami",
      "name": "eks_worker",
      "provider": "module.eks-jx.provider[\"registry.terraform.io/hashicorp/aws\"]",
      "instances": [
        {
          "schema_version": 0,
          "attributes": {
            "architecture": "x86_64",
            "arn": "arn:aws:ec2:us-east-1::image/ami-07250434f8a7bc5f1",
            "block_device_mappings": [
              {
                "device_name": "/dev/xvda",
                "ebs": {
                  "delete_on_termination": "true",
                  "encrypted": "false",
                  "iops": "0",
                  "snapshot_id": "snap-05cfbb82ee402f4a9",
                  "volume_size": "20",
                  "volume_type": "gp2"
                },
                "no_device": "",
                "virtual_name": ""
              }
            ],
            "creation_date": "2020-10-07T22:13:21.000Z",
            "description": "EKS Kubernetes Worker AMI with AmazonLinux2 image, (k8s: 1.17.11, docker:19.03.6ce-4.amzn2)",
            "executable_users": null,
            "filter": [
              {
                "name": "name",
                "values": [
                  "amazon-eks-node-1.17-v*"
                ]
              }
            ],
            "hypervisor": "xen",
            "id": "ami-07250434f8a7bc5f1",
            "image_id": "ami-07250434f8a7bc5f1",
            "image_location": "amazon/amazon-eks-node-1.17-v20201007",
            "image_owner_alias": "amazon",
            "image_type": "machine",
            "kernel_id": null,
            "most_recent": true,
            "name": "amazon-eks-node-1.17-v20201007",
            "name_regex": null,
            "owner_id": "602401143452",
            "owners": [
              "602401143452"
            ],
            "platform": null,
            "product_codes": [],
            "public": true,
            "ramdisk_id": null,
            "root_device_name": "/dev/xvda",
            "root_device_type": "ebs",
            "root_snapshot_id": "snap-05cfbb82ee402f4a9",
            "sriov_net_support": "simple",
            "state": "available",
            "state_reason": {
              "code": "UNSET",
              "message": "UNSET"
            },
            "tags": {},
            "virtualization_type": "hvm"
          }
        }
      ]
    },
    {
      "module": "module.eks-jx.module.cluster.module.eks",
      "mode": "data",
      "type": "aws_ami",
      "name": "eks_worker_windows",
      "provider": "module.eks-jx.provider[\"registry.terraform.io/hashicorp/aws\"]",
      "instances": [
        {
          "schema_version": 0,
          "attributes": {
            "architecture": "x86_64",
            "arn": "arn:aws:ec2:us-east-1::image/ami-0e74d304a57b5274f",
            "block_device_mappings": [
              {
                "device_name": "/dev/sda1",
                "ebs": {
                  "delete_on_termination": "true",
                  "encrypted": "false",
                  "iops": "0",
                  "snapshot_id": "snap-0de1db7b6a2609428",
                  "volume_size": "50",
                  "volume_type": "gp2"
                },
                "no_device": "",
                "virtual_name": ""
              },
              {
                "device_name": "xvdca",
                "ebs": {},
                "no_device": "",
                "virtual_name": "ephemeral0"
              },
              {
                "device_name": "xvdcb",
                "ebs": {},
                "no_device": "",
                "virtual_name": "ephemeral1"
              },
              {
                "device_name": "xvdcc",
                "ebs": {},
                "no_device": "",
                "virtual_name": "ephemeral2"
              },
              {
                "device_name": "xvdcd",
                "ebs": {},
                "no_device": "",
                "virtual_name": "ephemeral3"
              },
              {
                "device_name": "xvdce",
                "ebs": {},
                "no_device": "",
                "virtual_name": "ephemeral4"
              },
              {
                "device_name": "xvdcf",
                "ebs": {},
                "no_device": "",
                "virtual_name": "ephemeral5"
              },
              {
                "device_name": "xvdcg",
                "ebs": {},
                "no_device": "",
                "virtual_name": "ephemeral6"
              },
              {
                "device_name": "xvdch",
                "ebs": {},
                "no_device": "",
                "virtual_name": "ephemeral7"
              },
              {
                "device_name": "xvdci",
                "ebs": {},
                "no_device": "",
                "virtual_name": "ephemeral8"
              },
              {
                "device_name": "xvdcj",
                "ebs": {},
                "no_device": "",
                "virtual_name": "ephemeral9"
              },
              {
                "device_name": "xvdck",
                "ebs": {},
                "no_device": "",
                "virtual_name": "ephemeral10"
              },
              {
                "device_name": "xvdcl",
                "ebs": {},
                "no_device": "",
                "virtual_name": "ephemeral11"
              },
              {
                "device_name": "xvdcm",
                "ebs": {},
                "no_device": "",
                "virtual_name": "ephemeral12"
              },
              {
                "device_name": "xvdcn",
                "ebs": {},
                "no_device": "",
                "virtual_name": "ephemeral13"
              },
              {
                "device_name": "xvdco",
                "ebs": {},
                "no_device": "",
                "virtual_name": "ephemeral14"
              },
              {
                "device_name": "xvdcp",
                "ebs": {},
                "no_device": "",
                "virtual_name": "ephemeral15"
              },
              {
                "device_name": "xvdcq",
                "ebs": {},
                "no_device": "",
                "virtual_name": "ephemeral16"
              },
              {
                "device_name": "xvdcr",
                "ebs": {},
                "no_device": "",
                "virtual_name": "ephemeral17"
              },
              {
                "device_name": "xvdcs",
                "ebs": {},
                "no_device": "",
                "virtual_name": "ephemeral18"
              },
              {
                "device_name": "xvdct",
                "ebs": {},
                "no_device": "",
                "virtual_name": "ephemeral19"
              },
              {
                "device_name": "xvdcu",
                "ebs": {},
                "no_device": "",
                "virtual_name": "ephemeral20"
              },
              {
                "device_name": "xvdcv",
                "ebs": {},
                "no_device": "",
                "virtual_name": "ephemeral21"
              },
              {
                "device_name": "xvdcw",
                "ebs": {},
                "no_device": "",
                "virtual_name": "ephemeral22"
              },
              {
                "device_name": "xvdcx",
                "ebs": {},
                "no_device": "",
                "virtual_name": "ephemeral23"
              },
              {
                "device_name": "xvdcy",
                "ebs": {},
                "no_device": "",
                "virtual_name": "ephemeral24"
              },
              {
                "device_name": "xvdcz",
                "ebs": {},
                "no_device": "",
                "virtual_name": "ephemeral25"
              }
            ],
            "creation_date": "2020-09-09T06:01:47.000Z",
            "description": "Microsoft Windows Server 2019 Core optimized for EKS and provided by Amazon",
            "executable_users": null,
            "filter": [
              {
                "name": "name",
                "values": [
                  "Windows_Server-2019-English-Core-EKS_Optimized-1.17-*"
                ]
              },
              {
                "name": "platform",
                "values": [
                  "windows"
                ]
              }
            ],
            "hypervisor": "xen",
            "id": "ami-0e74d304a57b5274f",
            "image_id": "ami-0e74d304a57b5274f",
            "image_location": "amazon/Windows_Server-2019-English-Core-EKS_Optimized-1.17-2020.09.09",
            "image_owner_alias": "amazon",
            "image_type": "machine",
            "kernel_id": null,
            "most_recent": true,
            "name": "Windows_Server-2019-English-Core-EKS_Optimized-1.17-2020.09.09",
            "name_regex": null,
            "owner_id": "801119661308",
            "owners": [
              "801119661308"
            ],
            "platform": "windows",
            "product_codes": [],
            "public": true,
            "ramdisk_id": null,
            "root_device_name": "/dev/sda1",
            "root_device_type": "ebs",
            "root_snapshot_id": "snap-0de1db7b6a2609428",
            "sriov_net_support": "simple",
            "state": "available",
            "state_reason": {
              "code": "UNSET",
              "message": "UNSET"
            },
            "tags": {},
            "virtualization_type": "hvm"
          }
        }
      ]
    },
    {
      "module": "module.eks-jx.module.cluster.module.eks",
      "mode": "data",
      "type": "aws_caller_identity",
      "name": "current",
      "provider": "module.eks-jx.provider[\"registry.terraform.io/hashicorp/aws\"]",
      "instances": [
        {
          "schema_version": 0,
          "attributes": {
            "account_id": "621520006631",
            "arn": "arn:aws:iam::621520006631:user/Administrator",
            "id": "2020-10-30 16:12:20.4331204 +0000 UTC",
            "user_id": "AIDAZBNL2VXTXHK42HACQ"
          }
        }
      ]
    },
    {
      "module": "module.eks-jx.module.cluster.module.eks",
      "mode": "data",
      "type": "aws_iam_policy_document",
      "name": "cluster_assume_role_policy",
      "provider": "module.eks-jx.provider[\"registry.terraform.io/hashicorp/aws\"]",
      "instances": [
        {
          "schema_version": 0,
          "attributes": {
            "id": "2764486067",
            "json": "{\n  \"Version\": \"2012-10-17\",\n  \"Statement\": [\n    {\n      \"Sid\": \"EKSClusterAssumeRole\",\n      \"Effect\": \"Allow\",\n      \"Action\": \"sts:AssumeRole\",\n      \"Principal\": {\n        \"Service\": \"eks.amazonaws.com\"\n      }\n    }\n  ]\n}",
            "override_json": null,
            "policy_id": null,
            "source_json": null,
            "statement": [
              {
                "actions": [
                  "sts:AssumeRole"
                ],
                "condition": [],
                "effect": "Allow",
                "not_actions": [],
                "not_principals": [],
                "not_resources": [],
                "principals": [
                  {
                    "identifiers": [
                      "eks.amazonaws.com"
                    ],
                    "type": "Service"
                  }
                ],
                "resources": [],
                "sid": "EKSClusterAssumeRole"
              }
            ],
            "version": "2012-10-17"
          }
        }
      ]
    },
    {
      "module": "module.eks-jx.module.cluster.module.eks",
      "mode": "data",
      "type": "aws_iam_policy_document",
      "name": "workers_assume_role_policy",
      "provider": "module.eks-jx.provider[\"registry.terraform.io/hashicorp/aws\"]",
      "instances": [
        {
          "schema_version": 0,
          "attributes": {
            "id": "3778018924",
            "json": "{\n  \"Version\": \"2012-10-17\",\n  \"Statement\": [\n    {\n      \"Sid\": \"EKSWorkerAssumeRole\",\n      \"Effect\": \"Allow\",\n      \"Action\": \"sts:AssumeRole\",\n      \"Principal\": {\n        \"Service\": \"ec2.amazonaws.com\"\n      }\n    }\n  ]\n}",
            "override_json": null,
            "policy_id": null,
            "source_json": null,
            "statement": [
              {
                "actions": [
                  "sts:AssumeRole"
                ],
                "condition": [],
                "effect": "Allow",
                "not_actions": [],
                "not_principals": [],
                "not_resources": [],
                "principals": [
                  {
                    "identifiers": [
                      "ec2.amazonaws.com"
                    ],
                    "type": "Service"
                  }
                ],
                "resources": [],
                "sid": "EKSWorkerAssumeRole"
              }
            ],
            "version": "2012-10-17"
          }
        }
      ]
    },
    {
      "module": "module.eks-jx.module.cluster.module.eks",
      "mode": "data",
      "type": "aws_partition",
      "name": "current",
      "provider": "module.eks-jx.provider[\"registry.terraform.io/hashicorp/aws\"]",
      "instances": [
        {
          "schema_version": 0,
          "attributes": {
            "dns_suffix": "amazonaws.com",
            "id": "aws",
            "partition": "aws"
          }
        }
      ]
    },
    {
      "module": "module.eks-jx.module.cluster.module.eks",
      "mode": "data",
      "type": "null_data_source",
      "name": "node_groups",
      "provider": "provider[\"registry.terraform.io/hashicorp/null\"]",
      "instances": [
        {
          "index_key": 0,
          "schema_version": 0,
          "attributes": {
            "has_computed_default": "default",
            "id": "static",
            "inputs": {
              "aws_auth": "kube-system/aws-auth",
              "cluster_name": "capires",
              "role_CNI_Policy": "capires2020102910215403610000000e-20201029102156936300000014",
              "role_Container": "capires2020102910215403610000000e-20201029102157109300000017",
              "role_NodePolicy": "capires2020102910215403610000000e-20201029102156991700000016"
            },
            "outputs": {
              "aws_auth": "kube-system/aws-auth",
              "cluster_name": "capires",
              "role_CNI_Policy": "capires2020102910215403610000000e-20201029102156936300000014",
              "role_Container": "capires2020102910215403610000000e-20201029102157109300000017",
              "role_NodePolicy": "capires2020102910215403610000000e-20201029102156991700000016"
            },
            "random": "5548877980107057430"
          }
        }
      ]
    },
    {
      "module": "module.eks-jx.module.cluster.module.eks",
      "mode": "data",
      "type": "template_file",
      "name": "launch_template_userdata",
      "provider": "provider[\"registry.terraform.io/hashicorp/template\"]",
      "instances": [
        {
          "index_key": 0,
          "schema_version": 0,
          "attributes": {
            "filename": null,
            "id": "5c00f7dff9997ce65a85e0e5dd14ab4b2d4988fec1f71363031ad09f36fc7cf8",
            "rendered": "#!/bin/bash -xe\n\n# Allow user supplied pre userdata code\n\n\n# Bootstrap and join the cluster\n/etc/eks/bootstrap.sh --b64-cluster-ca 'LS0tLS1CRUdJTiBDRVJUSUZJQ0FURS0tLS0tCk1JSUN5RENDQWJDZ0F3SUJBZ0lCQURBTkJna3Foa2lHOXcwQkFRc0ZBREFWTVJNd0VRWURWUVFERXdwcmRXSmwKY201bGRHVnpNQjRYRFRJd01UQXlPVEV3TVRnd05Wb1hEVE13TVRBeU56RXdNVGd3TlZvd0ZURVRNQkVHQTFVRQpBeE1LYTNWaVpYSnVaWFJsY3pDQ0FTSXdEUVlKS29aSWh2Y05BUUVCQlFBRGdnRVBBRENDQVFvQ2dnRUJBTFBkCmgxY2FWb21GMDdhSEoxUU5FOTVkblRlL2xLSlRCMk1iUUljQXFwSXF5NEZEcFRhQ1hMeFZnT1VyN0xIN2pIYmcKd0VsaFV4blRGUVo1TFpCVzVkcmx3VzdvNHhWd3RUZWY4R2dMcERMUEhiMzVqNGM4RjU3LzBGUDlqMEdLMENFZgptWERiSlJjWDNRcGRIQ2lqS25xT2xicGJIemtsM1JaZVphdG5leWxUdkYrelYrNE9WemY2M2NlM05yNVZLTDVoCkx4a1ljUWxDRDJxY2FkMHZhcnkrVmlKMVlkQ082YUh5RWNHdlJJMkRLa2syeE82NlhiVXh2diswVXRSUDNEaloKMFI0dnZhNTl5RzVabDU5MndjNk5LcnRLMWI4aTRLYWZvSS9qbE1OdjNEbW1CRk5SdWdLWE14Z2JSVFlqekJxaApaQXF6WHBMYitnM09QZUo4RkdrQ0F3RUFBYU1qTUNFd0RnWURWUjBQQVFIL0JBUURBZ0trTUE4R0ExVWRFd0VCCi93UUZNQU1CQWY4d0RRWUpLb1pJaHZjTkFRRUxCUUFEZ2dFQkFDQTYzU09ZOTVrK3BpK0kzbG5kMHo0OWF2cGwKODcrL0hLSmRzaFFDUzUraHBEUUV3SENEenpYSFJzTWV3YUZ6Q2VJTTRPalRnRHF4R2NTR0ZZdmkxbnNzOGtlQgovZW9wdzFtMnJpVWlJeFdvcDF6bmk4VXFHSzVoelNsQWgyWjRYTFhuakFkdEF0QlJ4eFJ5SmozcVZjZzJqTk9DCnpYZkUyM3BhS1hLVjNVdVZxd1U4NUJVYlZDRHhmdmNvUG8rYUQ3UUhYUGl5TkxXdkRXUm1NTjFkSm94M3NLVGIKRlQ0cVNweTFHTldtb1Y3NU5QK2xqRGs1NUR5dUsrQlpXTlFROC93Rkk3cHlkU2s0OE5JU1RRUEtMNE51dUJ2QQprTmFrTmlCWnh4dmY4dUhLcG9RMk1wU0FXS0UvUzRJakN5QXppWURVNy9ib2VRSDBlTHZIdmlUK241ST0KLS0tLS1FTkQgQ0VSVElGSUNBVEUtLS0tLQo=' --apiserver-endpoint 'https://552D7E72A668FA4D2ACD29C13EA28221.gr7.us-east-1.eks.amazonaws.com'  --kubelet-extra-args \"\" 'capires'\n\n# Allow user supplied userdata code\n\n",
            "template": "#!/bin/bash -xe\n\n# Allow user supplied pre userdata code\n${pre_userdata}\n\n# Bootstrap and join the cluster\n/etc/eks/bootstrap.sh --b64-cluster-ca '${cluster_auth_base64}' --apiserver-endpoint '${endpoint}' ${bootstrap_extra_args} --kubelet-extra-args \"${kubelet_extra_args}\" '${cluster_name}'\n\n# Allow user supplied userdata code\n${additional_userdata}\n",
            "vars": {
              "additional_userdata": "",
              "bootstrap_extra_args": "",
              "cluster_auth_base64": "LS0tLS1CRUdJTiBDRVJUSUZJQ0FURS0tLS0tCk1JSUN5RENDQWJDZ0F3SUJBZ0lCQURBTkJna3Foa2lHOXcwQkFRc0ZBREFWTVJNd0VRWURWUVFERXdwcmRXSmwKY201bGRHVnpNQjRYRFRJd01UQXlPVEV3TVRnd05Wb1hEVE13TVRBeU56RXdNVGd3TlZvd0ZURVRNQkVHQTFVRQpBeE1LYTNWaVpYSnVaWFJsY3pDQ0FTSXdEUVlKS29aSWh2Y05BUUVCQlFBRGdnRVBBRENDQVFvQ2dnRUJBTFBkCmgxY2FWb21GMDdhSEoxUU5FOTVkblRlL2xLSlRCMk1iUUljQXFwSXF5NEZEcFRhQ1hMeFZnT1VyN0xIN2pIYmcKd0VsaFV4blRGUVo1TFpCVzVkcmx3VzdvNHhWd3RUZWY4R2dMcERMUEhiMzVqNGM4RjU3LzBGUDlqMEdLMENFZgptWERiSlJjWDNRcGRIQ2lqS25xT2xicGJIemtsM1JaZVphdG5leWxUdkYrelYrNE9WemY2M2NlM05yNVZLTDVoCkx4a1ljUWxDRDJxY2FkMHZhcnkrVmlKMVlkQ082YUh5RWNHdlJJMkRLa2syeE82NlhiVXh2diswVXRSUDNEaloKMFI0dnZhNTl5RzVabDU5MndjNk5LcnRLMWI4aTRLYWZvSS9qbE1OdjNEbW1CRk5SdWdLWE14Z2JSVFlqekJxaApaQXF6WHBMYitnM09QZUo4RkdrQ0F3RUFBYU1qTUNFd0RnWURWUjBQQVFIL0JBUURBZ0trTUE4R0ExVWRFd0VCCi93UUZNQU1CQWY4d0RRWUpLb1pJaHZjTkFRRUxCUUFEZ2dFQkFDQTYzU09ZOTVrK3BpK0kzbG5kMHo0OWF2cGwKODcrL0hLSmRzaFFDUzUraHBEUUV3SENEenpYSFJzTWV3YUZ6Q2VJTTRPalRnRHF4R2NTR0ZZdmkxbnNzOGtlQgovZW9wdzFtMnJpVWlJeFdvcDF6bmk4VXFHSzVoelNsQWgyWjRYTFhuakFkdEF0QlJ4eFJ5SmozcVZjZzJqTk9DCnpYZkUyM3BhS1hLVjNVdVZxd1U4NUJVYlZDRHhmdmNvUG8rYUQ3UUhYUGl5TkxXdkRXUm1NTjFkSm94M3NLVGIKRlQ0cVNweTFHTldtb1Y3NU5QK2xqRGs1NUR5dUsrQlpXTlFROC93Rkk3cHlkU2s0OE5JU1RRUEtMNE51dUJ2QQprTmFrTmlCWnh4dmY4dUhLcG9RMk1wU0FXS0UvUzRJakN5QXppWURVNy9ib2VRSDBlTHZIdmlUK241ST0KLS0tLS1FTkQgQ0VSVElGSUNBVEUtLS0tLQo=",
              "cluster_name": "capires",
              "endpoint": "https://552D7E72A668FA4D2ACD29C13EA28221.gr7.us-east-1.eks.amazonaws.com",
              "kubelet_extra_args": "",
              "platform": "linux",
              "pre_userdata": ""
            }
          }
        },
        {
          "index_key": 1,
          "schema_version": 0,
          "attributes": {
            "filename": null,
            "id": "5c00f7dff9997ce65a85e0e5dd14ab4b2d4988fec1f71363031ad09f36fc7cf8",
            "rendered": "#!/bin/bash -xe\n\n# Allow user supplied pre userdata code\n\n\n# Bootstrap and join the cluster\n/etc/eks/bootstrap.sh --b64-cluster-ca 'LS0tLS1CRUdJTiBDRVJUSUZJQ0FURS0tLS0tCk1JSUN5RENDQWJDZ0F3SUJBZ0lCQURBTkJna3Foa2lHOXcwQkFRc0ZBREFWTVJNd0VRWURWUVFERXdwcmRXSmwKY201bGRHVnpNQjRYRFRJd01UQXlPVEV3TVRnd05Wb1hEVE13TVRBeU56RXdNVGd3TlZvd0ZURVRNQkVHQTFVRQpBeE1LYTNWaVpYSnVaWFJsY3pDQ0FTSXdEUVlKS29aSWh2Y05BUUVCQlFBRGdnRVBBRENDQVFvQ2dnRUJBTFBkCmgxY2FWb21GMDdhSEoxUU5FOTVkblRlL2xLSlRCMk1iUUljQXFwSXF5NEZEcFRhQ1hMeFZnT1VyN0xIN2pIYmcKd0VsaFV4blRGUVo1TFpCVzVkcmx3VzdvNHhWd3RUZWY4R2dMcERMUEhiMzVqNGM4RjU3LzBGUDlqMEdLMENFZgptWERiSlJjWDNRcGRIQ2lqS25xT2xicGJIemtsM1JaZVphdG5leWxUdkYrelYrNE9WemY2M2NlM05yNVZLTDVoCkx4a1ljUWxDRDJxY2FkMHZhcnkrVmlKMVlkQ082YUh5RWNHdlJJMkRLa2syeE82NlhiVXh2diswVXRSUDNEaloKMFI0dnZhNTl5RzVabDU5MndjNk5LcnRLMWI4aTRLYWZvSS9qbE1OdjNEbW1CRk5SdWdLWE14Z2JSVFlqekJxaApaQXF6WHBMYitnM09QZUo4RkdrQ0F3RUFBYU1qTUNFd0RnWURWUjBQQVFIL0JBUURBZ0trTUE4R0ExVWRFd0VCCi93UUZNQU1CQWY4d0RRWUpLb1pJaHZjTkFRRUxCUUFEZ2dFQkFDQTYzU09ZOTVrK3BpK0kzbG5kMHo0OWF2cGwKODcrL0hLSmRzaFFDUzUraHBEUUV3SENEenpYSFJzTWV3YUZ6Q2VJTTRPalRnRHF4R2NTR0ZZdmkxbnNzOGtlQgovZW9wdzFtMnJpVWlJeFdvcDF6bmk4VXFHSzVoelNsQWgyWjRYTFhuakFkdEF0QlJ4eFJ5SmozcVZjZzJqTk9DCnpYZkUyM3BhS1hLVjNVdVZxd1U4NUJVYlZDRHhmdmNvUG8rYUQ3UUhYUGl5TkxXdkRXUm1NTjFkSm94M3NLVGIKRlQ0cVNweTFHTldtb1Y3NU5QK2xqRGs1NUR5dUsrQlpXTlFROC93Rkk3cHlkU2s0OE5JU1RRUEtMNE51dUJ2QQprTmFrTmlCWnh4dmY4dUhLcG9RMk1wU0FXS0UvUzRJakN5QXppWURVNy9ib2VRSDBlTHZIdmlUK241ST0KLS0tLS1FTkQgQ0VSVElGSUNBVEUtLS0tLQo=' --apiserver-endpoint 'https://552D7E72A668FA4D2ACD29C13EA28221.gr7.us-east-1.eks.amazonaws.com'  --kubelet-extra-args \"\" 'capires'\n\n# Allow user supplied userdata code\n\n",
            "template": "#!/bin/bash -xe\n\n# Allow user supplied pre userdata code\n${pre_userdata}\n\n# Bootstrap and join the cluster\n/etc/eks/bootstrap.sh --b64-cluster-ca '${cluster_auth_base64}' --apiserver-endpoint '${endpoint}' ${bootstrap_extra_args} --kubelet-extra-args \"${kubelet_extra_args}\" '${cluster_name}'\n\n# Allow user supplied userdata code\n${additional_userdata}\n",
            "vars": {
              "additional_userdata": "",
              "bootstrap_extra_args": "",
              "cluster_auth_base64": "LS0tLS1CRUdJTiBDRVJUSUZJQ0FURS0tLS0tCk1JSUN5RENDQWJDZ0F3SUJBZ0lCQURBTkJna3Foa2lHOXcwQkFRc0ZBREFWTVJNd0VRWURWUVFERXdwcmRXSmwKY201bGRHVnpNQjRYRFRJd01UQXlPVEV3TVRnd05Wb1hEVE13TVRBeU56RXdNVGd3TlZvd0ZURVRNQkVHQTFVRQpBeE1LYTNWaVpYSnVaWFJsY3pDQ0FTSXdEUVlKS29aSWh2Y05BUUVCQlFBRGdnRVBBRENDQVFvQ2dnRUJBTFBkCmgxY2FWb21GMDdhSEoxUU5FOTVkblRlL2xLSlRCMk1iUUljQXFwSXF5NEZEcFRhQ1hMeFZnT1VyN0xIN2pIYmcKd0VsaFV4blRGUVo1TFpCVzVkcmx3VzdvNHhWd3RUZWY4R2dMcERMUEhiMzVqNGM4RjU3LzBGUDlqMEdLMENFZgptWERiSlJjWDNRcGRIQ2lqS25xT2xicGJIemtsM1JaZVphdG5leWxUdkYrelYrNE9WemY2M2NlM05yNVZLTDVoCkx4a1ljUWxDRDJxY2FkMHZhcnkrVmlKMVlkQ082YUh5RWNHdlJJMkRLa2syeE82NlhiVXh2diswVXRSUDNEaloKMFI0dnZhNTl5RzVabDU5MndjNk5LcnRLMWI4aTRLYWZvSS9qbE1OdjNEbW1CRk5SdWdLWE14Z2JSVFlqekJxaApaQXF6WHBMYitnM09QZUo4RkdrQ0F3RUFBYU1qTUNFd0RnWURWUjBQQVFIL0JBUURBZ0trTUE4R0ExVWRFd0VCCi93UUZNQU1CQWY4d0RRWUpLb1pJaHZjTkFRRUxCUUFEZ2dFQkFDQTYzU09ZOTVrK3BpK0kzbG5kMHo0OWF2cGwKODcrL0hLSmRzaFFDUzUraHBEUUV3SENEenpYSFJzTWV3YUZ6Q2VJTTRPalRnRHF4R2NTR0ZZdmkxbnNzOGtlQgovZW9wdzFtMnJpVWlJeFdvcDF6bmk4VXFHSzVoelNsQWgyWjRYTFhuakFkdEF0QlJ4eFJ5SmozcVZjZzJqTk9DCnpYZkUyM3BhS1hLVjNVdVZxd1U4NUJVYlZDRHhmdmNvUG8rYUQ3UUhYUGl5TkxXdkRXUm1NTjFkSm94M3NLVGIKRlQ0cVNweTFHTldtb1Y3NU5QK2xqRGs1NUR5dUsrQlpXTlFROC93Rkk3cHlkU2s0OE5JU1RRUEtMNE51dUJ2QQprTmFrTmlCWnh4dmY4dUhLcG9RMk1wU0FXS0UvUzRJakN5QXppWURVNy9ib2VRSDBlTHZIdmlUK241ST0KLS0tLS1FTkQgQ0VSVElGSUNBVEUtLS0tLQo=",
              "cluster_name": "capires",
              "endpoint": "https://552D7E72A668FA4D2ACD29C13EA28221.gr7.us-east-1.eks.amazonaws.com",
              "kubelet_extra_args": "",
              "platform": "linux",
              "pre_userdata": ""
            }
          }
        },
        {
          "index_key": 2,
          "schema_version": 0,
          "attributes": {
            "filename": null,
            "id": "5c00f7dff9997ce65a85e0e5dd14ab4b2d4988fec1f71363031ad09f36fc7cf8",
            "rendered": "#!/bin/bash -xe\n\n# Allow user supplied pre userdata code\n\n\n# Bootstrap and join the cluster\n/etc/eks/bootstrap.sh --b64-cluster-ca 'LS0tLS1CRUdJTiBDRVJUSUZJQ0FURS0tLS0tCk1JSUN5RENDQWJDZ0F3SUJBZ0lCQURBTkJna3Foa2lHOXcwQkFRc0ZBREFWTVJNd0VRWURWUVFERXdwcmRXSmwKY201bGRHVnpNQjRYRFRJd01UQXlPVEV3TVRnd05Wb1hEVE13TVRBeU56RXdNVGd3TlZvd0ZURVRNQkVHQTFVRQpBeE1LYTNWaVpYSnVaWFJsY3pDQ0FTSXdEUVlKS29aSWh2Y05BUUVCQlFBRGdnRVBBRENDQVFvQ2dnRUJBTFBkCmgxY2FWb21GMDdhSEoxUU5FOTVkblRlL2xLSlRCMk1iUUljQXFwSXF5NEZEcFRhQ1hMeFZnT1VyN0xIN2pIYmcKd0VsaFV4blRGUVo1TFpCVzVkcmx3VzdvNHhWd3RUZWY4R2dMcERMUEhiMzVqNGM4RjU3LzBGUDlqMEdLMENFZgptWERiSlJjWDNRcGRIQ2lqS25xT2xicGJIemtsM1JaZVphdG5leWxUdkYrelYrNE9WemY2M2NlM05yNVZLTDVoCkx4a1ljUWxDRDJxY2FkMHZhcnkrVmlKMVlkQ082YUh5RWNHdlJJMkRLa2syeE82NlhiVXh2diswVXRSUDNEaloKMFI0dnZhNTl5RzVabDU5MndjNk5LcnRLMWI4aTRLYWZvSS9qbE1OdjNEbW1CRk5SdWdLWE14Z2JSVFlqekJxaApaQXF6WHBMYitnM09QZUo4RkdrQ0F3RUFBYU1qTUNFd0RnWURWUjBQQVFIL0JBUURBZ0trTUE4R0ExVWRFd0VCCi93UUZNQU1CQWY4d0RRWUpLb1pJaHZjTkFRRUxCUUFEZ2dFQkFDQTYzU09ZOTVrK3BpK0kzbG5kMHo0OWF2cGwKODcrL0hLSmRzaFFDUzUraHBEUUV3SENEenpYSFJzTWV3YUZ6Q2VJTTRPalRnRHF4R2NTR0ZZdmkxbnNzOGtlQgovZW9wdzFtMnJpVWlJeFdvcDF6bmk4VXFHSzVoelNsQWgyWjRYTFhuakFkdEF0QlJ4eFJ5SmozcVZjZzJqTk9DCnpYZkUyM3BhS1hLVjNVdVZxd1U4NUJVYlZDRHhmdmNvUG8rYUQ3UUhYUGl5TkxXdkRXUm1NTjFkSm94M3NLVGIKRlQ0cVNweTFHTldtb1Y3NU5QK2xqRGs1NUR5dUsrQlpXTlFROC93Rkk3cHlkU2s0OE5JU1RRUEtMNE51dUJ2QQprTmFrTmlCWnh4dmY4dUhLcG9RMk1wU0FXS0UvUzRJakN5QXppWURVNy9ib2VRSDBlTHZIdmlUK241ST0KLS0tLS1FTkQgQ0VSVElGSUNBVEUtLS0tLQo=' --apiserver-endpoint 'https://552D7E72A668FA4D2ACD29C13EA28221.gr7.us-east-1.eks.amazonaws.com'  --kubelet-extra-args \"\" 'capires'\n\n# Allow user supplied userdata code\n\n",
            "template": "#!/bin/bash -xe\n\n# Allow user supplied pre userdata code\n${pre_userdata}\n\n# Bootstrap and join the cluster\n/etc/eks/bootstrap.sh --b64-cluster-ca '${cluster_auth_base64}' --apiserver-endpoint '${endpoint}' ${bootstrap_extra_args} --kubelet-extra-args \"${kubelet_extra_args}\" '${cluster_name}'\n\n# Allow user supplied userdata code\n${additional_userdata}\n",
            "vars": {
              "additional_userdata": "",
              "bootstrap_extra_args": "",
              "cluster_auth_base64": "LS0tLS1CRUdJTiBDRVJUSUZJQ0FURS0tLS0tCk1JSUN5RENDQWJDZ0F3SUJBZ0lCQURBTkJna3Foa2lHOXcwQkFRc0ZBREFWTVJNd0VRWURWUVFERXdwcmRXSmwKY201bGRHVnpNQjRYRFRJd01UQXlPVEV3TVRnd05Wb1hEVE13TVRBeU56RXdNVGd3TlZvd0ZURVRNQkVHQTFVRQpBeE1LYTNWaVpYSnVaWFJsY3pDQ0FTSXdEUVlKS29aSWh2Y05BUUVCQlFBRGdnRVBBRENDQVFvQ2dnRUJBTFBkCmgxY2FWb21GMDdhSEoxUU5FOTVkblRlL2xLSlRCMk1iUUljQXFwSXF5NEZEcFRhQ1hMeFZnT1VyN0xIN2pIYmcKd0VsaFV4blRGUVo1TFpCVzVkcmx3VzdvNHhWd3RUZWY4R2dMcERMUEhiMzVqNGM4RjU3LzBGUDlqMEdLMENFZgptWERiSlJjWDNRcGRIQ2lqS25xT2xicGJIemtsM1JaZVphdG5leWxUdkYrelYrNE9WemY2M2NlM05yNVZLTDVoCkx4a1ljUWxDRDJxY2FkMHZhcnkrVmlKMVlkQ082YUh5RWNHdlJJMkRLa2syeE82NlhiVXh2diswVXRSUDNEaloKMFI0dnZhNTl5RzVabDU5MndjNk5LcnRLMWI4aTRLYWZvSS9qbE1OdjNEbW1CRk5SdWdLWE14Z2JSVFlqekJxaApaQXF6WHBMYitnM09QZUo4RkdrQ0F3RUFBYU1qTUNFd0RnWURWUjBQQVFIL0JBUURBZ0trTUE4R0ExVWRFd0VCCi93UUZNQU1CQWY4d0RRWUpLb1pJaHZjTkFRRUxCUUFEZ2dFQkFDQTYzU09ZOTVrK3BpK0kzbG5kMHo0OWF2cGwKODcrL0hLSmRzaFFDUzUraHBEUUV3SENEenpYSFJzTWV3YUZ6Q2VJTTRPalRnRHF4R2NTR0ZZdmkxbnNzOGtlQgovZW9wdzFtMnJpVWlJeFdvcDF6bmk4VXFHSzVoelNsQWgyWjRYTFhuakFkdEF0QlJ4eFJ5SmozcVZjZzJqTk9DCnpYZkUyM3BhS1hLVjNVdVZxd1U4NUJVYlZDRHhmdmNvUG8rYUQ3UUhYUGl5TkxXdkRXUm1NTjFkSm94M3NLVGIKRlQ0cVNweTFHTldtb1Y3NU5QK2xqRGs1NUR5dUsrQlpXTlFROC93Rkk3cHlkU2s0OE5JU1RRUEtMNE51dUJ2QQprTmFrTmlCWnh4dmY4dUhLcG9RMk1wU0FXS0UvUzRJakN5QXppWURVNy9ib2VRSDBlTHZIdmlUK241ST0KLS0tLS1FTkQgQ0VSVElGSUNBVEUtLS0tLQo=",
              "cluster_name": "capires",
              "endpoint": "https://552D7E72A668FA4D2ACD29C13EA28221.gr7.us-east-1.eks.amazonaws.com",
              "kubelet_extra_args": "",
              "platform": "linux",
              "pre_userdata": ""
            }
          }
        }
      ]
    },
    {
      "module": "module.eks-jx.module.cluster.module.eks",
      "mode": "data",
      "type": "template_file",
      "name": "userdata",
      "provider": "provider[\"registry.terraform.io/hashicorp/template\"]",
      "instances": [
        {
          "index_key": 0,
          "schema_version": 0,
          "attributes": {
            "filename": null,
            "id": "5c00f7dff9997ce65a85e0e5dd14ab4b2d4988fec1f71363031ad09f36fc7cf8",
            "rendered": "#!/bin/bash -xe\n\n# Allow user supplied pre userdata code\n\n\n# Bootstrap and join the cluster\n/etc/eks/bootstrap.sh --b64-cluster-ca 'LS0tLS1CRUdJTiBDRVJUSUZJQ0FURS0tLS0tCk1JSUN5RENDQWJDZ0F3SUJBZ0lCQURBTkJna3Foa2lHOXcwQkFRc0ZBREFWTVJNd0VRWURWUVFERXdwcmRXSmwKY201bGRHVnpNQjRYRFRJd01UQXlPVEV3TVRnd05Wb1hEVE13TVRBeU56RXdNVGd3TlZvd0ZURVRNQkVHQTFVRQpBeE1LYTNWaVpYSnVaWFJsY3pDQ0FTSXdEUVlKS29aSWh2Y05BUUVCQlFBRGdnRVBBRENDQVFvQ2dnRUJBTFBkCmgxY2FWb21GMDdhSEoxUU5FOTVkblRlL2xLSlRCMk1iUUljQXFwSXF5NEZEcFRhQ1hMeFZnT1VyN0xIN2pIYmcKd0VsaFV4blRGUVo1TFpCVzVkcmx3VzdvNHhWd3RUZWY4R2dMcERMUEhiMzVqNGM4RjU3LzBGUDlqMEdLMENFZgptWERiSlJjWDNRcGRIQ2lqS25xT2xicGJIemtsM1JaZVphdG5leWxUdkYrelYrNE9WemY2M2NlM05yNVZLTDVoCkx4a1ljUWxDRDJxY2FkMHZhcnkrVmlKMVlkQ082YUh5RWNHdlJJMkRLa2syeE82NlhiVXh2diswVXRSUDNEaloKMFI0dnZhNTl5RzVabDU5MndjNk5LcnRLMWI4aTRLYWZvSS9qbE1OdjNEbW1CRk5SdWdLWE14Z2JSVFlqekJxaApaQXF6WHBMYitnM09QZUo4RkdrQ0F3RUFBYU1qTUNFd0RnWURWUjBQQVFIL0JBUURBZ0trTUE4R0ExVWRFd0VCCi93UUZNQU1CQWY4d0RRWUpLb1pJaHZjTkFRRUxCUUFEZ2dFQkFDQTYzU09ZOTVrK3BpK0kzbG5kMHo0OWF2cGwKODcrL0hLSmRzaFFDUzUraHBEUUV3SENEenpYSFJzTWV3YUZ6Q2VJTTRPalRnRHF4R2NTR0ZZdmkxbnNzOGtlQgovZW9wdzFtMnJpVWlJeFdvcDF6bmk4VXFHSzVoelNsQWgyWjRYTFhuakFkdEF0QlJ4eFJ5SmozcVZjZzJqTk9DCnpYZkUyM3BhS1hLVjNVdVZxd1U4NUJVYlZDRHhmdmNvUG8rYUQ3UUhYUGl5TkxXdkRXUm1NTjFkSm94M3NLVGIKRlQ0cVNweTFHTldtb1Y3NU5QK2xqRGs1NUR5dUsrQlpXTlFROC93Rkk3cHlkU2s0OE5JU1RRUEtMNE51dUJ2QQprTmFrTmlCWnh4dmY4dUhLcG9RMk1wU0FXS0UvUzRJakN5QXppWURVNy9ib2VRSDBlTHZIdmlUK241ST0KLS0tLS1FTkQgQ0VSVElGSUNBVEUtLS0tLQo=' --apiserver-endpoint 'https://552D7E72A668FA4D2ACD29C13EA28221.gr7.us-east-1.eks.amazonaws.com'  --kubelet-extra-args \"\" 'capires'\n\n# Allow user supplied userdata code\n\n",
            "template": "#!/bin/bash -xe\n\n# Allow user supplied pre userdata code\n${pre_userdata}\n\n# Bootstrap and join the cluster\n/etc/eks/bootstrap.sh --b64-cluster-ca '${cluster_auth_base64}' --apiserver-endpoint '${endpoint}' ${bootstrap_extra_args} --kubelet-extra-args \"${kubelet_extra_args}\" '${cluster_name}'\n\n# Allow user supplied userdata code\n${additional_userdata}\n",
            "vars": {
              "additional_userdata": "",
              "bootstrap_extra_args": "",
              "cluster_auth_base64": "LS0tLS1CRUdJTiBDRVJUSUZJQ0FURS0tLS0tCk1JSUN5RENDQWJDZ0F3SUJBZ0lCQURBTkJna3Foa2lHOXcwQkFRc0ZBREFWTVJNd0VRWURWUVFERXdwcmRXSmwKY201bGRHVnpNQjRYRFRJd01UQXlPVEV3TVRnd05Wb1hEVE13TVRBeU56RXdNVGd3TlZvd0ZURVRNQkVHQTFVRQpBeE1LYTNWaVpYSnVaWFJsY3pDQ0FTSXdEUVlKS29aSWh2Y05BUUVCQlFBRGdnRVBBRENDQVFvQ2dnRUJBTFBkCmgxY2FWb21GMDdhSEoxUU5FOTVkblRlL2xLSlRCMk1iUUljQXFwSXF5NEZEcFRhQ1hMeFZnT1VyN0xIN2pIYmcKd0VsaFV4blRGUVo1TFpCVzVkcmx3VzdvNHhWd3RUZWY4R2dMcERMUEhiMzVqNGM4RjU3LzBGUDlqMEdLMENFZgptWERiSlJjWDNRcGRIQ2lqS25xT2xicGJIemtsM1JaZVphdG5leWxUdkYrelYrNE9WemY2M2NlM05yNVZLTDVoCkx4a1ljUWxDRDJxY2FkMHZhcnkrVmlKMVlkQ082YUh5RWNHdlJJMkRLa2syeE82NlhiVXh2diswVXRSUDNEaloKMFI0dnZhNTl5RzVabDU5MndjNk5LcnRLMWI4aTRLYWZvSS9qbE1OdjNEbW1CRk5SdWdLWE14Z2JSVFlqekJxaApaQXF6WHBMYitnM09QZUo4RkdrQ0F3RUFBYU1qTUNFd0RnWURWUjBQQVFIL0JBUURBZ0trTUE4R0ExVWRFd0VCCi93UUZNQU1CQWY4d0RRWUpLb1pJaHZjTkFRRUxCUUFEZ2dFQkFDQTYzU09ZOTVrK3BpK0kzbG5kMHo0OWF2cGwKODcrL0hLSmRzaFFDUzUraHBEUUV3SENEenpYSFJzTWV3YUZ6Q2VJTTRPalRnRHF4R2NTR0ZZdmkxbnNzOGtlQgovZW9wdzFtMnJpVWlJeFdvcDF6bmk4VXFHSzVoelNsQWgyWjRYTFhuakFkdEF0QlJ4eFJ5SmozcVZjZzJqTk9DCnpYZkUyM3BhS1hLVjNVdVZxd1U4NUJVYlZDRHhmdmNvUG8rYUQ3UUhYUGl5TkxXdkRXUm1NTjFkSm94M3NLVGIKRlQ0cVNweTFHTldtb1Y3NU5QK2xqRGs1NUR5dUsrQlpXTlFROC93Rkk3cHlkU2s0OE5JU1RRUEtMNE51dUJ2QQprTmFrTmlCWnh4dmY4dUhLcG9RMk1wU0FXS0UvUzRJakN5QXppWURVNy9ib2VRSDBlTHZIdmlUK241ST0KLS0tLS1FTkQgQ0VSVElGSUNBVEUtLS0tLQo=",
              "cluster_name": "capires",
              "endpoint": "https://552D7E72A668FA4D2ACD29C13EA28221.gr7.us-east-1.eks.amazonaws.com",
              "kubelet_extra_args": "",
              "platform": "linux",
              "pre_userdata": ""
            }
          }
        }
      ]
    },
    {
      "module": "module.eks-jx.module.cluster.module.eks",
      "mode": "managed",
      "type": "aws_autoscaling_group",
      "name": "workers",
      "provider": "module.eks-jx.provider[\"registry.terraform.io/hashicorp/aws\"]",
      "instances": [
        {
          "index_key": 0,
          "schema_version": 0,
          "attributes": {
            "arn": "arn:aws:autoscaling:us-east-1:621520006631:autoScalingGroup:43a19f0f-4396-480f-8f60-e68cc3935052:autoScalingGroupName/capires-worker-group-capires20201029102245935400000027",
            "availability_zones": [
              "us-east-1a",
              "us-east-1b",
              "us-east-1c"
            ],
            "default_cooldown": 300,
            "desired_capacity": 3,
            "enabled_metrics": [],
            "force_delete": false,
            "health_check_grace_period": 300,
            "health_check_type": "EC2",
            "id": "capires-worker-group-capires20201029102245935400000027",
            "initial_lifecycle_hook": [],
            "launch_configuration": "capires-worker-group-capires20201029102238943700000026",
            "launch_template": [],
            "load_balancers": [],
            "max_instance_lifetime": 0,
            "max_size": 3,
            "metrics_granularity": "1Minute",
            "min_elb_capacity": null,
            "min_size": 3,
            "mixed_instances_policy": [],
            "name": "capires-worker-group-capires20201029102245935400000027",
            "name_prefix": "capires-worker-group-capires",
            "placement_group": "",
            "protect_from_scale_in": false,
            "service_linked_role_arn": "arn:aws:iam::621520006631:role/aws-service-role/autoscaling.amazonaws.com/AWSServiceRoleForAutoScaling",
            "suspended_processes": [
              "AZRebalance"
            ],
            "tag": [],
            "tags": [
              {
                "key": "Name",
                "propagate_at_launch": "true",
                "value": "capires-worker-group-capires-eks_asg"
              },
              {
                "key": "k8s.io/cluster-autoscaler/capires",
                "propagate_at_launch": "false",
                "value": "true"
              },
              {
                "key": "k8s.io/cluster-autoscaler/enabled",
                "propagate_at_launch": "false",
                "value": "true"
              },
              {
                "key": "k8s.io/cluster/capires",
                "propagate_at_launch": "true",
                "value": "owned"
              },
              {
                "key": "kubernetes.io/cluster/capires",
                "propagate_at_launch": "true",
                "value": "owned"
              }
            ],
            "target_group_arns": [],
            "termination_policies": [],
            "timeouts": null,
            "vpc_zone_identifier": [
              "subnet-013474d379ea8cabc",
              "subnet-0590e87914926b8bb",
              "subnet-082d7c60e77b1f2cb"
            ],
            "wait_for_capacity_timeout": "10m",
            "wait_for_elb_capacity": null
          },
          "private": "eyJlMmJmYjczMC1lY2FhLTExZTYtOGY4OC0zNDM2M2JjN2M0YzAiOnsiZGVsZXRlIjo2MDAwMDAwMDAwMDB9fQ==",
          "dependencies": [
            "module.eks-jx.module.cluster.data.aws_availability_zones.available",
            "module.eks-jx.module.cluster.module.eks.aws_cloudwatch_log_group.this",
            "module.eks-jx.module.cluster.module.eks.aws_eks_cluster.this",
            "module.eks-jx.module.cluster.module.eks.aws_iam_instance_profile.workers",
            "module.eks-jx.module.cluster.module.eks.aws_iam_role.cluster",
            "module.eks-jx.module.cluster.module.eks.aws_iam_role.workers",
            "module.eks-jx.module.cluster.module.eks.aws_iam_role_policy_attachment.cluster_AmazonEKSClusterPolicy",
            "module.eks-jx.module.cluster.module.eks.aws_iam_role_policy_attachment.cluster_AmazonEKSServicePolicy",
            "module.eks-jx.module.cluster.module.eks.aws_launch_configuration.workers",
            "module.eks-jx.module.cluster.module.eks.aws_security_group.cluster",
            "module.eks-jx.module.cluster.module.eks.aws_security_group.workers",
            "module.eks-jx.module.cluster.module.eks.data.aws_ami.eks_worker",
            "module.eks-jx.module.cluster.module.eks.data.aws_ami.eks_worker_windows",
            "module.eks-jx.module.cluster.module.eks.data.aws_iam_instance_profile.custom_worker_group_iam_instance_profile",
            "module.eks-jx.module.cluster.module.eks.data.aws_iam_policy_document.cluster_assume_role_policy",
            "module.eks-jx.module.cluster.module.eks.data.aws_iam_policy_document.workers_assume_role_policy",
            "module.eks-jx.module.cluster.module.eks.data.aws_iam_role.custom_cluster_iam_role",
            "module.eks-jx.module.cluster.module.eks.data.aws_partition.current",
            "module.eks-jx.module.cluster.module.eks.data.template_file.userdata",
            "module.eks-jx.module.cluster.module.eks.random_pet.workers",
            "module.eks-jx.module.cluster.module.vpc.aws_subnet.private",
            "module.eks-jx.module.cluster.module.vpc.aws_subnet.public",
            "module.eks-jx.module.cluster.module.vpc.aws_vpc.this",
            "module.eks-jx.module.cluster.module.vpc.aws_vpc_ipv4_cidr_block_association.this",
            "module.eks-jx.random_pet.current"
          ],
          "create_before_destroy": true
        }
      ]
    },
    {
      "module": "module.eks-jx.module.cluster.module.eks",
      "mode": "managed",
      "type": "aws_autoscaling_group",
      "name": "workers_launch_template",
      "provider": "module.eks-jx.provider[\"registry.terraform.io/hashicorp/aws\"]",
      "instances": [
        {
          "index_key": 0,
          "schema_version": 0,
          "attributes": {
            "arn": "arn:aws:autoscaling:us-east-1:621520006631:autoScalingGroup:fb5b5b76-f818-4ddc-9ac2-a6ace7074db5:autoScalingGroupName/capires-020201029102217175900000024",
            "availability_zones": [
              "us-east-1a"
            ],
            "default_cooldown": 300,
            "desired_capacity": 0,
            "enabled_metrics": [],
            "force_delete": false,
            "health_check_grace_period": 300,
            "health_check_type": "EC2",
            "id": "capires-020201029102217175900000024",
            "initial_lifecycle_hook": [],
            "launch_configuration": "",
            "launch_template": [],
            "load_balancers": [],
            "max_instance_lifetime": 0,
            "max_size": 0,
            "metrics_granularity": "1Minute",
            "min_elb_capacity": null,
            "min_size": 0,
            "mixed_instances_policy": [
              {
                "instances_distribution": [
                  {
                    "on_demand_allocation_strategy": "prioritized",
                    "on_demand_base_capacity": 0,
                    "on_demand_percentage_above_base_capacity": 0,
                    "spot_allocation_strategy": "lowest-price",
                    "spot_instance_pools": 10,
                    "spot_max_price": ""
                  }
                ],
                "launch_template": [
                  {
                    "launch_template_specification": [
                      {
                        "launch_template_id": "lt-01b0b227e539b530f",
                        "launch_template_name": "capires-02020102910220566960000001d",
                        "version": "$Latest"
                      }
                    ],
                    "override": [
                      {
                        "instance_type": "m5.large",
                        "weighted_capacity": ""
                      },
                      {
                        "instance_type": "m5a.large",
                        "weighted_capacity": ""
                      },
                      {
                        "instance_type": "m5d.large",
                        "weighted_capacity": ""
                      },
                      {
                        "instance_type": "m5ad.large",
                        "weighted_capacity": ""
                      },
                      {
                        "instance_type": "t3.large",
                        "weighted_capacity": ""
                      },
                      {
                        "instance_type": "t3a.large",
                        "weighted_capacity": ""
                      }
                    ]
                  }
                ]
              }
            ],
            "name": "capires-020201029102217175900000024",
            "name_prefix": "capires-0",
            "placement_group": "",
            "protect_from_scale_in": false,
            "service_linked_role_arn": "arn:aws:iam::621520006631:role/aws-service-role/autoscaling.amazonaws.com/AWSServiceRoleForAutoScaling",
            "suspended_processes": [
              "AZRebalance"
            ],
            "tag": [],
            "tags": [
              {
                "key": "Name",
                "propagate_at_launch": "true",
                "value": "capires-0-eks_asg"
              },
              {
                "key": "k8s.io/cluster-autoscaler/capires",
                "propagate_at_launch": "false",
                "value": "true"
              },
              {
                "key": "k8s.io/cluster-autoscaler/enabled",
                "propagate_at_launch": "false",
                "value": "true"
              },
              {
                "key": "kubernetes.io/cluster/capires",
                "propagate_at_launch": "true",
                "value": "owned"
              }
            ],
            "target_group_arns": [],
            "termination_policies": [],
            "timeouts": null,
            "vpc_zone_identifier": [
              "subnet-082d7c60e77b1f2cb"
            ],
            "wait_for_capacity_timeout": "10m",
            "wait_for_elb_capacity": null
          },
          "private": "eyJlMmJmYjczMC1lY2FhLTExZTYtOGY4OC0zNDM2M2JjN2M0YzAiOnsiZGVsZXRlIjo2MDAwMDAwMDAwMDB9fQ==",
          "dependencies": [
            "module.eks-jx.module.cluster.data.aws_availability_zones.available",
            "module.eks-jx.module.cluster.module.eks.aws_eks_cluster.this",
            "module.eks-jx.module.cluster.module.eks.aws_launch_template.workers_launch_template",
            "module.eks-jx.module.cluster.module.eks.data.aws_ami.eks_worker",
            "module.eks-jx.module.cluster.module.eks.random_pet.workers_launch_template",
            "module.eks-jx.module.cluster.module.vpc.aws_subnet.private",
            "module.eks-jx.module.cluster.module.vpc.aws_subnet.public",
            "module.eks-jx.random_pet.current"
          ],
          "create_before_destroy": true
        },
        {
          "index_key": 1,
          "schema_version": 0,
          "attributes": {
            "arn": "arn:aws:autoscaling:us-east-1:621520006631:autoScalingGroup:88e672ad-63eb-4d6c-8ff3-2460908a86d6:autoScalingGroupName/capires-120201029102217174600000023",
            "availability_zones": [
              "us-east-1b"
            ],
            "default_cooldown": 300,
            "desired_capacity": 0,
            "enabled_metrics": [],
            "force_delete": false,
            "health_check_grace_period": 300,
            "health_check_type": "EC2",
            "id": "capires-120201029102217174600000023",
            "initial_lifecycle_hook": [],
            "launch_configuration": "",
            "launch_template": [],
            "load_balancers": [],
            "max_instance_lifetime": 0,
            "max_size": 0,
            "metrics_granularity": "1Minute",
            "min_elb_capacity": null,
            "min_size": 0,
            "mixed_instances_policy": [
              {
                "instances_distribution": [
                  {
                    "on_demand_allocation_strategy": "prioritized",
                    "on_demand_base_capacity": 0,
                    "on_demand_percentage_above_base_capacity": 0,
                    "spot_allocation_strategy": "lowest-price",
                    "spot_instance_pools": 10,
                    "spot_max_price": ""
                  }
                ],
                "launch_template": [
                  {
                    "launch_template_specification": [
                      {
                        "launch_template_id": "lt-009ea75a29f17ad12",
                        "launch_template_name": "capires-120201029102205670300000020",
                        "version": "$Latest"
                      }
                    ],
                    "override": [
                      {
                        "instance_type": "m5.large",
                        "weighted_capacity": ""
                      },
                      {
                        "instance_type": "m5a.large",
                        "weighted_capacity": ""
                      },
                      {
                        "instance_type": "m5d.large",
                        "weighted_capacity": ""
                      },
                      {
                        "instance_type": "m5ad.large",
                        "weighted_capacity": ""
                      },
                      {
                        "instance_type": "t3.large",
                        "weighted_capacity": ""
                      },
                      {
                        "instance_type": "t3a.large",
                        "weighted_capacity": ""
                      }
                    ]
                  }
                ]
              }
            ],
            "name": "capires-120201029102217174600000023",
            "name_prefix": "capires-1",
            "placement_group": "",
            "protect_from_scale_in": false,
            "service_linked_role_arn": "arn:aws:iam::621520006631:role/aws-service-role/autoscaling.amazonaws.com/AWSServiceRoleForAutoScaling",
            "suspended_processes": [
              "AZRebalance"
            ],
            "tag": [],
            "tags": [
              {
                "key": "Name",
                "propagate_at_launch": "true",
                "value": "capires-1-eks_asg"
              },
              {
                "key": "k8s.io/cluster-autoscaler/capires",
                "propagate_at_launch": "false",
                "value": "true"
              },
              {
                "key": "k8s.io/cluster-autoscaler/enabled",
                "propagate_at_launch": "false",
                "value": "true"
              },
              {
                "key": "kubernetes.io/cluster/capires",
                "propagate_at_launch": "true",
                "value": "owned"
              }
            ],
            "target_group_arns": [],
            "termination_policies": [],
            "timeouts": null,
            "vpc_zone_identifier": [
              "subnet-013474d379ea8cabc"
            ],
            "wait_for_capacity_timeout": "10m",
            "wait_for_elb_capacity": null
          },
          "private": "eyJlMmJmYjczMC1lY2FhLTExZTYtOGY4OC0zNDM2M2JjN2M0YzAiOnsiZGVsZXRlIjo2MDAwMDAwMDAwMDB9fQ==",
          "dependencies": [
            "module.eks-jx.module.cluster.data.aws_availability_zones.available",
            "module.eks-jx.module.cluster.module.eks.aws_eks_cluster.this",
            "module.eks-jx.module.cluster.module.eks.aws_launch_template.workers_launch_template",
            "module.eks-jx.module.cluster.module.eks.data.aws_ami.eks_worker",
            "module.eks-jx.module.cluster.module.eks.random_pet.workers_launch_template",
            "module.eks-jx.module.cluster.module.vpc.aws_subnet.private",
            "module.eks-jx.module.cluster.module.vpc.aws_subnet.public",
            "module.eks-jx.random_pet.current"
          ],
          "create_before_destroy": true
        },
        {
          "index_key": 2,
          "schema_version": 0,
          "attributes": {
            "arn": "arn:aws:autoscaling:us-east-1:621520006631:autoScalingGroup:4c393707-1a67-4d78-9074-fb2185ab4936:autoScalingGroupName/capires-220201029102217180700000025",
            "availability_zones": [
              "us-east-1c"
            ],
            "default_cooldown": 300,
            "desired_capacity": 0,
            "enabled_metrics": [],
            "force_delete": false,
            "health_check_grace_period": 300,
            "health_check_type": "EC2",
            "id": "capires-220201029102217180700000025",
            "initial_lifecycle_hook": [],
            "launch_configuration": "",
            "launch_template": [],
            "load_balancers": [],
            "max_instance_lifetime": 0,
            "max_size": 0,
            "metrics_granularity": "1Minute",
            "min_elb_capacity": null,
            "min_size": 0,
            "mixed_instances_policy": [
              {
                "instances_distribution": [
                  {
                    "on_demand_allocation_strategy": "prioritized",
                    "on_demand_base_capacity": 0,
                    "on_demand_percentage_above_base_capacity": 0,
                    "spot_allocation_strategy": "lowest-price",
                    "spot_instance_pools": 10,
                    "spot_max_price": ""
                  }
                ],
                "launch_template": [
                  {
                    "launch_template_specification": [
                      {
                        "launch_template_id": "lt-099807251854dea3f",
                        "launch_template_name": "capires-22020102910220567020000001f",
                        "version": "$Latest"
                      }
                    ],
                    "override": [
                      {
                        "instance_type": "m5.large",
                        "weighted_capacity": ""
                      },
                      {
                        "instance_type": "m5a.large",
                        "weighted_capacity": ""
                      },
                      {
                        "instance_type": "m5d.large",
                        "weighted_capacity": ""
                      },
                      {
                        "instance_type": "m5ad.large",
                        "weighted_capacity": ""
                      },
                      {
                        "instance_type": "t3.large",
                        "weighted_capacity": ""
                      },
                      {
                        "instance_type": "t3a.large",
                        "weighted_capacity": ""
                      }
                    ]
                  }
                ]
              }
            ],
            "name": "capires-220201029102217180700000025",
            "name_prefix": "capires-2",
            "placement_group": "",
            "protect_from_scale_in": false,
            "service_linked_role_arn": "arn:aws:iam::621520006631:role/aws-service-role/autoscaling.amazonaws.com/AWSServiceRoleForAutoScaling",
            "suspended_processes": [
              "AZRebalance"
            ],
            "tag": [],
            "tags": [
              {
                "key": "Name",
                "propagate_at_launch": "true",
                "value": "capires-2-eks_asg"
              },
              {
                "key": "k8s.io/cluster-autoscaler/capires",
                "propagate_at_launch": "false",
                "value": "true"
              },
              {
                "key": "k8s.io/cluster-autoscaler/enabled",
                "propagate_at_launch": "false",
                "value": "true"
              },
              {
                "key": "kubernetes.io/cluster/capires",
                "propagate_at_launch": "true",
                "value": "owned"
              }
            ],
            "target_group_arns": [],
            "termination_policies": [],
            "timeouts": null,
            "vpc_zone_identifier": [
              "subnet-0590e87914926b8bb"
            ],
            "wait_for_capacity_timeout": "10m",
            "wait_for_elb_capacity": null
          },
          "private": "eyJlMmJmYjczMC1lY2FhLTExZTYtOGY4OC0zNDM2M2JjN2M0YzAiOnsiZGVsZXRlIjo2MDAwMDAwMDAwMDB9fQ==",
          "dependencies": [
            "module.eks-jx.module.cluster.data.aws_availability_zones.available",
            "module.eks-jx.module.cluster.module.eks.aws_eks_cluster.this",
            "module.eks-jx.module.cluster.module.eks.aws_launch_template.workers_launch_template",
            "module.eks-jx.module.cluster.module.eks.data.aws_ami.eks_worker",
            "module.eks-jx.module.cluster.module.eks.random_pet.workers_launch_template",
            "module.eks-jx.module.cluster.module.vpc.aws_subnet.private",
            "module.eks-jx.module.cluster.module.vpc.aws_subnet.public",
            "module.eks-jx.random_pet.current"
          ],
          "create_before_destroy": true
        }
      ]
    },
    {
      "module": "module.eks-jx.module.cluster.module.eks",
      "mode": "managed",
      "type": "aws_eks_cluster",
      "name": "this",
      "provider": "module.eks-jx.provider[\"registry.terraform.io/hashicorp/aws\"]",
      "instances": [
        {
          "index_key": 0,
          "schema_version": 0,
          "attributes": {
            "arn": "arn:aws:eks:us-east-1:621520006631:cluster/capires",
            "certificate_authority": [
              {
                "data": "LS0tLS1CRUdJTiBDRVJUSUZJQ0FURS0tLS0tCk1JSUN5RENDQWJDZ0F3SUJBZ0lCQURBTkJna3Foa2lHOXcwQkFRc0ZBREFWTVJNd0VRWURWUVFERXdwcmRXSmwKY201bGRHVnpNQjRYRFRJd01UQXlPVEV3TVRnd05Wb1hEVE13TVRBeU56RXdNVGd3TlZvd0ZURVRNQkVHQTFVRQpBeE1LYTNWaVpYSnVaWFJsY3pDQ0FTSXdEUVlKS29aSWh2Y05BUUVCQlFBRGdnRVBBRENDQVFvQ2dnRUJBTFBkCmgxY2FWb21GMDdhSEoxUU5FOTVkblRlL2xLSlRCMk1iUUljQXFwSXF5NEZEcFRhQ1hMeFZnT1VyN0xIN2pIYmcKd0VsaFV4blRGUVo1TFpCVzVkcmx3VzdvNHhWd3RUZWY4R2dMcERMUEhiMzVqNGM4RjU3LzBGUDlqMEdLMENFZgptWERiSlJjWDNRcGRIQ2lqS25xT2xicGJIemtsM1JaZVphdG5leWxUdkYrelYrNE9WemY2M2NlM05yNVZLTDVoCkx4a1ljUWxDRDJxY2FkMHZhcnkrVmlKMVlkQ082YUh5RWNHdlJJMkRLa2syeE82NlhiVXh2diswVXRSUDNEaloKMFI0dnZhNTl5RzVabDU5MndjNk5LcnRLMWI4aTRLYWZvSS9qbE1OdjNEbW1CRk5SdWdLWE14Z2JSVFlqekJxaApaQXF6WHBMYitnM09QZUo4RkdrQ0F3RUFBYU1qTUNFd0RnWURWUjBQQVFIL0JBUURBZ0trTUE4R0ExVWRFd0VCCi93UUZNQU1CQWY4d0RRWUpLb1pJaHZjTkFRRUxCUUFEZ2dFQkFDQTYzU09ZOTVrK3BpK0kzbG5kMHo0OWF2cGwKODcrL0hLSmRzaFFDUzUraHBEUUV3SENEenpYSFJzTWV3YUZ6Q2VJTTRPalRnRHF4R2NTR0ZZdmkxbnNzOGtlQgovZW9wdzFtMnJpVWlJeFdvcDF6bmk4VXFHSzVoelNsQWgyWjRYTFhuakFkdEF0QlJ4eFJ5SmozcVZjZzJqTk9DCnpYZkUyM3BhS1hLVjNVdVZxd1U4NUJVYlZDRHhmdmNvUG8rYUQ3UUhYUGl5TkxXdkRXUm1NTjFkSm94M3NLVGIKRlQ0cVNweTFHTldtb1Y3NU5QK2xqRGs1NUR5dUsrQlpXTlFROC93Rkk3cHlkU2s0OE5JU1RRUEtMNE51dUJ2QQprTmFrTmlCWnh4dmY4dUhLcG9RMk1wU0FXS0UvUzRJakN5QXppWURVNy9ib2VRSDBlTHZIdmlUK241ST0KLS0tLS1FTkQgQ0VSVElGSUNBVEUtLS0tLQo="
              }
            ],
            "created_at": "2020-10-29 10:09:29.456 +0000 UTC",
            "enabled_cluster_log_types": [],
            "encryption_config": [],
            "endpoint": "https://552D7E72A668FA4D2ACD29C13EA28221.gr7.us-east-1.eks.amazonaws.com",
            "id": "capires",
            "identity": [
              {
                "oidc": [
                  {
                    "issuer": "https://oidc.eks.us-east-1.amazonaws.com/id/552D7E72A668FA4D2ACD29C13EA28221"
                  }
                ]
              }
            ],
            "name": "capires",
            "platform_version": "eks.3",
            "role_arn": "arn:aws:iam::621520006631:role/capires20201029100912204000000006",
            "status": "ACTIVE",
            "tags": {},
            "timeouts": {
              "create": "30m",
              "delete": "15m",
              "update": null
            },
            "version": "1.17",
            "vpc_config": [
              {
                "cluster_security_group_id": "sg-0473fab207ab917bd",
                "endpoint_private_access": false,
                "endpoint_public_access": true,
                "public_access_cidrs": [
                  "0.0.0.0/0"
                ],
                "security_group_ids": [
                  "sg-0b6637ddef383b5d8"
                ],
                "subnet_ids": [
                  "subnet-013474d379ea8cabc",
                  "subnet-0590e87914926b8bb",
                  "subnet-082d7c60e77b1f2cb"
                ],
                "vpc_id": "vpc-01acca9b887511bbe"
              }
            ]
          },
          "private": "eyJlMmJmYjczMC1lY2FhLTExZTYtOGY4OC0zNDM2M2JjN2M0YzAiOnsiY3JlYXRlIjoxODAwMDAwMDAwMDAwLCJkZWxldGUiOjkwMDAwMDAwMDAwMCwidXBkYXRlIjozNjAwMDAwMDAwMDAwfX0=",
          "dependencies": [
            "module.eks-jx.module.cluster.data.aws_availability_zones.available",
            "module.eks-jx.module.cluster.module.eks.aws_cloudwatch_log_group.this",
            "module.eks-jx.module.cluster.module.eks.aws_iam_role.cluster",
            "module.eks-jx.module.cluster.module.eks.aws_iam_role_policy_attachment.cluster_AmazonEKSClusterPolicy",
            "module.eks-jx.module.cluster.module.eks.aws_iam_role_policy_attachment.cluster_AmazonEKSServicePolicy",
            "module.eks-jx.module.cluster.module.eks.aws_security_group.cluster",
            "module.eks-jx.module.cluster.module.eks.data.aws_iam_policy_document.cluster_assume_role_policy",
            "module.eks-jx.module.cluster.module.eks.data.aws_iam_role.custom_cluster_iam_role",
            "module.eks-jx.module.cluster.module.eks.data.aws_partition.current",
            "module.eks-jx.module.cluster.module.vpc.aws_subnet.private",
            "module.eks-jx.module.cluster.module.vpc.aws_subnet.public",
            "module.eks-jx.module.cluster.module.vpc.aws_vpc.this",
            "module.eks-jx.module.cluster.module.vpc.aws_vpc_ipv4_cidr_block_association.this",
            "module.eks-jx.random_pet.current"
          ]
        }
      ]
    },
    {
      "module": "module.eks-jx.module.cluster.module.eks",
      "mode": "managed",
      "type": "aws_iam_instance_profile",
      "name": "workers",
      "provider": "module.eks-jx.provider[\"registry.terraform.io/hashicorp/aws\"]",
      "instances": [
        {
          "index_key": 0,
          "schema_version": 0,
          "attributes": {
            "arn": "arn:aws:iam::621520006631:instance-profile/capires20201029102158653700000019",
            "create_date": "2020-10-29T10:22:02Z",
            "id": "capires20201029102158653700000019",
            "name": "capires20201029102158653700000019",
            "name_prefix": "capires",
            "path": "/",
            "role": "capires2020102910215403610000000e",
            "unique_id": "AIPAZBNL2VXTRE3BQVDMJ"
          },
          "private": "bnVsbA==",
          "dependencies": [
            "module.eks-jx.module.cluster.data.aws_availability_zones.available",
            "module.eks-jx.module.cluster.module.eks.aws_cloudwatch_log_group.this",
            "module.eks-jx.module.cluster.module.eks.aws_eks_cluster.this",
            "module.eks-jx.module.cluster.module.eks.aws_iam_role.cluster",
            "module.eks-jx.module.cluster.module.eks.aws_iam_role.workers",
            "module.eks-jx.module.cluster.module.eks.aws_iam_role_policy_attachment.cluster_AmazonEKSClusterPolicy",
            "module.eks-jx.module.cluster.module.eks.aws_iam_role_policy_attachment.cluster_AmazonEKSServicePolicy",
            "module.eks-jx.module.cluster.module.eks.aws_security_group.cluster",
            "module.eks-jx.module.cluster.module.eks.data.aws_iam_policy_document.cluster_assume_role_policy",
            "module.eks-jx.module.cluster.module.eks.data.aws_iam_policy_document.workers_assume_role_policy",
            "module.eks-jx.module.cluster.module.eks.data.aws_iam_role.custom_cluster_iam_role",
            "module.eks-jx.module.cluster.module.eks.data.aws_partition.current",
            "module.eks-jx.module.cluster.module.vpc.aws_subnet.private",
            "module.eks-jx.module.cluster.module.vpc.aws_subnet.public",
            "module.eks-jx.module.cluster.module.vpc.aws_vpc.this",
            "module.eks-jx.module.cluster.module.vpc.aws_vpc_ipv4_cidr_block_association.this",
            "module.eks-jx.random_pet.current"
          ]
        }
      ]
    },
    {
      "module": "module.eks-jx.module.cluster.module.eks",
      "mode": "managed",
      "type": "aws_iam_instance_profile",
      "name": "workers_launch_template",
      "provider": "module.eks-jx.provider[\"registry.terraform.io/hashicorp/aws\"]",
      "instances": [
        {
          "index_key": 0,
          "schema_version": 0,
          "attributes": {
            "arn": "arn:aws:iam::621520006631:instance-profile/capires20201029102156414800000010",
            "create_date": "2020-10-29T10:21:56Z",
            "id": "capires20201029102156414800000010",
            "name": "capires20201029102156414800000010",
            "name_prefix": "capires",
            "path": "/",
            "role": "capires2020102910215403610000000e",
            "unique_id": "AIPAZBNL2VXTXVAWSD5LI"
          },
          "private": "bnVsbA==",
          "dependencies": [
            "module.eks-jx.module.cluster.data.aws_availability_zones.available",
            "module.eks-jx.module.cluster.module.eks.aws_cloudwatch_log_group.this",
            "module.eks-jx.module.cluster.module.eks.aws_eks_cluster.this",
            "module.eks-jx.module.cluster.module.eks.aws_iam_role.cluster",
            "module.eks-jx.module.cluster.module.eks.aws_iam_role.workers",
            "module.eks-jx.module.cluster.module.eks.aws_iam_role_policy_attachment.cluster_AmazonEKSClusterPolicy",
            "module.eks-jx.module.cluster.module.eks.aws_iam_role_policy_attachment.cluster_AmazonEKSServicePolicy",
            "module.eks-jx.module.cluster.module.eks.aws_security_group.cluster",
            "module.eks-jx.module.cluster.module.eks.data.aws_iam_policy_document.cluster_assume_role_policy",
            "module.eks-jx.module.cluster.module.eks.data.aws_iam_policy_document.workers_assume_role_policy",
            "module.eks-jx.module.cluster.module.eks.data.aws_iam_role.custom_cluster_iam_role",
            "module.eks-jx.module.cluster.module.eks.data.aws_partition.current",
            "module.eks-jx.module.cluster.module.vpc.aws_subnet.private",
            "module.eks-jx.module.cluster.module.vpc.aws_subnet.public",
            "module.eks-jx.module.cluster.module.vpc.aws_vpc.this",
            "module.eks-jx.module.cluster.module.vpc.aws_vpc_ipv4_cidr_block_association.this",
            "module.eks-jx.random_pet.current"
          ]
        },
        {
          "index_key": 1,
          "schema_version": 0,
          "attributes": {
            "arn": "arn:aws:iam::621520006631:instance-profile/capires20201029102157519800000018",
            "create_date": "2020-10-29T10:22:00Z",
            "id": "capires20201029102157519800000018",
            "name": "capires20201029102157519800000018",
            "name_prefix": "capires",
            "path": "/",
            "role": "capires2020102910215403610000000e",
            "unique_id": "AIPAZBNL2VXTYX52RBFEA"
          },
          "private": "bnVsbA==",
          "dependencies": [
            "module.eks-jx.module.cluster.data.aws_availability_zones.available",
            "module.eks-jx.module.cluster.module.eks.aws_cloudwatch_log_group.this",
            "module.eks-jx.module.cluster.module.eks.aws_eks_cluster.this",
            "module.eks-jx.module.cluster.module.eks.aws_iam_role.cluster",
            "module.eks-jx.module.cluster.module.eks.aws_iam_role.workers",
            "module.eks-jx.module.cluster.module.eks.aws_iam_role_policy_attachment.cluster_AmazonEKSClusterPolicy",
            "module.eks-jx.module.cluster.module.eks.aws_iam_role_policy_attachment.cluster_AmazonEKSServicePolicy",
            "module.eks-jx.module.cluster.module.eks.aws_security_group.cluster",
            "module.eks-jx.module.cluster.module.eks.data.aws_iam_policy_document.cluster_assume_role_policy",
            "module.eks-jx.module.cluster.module.eks.data.aws_iam_policy_document.workers_assume_role_policy",
            "module.eks-jx.module.cluster.module.eks.data.aws_iam_role.custom_cluster_iam_role",
            "module.eks-jx.module.cluster.module.eks.data.aws_partition.current",
            "module.eks-jx.module.cluster.module.vpc.aws_subnet.private",
            "module.eks-jx.module.cluster.module.vpc.aws_subnet.public",
            "module.eks-jx.module.cluster.module.vpc.aws_vpc.this",
            "module.eks-jx.module.cluster.module.vpc.aws_vpc_ipv4_cidr_block_association.this",
            "module.eks-jx.random_pet.current"
          ]
        },
        {
          "index_key": 2,
          "schema_version": 0,
          "attributes": {
            "arn": "arn:aws:iam::621520006631:instance-profile/capires2020102910215867310000001a",
            "create_date": "2020-10-29T10:22:02Z",
            "id": "capires2020102910215867310000001a",
            "name": "capires2020102910215867310000001a",
            "name_prefix": "capires",
            "path": "/",
            "role": "capires2020102910215403610000000e",
            "unique_id": "AIPAZBNL2VXT6H3ZXCCVE"
          },
          "private": "bnVsbA==",
          "dependencies": [
            "module.eks-jx.module.cluster.data.aws_availability_zones.available",
            "module.eks-jx.module.cluster.module.eks.aws_cloudwatch_log_group.this",
            "module.eks-jx.module.cluster.module.eks.aws_eks_cluster.this",
            "module.eks-jx.module.cluster.module.eks.aws_iam_role.cluster",
            "module.eks-jx.module.cluster.module.eks.aws_iam_role.workers",
            "module.eks-jx.module.cluster.module.eks.aws_iam_role_policy_attachment.cluster_AmazonEKSClusterPolicy",
            "module.eks-jx.module.cluster.module.eks.aws_iam_role_policy_attachment.cluster_AmazonEKSServicePolicy",
            "module.eks-jx.module.cluster.module.eks.aws_security_group.cluster",
            "module.eks-jx.module.cluster.module.eks.data.aws_iam_policy_document.cluster_assume_role_policy",
            "module.eks-jx.module.cluster.module.eks.data.aws_iam_policy_document.workers_assume_role_policy",
            "module.eks-jx.module.cluster.module.eks.data.aws_iam_role.custom_cluster_iam_role",
            "module.eks-jx.module.cluster.module.eks.data.aws_partition.current",
            "module.eks-jx.module.cluster.module.vpc.aws_subnet.private",
            "module.eks-jx.module.cluster.module.vpc.aws_subnet.public",
            "module.eks-jx.module.cluster.module.vpc.aws_vpc.this",
            "module.eks-jx.module.cluster.module.vpc.aws_vpc_ipv4_cidr_block_association.this",
            "module.eks-jx.random_pet.current"
          ]
        }
      ]
    },
    {
      "module": "module.eks-jx.module.cluster.module.eks",
      "mode": "managed",
      "type": "aws_iam_openid_connect_provider",
      "name": "oidc_provider",
      "provider": "module.eks-jx.provider[\"registry.terraform.io/hashicorp/aws\"]",
      "instances": [
        {
          "index_key": 0,
          "schema_version": 0,
          "attributes": {
            "arn": "arn:aws:iam::621520006631:oidc-provider/oidc.eks.us-east-1.amazonaws.com/id/552D7E72A668FA4D2ACD29C13EA28221",
            "client_id_list": [
              "sts.amazonaws.com"
            ],
            "id": "arn:aws:iam::621520006631:oidc-provider/oidc.eks.us-east-1.amazonaws.com/id/552D7E72A668FA4D2ACD29C13EA28221",
            "thumbprint_list": [
              "9e99a48a9960b14926bb7f3b02e22da2b0ab7280"
            ],
            "url": "oidc.eks.us-east-1.amazonaws.com/id/552D7E72A668FA4D2ACD29C13EA28221"
          },
          "private": "bnVsbA==",
          "dependencies": [
            "module.eks-jx.module.cluster.data.aws_availability_zones.available",
            "module.eks-jx.module.cluster.module.eks.aws_cloudwatch_log_group.this",
            "module.eks-jx.module.cluster.module.eks.aws_eks_cluster.this",
            "module.eks-jx.module.cluster.module.eks.aws_iam_role.cluster",
            "module.eks-jx.module.cluster.module.eks.aws_iam_role_policy_attachment.cluster_AmazonEKSClusterPolicy",
            "module.eks-jx.module.cluster.module.eks.aws_iam_role_policy_attachment.cluster_AmazonEKSServicePolicy",
            "module.eks-jx.module.cluster.module.eks.aws_security_group.cluster",
            "module.eks-jx.module.cluster.module.eks.data.aws_iam_policy_document.cluster_assume_role_policy",
            "module.eks-jx.module.cluster.module.eks.data.aws_iam_role.custom_cluster_iam_role",
            "module.eks-jx.module.cluster.module.eks.data.aws_partition.current",
            "module.eks-jx.module.cluster.module.vpc.aws_subnet.private",
            "module.eks-jx.module.cluster.module.vpc.aws_subnet.public",
            "module.eks-jx.module.cluster.module.vpc.aws_vpc.this",
            "module.eks-jx.module.cluster.module.vpc.aws_vpc_ipv4_cidr_block_association.this",
            "module.eks-jx.random_pet.current"
          ]
        }
      ]
    },
    {
      "module": "module.eks-jx.module.cluster.module.eks",
      "mode": "managed",
      "type": "aws_iam_role",
      "name": "cluster",
      "provider": "module.eks-jx.provider[\"registry.terraform.io/hashicorp/aws\"]",
      "instances": [
        {
          "index_key": 0,
          "schema_version": 0,
          "attributes": {
            "arn": "arn:aws:iam::621520006631:role/capires20201029100912204000000006",
            "assume_role_policy": "{\"Version\":\"2012-10-17\",\"Statement\":[{\"Sid\":\"EKSClusterAssumeRole\",\"Effect\":\"Allow\",\"Principal\":{\"Service\":\"eks.amazonaws.com\"},\"Action\":\"sts:AssumeRole\"}]}",
            "create_date": "2020-10-29T10:09:12Z",
            "description": "",
            "force_detach_policies": true,
            "id": "capires20201029100912204000000006",
            "max_session_duration": 3600,
            "name": "capires20201029100912204000000006",
            "name_prefix": "capires",
            "path": "/",
            "permissions_boundary": null,
            "tags": {},
            "unique_id": "AROAZBNL2VXTTEUKFVHOD"
          },
          "private": "bnVsbA==",
          "dependencies": [
            "module.eks-jx.module.cluster.module.eks.data.aws_iam_policy_document.cluster_assume_role_policy",
            "module.eks-jx.random_pet.current"
          ]
        }
      ]
    },
    {
      "module": "module.eks-jx.module.cluster.module.eks",
      "mode": "managed",
      "type": "aws_iam_role",
      "name": "workers",
      "provider": "module.eks-jx.provider[\"registry.terraform.io/hashicorp/aws\"]",
      "instances": [
        {
          "index_key": 0,
          "schema_version": 0,
          "attributes": {
            "arn": "arn:aws:iam::621520006631:role/capires2020102910215403610000000e",
            "assume_role_policy": "{\"Version\":\"2012-10-17\",\"Statement\":[{\"Sid\":\"EKSWorkerAssumeRole\",\"Effect\":\"Allow\",\"Principal\":{\"Service\":\"ec2.amazonaws.com\"},\"Action\":\"sts:AssumeRole\"}]}",
            "create_date": "2020-10-29T10:21:54Z",
            "description": "",
            "force_detach_policies": true,
            "id": "capires2020102910215403610000000e",
            "max_session_duration": 3600,
            "name": "capires2020102910215403610000000e",
            "name_prefix": "capires",
            "path": "/",
            "permissions_boundary": null,
            "tags": {},
            "unique_id": "AROAZBNL2VXTZGQVPAHSA"
          },
          "private": "bnVsbA==",
          "dependencies": [
            "module.eks-jx.module.cluster.data.aws_availability_zones.available",
            "module.eks-jx.module.cluster.module.eks.aws_cloudwatch_log_group.this",
            "module.eks-jx.module.cluster.module.eks.aws_eks_cluster.this",
            "module.eks-jx.module.cluster.module.eks.aws_iam_role.cluster",
            "module.eks-jx.module.cluster.module.eks.aws_iam_role_policy_attachment.cluster_AmazonEKSClusterPolicy",
            "module.eks-jx.module.cluster.module.eks.aws_iam_role_policy_attachment.cluster_AmazonEKSServicePolicy",
            "module.eks-jx.module.cluster.module.eks.aws_security_group.cluster",
            "module.eks-jx.module.cluster.module.eks.data.aws_iam_policy_document.cluster_assume_role_policy",
            "module.eks-jx.module.cluster.module.eks.data.aws_iam_policy_document.workers_assume_role_policy",
            "module.eks-jx.module.cluster.module.eks.data.aws_iam_role.custom_cluster_iam_role",
            "module.eks-jx.module.cluster.module.eks.data.aws_partition.current",
            "module.eks-jx.module.cluster.module.vpc.aws_subnet.private",
            "module.eks-jx.module.cluster.module.vpc.aws_subnet.public",
            "module.eks-jx.module.cluster.module.vpc.aws_vpc.this",
            "module.eks-jx.module.cluster.module.vpc.aws_vpc_ipv4_cidr_block_association.this",
            "module.eks-jx.random_pet.current"
          ]
        }
      ]
    },
    {
      "module": "module.eks-jx.module.cluster.module.eks",
      "mode": "managed",
      "type": "aws_iam_role_policy_attachment",
      "name": "cluster_AmazonEKSClusterPolicy",
      "provider": "module.eks-jx.provider[\"registry.terraform.io/hashicorp/aws\"]",
      "instances": [
        {
          "index_key": 0,
          "schema_version": 0,
          "attributes": {
            "id": "capires20201029100912204000000006-20201029100914433700000009",
            "policy_arn": "arn:aws:iam::aws:policy/AmazonEKSClusterPolicy",
            "role": "capires20201029100912204000000006"
          },
          "private": "bnVsbA==",
          "dependencies": [
            "module.eks-jx.module.cluster.module.eks.aws_iam_role.cluster",
            "module.eks-jx.module.cluster.module.eks.data.aws_iam_policy_document.cluster_assume_role_policy",
            "module.eks-jx.module.cluster.module.eks.data.aws_partition.current",
            "module.eks-jx.random_pet.current"
          ]
        }
      ]
    },
    {
      "module": "module.eks-jx.module.cluster.module.eks",
      "mode": "managed",
      "type": "aws_iam_role_policy_attachment",
      "name": "cluster_AmazonEKSServicePolicy",
      "provider": "module.eks-jx.provider[\"registry.terraform.io/hashicorp/aws\"]",
      "instances": [
        {
          "index_key": 0,
          "schema_version": 0,
          "attributes": {
            "id": "capires20201029100912204000000006-2020102910091443500000000a",
            "policy_arn": "arn:aws:iam::aws:policy/AmazonEKSServicePolicy",
            "role": "capires20201029100912204000000006"
          },
          "private": "bnVsbA==",
          "dependencies": [
            "module.eks-jx.module.cluster.module.eks.aws_iam_role.cluster",
            "module.eks-jx.module.cluster.module.eks.data.aws_iam_policy_document.cluster_assume_role_policy",
            "module.eks-jx.module.cluster.module.eks.data.aws_partition.current",
            "module.eks-jx.random_pet.current"
          ]
        }
      ]
    },
    {
      "module": "module.eks-jx.module.cluster.module.eks",
      "mode": "managed",
      "type": "aws_iam_role_policy_attachment",
      "name": "workers_AmazonEC2ContainerRegistryReadOnly",
      "provider": "module.eks-jx.provider[\"registry.terraform.io/hashicorp/aws\"]",
      "instances": [
        {
          "index_key": 0,
          "schema_version": 0,
          "attributes": {
            "id": "capires2020102910215403610000000e-20201029102157109300000017",
            "policy_arn": "arn:aws:iam::aws:policy/AmazonEC2ContainerRegistryReadOnly",
            "role": "capires2020102910215403610000000e"
          },
          "private": "bnVsbA==",
          "dependencies": [
            "module.eks-jx.module.cluster.data.aws_availability_zones.available",
            "module.eks-jx.module.cluster.module.eks.aws_cloudwatch_log_group.this",
            "module.eks-jx.module.cluster.module.eks.aws_eks_cluster.this",
            "module.eks-jx.module.cluster.module.eks.aws_iam_role.cluster",
            "module.eks-jx.module.cluster.module.eks.aws_iam_role.workers",
            "module.eks-jx.module.cluster.module.eks.aws_iam_role_policy_attachment.cluster_AmazonEKSClusterPolicy",
            "module.eks-jx.module.cluster.module.eks.aws_iam_role_policy_attachment.cluster_AmazonEKSServicePolicy",
            "module.eks-jx.module.cluster.module.eks.aws_security_group.cluster",
            "module.eks-jx.module.cluster.module.eks.data.aws_iam_policy_document.cluster_assume_role_policy",
            "module.eks-jx.module.cluster.module.eks.data.aws_iam_policy_document.workers_assume_role_policy",
            "module.eks-jx.module.cluster.module.eks.data.aws_iam_role.custom_cluster_iam_role",
            "module.eks-jx.module.cluster.module.eks.data.aws_partition.current",
            "module.eks-jx.module.cluster.module.vpc.aws_subnet.private",
            "module.eks-jx.module.cluster.module.vpc.aws_subnet.public",
            "module.eks-jx.module.cluster.module.vpc.aws_vpc.this",
            "module.eks-jx.module.cluster.module.vpc.aws_vpc_ipv4_cidr_block_association.this",
            "module.eks-jx.random_pet.current"
          ]
        }
      ]
    },
    {
      "module": "module.eks-jx.module.cluster.module.eks",
      "mode": "managed",
      "type": "aws_iam_role_policy_attachment",
      "name": "workers_AmazonEKSWorkerNodePolicy",
      "provider": "module.eks-jx.provider[\"registry.terraform.io/hashicorp/aws\"]",
      "instances": [
        {
          "index_key": 0,
          "schema_version": 0,
          "attributes": {
            "id": "capires2020102910215403610000000e-20201029102156991700000016",
            "policy_arn": "arn:aws:iam::aws:policy/AmazonEKSWorkerNodePolicy",
            "role": "capires2020102910215403610000000e"
          },
          "private": "bnVsbA==",
          "dependencies": [
            "module.eks-jx.module.cluster.data.aws_availability_zones.available",
            "module.eks-jx.module.cluster.module.eks.aws_cloudwatch_log_group.this",
            "module.eks-jx.module.cluster.module.eks.aws_eks_cluster.this",
            "module.eks-jx.module.cluster.module.eks.aws_iam_role.cluster",
            "module.eks-jx.module.cluster.module.eks.aws_iam_role.workers",
            "module.eks-jx.module.cluster.module.eks.aws_iam_role_policy_attachment.cluster_AmazonEKSClusterPolicy",
            "module.eks-jx.module.cluster.module.eks.aws_iam_role_policy_attachment.cluster_AmazonEKSServicePolicy",
            "module.eks-jx.module.cluster.module.eks.aws_security_group.cluster",
            "module.eks-jx.module.cluster.module.eks.data.aws_iam_policy_document.cluster_assume_role_policy",
            "module.eks-jx.module.cluster.module.eks.data.aws_iam_policy_document.workers_assume_role_policy",
            "module.eks-jx.module.cluster.module.eks.data.aws_iam_role.custom_cluster_iam_role",
            "module.eks-jx.module.cluster.module.eks.data.aws_partition.current",
            "module.eks-jx.module.cluster.module.vpc.aws_subnet.private",
            "module.eks-jx.module.cluster.module.vpc.aws_subnet.public",
            "module.eks-jx.module.cluster.module.vpc.aws_vpc.this",
            "module.eks-jx.module.cluster.module.vpc.aws_vpc_ipv4_cidr_block_association.this",
            "module.eks-jx.random_pet.current"
          ]
        }
      ]
    },
    {
      "module": "module.eks-jx.module.cluster.module.eks",
      "mode": "managed",
      "type": "aws_iam_role_policy_attachment",
      "name": "workers_AmazonEKS_CNI_Policy",
      "provider": "module.eks-jx.provider[\"registry.terraform.io/hashicorp/aws\"]",
      "instances": [
        {
          "index_key": 0,
          "schema_version": 0,
          "attributes": {
            "id": "capires2020102910215403610000000e-20201029102156936300000014",
            "policy_arn": "arn:aws:iam::aws:policy/AmazonEKS_CNI_Policy",
            "role": "capires2020102910215403610000000e"
          },
          "private": "bnVsbA==",
          "dependencies": [
            "module.eks-jx.module.cluster.data.aws_availability_zones.available",
            "module.eks-jx.module.cluster.module.eks.aws_cloudwatch_log_group.this",
            "module.eks-jx.module.cluster.module.eks.aws_eks_cluster.this",
            "module.eks-jx.module.cluster.module.eks.aws_iam_role.cluster",
            "module.eks-jx.module.cluster.module.eks.aws_iam_role.workers",
            "module.eks-jx.module.cluster.module.eks.aws_iam_role_policy_attachment.cluster_AmazonEKSClusterPolicy",
            "module.eks-jx.module.cluster.module.eks.aws_iam_role_policy_attachment.cluster_AmazonEKSServicePolicy",
            "module.eks-jx.module.cluster.module.eks.aws_security_group.cluster",
            "module.eks-jx.module.cluster.module.eks.data.aws_iam_policy_document.cluster_assume_role_policy",
            "module.eks-jx.module.cluster.module.eks.data.aws_iam_policy_document.workers_assume_role_policy",
            "module.eks-jx.module.cluster.module.eks.data.aws_iam_role.custom_cluster_iam_role",
            "module.eks-jx.module.cluster.module.eks.data.aws_partition.current",
            "module.eks-jx.module.cluster.module.vpc.aws_subnet.private",
            "module.eks-jx.module.cluster.module.vpc.aws_subnet.public",
            "module.eks-jx.module.cluster.module.vpc.aws_vpc.this",
            "module.eks-jx.module.cluster.module.vpc.aws_vpc_ipv4_cidr_block_association.this",
            "module.eks-jx.random_pet.current"
          ]
        }
      ]
    },
    {
      "module": "module.eks-jx.module.cluster.module.eks",
      "mode": "managed",
      "type": "aws_iam_role_policy_attachment",
      "name": "workers_additional_policies",
      "provider": "module.eks-jx.provider[\"registry.terraform.io/hashicorp/aws\"]",
      "instances": [
        {
          "index_key": 0,
          "schema_version": 0,
          "attributes": {
            "id": "capires2020102910215403610000000e-20201029102156976900000015",
            "policy_arn": "arn:aws:iam::aws:policy/AmazonEC2ContainerRegistryPowerUser",
            "role": "capires2020102910215403610000000e"
          },
          "private": "bnVsbA==",
          "dependencies": [
            "module.eks-jx.module.cluster.data.aws_availability_zones.available",
            "module.eks-jx.module.cluster.module.eks.aws_cloudwatch_log_group.this",
            "module.eks-jx.module.cluster.module.eks.aws_eks_cluster.this",
            "module.eks-jx.module.cluster.module.eks.aws_iam_role.cluster",
            "module.eks-jx.module.cluster.module.eks.aws_iam_role.workers",
            "module.eks-jx.module.cluster.module.eks.aws_iam_role_policy_attachment.cluster_AmazonEKSClusterPolicy",
            "module.eks-jx.module.cluster.module.eks.aws_iam_role_policy_attachment.cluster_AmazonEKSServicePolicy",
            "module.eks-jx.module.cluster.module.eks.aws_security_group.cluster",
            "module.eks-jx.module.cluster.module.eks.data.aws_iam_policy_document.cluster_assume_role_policy",
            "module.eks-jx.module.cluster.module.eks.data.aws_iam_policy_document.workers_assume_role_policy",
            "module.eks-jx.module.cluster.module.eks.data.aws_iam_role.custom_cluster_iam_role",
            "module.eks-jx.module.cluster.module.eks.data.aws_partition.current",
            "module.eks-jx.module.cluster.module.vpc.aws_subnet.private",
            "module.eks-jx.module.cluster.module.vpc.aws_subnet.public",
            "module.eks-jx.module.cluster.module.vpc.aws_vpc.this",
            "module.eks-jx.module.cluster.module.vpc.aws_vpc_ipv4_cidr_block_association.this",
            "module.eks-jx.random_pet.current"
          ]
        }
      ]
    },
    {
      "module": "module.eks-jx.module.cluster.module.eks",
      "mode": "managed",
      "type": "aws_launch_configuration",
      "name": "workers",
      "provider": "module.eks-jx.provider[\"registry.terraform.io/hashicorp/aws\"]",
      "instances": [
        {
          "index_key": 0,
          "schema_version": 0,
          "attributes": {
            "arn": "arn:aws:autoscaling:us-east-1:621520006631:launchConfiguration:54181865-aaf3-4c19-8f35-1def9ea22879:launchConfigurationName/capires-worker-group-capires20201029102238943700000026",
            "associate_public_ip_address": false,
            "ebs_block_device": [],
            "ebs_optimized": true,
            "enable_monitoring": true,
            "ephemeral_block_device": [],
            "iam_instance_profile": "capires20201029102158653700000019",
            "id": "capires-worker-group-capires20201029102238943700000026",
            "image_id": "ami-07250434f8a7bc5f1",
            "instance_type": "m5.large",
            "key_name": "",
            "name": "capires-worker-group-capires20201029102238943700000026",
            "name_prefix": "capires-worker-group-capires",
            "placement_tenancy": "",
            "root_block_device": [
              {
                "delete_on_termination": true,
                "encrypted": false,
                "iops": 0,
                "volume_size": 50,
                "volume_type": "gp2"
              }
            ],
            "security_groups": [
              "sg-00dbda938c1b272ab"
            ],
            "spot_price": "0.1",
            "user_data": null,
            "user_data_base64": "IyEvYmluL2Jhc2ggLXhlCgojIEFsbG93IHVzZXIgc3VwcGxpZWQgcHJlIHVzZXJkYXRhIGNvZGUKCgojIEJvb3RzdHJhcCBhbmQgam9pbiB0aGUgY2x1c3RlcgovZXRjL2Vrcy9ib290c3RyYXAuc2ggLS1iNjQtY2x1c3Rlci1jYSAnTFMwdExTMUNSVWRKVGlCRFJWSlVTVVpKUTBGVVJTMHRMUzB0Q2sxSlNVTjVSRU5EUVdKRFowRjNTVUpCWjBsQ1FVUkJUa0puYTNGb2EybEhPWGN3UWtGUmMwWkJSRUZXVFZKTmQwVlJXVVJXVVZGRVJYZHdjbVJYU213S1kyMDFiR1JIVm5wTlFqUllSRlJKZDAxVVFYbFBWRVYzVFZSbmQwNVdiMWhFVkUxM1RWUkJlVTU2UlhkTlZHZDNUbFp2ZDBaVVJWUk5Ra1ZIUVRGVlJRcEJlRTFMWVROV2FWcFlTblZhV0ZKc1kzcERRMEZUU1hkRVVWbEtTMjlhU1doMlkwNUJVVVZDUWxGQlJHZG5SVkJCUkVORFFWRnZRMmRuUlVKQlRGQmtDbWd4WTJGV2IyMUdNRGRoU0VveFVVNUZPVFZrYmxSbEwyeExTbFJDTWsxaVVVbGpRWEZ3U1hGNU5FWkVjRlJoUTFoTWVGWm5UMVZ5TjB4SU4ycElZbWNLZDBWc2FGVjRibFJHVVZvMVRGcENWelZrY214M1Z6ZHZOSGhXZDNSVVpXWTRSMmRNY0VSTVVFaGlNelZxTkdNNFJqVTNMekJHVURscU1FZExNRU5GWmdwdFdFUmlTbEpqV0ROUmNHUklRMmxxUzI1eFQyeGljR0pJZW10c00xSmFaVnBoZEc1bGVXeFVka1lyZWxZck5FOVdlbVkyTTJObE0wNXlOVlpMVERWb0NreDRhMWxqVVd4RFJESnhZMkZrTUhaaGNua3JWbWxLTVZsa1EwODJZVWg1UldOSGRsSkpNa1JMYTJzeWVFODJObGhpVlhoMmRpc3dWWFJTVURORWFsb0tNRkkwZG5aaE5UbDVSelZhYkRVNU1uZGpOazVMY25STE1XSTRhVFJMWVdadlNTOXFiRTFPZGpORWJXMUNSazVTZFdkTFdFMTRaMkpTVkZscWVrSnhhQXBhUVhGNldIQk1ZaXRuTTA5UVpVbzRSa2RyUTBGM1JVRkJZVTFxVFVORmQwUm5XVVJXVWpCUVFWRklMMEpCVVVSQlowdHJUVUU0UjBFeFZXUkZkMFZDQ2k5M1VVWk5RVTFDUVdZNGQwUlJXVXBMYjFwSmFIWmpUa0ZSUlV4Q1VVRkVaMmRGUWtGRFFUWXpVMDlaT1RWckszQnBLMGt6Ykc1a01IbzBPV0YyY0d3S09EY3JMMGhMU21SemFGRkRVelVyYUhCRVVVVjNTRU5FZW5wWVNGSnpUV1YzWVVaNlEyVkpUVFJQYWxSblJIRjRSMk5UUjBaWmRta3hibk56T0d0bFFnb3ZaVzl3ZHpGdE1uSnBWV2xKZUZkdmNERjZibWs0VlhGSFN6Vm9lbE5zUVdneVdqUllURmh1YWtGa2RFRjBRbEo0ZUZKNVNtb3pjVlpqWnpKcVRrOURDbnBZWmtVeU0zQmhTMWhMVmpOVmRWWnhkMVU0TlVKVllsWkRSSGhtZG1OdlVHOHJZVVEzVVVoWVVHbDVUa3hYZGtSWFVtMU5UakZrU205NE0zTkxWR0lLUmxRMGNWTndlVEZIVGxkdGIxWTNOVTVRSzJ4cVJHczFOVVI1ZFVzclFscFhUbEZST0M5M1JrazNjSGxrVTJzME9FNUpVMVJSVUV0TU5FNTFkVUoyUVFwclRtRnJUbWxDV25oNGRtWTRkVWhMY0c5Uk1rMXdVMEZYUzBVdlV6Ukpha041UVhwcFdVUlZOeTlpYjJWUlNEQmxUSFpJZG1sVUsyNDFTVDBLTFMwdExTMUZUa1FnUTBWU1ZFbEdTVU5CVkVVdExTMHRMUW89JyAtLWFwaXNlcnZlci1lbmRwb2ludCAnaHR0cHM6Ly81NTJEN0U3MkE2NjhGQTREMkFDRDI5QzEzRUEyODIyMS5ncjcudXMtZWFzdC0xLmVrcy5hbWF6b25hd3MuY29tJyAgLS1rdWJlbGV0LWV4dHJhLWFyZ3MgIiIgJ2NhcGlyZXMnCgojIEFsbG93IHVzZXIgc3VwcGxpZWQgdXNlcmRhdGEgY29kZQoK",
            "vpc_classic_link_id": "",
            "vpc_classic_link_security_groups": []
          },
          "private": "bnVsbA==",
          "dependencies": [
            "module.eks-jx.module.cluster.data.aws_availability_zones.available",
            "module.eks-jx.module.cluster.module.eks.aws_cloudwatch_log_group.this",
            "module.eks-jx.module.cluster.module.eks.aws_eks_cluster.this",
            "module.eks-jx.module.cluster.module.eks.aws_iam_instance_profile.workers",
            "module.eks-jx.module.cluster.module.eks.aws_iam_role.cluster",
            "module.eks-jx.module.cluster.module.eks.aws_iam_role.workers",
            "module.eks-jx.module.cluster.module.eks.aws_iam_role_policy_attachment.cluster_AmazonEKSClusterPolicy",
            "module.eks-jx.module.cluster.module.eks.aws_iam_role_policy_attachment.cluster_AmazonEKSServicePolicy",
            "module.eks-jx.module.cluster.module.eks.aws_security_group.cluster",
            "module.eks-jx.module.cluster.module.eks.aws_security_group.workers",
            "module.eks-jx.module.cluster.module.eks.data.aws_ami.eks_worker",
            "module.eks-jx.module.cluster.module.eks.data.aws_ami.eks_worker_windows",
            "module.eks-jx.module.cluster.module.eks.data.aws_iam_instance_profile.custom_worker_group_iam_instance_profile",
            "module.eks-jx.module.cluster.module.eks.data.aws_iam_policy_document.cluster_assume_role_policy",
            "module.eks-jx.module.cluster.module.eks.data.aws_iam_policy_document.workers_assume_role_policy",
            "module.eks-jx.module.cluster.module.eks.data.aws_iam_role.custom_cluster_iam_role",
            "module.eks-jx.module.cluster.module.eks.data.aws_partition.current",
            "module.eks-jx.module.cluster.module.eks.data.template_file.userdata",
            "module.eks-jx.module.cluster.module.vpc.aws_subnet.private",
            "module.eks-jx.module.cluster.module.vpc.aws_subnet.public",
            "module.eks-jx.module.cluster.module.vpc.aws_vpc.this",
            "module.eks-jx.module.cluster.module.vpc.aws_vpc_ipv4_cidr_block_association.this",
            "module.eks-jx.random_pet.current"
          ],
          "create_before_destroy": true
        }
      ]
    },
    {
      "module": "module.eks-jx.module.cluster.module.eks",
      "mode": "managed",
      "type": "aws_launch_template",
      "name": "workers_launch_template",
      "provider": "module.eks-jx.provider[\"registry.terraform.io/hashicorp/aws\"]",
      "instances": [
        {
          "index_key": 0,
          "schema_version": 0,
          "attributes": {
            "arn": "arn:aws:ec2:us-east-1:621520006631:launch-template/lt-01b0b227e539b530f",
            "block_device_mappings": [
              {
                "device_name": "/dev/xvda",
                "ebs": [
                  {
                    "delete_on_termination": "true",
                    "encrypted": "false",
                    "iops": 0,
                    "kms_key_id": "",
                    "snapshot_id": "",
                    "volume_size": 100,
                    "volume_type": "gp2"
                  }
                ],
                "no_device": "",
                "virtual_name": ""
              }
            ],
            "capacity_reservation_specification": [],
            "cpu_options": [],
            "credit_specification": [
              {
                "cpu_credits": "standard"
              }
            ],
            "default_version": 1,
            "description": "",
            "disable_api_termination": false,
            "ebs_optimized": "true",
            "elastic_gpu_specifications": [],
            "elastic_inference_accelerator": [],
            "hibernation_options": [],
            "iam_instance_profile": [
              {
                "arn": "",
                "name": "capires20201029102156414800000010"
              }
            ],
            "id": "lt-01b0b227e539b530f",
            "image_id": "ami-07250434f8a7bc5f1",
            "instance_initiated_shutdown_behavior": "",
            "instance_market_options": [],
            "instance_type": "m5.large",
            "kernel_id": "",
            "key_name": "",
            "latest_version": 1,
            "license_specification": [],
            "metadata_options": [],
            "monitoring": [
              {
                "enabled": true
              }
            ],
            "name": "capires-02020102910220566960000001d",
            "name_prefix": "capires-0",
            "network_interfaces": [
              {
                "associate_public_ip_address": "true",
                "delete_on_termination": "true",
                "description": "",
                "device_index": 0,
                "ipv4_address_count": 0,
                "ipv4_addresses": [],
                "ipv6_address_count": 0,
                "ipv6_addresses": [],
                "network_interface_id": "",
                "private_ip_address": "",
                "security_groups": [
                  "sg-00dbda938c1b272ab"
                ],
                "subnet_id": ""
              }
            ],
            "placement": [],
            "ram_disk_id": "",
            "security_group_names": [],
            "tag_specifications": [
              {
                "resource_type": "volume",
                "tags": {
                  "Name": "capires-0-eks_asg"
                }
              },
              {
                "resource_type": "instance",
                "tags": {
                  "Name": "capires-0-eks_asg"
                }
              }
            ],
            "tags": {},
            "update_default_version": null,
            "user_data": "IyEvYmluL2Jhc2ggLXhlCgojIEFsbG93IHVzZXIgc3VwcGxpZWQgcHJlIHVzZXJkYXRhIGNvZGUKCgojIEJvb3RzdHJhcCBhbmQgam9pbiB0aGUgY2x1c3RlcgovZXRjL2Vrcy9ib290c3RyYXAuc2ggLS1iNjQtY2x1c3Rlci1jYSAnTFMwdExTMUNSVWRKVGlCRFJWSlVTVVpKUTBGVVJTMHRMUzB0Q2sxSlNVTjVSRU5EUVdKRFowRjNTVUpCWjBsQ1FVUkJUa0puYTNGb2EybEhPWGN3UWtGUmMwWkJSRUZXVFZKTmQwVlJXVVJXVVZGRVJYZHdjbVJYU213S1kyMDFiR1JIVm5wTlFqUllSRlJKZDAxVVFYbFBWRVYzVFZSbmQwNVdiMWhFVkUxM1RWUkJlVTU2UlhkTlZHZDNUbFp2ZDBaVVJWUk5Ra1ZIUVRGVlJRcEJlRTFMWVROV2FWcFlTblZhV0ZKc1kzcERRMEZUU1hkRVVWbEtTMjlhU1doMlkwNUJVVVZDUWxGQlJHZG5SVkJCUkVORFFWRnZRMmRuUlVKQlRGQmtDbWd4WTJGV2IyMUdNRGRoU0VveFVVNUZPVFZrYmxSbEwyeExTbFJDTWsxaVVVbGpRWEZ3U1hGNU5FWkVjRlJoUTFoTWVGWm5UMVZ5TjB4SU4ycElZbWNLZDBWc2FGVjRibFJHVVZvMVRGcENWelZrY214M1Z6ZHZOSGhXZDNSVVpXWTRSMmRNY0VSTVVFaGlNelZxTkdNNFJqVTNMekJHVURscU1FZExNRU5GWmdwdFdFUmlTbEpqV0ROUmNHUklRMmxxUzI1eFQyeGljR0pJZW10c00xSmFaVnBoZEc1bGVXeFVka1lyZWxZck5FOVdlbVkyTTJObE0wNXlOVlpMVERWb0NreDRhMWxqVVd4RFJESnhZMkZrTUhaaGNua3JWbWxLTVZsa1EwODJZVWg1UldOSGRsSkpNa1JMYTJzeWVFODJObGhpVlhoMmRpc3dWWFJTVURORWFsb0tNRkkwZG5aaE5UbDVSelZhYkRVNU1uZGpOazVMY25STE1XSTRhVFJMWVdadlNTOXFiRTFPZGpORWJXMUNSazVTZFdkTFdFMTRaMkpTVkZscWVrSnhhQXBhUVhGNldIQk1ZaXRuTTA5UVpVbzRSa2RyUTBGM1JVRkJZVTFxVFVORmQwUm5XVVJXVWpCUVFWRklMMEpCVVVSQlowdHJUVUU0UjBFeFZXUkZkMFZDQ2k5M1VVWk5RVTFDUVdZNGQwUlJXVXBMYjFwSmFIWmpUa0ZSUlV4Q1VVRkVaMmRGUWtGRFFUWXpVMDlaT1RWckszQnBLMGt6Ykc1a01IbzBPV0YyY0d3S09EY3JMMGhMU21SemFGRkRVelVyYUhCRVVVVjNTRU5FZW5wWVNGSnpUV1YzWVVaNlEyVkpUVFJQYWxSblJIRjRSMk5UUjBaWmRta3hibk56T0d0bFFnb3ZaVzl3ZHpGdE1uSnBWV2xKZUZkdmNERjZibWs0VlhGSFN6Vm9lbE5zUVdneVdqUllURmh1YWtGa2RFRjBRbEo0ZUZKNVNtb3pjVlpqWnpKcVRrOURDbnBZWmtVeU0zQmhTMWhMVmpOVmRWWnhkMVU0TlVKVllsWkRSSGhtZG1OdlVHOHJZVVEzVVVoWVVHbDVUa3hYZGtSWFVtMU5UakZrU205NE0zTkxWR0lLUmxRMGNWTndlVEZIVGxkdGIxWTNOVTVRSzJ4cVJHczFOVVI1ZFVzclFscFhUbEZST0M5M1JrazNjSGxrVTJzME9FNUpVMVJSVUV0TU5FNTFkVUoyUVFwclRtRnJUbWxDV25oNGRtWTRkVWhMY0c5Uk1rMXdVMEZYUzBVdlV6Ukpha041UVhwcFdVUlZOeTlpYjJWUlNEQmxUSFpJZG1sVUsyNDFTVDBLTFMwdExTMUZUa1FnUTBWU1ZFbEdTVU5CVkVVdExTMHRMUW89JyAtLWFwaXNlcnZlci1lbmRwb2ludCAnaHR0cHM6Ly81NTJEN0U3MkE2NjhGQTREMkFDRDI5QzEzRUEyODIyMS5ncjcudXMtZWFzdC0xLmVrcy5hbWF6b25hd3MuY29tJyAgLS1rdWJlbGV0LWV4dHJhLWFyZ3MgIiIgJ2NhcGlyZXMnCgojIEFsbG93IHVzZXIgc3VwcGxpZWQgdXNlcmRhdGEgY29kZQoK",
            "vpc_security_group_ids": []
          },
          "private": "bnVsbA==",
          "dependencies": [
            "module.eks-jx.module.cluster.data.aws_availability_zones.available",
            "module.eks-jx.module.cluster.module.eks.aws_cloudwatch_log_group.this",
            "module.eks-jx.module.cluster.module.eks.aws_eks_cluster.this",
            "module.eks-jx.module.cluster.module.eks.aws_iam_instance_profile.workers_launch_template",
            "module.eks-jx.module.cluster.module.eks.aws_iam_role.cluster",
            "module.eks-jx.module.cluster.module.eks.aws_iam_role.workers",
            "module.eks-jx.module.cluster.module.eks.aws_iam_role_policy_attachment.cluster_AmazonEKSClusterPolicy",
            "module.eks-jx.module.cluster.module.eks.aws_iam_role_policy_attachment.cluster_AmazonEKSServicePolicy",
            "module.eks-jx.module.cluster.module.eks.aws_security_group.cluster",
            "module.eks-jx.module.cluster.module.eks.aws_security_group.workers",
            "module.eks-jx.module.cluster.module.eks.data.aws_ami.eks_worker",
            "module.eks-jx.module.cluster.module.eks.data.aws_ami.eks_worker_windows",
            "module.eks-jx.module.cluster.module.eks.data.aws_iam_instance_profile.custom_worker_group_launch_template_iam_instance_profile",
            "module.eks-jx.module.cluster.module.eks.data.aws_iam_policy_document.cluster_assume_role_policy",
            "module.eks-jx.module.cluster.module.eks.data.aws_iam_policy_document.workers_assume_role_policy",
            "module.eks-jx.module.cluster.module.eks.data.aws_iam_role.custom_cluster_iam_role",
            "module.eks-jx.module.cluster.module.eks.data.aws_partition.current",
            "module.eks-jx.module.cluster.module.eks.data.template_file.launch_template_userdata",
            "module.eks-jx.module.cluster.module.vpc.aws_subnet.private",
            "module.eks-jx.module.cluster.module.vpc.aws_subnet.public",
            "module.eks-jx.module.cluster.module.vpc.aws_vpc.this",
            "module.eks-jx.module.cluster.module.vpc.aws_vpc_ipv4_cidr_block_association.this",
            "module.eks-jx.random_pet.current"
          ],
          "create_before_destroy": true
        },
        {
          "index_key": 1,
          "schema_version": 0,
          "attributes": {
            "arn": "arn:aws:ec2:us-east-1:621520006631:launch-template/lt-009ea75a29f17ad12",
            "block_device_mappings": [
              {
                "device_name": "/dev/xvda",
                "ebs": [
                  {
                    "delete_on_termination": "true",
                    "encrypted": "false",
                    "iops": 0,
                    "kms_key_id": "",
                    "snapshot_id": "",
                    "volume_size": 100,
                    "volume_type": "gp2"
                  }
                ],
                "no_device": "",
                "virtual_name": ""
              }
            ],
            "capacity_reservation_specification": [],
            "cpu_options": [],
            "credit_specification": [
              {
                "cpu_credits": "standard"
              }
            ],
            "default_version": 1,
            "description": "",
            "disable_api_termination": false,
            "ebs_optimized": "true",
            "elastic_gpu_specifications": [],
            "elastic_inference_accelerator": [],
            "hibernation_options": [],
            "iam_instance_profile": [
              {
                "arn": "",
                "name": "capires20201029102157519800000018"
              }
            ],
            "id": "lt-009ea75a29f17ad12",
            "image_id": "ami-07250434f8a7bc5f1",
            "instance_initiated_shutdown_behavior": "",
            "instance_market_options": [],
            "instance_type": "m5.large",
            "kernel_id": "",
            "key_name": "",
            "latest_version": 1,
            "license_specification": [],
            "metadata_options": [],
            "monitoring": [
              {
                "enabled": true
              }
            ],
            "name": "capires-120201029102205670300000020",
            "name_prefix": "capires-1",
            "network_interfaces": [
              {
                "associate_public_ip_address": "true",
                "delete_on_termination": "true",
                "description": "",
                "device_index": 0,
                "ipv4_address_count": 0,
                "ipv4_addresses": [],
                "ipv6_address_count": 0,
                "ipv6_addresses": [],
                "network_interface_id": "",
                "private_ip_address": "",
                "security_groups": [
                  "sg-00dbda938c1b272ab"
                ],
                "subnet_id": ""
              }
            ],
            "placement": [],
            "ram_disk_id": "",
            "security_group_names": [],
            "tag_specifications": [
              {
                "resource_type": "volume",
                "tags": {
                  "Name": "capires-1-eks_asg"
                }
              },
              {
                "resource_type": "instance",
                "tags": {
                  "Name": "capires-1-eks_asg"
                }
              }
            ],
            "tags": {},
            "update_default_version": null,
            "user_data": "IyEvYmluL2Jhc2ggLXhlCgojIEFsbG93IHVzZXIgc3VwcGxpZWQgcHJlIHVzZXJkYXRhIGNvZGUKCgojIEJvb3RzdHJhcCBhbmQgam9pbiB0aGUgY2x1c3RlcgovZXRjL2Vrcy9ib290c3RyYXAuc2ggLS1iNjQtY2x1c3Rlci1jYSAnTFMwdExTMUNSVWRKVGlCRFJWSlVTVVpKUTBGVVJTMHRMUzB0Q2sxSlNVTjVSRU5EUVdKRFowRjNTVUpCWjBsQ1FVUkJUa0puYTNGb2EybEhPWGN3UWtGUmMwWkJSRUZXVFZKTmQwVlJXVVJXVVZGRVJYZHdjbVJYU213S1kyMDFiR1JIVm5wTlFqUllSRlJKZDAxVVFYbFBWRVYzVFZSbmQwNVdiMWhFVkUxM1RWUkJlVTU2UlhkTlZHZDNUbFp2ZDBaVVJWUk5Ra1ZIUVRGVlJRcEJlRTFMWVROV2FWcFlTblZhV0ZKc1kzcERRMEZUU1hkRVVWbEtTMjlhU1doMlkwNUJVVVZDUWxGQlJHZG5SVkJCUkVORFFWRnZRMmRuUlVKQlRGQmtDbWd4WTJGV2IyMUdNRGRoU0VveFVVNUZPVFZrYmxSbEwyeExTbFJDTWsxaVVVbGpRWEZ3U1hGNU5FWkVjRlJoUTFoTWVGWm5UMVZ5TjB4SU4ycElZbWNLZDBWc2FGVjRibFJHVVZvMVRGcENWelZrY214M1Z6ZHZOSGhXZDNSVVpXWTRSMmRNY0VSTVVFaGlNelZxTkdNNFJqVTNMekJHVURscU1FZExNRU5GWmdwdFdFUmlTbEpqV0ROUmNHUklRMmxxUzI1eFQyeGljR0pJZW10c00xSmFaVnBoZEc1bGVXeFVka1lyZWxZck5FOVdlbVkyTTJObE0wNXlOVlpMVERWb0NreDRhMWxqVVd4RFJESnhZMkZrTUhaaGNua3JWbWxLTVZsa1EwODJZVWg1UldOSGRsSkpNa1JMYTJzeWVFODJObGhpVlhoMmRpc3dWWFJTVURORWFsb0tNRkkwZG5aaE5UbDVSelZhYkRVNU1uZGpOazVMY25STE1XSTRhVFJMWVdadlNTOXFiRTFPZGpORWJXMUNSazVTZFdkTFdFMTRaMkpTVkZscWVrSnhhQXBhUVhGNldIQk1ZaXRuTTA5UVpVbzRSa2RyUTBGM1JVRkJZVTFxVFVORmQwUm5XVVJXVWpCUVFWRklMMEpCVVVSQlowdHJUVUU0UjBFeFZXUkZkMFZDQ2k5M1VVWk5RVTFDUVdZNGQwUlJXVXBMYjFwSmFIWmpUa0ZSUlV4Q1VVRkVaMmRGUWtGRFFUWXpVMDlaT1RWckszQnBLMGt6Ykc1a01IbzBPV0YyY0d3S09EY3JMMGhMU21SemFGRkRVelVyYUhCRVVVVjNTRU5FZW5wWVNGSnpUV1YzWVVaNlEyVkpUVFJQYWxSblJIRjRSMk5UUjBaWmRta3hibk56T0d0bFFnb3ZaVzl3ZHpGdE1uSnBWV2xKZUZkdmNERjZibWs0VlhGSFN6Vm9lbE5zUVdneVdqUllURmh1YWtGa2RFRjBRbEo0ZUZKNVNtb3pjVlpqWnpKcVRrOURDbnBZWmtVeU0zQmhTMWhMVmpOVmRWWnhkMVU0TlVKVllsWkRSSGhtZG1OdlVHOHJZVVEzVVVoWVVHbDVUa3hYZGtSWFVtMU5UakZrU205NE0zTkxWR0lLUmxRMGNWTndlVEZIVGxkdGIxWTNOVTVRSzJ4cVJHczFOVVI1ZFVzclFscFhUbEZST0M5M1JrazNjSGxrVTJzME9FNUpVMVJSVUV0TU5FNTFkVUoyUVFwclRtRnJUbWxDV25oNGRtWTRkVWhMY0c5Uk1rMXdVMEZYUzBVdlV6Ukpha041UVhwcFdVUlZOeTlpYjJWUlNEQmxUSFpJZG1sVUsyNDFTVDBLTFMwdExTMUZUa1FnUTBWU1ZFbEdTVU5CVkVVdExTMHRMUW89JyAtLWFwaXNlcnZlci1lbmRwb2ludCAnaHR0cHM6Ly81NTJEN0U3MkE2NjhGQTREMkFDRDI5QzEzRUEyODIyMS5ncjcudXMtZWFzdC0xLmVrcy5hbWF6b25hd3MuY29tJyAgLS1rdWJlbGV0LWV4dHJhLWFyZ3MgIiIgJ2NhcGlyZXMnCgojIEFsbG93IHVzZXIgc3VwcGxpZWQgdXNlcmRhdGEgY29kZQoK",
            "vpc_security_group_ids": []
          },
          "private": "bnVsbA==",
          "dependencies": [
            "module.eks-jx.module.cluster.data.aws_availability_zones.available",
            "module.eks-jx.module.cluster.module.eks.aws_cloudwatch_log_group.this",
            "module.eks-jx.module.cluster.module.eks.aws_eks_cluster.this",
            "module.eks-jx.module.cluster.module.eks.aws_iam_instance_profile.workers_launch_template",
            "module.eks-jx.module.cluster.module.eks.aws_iam_role.cluster",
            "module.eks-jx.module.cluster.module.eks.aws_iam_role.workers",
            "module.eks-jx.module.cluster.module.eks.aws_iam_role_policy_attachment.cluster_AmazonEKSClusterPolicy",
            "module.eks-jx.module.cluster.module.eks.aws_iam_role_policy_attachment.cluster_AmazonEKSServicePolicy",
            "module.eks-jx.module.cluster.module.eks.aws_security_group.cluster",
            "module.eks-jx.module.cluster.module.eks.aws_security_group.workers",
            "module.eks-jx.module.cluster.module.eks.data.aws_ami.eks_worker",
            "module.eks-jx.module.cluster.module.eks.data.aws_ami.eks_worker_windows",
            "module.eks-jx.module.cluster.module.eks.data.aws_iam_instance_profile.custom_worker_group_launch_template_iam_instance_profile",
            "module.eks-jx.module.cluster.module.eks.data.aws_iam_policy_document.cluster_assume_role_policy",
            "module.eks-jx.module.cluster.module.eks.data.aws_iam_policy_document.workers_assume_role_policy",
            "module.eks-jx.module.cluster.module.eks.data.aws_iam_role.custom_cluster_iam_role",
            "module.eks-jx.module.cluster.module.eks.data.aws_partition.current",
            "module.eks-jx.module.cluster.module.eks.data.template_file.launch_template_userdata",
            "module.eks-jx.module.cluster.module.vpc.aws_subnet.private",
            "module.eks-jx.module.cluster.module.vpc.aws_subnet.public",
            "module.eks-jx.module.cluster.module.vpc.aws_vpc.this",
            "module.eks-jx.module.cluster.module.vpc.aws_vpc_ipv4_cidr_block_association.this",
            "module.eks-jx.random_pet.current"
          ],
          "create_before_destroy": true
        },
        {
          "index_key": 2,
          "schema_version": 0,
          "attributes": {
            "arn": "arn:aws:ec2:us-east-1:621520006631:launch-template/lt-099807251854dea3f",
            "block_device_mappings": [
              {
                "device_name": "/dev/xvda",
                "ebs": [
                  {
                    "delete_on_termination": "true",
                    "encrypted": "false",
                    "iops": 0,
                    "kms_key_id": "",
                    "snapshot_id": "",
                    "volume_size": 100,
                    "volume_type": "gp2"
                  }
                ],
                "no_device": "",
                "virtual_name": ""
              }
            ],
            "capacity_reservation_specification": [],
            "cpu_options": [],
            "credit_specification": [
              {
                "cpu_credits": "standard"
              }
            ],
            "default_version": 1,
            "description": "",
            "disable_api_termination": false,
            "ebs_optimized": "true",
            "elastic_gpu_specifications": [],
            "elastic_inference_accelerator": [],
            "hibernation_options": [],
            "iam_instance_profile": [
              {
                "arn": "",
                "name": "capires2020102910215867310000001a"
              }
            ],
            "id": "lt-099807251854dea3f",
            "image_id": "ami-07250434f8a7bc5f1",
            "instance_initiated_shutdown_behavior": "",
            "instance_market_options": [],
            "instance_type": "m5.large",
            "kernel_id": "",
            "key_name": "",
            "latest_version": 1,
            "license_specification": [],
            "metadata_options": [],
            "monitoring": [
              {
                "enabled": true
              }
            ],
            "name": "capires-22020102910220567020000001f",
            "name_prefix": "capires-2",
            "network_interfaces": [
              {
                "associate_public_ip_address": "true",
                "delete_on_termination": "true",
                "description": "",
                "device_index": 0,
                "ipv4_address_count": 0,
                "ipv4_addresses": [],
                "ipv6_address_count": 0,
                "ipv6_addresses": [],
                "network_interface_id": "",
                "private_ip_address": "",
                "security_groups": [
                  "sg-00dbda938c1b272ab"
                ],
                "subnet_id": ""
              }
            ],
            "placement": [],
            "ram_disk_id": "",
            "security_group_names": [],
            "tag_specifications": [
              {
                "resource_type": "volume",
                "tags": {
                  "Name": "capires-2-eks_asg"
                }
              },
              {
                "resource_type": "instance",
                "tags": {
                  "Name": "capires-2-eks_asg"
                }
              }
            ],
            "tags": {},
            "update_default_version": null,
            "user_data": "IyEvYmluL2Jhc2ggLXhlCgojIEFsbG93IHVzZXIgc3VwcGxpZWQgcHJlIHVzZXJkYXRhIGNvZGUKCgojIEJvb3RzdHJhcCBhbmQgam9pbiB0aGUgY2x1c3RlcgovZXRjL2Vrcy9ib290c3RyYXAuc2ggLS1iNjQtY2x1c3Rlci1jYSAnTFMwdExTMUNSVWRKVGlCRFJWSlVTVVpKUTBGVVJTMHRMUzB0Q2sxSlNVTjVSRU5EUVdKRFowRjNTVUpCWjBsQ1FVUkJUa0puYTNGb2EybEhPWGN3UWtGUmMwWkJSRUZXVFZKTmQwVlJXVVJXVVZGRVJYZHdjbVJYU213S1kyMDFiR1JIVm5wTlFqUllSRlJKZDAxVVFYbFBWRVYzVFZSbmQwNVdiMWhFVkUxM1RWUkJlVTU2UlhkTlZHZDNUbFp2ZDBaVVJWUk5Ra1ZIUVRGVlJRcEJlRTFMWVROV2FWcFlTblZhV0ZKc1kzcERRMEZUU1hkRVVWbEtTMjlhU1doMlkwNUJVVVZDUWxGQlJHZG5SVkJCUkVORFFWRnZRMmRuUlVKQlRGQmtDbWd4WTJGV2IyMUdNRGRoU0VveFVVNUZPVFZrYmxSbEwyeExTbFJDTWsxaVVVbGpRWEZ3U1hGNU5FWkVjRlJoUTFoTWVGWm5UMVZ5TjB4SU4ycElZbWNLZDBWc2FGVjRibFJHVVZvMVRGcENWelZrY214M1Z6ZHZOSGhXZDNSVVpXWTRSMmRNY0VSTVVFaGlNelZxTkdNNFJqVTNMekJHVURscU1FZExNRU5GWmdwdFdFUmlTbEpqV0ROUmNHUklRMmxxUzI1eFQyeGljR0pJZW10c00xSmFaVnBoZEc1bGVXeFVka1lyZWxZck5FOVdlbVkyTTJObE0wNXlOVlpMVERWb0NreDRhMWxqVVd4RFJESnhZMkZrTUhaaGNua3JWbWxLTVZsa1EwODJZVWg1UldOSGRsSkpNa1JMYTJzeWVFODJObGhpVlhoMmRpc3dWWFJTVURORWFsb0tNRkkwZG5aaE5UbDVSelZhYkRVNU1uZGpOazVMY25STE1XSTRhVFJMWVdadlNTOXFiRTFPZGpORWJXMUNSazVTZFdkTFdFMTRaMkpTVkZscWVrSnhhQXBhUVhGNldIQk1ZaXRuTTA5UVpVbzRSa2RyUTBGM1JVRkJZVTFxVFVORmQwUm5XVVJXVWpCUVFWRklMMEpCVVVSQlowdHJUVUU0UjBFeFZXUkZkMFZDQ2k5M1VVWk5RVTFDUVdZNGQwUlJXVXBMYjFwSmFIWmpUa0ZSUlV4Q1VVRkVaMmRGUWtGRFFUWXpVMDlaT1RWckszQnBLMGt6Ykc1a01IbzBPV0YyY0d3S09EY3JMMGhMU21SemFGRkRVelVyYUhCRVVVVjNTRU5FZW5wWVNGSnpUV1YzWVVaNlEyVkpUVFJQYWxSblJIRjRSMk5UUjBaWmRta3hibk56T0d0bFFnb3ZaVzl3ZHpGdE1uSnBWV2xKZUZkdmNERjZibWs0VlhGSFN6Vm9lbE5zUVdneVdqUllURmh1YWtGa2RFRjBRbEo0ZUZKNVNtb3pjVlpqWnpKcVRrOURDbnBZWmtVeU0zQmhTMWhMVmpOVmRWWnhkMVU0TlVKVllsWkRSSGhtZG1OdlVHOHJZVVEzVVVoWVVHbDVUa3hYZGtSWFVtMU5UakZrU205NE0zTkxWR0lLUmxRMGNWTndlVEZIVGxkdGIxWTNOVTVRSzJ4cVJHczFOVVI1ZFVzclFscFhUbEZST0M5M1JrazNjSGxrVTJzME9FNUpVMVJSVUV0TU5FNTFkVUoyUVFwclRtRnJUbWxDV25oNGRtWTRkVWhMY0c5Uk1rMXdVMEZYUzBVdlV6Ukpha041UVhwcFdVUlZOeTlpYjJWUlNEQmxUSFpJZG1sVUsyNDFTVDBLTFMwdExTMUZUa1FnUTBWU1ZFbEdTVU5CVkVVdExTMHRMUW89JyAtLWFwaXNlcnZlci1lbmRwb2ludCAnaHR0cHM6Ly81NTJEN0U3MkE2NjhGQTREMkFDRDI5QzEzRUEyODIyMS5ncjcudXMtZWFzdC0xLmVrcy5hbWF6b25hd3MuY29tJyAgLS1rdWJlbGV0LWV4dHJhLWFyZ3MgIiIgJ2NhcGlyZXMnCgojIEFsbG93IHVzZXIgc3VwcGxpZWQgdXNlcmRhdGEgY29kZQoK",
            "vpc_security_group_ids": []
          },
          "private": "bnVsbA==",
          "dependencies": [
            "module.eks-jx.module.cluster.data.aws_availability_zones.available",
            "module.eks-jx.module.cluster.module.eks.aws_cloudwatch_log_group.this",
            "module.eks-jx.module.cluster.module.eks.aws_eks_cluster.this",
            "module.eks-jx.module.cluster.module.eks.aws_iam_instance_profile.workers_launch_template",
            "module.eks-jx.module.cluster.module.eks.aws_iam_role.cluster",
            "module.eks-jx.module.cluster.module.eks.aws_iam_role.workers",
            "module.eks-jx.module.cluster.module.eks.aws_iam_role_policy_attachment.cluster_AmazonEKSClusterPolicy",
            "module.eks-jx.module.cluster.module.eks.aws_iam_role_policy_attachment.cluster_AmazonEKSServicePolicy",
            "module.eks-jx.module.cluster.module.eks.aws_security_group.cluster",
            "module.eks-jx.module.cluster.module.eks.aws_security_group.workers",
            "module.eks-jx.module.cluster.module.eks.data.aws_ami.eks_worker",
            "module.eks-jx.module.cluster.module.eks.data.aws_ami.eks_worker_windows",
            "module.eks-jx.module.cluster.module.eks.data.aws_iam_instance_profile.custom_worker_group_launch_template_iam_instance_profile",
            "module.eks-jx.module.cluster.module.eks.data.aws_iam_policy_document.cluster_assume_role_policy",
            "module.eks-jx.module.cluster.module.eks.data.aws_iam_policy_document.workers_assume_role_policy",
            "module.eks-jx.module.cluster.module.eks.data.aws_iam_role.custom_cluster_iam_role",
            "module.eks-jx.module.cluster.module.eks.data.aws_partition.current",
            "module.eks-jx.module.cluster.module.eks.data.template_file.launch_template_userdata",
            "module.eks-jx.module.cluster.module.vpc.aws_subnet.private",
            "module.eks-jx.module.cluster.module.vpc.aws_subnet.public",
            "module.eks-jx.module.cluster.module.vpc.aws_vpc.this",
            "module.eks-jx.module.cluster.module.vpc.aws_vpc_ipv4_cidr_block_association.this",
            "module.eks-jx.random_pet.current"
          ],
          "create_before_destroy": true
        }
      ]
    },
    {
      "module": "module.eks-jx.module.cluster.module.eks",
      "mode": "managed",
      "type": "aws_security_group",
      "name": "cluster",
      "provider": "module.eks-jx.provider[\"registry.terraform.io/hashicorp/aws\"]",
      "instances": [
        {
          "index_key": 0,
          "schema_version": 1,
          "attributes": {
            "arn": "arn:aws:ec2:us-east-1:621520006631:security-group/sg-0b6637ddef383b5d8",
            "description": "EKS cluster security group.",
            "egress": [
              {
                "cidr_blocks": [
                  "0.0.0.0/0"
                ],
                "description": "Allow cluster egress access to the Internet.",
                "from_port": 0,
                "ipv6_cidr_blocks": [],
                "prefix_list_ids": [],
                "protocol": "-1",
                "security_groups": [],
                "self": false,
                "to_port": 0
              }
            ],
            "id": "sg-0b6637ddef383b5d8",
            "ingress": [
              {
                "cidr_blocks": [],
                "description": "Allow pods to communicate with the EKS cluster API.",
                "from_port": 443,
                "ipv6_cidr_blocks": [],
                "prefix_list_ids": [],
                "protocol": "tcp",
                "security_groups": [
                  "sg-00dbda938c1b272ab"
                ],
                "self": false,
                "to_port": 443
              }
            ],
            "name": "capires2020102910092411240000000b",
            "name_prefix": "capires",
            "owner_id": "621520006631",
            "revoke_rules_on_delete": false,
            "tags": {
              "Name": "capires-eks_cluster_sg"
            },
            "timeouts": null,
            "vpc_id": "vpc-01acca9b887511bbe"
          },
          "private": "eyJlMmJmYjczMC1lY2FhLTExZTYtOGY4OC0zNDM2M2JjN2M0YzAiOnsiY3JlYXRlIjo2MDAwMDAwMDAwMDAsImRlbGV0ZSI6NjAwMDAwMDAwMDAwfSwic2NoZW1hX3ZlcnNpb24iOiIxIn0=",
          "dependencies": [
            "module.eks-jx.module.cluster.module.vpc.aws_vpc.this",
            "module.eks-jx.random_pet.current"
          ]
        }
      ]
    },
    {
      "module": "module.eks-jx.module.cluster.module.eks",
      "mode": "managed",
      "type": "aws_security_group",
      "name": "workers",
      "provider": "module.eks-jx.provider[\"registry.terraform.io/hashicorp/aws\"]",
      "instances": [
        {
          "index_key": 0,
          "schema_version": 1,
          "attributes": {
            "arn": "arn:aws:ec2:us-east-1:621520006631:security-group/sg-00dbda938c1b272ab",
            "description": "Security group for all nodes in the cluster.",
            "egress": [
              {
                "cidr_blocks": [
                  "0.0.0.0/0"
                ],
                "description": "Allow nodes all egress to the Internet.",
                "from_port": 0,
                "ipv6_cidr_blocks": [],
                "prefix_list_ids": [],
                "protocol": "-1",
                "security_groups": [],
                "self": false,
                "to_port": 0
              }
            ],
            "id": "sg-00dbda938c1b272ab",
            "ingress": [
              {
                "cidr_blocks": [
                  "0.0.0.0/0"
                ],
                "description": "kubernetes.io/rule/nlb/client=a36861886afa8411dbb1081d42bc1baa",
                "from_port": 30484,
                "ipv6_cidr_blocks": [],
                "prefix_list_ids": [],
                "protocol": "tcp",
                "security_groups": [],
                "self": false,
                "to_port": 30484
              },
              {
                "cidr_blocks": [
                  "0.0.0.0/0"
                ],
                "description": "kubernetes.io/rule/nlb/client=a36861886afa8411dbb1081d42bc1baa",
                "from_port": 31738,
                "ipv6_cidr_blocks": [],
                "prefix_list_ids": [],
                "protocol": "tcp",
                "security_groups": [],
                "self": false,
                "to_port": 31738
              },
              {
                "cidr_blocks": [
                  "0.0.0.0/0"
                ],
                "description": "kubernetes.io/rule/nlb/mtu",
                "from_port": 3,
                "ipv6_cidr_blocks": [],
                "prefix_list_ids": [],
                "protocol": "icmp",
                "security_groups": [],
                "self": false,
                "to_port": 4
              },
              {
                "cidr_blocks": [
                  "10.0.0.0/16"
                ],
                "description": "kubernetes.io/rule/nlb/health=a36861886afa8411dbb1081d42bc1baa",
                "from_port": 30484,
                "ipv6_cidr_blocks": [],
                "prefix_list_ids": [],
                "protocol": "tcp",
                "security_groups": [],
                "self": false,
                "to_port": 30484
              },
              {
                "cidr_blocks": [
                  "10.0.0.0/16"
                ],
                "description": "kubernetes.io/rule/nlb/health=a36861886afa8411dbb1081d42bc1baa",
                "from_port": 31738,
                "ipv6_cidr_blocks": [],
                "prefix_list_ids": [],
                "protocol": "tcp",
                "security_groups": [],
                "self": false,
                "to_port": 31738
              },
              {
                "cidr_blocks": [],
                "description": "Allow node to communicate with each other.",
                "from_port": 0,
                "ipv6_cidr_blocks": [],
                "prefix_list_ids": [],
                "protocol": "-1",
                "security_groups": [],
                "self": true,
                "to_port": 0
              },
              {
                "cidr_blocks": [],
                "description": "Allow pods running extension API servers on port 443 to receive communication from cluster control plane.",
                "from_port": 443,
                "ipv6_cidr_blocks": [],
                "prefix_list_ids": [],
                "protocol": "tcp",
                "security_groups": [
                  "sg-0b6637ddef383b5d8"
                ],
                "self": false,
                "to_port": 443
              },
              {
                "cidr_blocks": [],
                "description": "Allow workers pods to receive communication from the cluster control plane.",
                "from_port": 1025,
                "ipv6_cidr_blocks": [],
                "prefix_list_ids": [],
                "protocol": "tcp",
                "security_groups": [
                  "sg-0b6637ddef383b5d8"
                ],
                "self": false,
                "to_port": 65535
              }
            ],
            "name": "capires2020102910215407790000000f",
            "name_prefix": "capires",
            "owner_id": "621520006631",
            "revoke_rules_on_delete": false,
            "tags": {
              "Name": "capires-eks_worker_sg",
              "kubernetes.io/cluster/capires": "owned"
            },
            "timeouts": null,
            "vpc_id": "vpc-01acca9b887511bbe"
          },
          "private": "eyJlMmJmYjczMC1lY2FhLTExZTYtOGY4OC0zNDM2M2JjN2M0YzAiOnsiY3JlYXRlIjo2MDAwMDAwMDAwMDAsImRlbGV0ZSI6NjAwMDAwMDAwMDAwfSwic2NoZW1hX3ZlcnNpb24iOiIxIn0=",
          "dependencies": [
            "module.eks-jx.module.cluster.data.aws_availability_zones.available",
            "module.eks-jx.module.cluster.module.eks.aws_cloudwatch_log_group.this",
            "module.eks-jx.module.cluster.module.eks.aws_eks_cluster.this",
            "module.eks-jx.module.cluster.module.eks.aws_iam_role.cluster",
            "module.eks-jx.module.cluster.module.eks.aws_iam_role_policy_attachment.cluster_AmazonEKSClusterPolicy",
            "module.eks-jx.module.cluster.module.eks.aws_iam_role_policy_attachment.cluster_AmazonEKSServicePolicy",
            "module.eks-jx.module.cluster.module.eks.aws_security_group.cluster",
            "module.eks-jx.module.cluster.module.eks.data.aws_iam_policy_document.cluster_assume_role_policy",
            "module.eks-jx.module.cluster.module.eks.data.aws_iam_role.custom_cluster_iam_role",
            "module.eks-jx.module.cluster.module.eks.data.aws_partition.current",
            "module.eks-jx.module.cluster.module.vpc.aws_subnet.private",
            "module.eks-jx.module.cluster.module.vpc.aws_subnet.public",
            "module.eks-jx.module.cluster.module.vpc.aws_vpc.this",
            "module.eks-jx.module.cluster.module.vpc.aws_vpc_ipv4_cidr_block_association.this",
            "module.eks-jx.random_pet.current"
          ]
        }
      ]
    },
    {
      "module": "module.eks-jx.module.cluster.module.eks",
      "mode": "managed",
      "type": "aws_security_group_rule",
      "name": "cluster_egress_internet",
      "provider": "module.eks-jx.provider[\"registry.terraform.io/hashicorp/aws\"]",
      "instances": [
        {
          "index_key": 0,
          "schema_version": 2,
          "attributes": {
            "cidr_blocks": [
              "0.0.0.0/0"
            ],
            "description": "Allow cluster egress access to the Internet.",
            "from_port": 0,
            "id": "sgrule-2090615468",
            "ipv6_cidr_blocks": [],
            "prefix_list_ids": [],
            "protocol": "-1",
            "security_group_id": "sg-0b6637ddef383b5d8",
            "self": false,
            "source_security_group_id": null,
            "to_port": 0,
            "type": "egress"
          },
          "private": "eyJzY2hlbWFfdmVyc2lvbiI6IjIifQ==",
          "dependencies": [
            "module.eks-jx.module.cluster.module.eks.aws_security_group.cluster",
            "module.eks-jx.module.cluster.module.vpc.aws_vpc.this",
            "module.eks-jx.random_pet.current"
          ]
        }
      ]
    },
    {
      "module": "module.eks-jx.module.cluster.module.eks",
      "mode": "managed",
      "type": "aws_security_group_rule",
      "name": "cluster_https_worker_ingress",
      "provider": "module.eks-jx.provider[\"registry.terraform.io/hashicorp/aws\"]",
      "instances": [
        {
          "index_key": 0,
          "schema_version": 2,
          "attributes": {
            "cidr_blocks": [],
            "description": "Allow pods to communicate with the EKS cluster API.",
            "from_port": 443,
            "id": "sgrule-2832940928",
            "ipv6_cidr_blocks": [],
            "prefix_list_ids": [],
            "protocol": "tcp",
            "security_group_id": "sg-0b6637ddef383b5d8",
            "self": false,
            "source_security_group_id": "sg-00dbda938c1b272ab",
            "to_port": 443,
            "type": "ingress"
          },
          "private": "eyJzY2hlbWFfdmVyc2lvbiI6IjIifQ==",
          "dependencies": [
            "module.eks-jx.module.cluster.data.aws_availability_zones.available",
            "module.eks-jx.module.cluster.module.eks.aws_cloudwatch_log_group.this",
            "module.eks-jx.module.cluster.module.eks.aws_eks_cluster.this",
            "module.eks-jx.module.cluster.module.eks.aws_iam_role.cluster",
            "module.eks-jx.module.cluster.module.eks.aws_iam_role_policy_attachment.cluster_AmazonEKSClusterPolicy",
            "module.eks-jx.module.cluster.module.eks.aws_iam_role_policy_attachment.cluster_AmazonEKSServicePolicy",
            "module.eks-jx.module.cluster.module.eks.aws_security_group.cluster",
            "module.eks-jx.module.cluster.module.eks.aws_security_group.workers",
            "module.eks-jx.module.cluster.module.eks.data.aws_iam_policy_document.cluster_assume_role_policy",
            "module.eks-jx.module.cluster.module.eks.data.aws_iam_role.custom_cluster_iam_role",
            "module.eks-jx.module.cluster.module.eks.data.aws_partition.current",
            "module.eks-jx.module.cluster.module.vpc.aws_subnet.private",
            "module.eks-jx.module.cluster.module.vpc.aws_subnet.public",
            "module.eks-jx.module.cluster.module.vpc.aws_vpc.this",
            "module.eks-jx.module.cluster.module.vpc.aws_vpc_ipv4_cidr_block_association.this",
            "module.eks-jx.random_pet.current"
          ]
        }
      ]
    },
    {
      "module": "module.eks-jx.module.cluster.module.eks",
      "mode": "managed",
      "type": "aws_security_group_rule",
      "name": "workers_egress_internet",
      "provider": "module.eks-jx.provider[\"registry.terraform.io/hashicorp/aws\"]",
      "instances": [
        {
          "index_key": 0,
          "schema_version": 2,
          "attributes": {
            "cidr_blocks": [
              "0.0.0.0/0"
            ],
            "description": "Allow nodes all egress to the Internet.",
            "from_port": 0,
            "id": "sgrule-3932573887",
            "ipv6_cidr_blocks": [],
            "prefix_list_ids": [],
            "protocol": "-1",
            "security_group_id": "sg-00dbda938c1b272ab",
            "self": false,
            "source_security_group_id": null,
            "to_port": 0,
            "type": "egress"
          },
          "private": "eyJzY2hlbWFfdmVyc2lvbiI6IjIifQ==",
          "dependencies": [
            "module.eks-jx.module.cluster.data.aws_availability_zones.available",
            "module.eks-jx.module.cluster.module.eks.aws_cloudwatch_log_group.this",
            "module.eks-jx.module.cluster.module.eks.aws_eks_cluster.this",
            "module.eks-jx.module.cluster.module.eks.aws_iam_role.cluster",
            "module.eks-jx.module.cluster.module.eks.aws_iam_role_policy_attachment.cluster_AmazonEKSClusterPolicy",
            "module.eks-jx.module.cluster.module.eks.aws_iam_role_policy_attachment.cluster_AmazonEKSServicePolicy",
            "module.eks-jx.module.cluster.module.eks.aws_security_group.cluster",
            "module.eks-jx.module.cluster.module.eks.aws_security_group.workers",
            "module.eks-jx.module.cluster.module.eks.data.aws_iam_policy_document.cluster_assume_role_policy",
            "module.eks-jx.module.cluster.module.eks.data.aws_iam_role.custom_cluster_iam_role",
            "module.eks-jx.module.cluster.module.eks.data.aws_partition.current",
            "module.eks-jx.module.cluster.module.vpc.aws_subnet.private",
            "module.eks-jx.module.cluster.module.vpc.aws_subnet.public",
            "module.eks-jx.module.cluster.module.vpc.aws_vpc.this",
            "module.eks-jx.module.cluster.module.vpc.aws_vpc_ipv4_cidr_block_association.this",
            "module.eks-jx.random_pet.current"
          ]
        }
      ]
    },
    {
      "module": "module.eks-jx.module.cluster.module.eks",
      "mode": "managed",
      "type": "aws_security_group_rule",
      "name": "workers_ingress_cluster",
      "provider": "module.eks-jx.provider[\"registry.terraform.io/hashicorp/aws\"]",
      "instances": [
        {
          "index_key": 0,
          "schema_version": 2,
          "attributes": {
            "cidr_blocks": [],
            "description": "Allow workers pods to receive communication from the cluster control plane.",
            "from_port": 1025,
            "id": "sgrule-2495339683",
            "ipv6_cidr_blocks": [],
            "prefix_list_ids": [],
            "protocol": "tcp",
            "security_group_id": "sg-00dbda938c1b272ab",
            "self": false,
            "source_security_group_id": "sg-0b6637ddef383b5d8",
            "to_port": 65535,
            "type": "ingress"
          },
          "private": "eyJzY2hlbWFfdmVyc2lvbiI6IjIifQ==",
          "dependencies": [
            "module.eks-jx.module.cluster.data.aws_availability_zones.available",
            "module.eks-jx.module.cluster.module.eks.aws_cloudwatch_log_group.this",
            "module.eks-jx.module.cluster.module.eks.aws_eks_cluster.this",
            "module.eks-jx.module.cluster.module.eks.aws_iam_role.cluster",
            "module.eks-jx.module.cluster.module.eks.aws_iam_role_policy_attachment.cluster_AmazonEKSClusterPolicy",
            "module.eks-jx.module.cluster.module.eks.aws_iam_role_policy_attachment.cluster_AmazonEKSServicePolicy",
            "module.eks-jx.module.cluster.module.eks.aws_security_group.cluster",
            "module.eks-jx.module.cluster.module.eks.aws_security_group.workers",
            "module.eks-jx.module.cluster.module.eks.data.aws_iam_policy_document.cluster_assume_role_policy",
            "module.eks-jx.module.cluster.module.eks.data.aws_iam_role.custom_cluster_iam_role",
            "module.eks-jx.module.cluster.module.eks.data.aws_partition.current",
            "module.eks-jx.module.cluster.module.vpc.aws_subnet.private",
            "module.eks-jx.module.cluster.module.vpc.aws_subnet.public",
            "module.eks-jx.module.cluster.module.vpc.aws_vpc.this",
            "module.eks-jx.module.cluster.module.vpc.aws_vpc_ipv4_cidr_block_association.this",
            "module.eks-jx.random_pet.current"
          ]
        }
      ]
    },
    {
      "module": "module.eks-jx.module.cluster.module.eks",
      "mode": "managed",
      "type": "aws_security_group_rule",
      "name": "workers_ingress_cluster_https",
      "provider": "module.eks-jx.provider[\"registry.terraform.io/hashicorp/aws\"]",
      "instances": [
        {
          "index_key": 0,
          "schema_version": 2,
          "attributes": {
            "cidr_blocks": [],
            "description": "Allow pods running extension API servers on port 443 to receive communication from cluster control plane.",
            "from_port": 443,
            "id": "sgrule-243413489",
            "ipv6_cidr_blocks": [],
            "prefix_list_ids": [],
            "protocol": "tcp",
            "security_group_id": "sg-00dbda938c1b272ab",
            "self": false,
            "source_security_group_id": "sg-0b6637ddef383b5d8",
            "to_port": 443,
            "type": "ingress"
          },
          "private": "eyJzY2hlbWFfdmVyc2lvbiI6IjIifQ==",
          "dependencies": [
            "module.eks-jx.module.cluster.data.aws_availability_zones.available",
            "module.eks-jx.module.cluster.module.eks.aws_cloudwatch_log_group.this",
            "module.eks-jx.module.cluster.module.eks.aws_eks_cluster.this",
            "module.eks-jx.module.cluster.module.eks.aws_iam_role.cluster",
            "module.eks-jx.module.cluster.module.eks.aws_iam_role_policy_attachment.cluster_AmazonEKSClusterPolicy",
            "module.eks-jx.module.cluster.module.eks.aws_iam_role_policy_attachment.cluster_AmazonEKSServicePolicy",
            "module.eks-jx.module.cluster.module.eks.aws_security_group.cluster",
            "module.eks-jx.module.cluster.module.eks.aws_security_group.workers",
            "module.eks-jx.module.cluster.module.eks.data.aws_iam_policy_document.cluster_assume_role_policy",
            "module.eks-jx.module.cluster.module.eks.data.aws_iam_role.custom_cluster_iam_role",
            "module.eks-jx.module.cluster.module.eks.data.aws_partition.current",
            "module.eks-jx.module.cluster.module.vpc.aws_subnet.private",
            "module.eks-jx.module.cluster.module.vpc.aws_subnet.public",
            "module.eks-jx.module.cluster.module.vpc.aws_vpc.this",
            "module.eks-jx.module.cluster.module.vpc.aws_vpc_ipv4_cidr_block_association.this",
            "module.eks-jx.random_pet.current"
          ]
        }
      ]
    },
    {
      "module": "module.eks-jx.module.cluster.module.eks",
      "mode": "managed",
      "type": "aws_security_group_rule",
      "name": "workers_ingress_self",
      "provider": "module.eks-jx.provider[\"registry.terraform.io/hashicorp/aws\"]",
      "instances": [
        {
          "index_key": 0,
          "schema_version": 2,
          "attributes": {
            "cidr_blocks": [],
            "description": "Allow node to communicate with each other.",
            "from_port": 0,
            "id": "sgrule-2505897547",
            "ipv6_cidr_blocks": [],
            "prefix_list_ids": [],
            "protocol": "-1",
            "security_group_id": "sg-00dbda938c1b272ab",
            "self": false,
            "source_security_group_id": "sg-00dbda938c1b272ab",
            "to_port": 0,
            "type": "ingress"
          },
          "private": "eyJzY2hlbWFfdmVyc2lvbiI6IjIifQ==",
          "dependencies": [
            "module.eks-jx.module.cluster.data.aws_availability_zones.available",
            "module.eks-jx.module.cluster.module.eks.aws_cloudwatch_log_group.this",
            "module.eks-jx.module.cluster.module.eks.aws_eks_cluster.this",
            "module.eks-jx.module.cluster.module.eks.aws_iam_role.cluster",
            "module.eks-jx.module.cluster.module.eks.aws_iam_role_policy_attachment.cluster_AmazonEKSClusterPolicy",
            "module.eks-jx.module.cluster.module.eks.aws_iam_role_policy_attachment.cluster_AmazonEKSServicePolicy",
            "module.eks-jx.module.cluster.module.eks.aws_security_group.cluster",
            "module.eks-jx.module.cluster.module.eks.aws_security_group.workers",
            "module.eks-jx.module.cluster.module.eks.data.aws_iam_policy_document.cluster_assume_role_policy",
            "module.eks-jx.module.cluster.module.eks.data.aws_iam_role.custom_cluster_iam_role",
            "module.eks-jx.module.cluster.module.eks.data.aws_partition.current",
            "module.eks-jx.module.cluster.module.vpc.aws_subnet.private",
            "module.eks-jx.module.cluster.module.vpc.aws_subnet.public",
            "module.eks-jx.module.cluster.module.vpc.aws_vpc.this",
            "module.eks-jx.module.cluster.module.vpc.aws_vpc_ipv4_cidr_block_association.this",
            "module.eks-jx.random_pet.current"
          ]
        }
      ]
    },
    {
      "module": "module.eks-jx.module.cluster.module.eks",
      "mode": "managed",
      "type": "kubernetes_config_map",
      "name": "aws_auth",
      "provider": "module.eks-jx.module.cluster.provider[\"registry.terraform.io/hashicorp/kubernetes\"]",
      "instances": [
        {
          "index_key": 0,
          "schema_version": 0,
          "attributes": {
            "binary_data": {},
            "data": {
              "mapAccounts": "[]\n",
              "mapRoles": "- \"groups\":\n  - \"system:bootstrappers\"\n  - \"system:nodes\"\n  \"rolearn\": \"arn:aws:iam::621520006631:role/capires2020102910215403610000000e\"\n  \"username\": \"system:node:{{EC2PrivateDNSName}}\"\n",
              "mapUsers": "[]\n"
            },
            "id": "kube-system/aws-auth",
            "metadata": [
              {
                "annotations": {},
                "generate_name": "",
                "generation": 0,
                "labels": {},
                "name": "aws-auth",
                "namespace": "kube-system",
                "resource_version": "1085",
                "self_link": "/api/v1/namespaces/kube-system/configmaps/aws-auth",
                "uid": "a66303a8-7044-4952-ab47-8319f06df655"
              }
            ]
          },
          "private": "bnVsbA==",
          "dependencies": [
            "module.eks-jx.module.cluster.data.aws_availability_zones.available",
            "module.eks-jx.module.cluster.data.aws_eks_cluster.cluster",
            "module.eks-jx.module.cluster.data.aws_eks_cluster_auth.cluster",
            "module.eks-jx.module.cluster.module.eks.aws_cloudwatch_log_group.this",
            "module.eks-jx.module.cluster.module.eks.aws_eks_cluster.this",
            "module.eks-jx.module.cluster.module.eks.aws_iam_instance_profile.workers",
            "module.eks-jx.module.cluster.module.eks.aws_iam_instance_profile.workers_launch_template",
            "module.eks-jx.module.cluster.module.eks.aws_iam_role.cluster",
            "module.eks-jx.module.cluster.module.eks.aws_iam_role.workers",
            "module.eks-jx.module.cluster.module.eks.aws_iam_role_policy_attachment.cluster_AmazonEKSClusterPolicy",
            "module.eks-jx.module.cluster.module.eks.aws_iam_role_policy_attachment.cluster_AmazonEKSServicePolicy",
            "module.eks-jx.module.cluster.module.eks.aws_security_group.cluster",
            "module.eks-jx.module.cluster.module.eks.aws_security_group_rule.cluster_private_access",
            "module.eks-jx.module.cluster.module.eks.data.aws_ami.eks_worker",
            "module.eks-jx.module.cluster.module.eks.data.aws_caller_identity.current",
            "module.eks-jx.module.cluster.module.eks.data.aws_iam_instance_profile.custom_worker_group_iam_instance_profile",
            "module.eks-jx.module.cluster.module.eks.data.aws_iam_instance_profile.custom_worker_group_launch_template_iam_instance_profile",
            "module.eks-jx.module.cluster.module.eks.data.aws_iam_policy_document.cluster_assume_role_policy",
            "module.eks-jx.module.cluster.module.eks.data.aws_iam_policy_document.workers_assume_role_policy",
            "module.eks-jx.module.cluster.module.eks.data.aws_iam_role.custom_cluster_iam_role",
            "module.eks-jx.module.cluster.module.eks.data.aws_partition.current",
            "module.eks-jx.module.cluster.module.eks.null_resource.wait_for_cluster",
            "module.eks-jx.module.cluster.module.vpc.aws_subnet.private",
            "module.eks-jx.module.cluster.module.vpc.aws_subnet.public",
            "module.eks-jx.module.cluster.module.vpc.aws_vpc.this",
            "module.eks-jx.module.cluster.module.vpc.aws_vpc_ipv4_cidr_block_association.this",
            "module.eks-jx.random_pet.current"
          ]
        }
      ]
    },
    {
      "module": "module.eks-jx.module.cluster.module.eks",
      "mode": "managed",
      "type": "local_file",
      "name": "kubeconfig",
      "provider": "provider[\"registry.terraform.io/hashicorp/local\"]",
      "instances": [
        {
          "index_key": 0,
          "schema_version": 0,
          "attributes": {
            "content": "apiVersion: v1\npreferences: {}\nkind: Config\n\nclusters:\n- cluster:\n    server: https://552D7E72A668FA4D2ACD29C13EA28221.gr7.us-east-1.eks.amazonaws.com\n    certificate-authority-data: LS0tLS1CRUdJTiBDRVJUSUZJQ0FURS0tLS0tCk1JSUN5RENDQWJDZ0F3SUJBZ0lCQURBTkJna3Foa2lHOXcwQkFRc0ZBREFWTVJNd0VRWURWUVFERXdwcmRXSmwKY201bGRHVnpNQjRYRFRJd01UQXlPVEV3TVRnd05Wb1hEVE13TVRBeU56RXdNVGd3TlZvd0ZURVRNQkVHQTFVRQpBeE1LYTNWaVpYSnVaWFJsY3pDQ0FTSXdEUVlKS29aSWh2Y05BUUVCQlFBRGdnRVBBRENDQVFvQ2dnRUJBTFBkCmgxY2FWb21GMDdhSEoxUU5FOTVkblRlL2xLSlRCMk1iUUljQXFwSXF5NEZEcFRhQ1hMeFZnT1VyN0xIN2pIYmcKd0VsaFV4blRGUVo1TFpCVzVkcmx3VzdvNHhWd3RUZWY4R2dMcERMUEhiMzVqNGM4RjU3LzBGUDlqMEdLMENFZgptWERiSlJjWDNRcGRIQ2lqS25xT2xicGJIemtsM1JaZVphdG5leWxUdkYrelYrNE9WemY2M2NlM05yNVZLTDVoCkx4a1ljUWxDRDJxY2FkMHZhcnkrVmlKMVlkQ082YUh5RWNHdlJJMkRLa2syeE82NlhiVXh2diswVXRSUDNEaloKMFI0dnZhNTl5RzVabDU5MndjNk5LcnRLMWI4aTRLYWZvSS9qbE1OdjNEbW1CRk5SdWdLWE14Z2JSVFlqekJxaApaQXF6WHBMYitnM09QZUo4RkdrQ0F3RUFBYU1qTUNFd0RnWURWUjBQQVFIL0JBUURBZ0trTUE4R0ExVWRFd0VCCi93UUZNQU1CQWY4d0RRWUpLb1pJaHZjTkFRRUxCUUFEZ2dFQkFDQTYzU09ZOTVrK3BpK0kzbG5kMHo0OWF2cGwKODcrL0hLSmRzaFFDUzUraHBEUUV3SENEenpYSFJzTWV3YUZ6Q2VJTTRPalRnRHF4R2NTR0ZZdmkxbnNzOGtlQgovZW9wdzFtMnJpVWlJeFdvcDF6bmk4VXFHSzVoelNsQWgyWjRYTFhuakFkdEF0QlJ4eFJ5SmozcVZjZzJqTk9DCnpYZkUyM3BhS1hLVjNVdVZxd1U4NUJVYlZDRHhmdmNvUG8rYUQ3UUhYUGl5TkxXdkRXUm1NTjFkSm94M3NLVGIKRlQ0cVNweTFHTldtb1Y3NU5QK2xqRGs1NUR5dUsrQlpXTlFROC93Rkk3cHlkU2s0OE5JU1RRUEtMNE51dUJ2QQprTmFrTmlCWnh4dmY4dUhLcG9RMk1wU0FXS0UvUzRJakN5QXppWURVNy9ib2VRSDBlTHZIdmlUK241ST0KLS0tLS1FTkQgQ0VSVElGSUNBVEUtLS0tLQo=\n  name: eks_capires\n\ncontexts:\n- context:\n    cluster: eks_capires\n    user: eks_capires\n  name: eks_capires\n\ncurrent-context: eks_capires\n\nusers:\n- name: eks_capires\n  user:\n    exec:\n      apiVersion: client.authentication.k8s.io/v1alpha1\n      command: aws-iam-authenticator\n      args:\n        - \"token\"\n        - \"-i\"\n        - \"capires\"\n",
            "content_base64": null,
            "directory_permission": "0755",
            "file_permission": "0644",
            "filename": "./kubeconfig_capires",
            "id": "97fd28ee2f087b4dc3ebdfdf88b140dd42416a18",
            "sensitive_content": null
          },
          "private": "bnVsbA==",
          "dependencies": [
            "module.eks-jx.module.cluster.data.aws_availability_zones.available",
            "module.eks-jx.module.cluster.module.eks.aws_cloudwatch_log_group.this",
            "module.eks-jx.module.cluster.module.eks.aws_eks_cluster.this",
            "module.eks-jx.module.cluster.module.eks.aws_iam_role.cluster",
            "module.eks-jx.module.cluster.module.eks.aws_iam_role_policy_attachment.cluster_AmazonEKSClusterPolicy",
            "module.eks-jx.module.cluster.module.eks.aws_iam_role_policy_attachment.cluster_AmazonEKSServicePolicy",
            "module.eks-jx.module.cluster.module.eks.aws_security_group.cluster",
            "module.eks-jx.module.cluster.module.eks.data.aws_iam_policy_document.cluster_assume_role_policy",
            "module.eks-jx.module.cluster.module.eks.data.aws_iam_role.custom_cluster_iam_role",
            "module.eks-jx.module.cluster.module.eks.data.aws_partition.current",
            "module.eks-jx.module.cluster.module.vpc.aws_subnet.private",
            "module.eks-jx.module.cluster.module.vpc.aws_subnet.public",
            "module.eks-jx.module.cluster.module.vpc.aws_vpc.this",
            "module.eks-jx.module.cluster.module.vpc.aws_vpc_ipv4_cidr_block_association.this",
            "module.eks-jx.random_pet.current"
          ]
        }
      ]
    },
    {
      "module": "module.eks-jx.module.cluster.module.eks",
      "mode": "managed",
      "type": "null_resource",
      "name": "wait_for_cluster",
      "provider": "provider[\"registry.terraform.io/hashicorp/null\"]",
      "instances": [
        {
          "index_key": 0,
          "schema_version": 0,
          "attributes": {
            "id": "3134545194071366506",
            "triggers": null
          },
          "dependencies": [
            "module.eks-jx.module.cluster.data.aws_availability_zones.available",
            "module.eks-jx.module.cluster.module.eks.aws_cloudwatch_log_group.this",
            "module.eks-jx.module.cluster.module.eks.aws_eks_cluster.this",
            "module.eks-jx.module.cluster.module.eks.aws_iam_role.cluster",
            "module.eks-jx.module.cluster.module.eks.aws_iam_role_policy_attachment.cluster_AmazonEKSClusterPolicy",
            "module.eks-jx.module.cluster.module.eks.aws_iam_role_policy_attachment.cluster_AmazonEKSServicePolicy",
            "module.eks-jx.module.cluster.module.eks.aws_security_group.cluster",
            "module.eks-jx.module.cluster.module.eks.aws_security_group_rule.cluster_private_access",
            "module.eks-jx.module.cluster.module.eks.data.aws_iam_policy_document.cluster_assume_role_policy",
            "module.eks-jx.module.cluster.module.eks.data.aws_iam_role.custom_cluster_iam_role",
            "module.eks-jx.module.cluster.module.eks.data.aws_partition.current",
            "module.eks-jx.module.cluster.module.vpc.aws_subnet.private",
            "module.eks-jx.module.cluster.module.vpc.aws_subnet.public",
            "module.eks-jx.module.cluster.module.vpc.aws_vpc.this",
            "module.eks-jx.module.cluster.module.vpc.aws_vpc_ipv4_cidr_block_association.this",
            "module.eks-jx.random_pet.current"
          ]
        }
      ]
    },
    {
      "module": "module.eks-jx.module.cluster.module.eks",
      "mode": "managed",
      "type": "random_pet",
      "name": "workers",
      "provider": "provider[\"registry.terraform.io/hashicorp/random\"]",
      "instances": [
        {
          "index_key": 0,
          "schema_version": 0,
          "attributes": {
            "id": "united-mouse",
            "keepers": {
              "lc_name": "capires-worker-group-capires20201029102238943700000026"
            },
            "length": 2,
            "prefix": null,
            "separator": "-"
          },
          "private": "bnVsbA==",
          "dependencies": [
            "module.eks-jx.module.cluster.data.aws_availability_zones.available",
            "module.eks-jx.module.cluster.module.eks.aws_cloudwatch_log_group.this",
            "module.eks-jx.module.cluster.module.eks.aws_eks_cluster.this",
            "module.eks-jx.module.cluster.module.eks.aws_iam_instance_profile.workers",
            "module.eks-jx.module.cluster.module.eks.aws_iam_role.cluster",
            "module.eks-jx.module.cluster.module.eks.aws_iam_role.workers",
            "module.eks-jx.module.cluster.module.eks.aws_iam_role_policy_attachment.cluster_AmazonEKSClusterPolicy",
            "module.eks-jx.module.cluster.module.eks.aws_iam_role_policy_attachment.cluster_AmazonEKSServicePolicy",
            "module.eks-jx.module.cluster.module.eks.aws_launch_configuration.workers",
            "module.eks-jx.module.cluster.module.eks.aws_security_group.cluster",
            "module.eks-jx.module.cluster.module.eks.aws_security_group.workers",
            "module.eks-jx.module.cluster.module.eks.data.aws_ami.eks_worker",
            "module.eks-jx.module.cluster.module.eks.data.aws_ami.eks_worker_windows",
            "module.eks-jx.module.cluster.module.eks.data.aws_iam_instance_profile.custom_worker_group_iam_instance_profile",
            "module.eks-jx.module.cluster.module.eks.data.aws_iam_policy_document.cluster_assume_role_policy",
            "module.eks-jx.module.cluster.module.eks.data.aws_iam_policy_document.workers_assume_role_policy",
            "module.eks-jx.module.cluster.module.eks.data.aws_iam_role.custom_cluster_iam_role",
            "module.eks-jx.module.cluster.module.eks.data.aws_partition.current",
            "module.eks-jx.module.cluster.module.eks.data.template_file.userdata",
            "module.eks-jx.module.cluster.module.vpc.aws_subnet.private",
            "module.eks-jx.module.cluster.module.vpc.aws_subnet.public",
            "module.eks-jx.module.cluster.module.vpc.aws_vpc.this",
            "module.eks-jx.module.cluster.module.vpc.aws_vpc_ipv4_cidr_block_association.this",
            "module.eks-jx.random_pet.current"
          ]
        }
      ]
    },
    {
      "module": "module.eks-jx.module.cluster.module.eks",
      "mode": "managed",
      "type": "random_pet",
      "name": "workers_launch_template",
      "provider": "provider[\"registry.terraform.io/hashicorp/random\"]",
      "instances": [
        {
          "index_key": 0,
          "schema_version": 0,
          "attributes": {
            "id": "flowing-ewe",
            "keepers": {
              "lt_name": "capires-02020102910220566960000001d-1"
            },
            "length": 2,
            "prefix": null,
            "separator": "-"
          },
          "private": "bnVsbA==",
          "dependencies": [
            "module.eks-jx.module.cluster.data.aws_availability_zones.available",
            "module.eks-jx.module.cluster.module.eks.aws_cloudwatch_log_group.this",
            "module.eks-jx.module.cluster.module.eks.aws_eks_cluster.this",
            "module.eks-jx.module.cluster.module.eks.aws_iam_instance_profile.workers_launch_template",
            "module.eks-jx.module.cluster.module.eks.aws_iam_role.cluster",
            "module.eks-jx.module.cluster.module.eks.aws_iam_role.workers",
            "module.eks-jx.module.cluster.module.eks.aws_iam_role_policy_attachment.cluster_AmazonEKSClusterPolicy",
            "module.eks-jx.module.cluster.module.eks.aws_iam_role_policy_attachment.cluster_AmazonEKSServicePolicy",
            "module.eks-jx.module.cluster.module.eks.aws_launch_template.workers_launch_template",
            "module.eks-jx.module.cluster.module.eks.aws_security_group.cluster",
            "module.eks-jx.module.cluster.module.eks.aws_security_group.workers",
            "module.eks-jx.module.cluster.module.eks.data.aws_ami.eks_worker",
            "module.eks-jx.module.cluster.module.eks.data.aws_ami.eks_worker_windows",
            "module.eks-jx.module.cluster.module.eks.data.aws_iam_instance_profile.custom_worker_group_launch_template_iam_instance_profile",
            "module.eks-jx.module.cluster.module.eks.data.aws_iam_policy_document.cluster_assume_role_policy",
            "module.eks-jx.module.cluster.module.eks.data.aws_iam_policy_document.workers_assume_role_policy",
            "module.eks-jx.module.cluster.module.eks.data.aws_iam_role.custom_cluster_iam_role",
            "module.eks-jx.module.cluster.module.eks.data.aws_partition.current",
            "module.eks-jx.module.cluster.module.eks.data.template_file.launch_template_userdata",
            "module.eks-jx.module.cluster.module.vpc.aws_subnet.private",
            "module.eks-jx.module.cluster.module.vpc.aws_subnet.public",
            "module.eks-jx.module.cluster.module.vpc.aws_vpc.this",
            "module.eks-jx.module.cluster.module.vpc.aws_vpc_ipv4_cidr_block_association.this",
            "module.eks-jx.random_pet.current"
          ]
        },
        {
          "index_key": 1,
          "schema_version": 0,
          "attributes": {
            "id": "flying-heron",
            "keepers": {
              "lt_name": "capires-120201029102205670300000020-1"
            },
            "length": 2,
            "prefix": null,
            "separator": "-"
          },
          "private": "bnVsbA==",
          "dependencies": [
            "module.eks-jx.module.cluster.data.aws_availability_zones.available",
            "module.eks-jx.module.cluster.module.eks.aws_cloudwatch_log_group.this",
            "module.eks-jx.module.cluster.module.eks.aws_eks_cluster.this",
            "module.eks-jx.module.cluster.module.eks.aws_iam_instance_profile.workers_launch_template",
            "module.eks-jx.module.cluster.module.eks.aws_iam_role.cluster",
            "module.eks-jx.module.cluster.module.eks.aws_iam_role.workers",
            "module.eks-jx.module.cluster.module.eks.aws_iam_role_policy_attachment.cluster_AmazonEKSClusterPolicy",
            "module.eks-jx.module.cluster.module.eks.aws_iam_role_policy_attachment.cluster_AmazonEKSServicePolicy",
            "module.eks-jx.module.cluster.module.eks.aws_launch_template.workers_launch_template",
            "module.eks-jx.module.cluster.module.eks.aws_security_group.cluster",
            "module.eks-jx.module.cluster.module.eks.aws_security_group.workers",
            "module.eks-jx.module.cluster.module.eks.data.aws_ami.eks_worker",
            "module.eks-jx.module.cluster.module.eks.data.aws_ami.eks_worker_windows",
            "module.eks-jx.module.cluster.module.eks.data.aws_iam_instance_profile.custom_worker_group_launch_template_iam_instance_profile",
            "module.eks-jx.module.cluster.module.eks.data.aws_iam_policy_document.cluster_assume_role_policy",
            "module.eks-jx.module.cluster.module.eks.data.aws_iam_policy_document.workers_assume_role_policy",
            "module.eks-jx.module.cluster.module.eks.data.aws_iam_role.custom_cluster_iam_role",
            "module.eks-jx.module.cluster.module.eks.data.aws_partition.current",
            "module.eks-jx.module.cluster.module.eks.data.template_file.launch_template_userdata",
            "module.eks-jx.module.cluster.module.vpc.aws_subnet.private",
            "module.eks-jx.module.cluster.module.vpc.aws_subnet.public",
            "module.eks-jx.module.cluster.module.vpc.aws_vpc.this",
            "module.eks-jx.module.cluster.module.vpc.aws_vpc_ipv4_cidr_block_association.this",
            "module.eks-jx.random_pet.current"
          ]
        },
        {
          "index_key": 2,
          "schema_version": 0,
          "attributes": {
            "id": "daring-earwig",
            "keepers": {
              "lt_name": "capires-22020102910220567020000001f-1"
            },
            "length": 2,
            "prefix": null,
            "separator": "-"
          },
          "private": "bnVsbA==",
          "dependencies": [
            "module.eks-jx.module.cluster.data.aws_availability_zones.available",
            "module.eks-jx.module.cluster.module.eks.aws_cloudwatch_log_group.this",
            "module.eks-jx.module.cluster.module.eks.aws_eks_cluster.this",
            "module.eks-jx.module.cluster.module.eks.aws_iam_instance_profile.workers_launch_template",
            "module.eks-jx.module.cluster.module.eks.aws_iam_role.cluster",
            "module.eks-jx.module.cluster.module.eks.aws_iam_role.workers",
            "module.eks-jx.module.cluster.module.eks.aws_iam_role_policy_attachment.cluster_AmazonEKSClusterPolicy",
            "module.eks-jx.module.cluster.module.eks.aws_iam_role_policy_attachment.cluster_AmazonEKSServicePolicy",
            "module.eks-jx.module.cluster.module.eks.aws_launch_template.workers_launch_template",
            "module.eks-jx.module.cluster.module.eks.aws_security_group.cluster",
            "module.eks-jx.module.cluster.module.eks.aws_security_group.workers",
            "module.eks-jx.module.cluster.module.eks.data.aws_ami.eks_worker",
            "module.eks-jx.module.cluster.module.eks.data.aws_ami.eks_worker_windows",
            "module.eks-jx.module.cluster.module.eks.data.aws_iam_instance_profile.custom_worker_group_launch_template_iam_instance_profile",
            "module.eks-jx.module.cluster.module.eks.data.aws_iam_policy_document.cluster_assume_role_policy",
            "module.eks-jx.module.cluster.module.eks.data.aws_iam_policy_document.workers_assume_role_policy",
            "module.eks-jx.module.cluster.module.eks.data.aws_iam_role.custom_cluster_iam_role",
            "module.eks-jx.module.cluster.module.eks.data.aws_partition.current",
            "module.eks-jx.module.cluster.module.eks.data.template_file.launch_template_userdata",
            "module.eks-jx.module.cluster.module.vpc.aws_subnet.private",
            "module.eks-jx.module.cluster.module.vpc.aws_subnet.public",
            "module.eks-jx.module.cluster.module.vpc.aws_vpc.this",
            "module.eks-jx.module.cluster.module.vpc.aws_vpc_ipv4_cidr_block_association.this",
            "module.eks-jx.random_pet.current"
          ]
        }
      ]
    },
    {
      "module": "module.eks-jx.module.cluster.module.vpc",
      "mode": "managed",
      "type": "aws_internet_gateway",
      "name": "this",
      "provider": "module.eks-jx.provider[\"registry.terraform.io/hashicorp/aws\"]",
      "instances": [
        {
          "index_key": 0,
          "schema_version": 0,
          "attributes": {
            "arn": "arn:aws:ec2:us-east-1:621520006631:internet-gateway/igw-073d638b5df43c872",
            "id": "igw-073d638b5df43c872",
            "owner_id": "621520006631",
            "tags": {
              "Name": "tf-vpc-eks",
              "kubernetes.io/cluster/capires": "shared"
            },
            "vpc_id": "vpc-01acca9b887511bbe"
          }
        }
      ]
    },
    {
      "module": "module.eks-jx.module.cluster.module.vpc",
      "mode": "managed",
      "type": "aws_subnet",
      "name": "private",
      "provider": "module.eks-jx.provider[\"registry.terraform.io/hashicorp/aws\"]",
      "instances": [
        {
          "index_key": 0,
          "schema_version": 1,
          "attributes": {
            "arn": "arn:aws:ec2:us-east-1:621520006631:subnet/subnet-01090ffdcd8324fbb",
            "assign_ipv6_address_on_creation": false,
            "availability_zone": "us-east-1a",
            "availability_zone_id": "use1-az4",
            "cidr_block": "10.0.4.0/24",
            "id": "subnet-01090ffdcd8324fbb",
            "ipv6_cidr_block": "",
            "ipv6_cidr_block_association_id": "",
            "map_public_ip_on_launch": false,
            "outpost_arn": "",
            "owner_id": "621520006631",
            "tags": {
              "Name": "tf-vpc-eks-private-us-east-1a",
              "kubernetes.io/cluster/capires": "shared",
              "kubernetes.io/role/internal-elb": "1"
            },
            "timeouts": null,
            "vpc_id": "vpc-01acca9b887511bbe"
          },
          "private": "eyJlMmJmYjczMC1lY2FhLTExZTYtOGY4OC0zNDM2M2JjN2M0YzAiOnsiY3JlYXRlIjo2MDAwMDAwMDAwMDAsImRlbGV0ZSI6MTIwMDAwMDAwMDAwMH0sInNjaGVtYV92ZXJzaW9uIjoiMSJ9",
          "dependencies": [
            "module.eks-jx.module.cluster.data.aws_availability_zones.available",
            "module.eks-jx.module.cluster.module.vpc.aws_vpc.this",
            "module.eks-jx.module.cluster.module.vpc.aws_vpc_ipv4_cidr_block_association.this",
            "module.eks-jx.random_pet.current"
          ]
        },
        {
          "index_key": 1,
          "schema_version": 1,
          "attributes": {
            "arn": "arn:aws:ec2:us-east-1:621520006631:subnet/subnet-0e05d44064d9a95fa",
            "assign_ipv6_address_on_creation": false,
            "availability_zone": "us-east-1b",
            "availability_zone_id": "use1-az6",
            "cidr_block": "10.0.5.0/24",
            "id": "subnet-0e05d44064d9a95fa",
            "ipv6_cidr_block": "",
            "ipv6_cidr_block_association_id": "",
            "map_public_ip_on_launch": false,
            "outpost_arn": "",
            "owner_id": "621520006631",
            "tags": {
              "Name": "tf-vpc-eks-private-us-east-1b",
              "kubernetes.io/cluster/capires": "shared",
              "kubernetes.io/role/internal-elb": "1"
            },
            "timeouts": null,
            "vpc_id": "vpc-01acca9b887511bbe"
          },
          "private": "eyJlMmJmYjczMC1lY2FhLTExZTYtOGY4OC0zNDM2M2JjN2M0YzAiOnsiY3JlYXRlIjo2MDAwMDAwMDAwMDAsImRlbGV0ZSI6MTIwMDAwMDAwMDAwMH0sInNjaGVtYV92ZXJzaW9uIjoiMSJ9",
          "dependencies": [
            "module.eks-jx.module.cluster.data.aws_availability_zones.available",
            "module.eks-jx.module.cluster.module.vpc.aws_vpc.this",
            "module.eks-jx.module.cluster.module.vpc.aws_vpc_ipv4_cidr_block_association.this",
            "module.eks-jx.random_pet.current"
          ]
        },
        {
          "index_key": 2,
          "schema_version": 1,
          "attributes": {
            "arn": "arn:aws:ec2:us-east-1:621520006631:subnet/subnet-06b4c8939bee28063",
            "assign_ipv6_address_on_creation": false,
            "availability_zone": "us-east-1c",
            "availability_zone_id": "use1-az1",
            "cidr_block": "10.0.6.0/24",
            "id": "subnet-06b4c8939bee28063",
            "ipv6_cidr_block": "",
            "ipv6_cidr_block_association_id": "",
            "map_public_ip_on_launch": false,
            "outpost_arn": "",
            "owner_id": "621520006631",
            "tags": {
              "Name": "tf-vpc-eks-private-us-east-1c",
              "kubernetes.io/cluster/capires": "shared",
              "kubernetes.io/role/internal-elb": "1"
            },
            "timeouts": null,
            "vpc_id": "vpc-01acca9b887511bbe"
          },
          "private": "eyJlMmJmYjczMC1lY2FhLTExZTYtOGY4OC0zNDM2M2JjN2M0YzAiOnsiY3JlYXRlIjo2MDAwMDAwMDAwMDAsImRlbGV0ZSI6MTIwMDAwMDAwMDAwMH0sInNjaGVtYV92ZXJzaW9uIjoiMSJ9",
          "dependencies": [
            "module.eks-jx.module.cluster.data.aws_availability_zones.available",
            "module.eks-jx.module.cluster.module.vpc.aws_vpc.this",
            "module.eks-jx.module.cluster.module.vpc.aws_vpc_ipv4_cidr_block_association.this",
            "module.eks-jx.random_pet.current"
          ]
        }
      ]
    },
    {
      "module": "module.eks-jx.module.cluster.module.vpc",
      "mode": "managed",
      "type": "aws_subnet",
      "name": "public",
      "provider": "module.eks-jx.provider[\"registry.terraform.io/hashicorp/aws\"]",
      "instances": [
        {
          "index_key": 0,
          "schema_version": 1,
          "attributes": {
            "arn": "arn:aws:ec2:us-east-1:621520006631:subnet/subnet-082d7c60e77b1f2cb",
            "assign_ipv6_address_on_creation": false,
            "availability_zone": "us-east-1a",
            "availability_zone_id": "use1-az4",
            "cidr_block": "10.0.1.0/24",
            "id": "subnet-082d7c60e77b1f2cb",
            "ipv6_cidr_block": "",
            "ipv6_cidr_block_association_id": "",
            "map_public_ip_on_launch": true,
            "outpost_arn": "",
            "owner_id": "621520006631",
            "tags": {
              "Name": "tf-vpc-eks-public-us-east-1a",
              "kubernetes.io/cluster/capires": "shared",
              "kubernetes.io/role/elb": "1"
            },
            "timeouts": null,
            "vpc_id": "vpc-01acca9b887511bbe"
          },
          "private": "eyJlMmJmYjczMC1lY2FhLTExZTYtOGY4OC0zNDM2M2JjN2M0YzAiOnsiY3JlYXRlIjo2MDAwMDAwMDAwMDAsImRlbGV0ZSI6MTIwMDAwMDAwMDAwMH0sInNjaGVtYV92ZXJzaW9uIjoiMSJ9",
          "dependencies": [
            "module.eks-jx.module.cluster.data.aws_availability_zones.available",
            "module.eks-jx.module.cluster.module.vpc.aws_vpc.this",
            "module.eks-jx.module.cluster.module.vpc.aws_vpc_ipv4_cidr_block_association.this",
            "module.eks-jx.random_pet.current"
          ]
        },
        {
          "index_key": 1,
          "schema_version": 1,
          "attributes": {
            "arn": "arn:aws:ec2:us-east-1:621520006631:subnet/subnet-013474d379ea8cabc",
            "assign_ipv6_address_on_creation": false,
            "availability_zone": "us-east-1b",
            "availability_zone_id": "use1-az6",
            "cidr_block": "10.0.2.0/24",
            "id": "subnet-013474d379ea8cabc",
            "ipv6_cidr_block": "",
            "ipv6_cidr_block_association_id": "",
            "map_public_ip_on_launch": true,
            "outpost_arn": "",
            "owner_id": "621520006631",
            "tags": {
              "Name": "tf-vpc-eks-public-us-east-1b",
              "kubernetes.io/cluster/capires": "shared",
              "kubernetes.io/role/elb": "1"
            },
            "timeouts": null,
            "vpc_id": "vpc-01acca9b887511bbe"
          },
          "private": "eyJlMmJmYjczMC1lY2FhLTExZTYtOGY4OC0zNDM2M2JjN2M0YzAiOnsiY3JlYXRlIjo2MDAwMDAwMDAwMDAsImRlbGV0ZSI6MTIwMDAwMDAwMDAwMH0sInNjaGVtYV92ZXJzaW9uIjoiMSJ9",
          "dependencies": [
            "module.eks-jx.module.cluster.data.aws_availability_zones.available",
            "module.eks-jx.module.cluster.module.vpc.aws_vpc.this",
            "module.eks-jx.module.cluster.module.vpc.aws_vpc_ipv4_cidr_block_association.this",
            "module.eks-jx.random_pet.current"
          ]
        },
        {
          "index_key": 2,
          "schema_version": 1,
          "attributes": {
            "arn": "arn:aws:ec2:us-east-1:621520006631:subnet/subnet-0590e87914926b8bb",
            "assign_ipv6_address_on_creation": false,
            "availability_zone": "us-east-1c",
            "availability_zone_id": "use1-az1",
            "cidr_block": "10.0.3.0/24",
            "id": "subnet-0590e87914926b8bb",
            "ipv6_cidr_block": "",
            "ipv6_cidr_block_association_id": "",
            "map_public_ip_on_launch": true,
            "outpost_arn": "",
            "owner_id": "621520006631",
            "tags": {
              "Name": "tf-vpc-eks-public-us-east-1c",
              "kubernetes.io/cluster/capires": "shared",
              "kubernetes.io/role/elb": "1"
            },
            "timeouts": null,
            "vpc_id": "vpc-01acca9b887511bbe"
          },
          "private": "eyJlMmJmYjczMC1lY2FhLTExZTYtOGY4OC0zNDM2M2JjN2M0YzAiOnsiY3JlYXRlIjo2MDAwMDAwMDAwMDAsImRlbGV0ZSI6MTIwMDAwMDAwMDAwMH0sInNjaGVtYV92ZXJzaW9uIjoiMSJ9",
          "dependencies": [
            "module.eks-jx.module.cluster.data.aws_availability_zones.available",
            "module.eks-jx.module.cluster.module.vpc.aws_vpc.this",
            "module.eks-jx.module.cluster.module.vpc.aws_vpc_ipv4_cidr_block_association.this",
            "module.eks-jx.random_pet.current"
          ]
        }
      ]
    },
    {
      "module": "module.eks-jx.module.cluster.module.vpc",
      "mode": "managed",
      "type": "aws_vpc",
      "name": "this",
      "provider": "module.eks-jx.provider[\"registry.terraform.io/hashicorp/aws\"]",
      "instances": [
        {
          "index_key": 0,
          "schema_version": 1,
          "attributes": {
            "arn": "arn:aws:ec2:us-east-1:621520006631:vpc/vpc-01acca9b887511bbe",
            "assign_generated_ipv6_cidr_block": false,
            "cidr_block": "10.0.0.0/16",
            "default_network_acl_id": "acl-033948d1ee1d3f7cf",
            "default_route_table_id": "rtb-04044052f3dea080e",
            "default_security_group_id": "sg-00deb134b59f301af",
            "dhcp_options_id": "dopt-c75f31bd",
            "enable_classiclink": false,
            "enable_classiclink_dns_support": false,
            "enable_dns_hostnames": true,
            "enable_dns_support": true,
            "id": "vpc-01acca9b887511bbe",
            "instance_tenancy": "default",
            "ipv6_association_id": "",
            "ipv6_cidr_block": "",
            "main_route_table_id": "rtb-04044052f3dea080e",
            "owner_id": "621520006631",
            "tags": {
              "Name": "tf-vpc-eks",
              "kubernetes.io/cluster/capires": "shared"
            }
          },
          "private": "eyJzY2hlbWFfdmVyc2lvbiI6IjEifQ==",
          "dependencies": [
            "module.eks-jx.random_pet.current"
          ]
        }
      ]
    }
  ]
}
