{
  "version": 4,
  "terraform_version": "0.13.4",
  "serial": 114,
  "lineage": "12501dbd-ee22-dc3f-1766-608d84e3277a",
  "outputs": {
    "jx_requirements": {
      "value": "autoUpdate:\n  enabled: false\n  schedule: \"\"\nterraform: true\ncluster:\n  clusterName: \"capires\"\n  environmentGitOwner: \"\"\n  provider: eks\n  region: \"us-east-1\"\n  registry: \"621520006631.dkr.ecr.us-east-1.amazonaws.com\"\ngitops: true\nenvironments:\n  - key: dev\n  - key: staging\n  - key: production\ningress:\n  domain: \"\"\n  ignoreLoadBalancer: false\n  externalDNS: false\n  tls:\n    email: \"\"\n    enabled: false\n    production: false\nkaniko: true\nsecretStorage: vault\nvault:\n  aws:\n    iamUserName: \"Administrator\"\n    dynamoDBTable: \"vault-unseal-capires-CkQx2UDv\"\n    dynamoDBRegion: \"us-east-1\"\n    kmsKeyId: \"2e5f7ce3-6db4-4f38-b1c8-72fe0b6b4571\"\n    kmsRegion: \"us-east-1\"\n    s3Bucket: \"vault-unseal-capires-20201029100912209200000007\"\n    s3Region: \"us-east-1\"\nstorage:\n  backup:\n    enabled: false\n  logs:\n    enabled: true\n    url: s3://logs-capires-20201029100912201500000005\n  reports:\n    enabled: true\n    url: s3://reports-capires-20201029100912209300000008\n  repository:\n    enabled: true\n    url: s3://repository-capires-20201029100912201300000004\nversionStream:\n  ref: master\n  url: https://github.com/jenkins-x/jenkins-x-versions.git\nwebhook: lighthouse",
      "type": "string"
    }
  },
  "resources": [
    {
      "module": "module.eks-jx",
      "mode": "data",
      "type": "aws_caller_identity",
      "name": "current",
      "provider": "module.eks-jx.provider[\"registry.terraform.io/hashicorp/aws\"]",
      "instances": [
        {
          "schema_version": 0,
          "attributes": {
            "account_id": "621520006631",
            "arn": "arn:aws:iam::621520006631:user/Administrator",
            "id": "2020-10-29 11:04:27.9074277 +0000 UTC",
            "user_id": "AIDAZBNL2VXTXHK42HACQ"
          }
        }
      ]
    },
    {
      "module": "module.eks-jx",
      "mode": "managed",
      "type": "random_pet",
      "name": "current",
      "provider": "provider[\"registry.terraform.io/hashicorp/random\"]",
      "instances": [
        {
          "schema_version": 0,
          "attributes": {
            "id": "tf-jx-many-ray",
            "keepers": {
              "cluster_name": "capires"
            },
            "length": 2,
            "prefix": "tf-jx",
            "separator": "-"
          },
          "private": "bnVsbA=="
        }
      ]
    },
    {
      "module": "module.eks-jx",
      "mode": "managed",
      "type": "random_string",
      "name": "suffix",
      "provider": "provider[\"registry.terraform.io/hashicorp/random\"]",
      "instances": [
        {
          "schema_version": 1,
          "attributes": {
            "id": "iEgFUiww",
            "keepers": null,
            "length": 8,
            "lower": true,
            "min_lower": 0,
            "min_numeric": 0,
            "min_special": 0,
            "min_upper": 0,
            "number": true,
            "override_special": null,
            "result": "iEgFUiww",
            "special": false,
            "upper": true
          },
          "private": "eyJzY2hlbWFfdmVyc2lvbiI6IjEifQ=="
        }
      ]
    },
    {
      "module": "module.eks-jx.module.cluster",
      "mode": "data",
      "type": "aws_availability_zones",
      "name": "available",
      "provider": "module.eks-jx.provider[\"registry.terraform.io/hashicorp/aws\"]",
      "instances": [
        {
          "schema_version": 0,
          "attributes": {
            "all_availability_zones": null,
            "exclude_names": null,
            "exclude_zone_ids": null,
            "filter": null,
            "group_names": [
              "us-east-1"
            ],
            "id": "us-east-1",
            "names": [
              "us-east-1a",
              "us-east-1b",
              "us-east-1c",
              "us-east-1d",
              "us-east-1e",
              "us-east-1f"
            ],
            "state": null,
            "zone_ids": [
              "use1-az4",
              "use1-az6",
              "use1-az1",
              "use1-az2",
              "use1-az3",
              "use1-az5"
            ]
          }
        }
      ]
    },
    {
      "module": "module.eks-jx.module.cluster",
      "mode": "data",
      "type": "aws_caller_identity",
      "name": "current",
      "provider": "module.eks-jx.provider[\"registry.terraform.io/hashicorp/aws\"]",
      "instances": [
        {
          "schema_version": 0,
          "attributes": {
            "account_id": "621520006631",
            "arn": "arn:aws:iam::621520006631:user/Administrator",
            "id": "2020-10-29 11:04:29.1964112 +0000 UTC",
            "user_id": "AIDAZBNL2VXTXHK42HACQ"
          }
        }
      ]
    },
    {
      "module": "module.eks-jx.module.cluster",
      "mode": "data",
      "type": "aws_eks_cluster",
      "name": "cluster",
      "provider": "module.eks-jx.provider[\"registry.terraform.io/hashicorp/aws\"]",
      "instances": [
        {
          "schema_version": 0,
          "attributes": {
            "arn": "arn:aws:eks:us-east-1:621520006631:cluster/capires",
            "certificate_authority": [
              {
                "data": "LS0tLS1CRUdJTiBDRVJUSUZJQ0FURS0tLS0tCk1JSUN5RENDQWJDZ0F3SUJBZ0lCQURBTkJna3Foa2lHOXcwQkFRc0ZBREFWTVJNd0VRWURWUVFERXdwcmRXSmwKY201bGRHVnpNQjRYRFRJd01UQXlPVEV3TVRnd05Wb1hEVE13TVRBeU56RXdNVGd3TlZvd0ZURVRNQkVHQTFVRQpBeE1LYTNWaVpYSnVaWFJsY3pDQ0FTSXdEUVlKS29aSWh2Y05BUUVCQlFBRGdnRVBBRENDQVFvQ2dnRUJBTFBkCmgxY2FWb21GMDdhSEoxUU5FOTVkblRlL2xLSlRCMk1iUUljQXFwSXF5NEZEcFRhQ1hMeFZnT1VyN0xIN2pIYmcKd0VsaFV4blRGUVo1TFpCVzVkcmx3VzdvNHhWd3RUZWY4R2dMcERMUEhiMzVqNGM4RjU3LzBGUDlqMEdLMENFZgptWERiSlJjWDNRcGRIQ2lqS25xT2xicGJIemtsM1JaZVphdG5leWxUdkYrelYrNE9WemY2M2NlM05yNVZLTDVoCkx4a1ljUWxDRDJxY2FkMHZhcnkrVmlKMVlkQ082YUh5RWNHdlJJMkRLa2syeE82NlhiVXh2diswVXRSUDNEaloKMFI0dnZhNTl5RzVabDU5MndjNk5LcnRLMWI4aTRLYWZvSS9qbE1OdjNEbW1CRk5SdWdLWE14Z2JSVFlqekJxaApaQXF6WHBMYitnM09QZUo4RkdrQ0F3RUFBYU1qTUNFd0RnWURWUjBQQVFIL0JBUURBZ0trTUE4R0ExVWRFd0VCCi93UUZNQU1CQWY4d0RRWUpLb1pJaHZjTkFRRUxCUUFEZ2dFQkFDQTYzU09ZOTVrK3BpK0kzbG5kMHo0OWF2cGwKODcrL0hLSmRzaFFDUzUraHBEUUV3SENEenpYSFJzTWV3YUZ6Q2VJTTRPalRnRHF4R2NTR0ZZdmkxbnNzOGtlQgovZW9wdzFtMnJpVWlJeFdvcDF6bmk4VXFHSzVoelNsQWgyWjRYTFhuakFkdEF0QlJ4eFJ5SmozcVZjZzJqTk9DCnpYZkUyM3BhS1hLVjNVdVZxd1U4NUJVYlZDRHhmdmNvUG8rYUQ3UUhYUGl5TkxXdkRXUm1NTjFkSm94M3NLVGIKRlQ0cVNweTFHTldtb1Y3NU5QK2xqRGs1NUR5dUsrQlpXTlFROC93Rkk3cHlkU2s0OE5JU1RRUEtMNE51dUJ2QQprTmFrTmlCWnh4dmY4dUhLcG9RMk1wU0FXS0UvUzRJakN5QXppWURVNy9ib2VRSDBlTHZIdmlUK241ST0KLS0tLS1FTkQgQ0VSVElGSUNBVEUtLS0tLQo="
              }
            ],
            "created_at": "2020-10-29 10:09:29.456 +0000 UTC",
            "enabled_cluster_log_types": [],
            "endpoint": "https://552D7E72A668FA4D2ACD29C13EA28221.gr7.us-east-1.eks.amazonaws.com",
            "id": "capires",
            "identity": [
              {
                "oidc": [
                  {
                    "issuer": "https://oidc.eks.us-east-1.amazonaws.com/id/552D7E72A668FA4D2ACD29C13EA28221"
                  }
                ]
              }
            ],
            "name": "capires",
            "platform_version": "eks.3",
            "role_arn": "arn:aws:iam::621520006631:role/capires20201029100912204000000006",
            "status": "ACTIVE",
            "tags": {},
            "version": "1.17",
            "vpc_config": [
              {
                "cluster_security_group_id": "sg-0473fab207ab917bd",
                "endpoint_private_access": false,
                "endpoint_public_access": true,
                "public_access_cidrs": [
                  "0.0.0.0/0"
                ],
                "security_group_ids": [
                  "sg-0b6637ddef383b5d8"
                ],
                "subnet_ids": [
                  "subnet-013474d379ea8cabc",
                  "subnet-0590e87914926b8bb",
                  "subnet-082d7c60e77b1f2cb"
                ],
                "vpc_id": "vpc-01acca9b887511bbe"
              }
            ]
          }
        }
      ]
    },
    {
      "module": "module.eks-jx.module.cluster",
      "mode": "data",
      "type": "aws_eks_cluster_auth",
      "name": "cluster",
      "provider": "module.eks-jx.provider[\"registry.terraform.io/hashicorp/aws\"]",
      "instances": [
        {
          "schema_version": 0,
          "attributes": {
            "id": "capires",
            "name": "capires",
            "token": "k8s-aws-v1.aHR0cHM6Ly9zdHMuYW1hem9uYXdzLmNvbS8_QWN0aW9uPUdldENhbGxlcklkZW50aXR5JlZlcnNpb249MjAxMS0wNi0xNSZYLUFtei1BbGdvcml0aG09QVdTNC1ITUFDLVNIQTI1NiZYLUFtei1DcmVkZW50aWFsPUFLSUFaQk5MMlZYVDNHTktTMzRTJTJGMjAyMDEwMjklMkZ1cy1lYXN0LTElMkZzdHMlMkZhd3M0X3JlcXVlc3QmWC1BbXotRGF0ZT0yMDIwMTAyOVQxMTA0MzZaJlgtQW16LUV4cGlyZXM9MCZYLUFtei1TaWduZWRIZWFkZXJzPWhvc3QlM0J4LWs4cy1hd3MtaWQmWC1BbXotU2lnbmF0dXJlPTYxZjU4MDViYjUyZmNjZDBjNmE0Mzg2N2E2MTQ0YjhiZjg2ZTVjNzQxODlmZGY2OGIzMTY0MzdjNzUwOTQ2MTk"
          }
        }
      ]
    },
    {
      "module": "module.eks-jx.module.cluster",
      "mode": "data",
      "type": "aws_iam_policy_document",
      "name": "cert-manager-policy",
      "provider": "module.eks-jx.provider[\"registry.terraform.io/hashicorp/aws\"]",
      "instances": [
        {
          "schema_version": 0,
          "attributes": {
            "id": "3566597541",
            "json": "{\n  \"Version\": \"2012-10-17\",\n  \"Statement\": [\n    {\n      \"Sid\": \"\",\n      \"Effect\": \"Allow\",\n      \"Action\": \"route53:GetChange\",\n      \"Resource\": \"arn:aws:route53:::change/*\"\n    },\n    {\n      \"Sid\": \"\",\n      \"Effect\": \"Allow\",\n      \"Action\": \"route53:ChangeResourceRecordSets\",\n      \"Resource\": \"arn:aws:route53:::hostedzone/*\"\n    },\n    {\n      \"Sid\": \"\",\n      \"Effect\": \"Allow\",\n      \"Action\": \"route53:ListHostedZonesByName\",\n      \"Resource\": \"*\"\n    }\n  ]\n}",
            "override_json": null,
            "policy_id": null,
            "source_json": null,
            "statement": [
              {
                "actions": [
                  "route53:GetChange"
                ],
                "condition": [],
                "effect": "Allow",
                "not_actions": [],
                "not_principals": [],
                "not_resources": [],
                "principals": [],
                "resources": [
                  "arn:aws:route53:::change/*"
                ],
                "sid": ""
              },
              {
                "actions": [
                  "route53:ChangeResourceRecordSets"
                ],
                "condition": [],
                "effect": "Allow",
                "not_actions": [],
                "not_principals": [],
                "not_resources": [],
                "principals": [],
                "resources": [
                  "arn:aws:route53:::hostedzone/*"
                ],
                "sid": ""
              },
              {
                "actions": [
                  "route53:ListHostedZonesByName"
                ],
                "condition": [],
                "effect": "Allow",
                "not_actions": [],
                "not_principals": [],
                "not_resources": [],
                "principals": [],
                "resources": [
                  "*"
                ],
                "sid": ""
              }
            ],
            "version": "2012-10-17"
          }
        }
      ]
    },
    {
      "module": "module.eks-jx.module.cluster",
      "mode": "data",
      "type": "aws_iam_policy_document",
      "name": "cluster_autoscaler",
      "provider": "module.eks-jx.provider[\"registry.terraform.io/hashicorp/aws\"]",
      "instances": [
        {
          "schema_version": 0,
          "attributes": {
            "id": "2367060992",
            "json": "{\n  \"Version\": \"2012-10-17\",\n  \"Statement\": [\n    {\n      \"Sid\": \"clusterAutoscalerAll\",\n      \"Effect\": \"Allow\",\n      \"Action\": [\n        \"ec2:DescribeLaunchTemplateVersions\",\n        \"autoscaling:DescribeTags\",\n        \"autoscaling:DescribeLaunchConfigurations\",\n        \"autoscaling:DescribeAutoScalingInstances\",\n        \"autoscaling:DescribeAutoScalingGroups\"\n      ],\n      \"Resource\": \"*\"\n    },\n    {\n      \"Sid\": \"clusterAutoscalerOwn\",\n      \"Effect\": \"Allow\",\n      \"Action\": [\n        \"autoscaling:UpdateAutoScalingGroup\",\n        \"autoscaling:TerminateInstanceInAutoScalingGroup\",\n        \"autoscaling:SetDesiredCapacity\"\n      ],\n      \"Resource\": \"*\",\n      \"Condition\": {\n        \"StringEquals\": {\n          \"autoscaling:ResourceTag/k8s.io/cluster-autoscaler/enabled\": \"true\",\n          \"autoscaling:ResourceTag/kubernetes.io/cluster/capires\": \"owned\"\n        }\n      }\n    }\n  ]\n}",
            "override_json": null,
            "policy_id": null,
            "source_json": null,
            "statement": [
              {
                "actions": [
                  "autoscaling:DescribeAutoScalingGroups",
                  "autoscaling:DescribeAutoScalingInstances",
                  "autoscaling:DescribeLaunchConfigurations",
                  "autoscaling:DescribeTags",
                  "ec2:DescribeLaunchTemplateVersions"
                ],
                "condition": [],
                "effect": "Allow",
                "not_actions": [],
                "not_principals": [],
                "not_resources": [],
                "principals": [],
                "resources": [
                  "*"
                ],
                "sid": "clusterAutoscalerAll"
              },
              {
                "actions": [
                  "autoscaling:SetDesiredCapacity",
                  "autoscaling:TerminateInstanceInAutoScalingGroup",
                  "autoscaling:UpdateAutoScalingGroup"
                ],
                "condition": [
                  {
                    "test": "StringEquals",
                    "values": [
                      "owned"
                    ],
                    "variable": "autoscaling:ResourceTag/kubernetes.io/cluster/capires"
                  },
                  {
                    "test": "StringEquals",
                    "values": [
                      "true"
                    ],
                    "variable": "autoscaling:ResourceTag/k8s.io/cluster-autoscaler/enabled"
                  }
                ],
                "effect": "Allow",
                "not_actions": [],
                "not_principals": [],
                "not_resources": [],
                "principals": [],
                "resources": [
                  "*"
                ],
                "sid": "clusterAutoscalerOwn"
              }
            ],
            "version": "2012-10-17"
          }
        }
      ]
    },
    {
      "module": "module.eks-jx.module.cluster",
      "mode": "data",
      "type": "aws_iam_policy_document",
      "name": "external-dns-policy",
      "provider": "module.eks-jx.provider[\"registry.terraform.io/hashicorp/aws\"]",
      "instances": [
        {
          "schema_version": 0,
          "attributes": {
            "id": "1621011895",
            "json": "{\n  \"Version\": \"2012-10-17\",\n  \"Statement\": [\n    {\n      \"Sid\": \"\",\n      \"Effect\": \"Allow\",\n      \"Action\": \"route53:ChangeResourceRecordSets\",\n      \"Resource\": \"arn:aws:route53:::hostedzone/*\"\n    },\n    {\n      \"Sid\": \"\",\n      \"Effect\": \"Allow\",\n      \"Action\": [\n        \"route53:ListResourceRecordSets\",\n        \"route53:ListHostedZones\"\n      ],\n      \"Resource\": \"*\"\n    }\n  ]\n}",
            "override_json": null,
            "policy_id": null,
            "source_json": null,
            "statement": [
              {
                "actions": [
                  "route53:ChangeResourceRecordSets"
                ],
                "condition": [],
                "effect": "Allow",
                "not_actions": [],
                "not_principals": [],
                "not_resources": [],
                "principals": [],
                "resources": [
                  "arn:aws:route53:::hostedzone/*"
                ],
                "sid": ""
              },
              {
                "actions": [
                  "route53:ListHostedZones",
                  "route53:ListResourceRecordSets"
                ],
                "condition": [],
                "effect": "Allow",
                "not_actions": [],
                "not_principals": [],
                "not_resources": [],
                "principals": [],
                "resources": [
                  "*"
                ],
                "sid": ""
              }
            ],
            "version": "2012-10-17"
          }
        }
      ]
    },
    {
      "module": "module.eks-jx.module.cluster",
      "mode": "data",
      "type": "aws_iam_policy_document",
      "name": "tekton-bot-policy",
      "provider": "module.eks-jx.provider[\"registry.terraform.io/hashicorp/aws\"]",
      "instances": [
        {
          "schema_version": 0,
          "attributes": {
            "id": "1457938377",
            "json": "{\n  \"Version\": \"2012-10-17\",\n  \"Statement\": [\n    {\n      \"Sid\": \"tektonBotPolicy\",\n      \"Effect\": \"Allow\",\n      \"Action\": [\n        \"s3:*\",\n        \"iam:GetPolicy\",\n        \"iam:GetOpenIDConnectProvider\",\n        \"iam:DetachRolePolicy\",\n        \"iam:DeleteRole\",\n        \"iam:CreatePolicy\",\n        \"eks:*\",\n        \"ecr:*\",\n        \"cloudformation:ListStacks\",\n        \"cloudformation:DescribeStacks\",\n        \"cloudformation:DeleteStack\",\n        \"cloudformation:CreateStack\"\n      ],\n      \"Resource\": \"*\"\n    }\n  ]\n}",
            "override_json": null,
            "policy_id": null,
            "source_json": null,
            "statement": [
              {
                "actions": [
                  "cloudformation:CreateStack",
                  "cloudformation:DeleteStack",
                  "cloudformation:DescribeStacks",
                  "cloudformation:ListStacks",
                  "ecr:*",
                  "eks:*",
                  "iam:CreatePolicy",
                  "iam:DeleteRole",
                  "iam:DetachRolePolicy",
                  "iam:GetOpenIDConnectProvider",
                  "iam:GetPolicy",
                  "s3:*"
                ],
                "condition": [],
                "effect": "Allow",
                "not_actions": [],
                "not_principals": [],
                "not_resources": [],
                "principals": [],
                "resources": [
                  "*"
                ],
                "sid": "tektonBotPolicy"
              }
            ],
            "version": "2012-10-17"
          }
        }
      ]
    },
    {
      "module": "module.eks-jx.module.cluster",
      "mode": "managed",
      "type": "aws_iam_policy",
      "name": "cert-manager",
      "provider": "module.eks-jx.provider[\"registry.terraform.io/hashicorp/aws\"]",
      "instances": [
        {
          "schema_version": 0,
          "attributes": {
            "arn": "arn:aws:iam::621520006631:policy/jenkins-x-cert-manager20201029100912199500000001",
            "description": "EKS cert-manager policy for cluster capires",
            "id": "arn:aws:iam::621520006631:policy/jenkins-x-cert-manager20201029100912199500000001",
            "name": "jenkins-x-cert-manager20201029100912199500000001",
            "name_prefix": "jenkins-x-cert-manager",
            "path": "/",
            "policy": "{\n  \"Version\": \"2012-10-17\",\n  \"Statement\": [\n    {\n      \"Sid\": \"\",\n      \"Effect\": \"Allow\",\n      \"Action\": \"route53:GetChange\",\n      \"Resource\": \"arn:aws:route53:::change/*\"\n    },\n    {\n      \"Sid\": \"\",\n      \"Effect\": \"Allow\",\n      \"Action\": \"route53:ChangeResourceRecordSets\",\n      \"Resource\": \"arn:aws:route53:::hostedzone/*\"\n    },\n    {\n      \"Sid\": \"\",\n      \"Effect\": \"Allow\",\n      \"Action\": \"route53:ListHostedZonesByName\",\n      \"Resource\": \"*\"\n    }\n  ]\n}"
          },
          "private": "bnVsbA==",
          "dependencies": [
            "module.eks-jx.module.cluster.data.aws_iam_policy_document.cert-manager-policy",
            "module.eks-jx.random_pet.current"
          ]
        }
      ]
    },
    {
      "module": "module.eks-jx.module.cluster",
      "mode": "managed",
      "type": "aws_iam_policy",
      "name": "cluster_autoscaler",
      "provider": "module.eks-jx.provider[\"registry.terraform.io/hashicorp/aws\"]",
      "instances": [
        {
          "schema_version": 0,
          "attributes": {
            "arn": "arn:aws:iam::621520006631:policy/cluster-autoscaler20201029102405023000000028",
            "description": "EKS cluster-autoscaler policy for cluster capires",
            "id": "arn:aws:iam::621520006631:policy/cluster-autoscaler20201029102405023000000028",
            "name": "cluster-autoscaler20201029102405023000000028",
            "name_prefix": "cluster-autoscaler",
            "path": "/",
            "policy": "{\n  \"Version\": \"2012-10-17\",\n  \"Statement\": [\n    {\n      \"Sid\": \"clusterAutoscalerAll\",\n      \"Effect\": \"Allow\",\n      \"Action\": [\n        \"ec2:DescribeLaunchTemplateVersions\",\n        \"autoscaling:DescribeTags\",\n        \"autoscaling:DescribeLaunchConfigurations\",\n        \"autoscaling:DescribeAutoScalingInstances\",\n        \"autoscaling:DescribeAutoScalingGroups\"\n      ],\n      \"Resource\": \"*\"\n    },\n    {\n      \"Sid\": \"clusterAutoscalerOwn\",\n      \"Effect\": \"Allow\",\n      \"Action\": [\n        \"autoscaling:UpdateAutoScalingGroup\",\n        \"autoscaling:TerminateInstanceInAutoScalingGroup\",\n        \"autoscaling:SetDesiredCapacity\"\n      ],\n      \"Resource\": \"*\",\n      \"Condition\": {\n        \"StringEquals\": {\n          \"autoscaling:ResourceTag/k8s.io/cluster-autoscaler/enabled\": \"true\",\n          \"autoscaling:ResourceTag/kubernetes.io/cluster/capires\": \"owned\"\n        }\n      }\n    }\n  ]\n}"
          },
          "private": "bnVsbA==",
          "dependencies": [
            "module.eks-jx.module.cluster.data.aws_availability_zones.available",
            "module.eks-jx.module.cluster.data.aws_iam_policy_document.cluster_autoscaler",
            "module.eks-jx.module.cluster.module.eks.aws_cloudwatch_log_group.this",
            "module.eks-jx.module.cluster.module.eks.aws_eks_cluster.this",
            "module.eks-jx.module.cluster.module.eks.aws_iam_role.cluster",
            "module.eks-jx.module.cluster.module.eks.aws_iam_role_policy_attachment.cluster_AmazonEKSClusterPolicy",
            "module.eks-jx.module.cluster.module.eks.aws_iam_role_policy_attachment.cluster_AmazonEKSServicePolicy",
            "module.eks-jx.module.cluster.module.eks.aws_security_group.cluster",
            "module.eks-jx.module.cluster.module.eks.aws_security_group_rule.cluster_private_access",
            "module.eks-jx.module.cluster.module.eks.data.aws_iam_policy_document.cluster_assume_role_policy",
            "module.eks-jx.module.cluster.module.eks.data.aws_iam_role.custom_cluster_iam_role",
            "module.eks-jx.module.cluster.module.eks.data.aws_partition.current",
            "module.eks-jx.module.cluster.module.eks.null_resource.wait_for_cluster",
            "module.eks-jx.module.cluster.module.vpc.aws_subnet.private",
            "module.eks-jx.module.cluster.module.vpc.aws_subnet.public",
            "module.eks-jx.module.cluster.module.vpc.aws_vpc.this",
            "module.eks-jx.module.cluster.module.vpc.aws_vpc_ipv4_cidr_block_association.this",
            "module.eks-jx.random_pet.current"
          ]
        }
      ]
    },
    {
      "module": "module.eks-jx.module.cluster",
      "mode": "managed",
      "type": "aws_iam_policy",
      "name": "external-dns",
      "provider": "module.eks-jx.provider[\"registry.terraform.io/hashicorp/aws\"]",
      "instances": [
        {
          "schema_version": 0,
          "attributes": {
            "arn": "arn:aws:iam::621520006631:policy/jenkins-x-external-dns20201029100912200200000003",
            "description": "EKS external-dns policy for cluster capires",
            "id": "arn:aws:iam::621520006631:policy/jenkins-x-external-dns20201029100912200200000003",
            "name": "jenkins-x-external-dns20201029100912200200000003",
            "name_prefix": "jenkins-x-external-dns",
            "path": "/",
            "policy": "{\n  \"Version\": \"2012-10-17\",\n  \"Statement\": [\n    {\n      \"Sid\": \"\",\n      \"Effect\": \"Allow\",\n      \"Action\": \"route53:ChangeResourceRecordSets\",\n      \"Resource\": \"arn:aws:route53:::hostedzone/*\"\n    },\n    {\n      \"Sid\": \"\",\n      \"Effect\": \"Allow\",\n      \"Action\": [\n        \"route53:ListResourceRecordSets\",\n        \"route53:ListHostedZones\"\n      ],\n      \"Resource\": \"*\"\n    }\n  ]\n}"
          },
          "private": "bnVsbA==",
          "dependencies": [
            "module.eks-jx.module.cluster.data.aws_iam_policy_document.external-dns-policy",
            "module.eks-jx.random_pet.current"
          ]
        }
      ]
    },
    {
      "module": "module.eks-jx.module.cluster",
      "mode": "managed",
      "type": "aws_iam_policy",
      "name": "tekton-bot",
      "provider": "module.eks-jx.provider[\"registry.terraform.io/hashicorp/aws\"]",
      "instances": [
        {
          "schema_version": 0,
          "attributes": {
            "arn": "arn:aws:iam::621520006631:policy/jenkins-x-tekton-bot20201029100912200000000002",
            "description": "EKS tekton-bot policy for cluster capires",
            "id": "arn:aws:iam::621520006631:policy/jenkins-x-tekton-bot20201029100912200000000002",
            "name": "jenkins-x-tekton-bot20201029100912200000000002",
            "name_prefix": "jenkins-x-tekton-bot",
            "path": "/",
            "policy": "{\n  \"Version\": \"2012-10-17\",\n  \"Statement\": [\n    {\n      \"Sid\": \"tektonBotPolicy\",\n      \"Effect\": \"Allow\",\n      \"Action\": [\n        \"s3:*\",\n        \"iam:GetPolicy\",\n        \"iam:GetOpenIDConnectProvider\",\n        \"iam:DetachRolePolicy\",\n        \"iam:DeleteRole\",\n        \"iam:CreatePolicy\",\n        \"eks:*\",\n        \"ecr:*\",\n        \"cloudformation:ListStacks\",\n        \"cloudformation:DescribeStacks\",\n        \"cloudformation:DeleteStack\",\n        \"cloudformation:CreateStack\"\n      ],\n      \"Resource\": \"*\"\n    }\n  ]\n}"
          },
          "private": "bnVsbA==",
          "dependencies": [
            "module.eks-jx.module.cluster.data.aws_iam_policy_document.tekton-bot-policy",
            "module.eks-jx.random_pet.current"
          ]
        }
      ]
    },
    {
      "module": "module.eks-jx.module.cluster",
      "mode": "managed",
      "type": "aws_s3_bucket",
      "name": "logs_jenkins_x",
      "provider": "module.eks-jx.provider[\"registry.terraform.io/hashicorp/aws\"]",
      "instances": [
        {
          "index_key": 0,
          "schema_version": 0,
          "attributes": {
            "acceleration_status": "",
            "acl": "private",
            "arn": "arn:aws:s3:::logs-capires-20201029100912201500000005",
            "bucket": "logs-capires-20201029100912201500000005",
            "bucket_domain_name": "logs-capires-20201029100912201500000005.s3.amazonaws.com",
            "bucket_prefix": "logs-capires-",
            "bucket_regional_domain_name": "logs-capires-20201029100912201500000005.s3.amazonaws.com",
            "cors_rule": [],
            "force_destroy": true,
            "grant": [],
            "hosted_zone_id": "Z3AQBSTGFYJSTF",
            "id": "logs-capires-20201029100912201500000005",
            "lifecycle_rule": [],
            "logging": [],
            "object_lock_configuration": [],
            "policy": null,
            "region": "us-east-1",
            "replication_configuration": [],
            "request_payer": "BucketOwner",
            "server_side_encryption_configuration": [
              {
                "rule": [
                  {
                    "apply_server_side_encryption_by_default": [
                      {
                        "kms_master_key_id": "",
                        "sse_algorithm": "AES256"
                      }
                    ]
                  }
                ]
              }
            ],
            "tags": {
              "Owner": "Jenkins-x"
            },
            "versioning": [
              {
                "enabled": false,
                "mfa_delete": false
              }
            ],
            "website": [],
            "website_domain": null,
            "website_endpoint": null
          },
          "private": "bnVsbA==",
          "dependencies": [
            "module.eks-jx.random_pet.current"
          ]
        }
      ]
    },
    {
      "module": "module.eks-jx.module.cluster",
      "mode": "managed",
      "type": "aws_s3_bucket",
      "name": "reports_jenkins_x",
      "provider": "module.eks-jx.provider[\"registry.terraform.io/hashicorp/aws\"]",
      "instances": [
        {
          "index_key": 0,
          "schema_version": 0,
          "attributes": {
            "acceleration_status": "",
            "acl": "private",
            "arn": "arn:aws:s3:::reports-capires-20201029100912209300000008",
            "bucket": "reports-capires-20201029100912209300000008",
            "bucket_domain_name": "reports-capires-20201029100912209300000008.s3.amazonaws.com",
            "bucket_prefix": "reports-capires-",
            "bucket_regional_domain_name": "reports-capires-20201029100912209300000008.s3.amazonaws.com",
            "cors_rule": [],
            "force_destroy": true,
            "grant": [],
            "hosted_zone_id": "Z3AQBSTGFYJSTF",
            "id": "reports-capires-20201029100912209300000008",
            "lifecycle_rule": [],
            "logging": [],
            "object_lock_configuration": [],
            "policy": null,
            "region": "us-east-1",
            "replication_configuration": [],
            "request_payer": "BucketOwner",
            "server_side_encryption_configuration": [
              {
                "rule": [
                  {
                    "apply_server_side_encryption_by_default": [
                      {
                        "kms_master_key_id": "",
                        "sse_algorithm": "AES256"
                      }
                    ]
                  }
                ]
              }
            ],
            "tags": {
              "Owner": "Jenkins-x"
            },
            "versioning": [
              {
                "enabled": false,
                "mfa_delete": false
              }
            ],
            "website": [],
            "website_domain": null,
            "website_endpoint": null
          },
          "private": "bnVsbA==",
          "dependencies": [
            "module.eks-jx.random_pet.current"
          ]
        }
      ]
    },
    {
      "module": "module.eks-jx.module.cluster",
      "mode": "managed",
      "type": "aws_s3_bucket",
      "name": "repository_jenkins_x",
      "provider": "module.eks-jx.provider[\"registry.terraform.io/hashicorp/aws\"]",
      "instances": [
        {
          "index_key": 0,
          "schema_version": 0,
          "attributes": {
            "acceleration_status": "",
            "acl": "private",
            "arn": "arn:aws:s3:::repository-capires-20201029100912201300000004",
            "bucket": "repository-capires-20201029100912201300000004",
            "bucket_domain_name": "repository-capires-20201029100912201300000004.s3.amazonaws.com",
            "bucket_prefix": "repository-capires-",
            "bucket_regional_domain_name": "repository-capires-20201029100912201300000004.s3.amazonaws.com",
            "cors_rule": [],
            "force_destroy": true,
            "grant": [],
            "hosted_zone_id": "Z3AQBSTGFYJSTF",
            "id": "repository-capires-20201029100912201300000004",
            "lifecycle_rule": [],
            "logging": [],
            "object_lock_configuration": [],
            "policy": null,
            "region": "us-east-1",
            "replication_configuration": [],
            "request_payer": "BucketOwner",
            "server_side_encryption_configuration": [
              {
                "rule": [
                  {
                    "apply_server_side_encryption_by_default": [
                      {
                        "kms_master_key_id": "",
                        "sse_algorithm": "AES256"
                      }
                    ]
                  }
                ]
              }
            ],
            "tags": {
              "Owner": "Jenkins-x"
            },
            "versioning": [
              {
                "enabled": false,
                "mfa_delete": false
              }
            ],
            "website": [],
            "website_domain": null,
            "website_endpoint": null
          },
          "private": "bnVsbA==",
          "dependencies": [
            "module.eks-jx.random_pet.current"
          ]
        }
      ]
    },
    {
      "module": "module.eks-jx.module.cluster",
      "mode": "managed",
      "type": "kubernetes_namespace",
      "name": "cert_manager",
      "provider": "module.eks-jx.module.cluster.provider[\"registry.terraform.io/hashicorp/kubernetes\"]",
      "instances": [
        {
          "index_key": 0,
          "schema_version": 0,
          "attributes": {
            "id": "cert-manager",
            "metadata": [
              {
                "annotations": {
                  "jenkins-x.io/created-by": "Jenkins X"
                },
                "generate_name": "",
                "generation": 0,
                "labels": {},
                "name": "cert-manager",
                "resource_version": "6042",
                "self_link": "/api/v1/namespaces/cert-manager",
                "uid": "563ceb68-6f74-4c79-9650-d6b6db4f450a"
              }
            ],
            "timeouts": null
          },
          "private": "eyJlMmJmYjczMC1lY2FhLTExZTYtOGY4OC0zNDM2M2JjN2M0YzAiOnsiZGVsZXRlIjozMDAwMDAwMDAwMDB9fQ==",
          "dependencies": [
            "module.eks-jx.module.cluster.data.aws_availability_zones.available",
            "module.eks-jx.module.cluster.data.aws_eks_cluster.cluster",
            "module.eks-jx.module.cluster.data.aws_eks_cluster_auth.cluster",
            "module.eks-jx.module.cluster.module.eks.aws_autoscaling_group.workers",
            "module.eks-jx.module.cluster.module.eks.aws_autoscaling_group.workers_launch_template",
            "module.eks-jx.module.cluster.module.eks.aws_cloudwatch_log_group.this",
            "module.eks-jx.module.cluster.module.eks.aws_eks_cluster.this",
            "module.eks-jx.module.cluster.module.eks.aws_iam_instance_profile.workers",
            "module.eks-jx.module.cluster.module.eks.aws_iam_instance_profile.workers_launch_template",
            "module.eks-jx.module.cluster.module.eks.aws_iam_openid_connect_provider.oidc_provider",
            "module.eks-jx.module.cluster.module.eks.aws_iam_role.cluster",
            "module.eks-jx.module.cluster.module.eks.aws_iam_role.workers",
            "module.eks-jx.module.cluster.module.eks.aws_iam_role_policy_attachment.cluster_AmazonEKSClusterPolicy",
            "module.eks-jx.module.cluster.module.eks.aws_iam_role_policy_attachment.cluster_AmazonEKSServicePolicy",
            "module.eks-jx.module.cluster.module.eks.aws_iam_role_policy_attachment.workers_AmazonEC2ContainerRegistryReadOnly",
            "module.eks-jx.module.cluster.module.eks.aws_iam_role_policy_attachment.workers_AmazonEKSWorkerNodePolicy",
            "module.eks-jx.module.cluster.module.eks.aws_iam_role_policy_attachment.workers_AmazonEKS_CNI_Policy",
            "module.eks-jx.module.cluster.module.eks.aws_iam_role_policy_attachment.workers_additional_policies",
            "module.eks-jx.module.cluster.module.eks.aws_launch_configuration.workers",
            "module.eks-jx.module.cluster.module.eks.aws_launch_template.workers_launch_template",
            "module.eks-jx.module.cluster.module.eks.aws_security_group.cluster",
            "module.eks-jx.module.cluster.module.eks.aws_security_group.workers",
            "module.eks-jx.module.cluster.module.eks.aws_security_group_rule.cluster_egress_internet",
            "module.eks-jx.module.cluster.module.eks.aws_security_group_rule.cluster_https_worker_ingress",
            "module.eks-jx.module.cluster.module.eks.aws_security_group_rule.cluster_primary_ingress_workers",
            "module.eks-jx.module.cluster.module.eks.aws_security_group_rule.cluster_private_access",
            "module.eks-jx.module.cluster.module.eks.aws_security_group_rule.workers_egress_internet",
            "module.eks-jx.module.cluster.module.eks.aws_security_group_rule.workers_ingress_cluster",
            "module.eks-jx.module.cluster.module.eks.aws_security_group_rule.workers_ingress_cluster_https",
            "module.eks-jx.module.cluster.module.eks.aws_security_group_rule.workers_ingress_cluster_kubelet",
            "module.eks-jx.module.cluster.module.eks.aws_security_group_rule.workers_ingress_cluster_primary",
            "module.eks-jx.module.cluster.module.eks.aws_security_group_rule.workers_ingress_self",
            "module.eks-jx.module.cluster.module.eks.data.aws_ami.eks_worker",
            "module.eks-jx.module.cluster.module.eks.data.aws_ami.eks_worker_windows",
            "module.eks-jx.module.cluster.module.eks.data.aws_caller_identity.current",
            "module.eks-jx.module.cluster.module.eks.data.aws_iam_instance_profile.custom_worker_group_iam_instance_profile",
            "module.eks-jx.module.cluster.module.eks.data.aws_iam_instance_profile.custom_worker_group_launch_template_iam_instance_profile",
            "module.eks-jx.module.cluster.module.eks.data.aws_iam_policy_document.cluster_assume_role_policy",
            "module.eks-jx.module.cluster.module.eks.data.aws_iam_policy_document.workers_assume_role_policy",
            "module.eks-jx.module.cluster.module.eks.data.aws_iam_role.custom_cluster_iam_role",
            "module.eks-jx.module.cluster.module.eks.data.aws_partition.current",
            "module.eks-jx.module.cluster.module.eks.data.null_data_source.node_groups",
            "module.eks-jx.module.cluster.module.eks.data.template_file.launch_template_userdata",
            "module.eks-jx.module.cluster.module.eks.data.template_file.userdata",
            "module.eks-jx.module.cluster.module.eks.kubernetes_config_map.aws_auth",
            "module.eks-jx.module.cluster.module.eks.local_file.kubeconfig",
            "module.eks-jx.module.cluster.module.eks.module.node_groups.aws_eks_node_group.workers",
            "module.eks-jx.module.cluster.module.eks.module.node_groups.random_pet.node_groups",
            "module.eks-jx.module.cluster.module.eks.null_resource.wait_for_cluster",
            "module.eks-jx.module.cluster.module.eks.random_pet.workers",
            "module.eks-jx.module.cluster.module.eks.random_pet.workers_launch_template",
            "module.eks-jx.module.cluster.module.vpc.aws_subnet.private",
            "module.eks-jx.module.cluster.module.vpc.aws_subnet.public",
            "module.eks-jx.module.cluster.module.vpc.aws_vpc.this",
            "module.eks-jx.module.cluster.module.vpc.aws_vpc_ipv4_cidr_block_association.this",
            "module.eks-jx.module.cluster.null_resource.kubeconfig",
            "module.eks-jx.random_pet.current"
          ]
        }
      ]
    },
    {
      "module": "module.eks-jx.module.cluster",
      "mode": "managed",
      "type": "kubernetes_namespace",
      "name": "jx",
      "provider": "module.eks-jx.module.cluster.provider[\"registry.terraform.io/hashicorp/kubernetes\"]",
      "instances": [
        {
          "index_key": 0,
          "schema_version": 0,
          "attributes": {
            "id": "jx",
            "metadata": [
              {
                "annotations": {
                  "jenkins-x.io/created-by": "Jenkins X",
                  "jenkins.io/chart": "env"
                },
                "generate_name": "",
                "generation": 0,
                "labels": {
                  "certmanager.k8s.io/disable-validation": "true",
                  "env": "dev",
                  "jenkins.io/chart-release": "jenkins-x",
                  "jenkins.io/version": "1",
                  "team": "jx"
                },
                "name": "jx",
                "resource_version": "8234",
                "self_link": "/api/v1/namespaces/jx",
                "uid": "1ffc8090-a97b-4600-8a3c-18bf201e5279"
              }
            ],
            "timeouts": null
          },
          "private": "eyJlMmJmYjczMC1lY2FhLTExZTYtOGY4OC0zNDM2M2JjN2M0YzAiOnsiZGVsZXRlIjozMDAwMDAwMDAwMDB9fQ==",
          "dependencies": [
            "module.eks-jx.module.cluster.data.aws_availability_zones.available",
            "module.eks-jx.module.cluster.data.aws_eks_cluster.cluster",
            "module.eks-jx.module.cluster.data.aws_eks_cluster_auth.cluster",
            "module.eks-jx.module.cluster.module.eks.aws_autoscaling_group.workers",
            "module.eks-jx.module.cluster.module.eks.aws_autoscaling_group.workers_launch_template",
            "module.eks-jx.module.cluster.module.eks.aws_cloudwatch_log_group.this",
            "module.eks-jx.module.cluster.module.eks.aws_eks_cluster.this",
            "module.eks-jx.module.cluster.module.eks.aws_iam_instance_profile.workers",
            "module.eks-jx.module.cluster.module.eks.aws_iam_instance_profile.workers_launch_template",
            "module.eks-jx.module.cluster.module.eks.aws_iam_openid_connect_provider.oidc_provider",
            "module.eks-jx.module.cluster.module.eks.aws_iam_role.cluster",
            "module.eks-jx.module.cluster.module.eks.aws_iam_role.workers",
            "module.eks-jx.module.cluster.module.eks.aws_iam_role_policy_attachment.cluster_AmazonEKSClusterPolicy",
            "module.eks-jx.module.cluster.module.eks.aws_iam_role_policy_attachment.cluster_AmazonEKSServicePolicy",
            "module.eks-jx.module.cluster.module.eks.aws_iam_role_policy_attachment.workers_AmazonEC2ContainerRegistryReadOnly",
            "module.eks-jx.module.cluster.module.eks.aws_iam_role_policy_attachment.workers_AmazonEKSWorkerNodePolicy",
            "module.eks-jx.module.cluster.module.eks.aws_iam_role_policy_attachment.workers_AmazonEKS_CNI_Policy",
            "module.eks-jx.module.cluster.module.eks.aws_iam_role_policy_attachment.workers_additional_policies",
            "module.eks-jx.module.cluster.module.eks.aws_launch_configuration.workers",
            "module.eks-jx.module.cluster.module.eks.aws_launch_template.workers_launch_template",
            "module.eks-jx.module.cluster.module.eks.aws_security_group.cluster",
            "module.eks-jx.module.cluster.module.eks.aws_security_group.workers",
            "module.eks-jx.module.cluster.module.eks.aws_security_group_rule.cluster_egress_internet",
            "module.eks-jx.module.cluster.module.eks.aws_security_group_rule.cluster_https_worker_ingress",
            "module.eks-jx.module.cluster.module.eks.aws_security_group_rule.cluster_primary_ingress_workers",
            "module.eks-jx.module.cluster.module.eks.aws_security_group_rule.cluster_private_access",
            "module.eks-jx.module.cluster.module.eks.aws_security_group_rule.workers_egress_internet",
            "module.eks-jx.module.cluster.module.eks.aws_security_group_rule.workers_ingress_cluster",
            "module.eks-jx.module.cluster.module.eks.aws_security_group_rule.workers_ingress_cluster_https",
            "module.eks-jx.module.cluster.module.eks.aws_security_group_rule.workers_ingress_cluster_kubelet",
            "module.eks-jx.module.cluster.module.eks.aws_security_group_rule.workers_ingress_cluster_primary",
            "module.eks-jx.module.cluster.module.eks.aws_security_group_rule.workers_ingress_self",
            "module.eks-jx.module.cluster.module.eks.data.aws_ami.eks_worker",
            "module.eks-jx.module.cluster.module.eks.data.aws_ami.eks_worker_windows",
            "module.eks-jx.module.cluster.module.eks.data.aws_caller_identity.current",
            "module.eks-jx.module.cluster.module.eks.data.aws_iam_instance_profile.custom_worker_group_iam_instance_profile",
            "module.eks-jx.module.cluster.module.eks.data.aws_iam_instance_profile.custom_worker_group_launch_template_iam_instance_profile",
            "module.eks-jx.module.cluster.module.eks.data.aws_iam_policy_document.cluster_assume_role_policy",
            "module.eks-jx.module.cluster.module.eks.data.aws_iam_policy_document.workers_assume_role_policy",
            "module.eks-jx.module.cluster.module.eks.data.aws_iam_role.custom_cluster_iam_role",
            "module.eks-jx.module.cluster.module.eks.data.aws_partition.current",
            "module.eks-jx.module.cluster.module.eks.data.null_data_source.node_groups",
            "module.eks-jx.module.cluster.module.eks.data.template_file.launch_template_userdata",
            "module.eks-jx.module.cluster.module.eks.data.template_file.userdata",
            "module.eks-jx.module.cluster.module.eks.kubernetes_config_map.aws_auth",
            "module.eks-jx.module.cluster.module.eks.local_file.kubeconfig",
            "module.eks-jx.module.cluster.module.eks.module.node_groups.aws_eks_node_group.workers",
            "module.eks-jx.module.cluster.module.eks.module.node_groups.random_pet.node_groups",
            "module.eks-jx.module.cluster.module.eks.null_resource.wait_for_cluster",
            "module.eks-jx.module.cluster.module.eks.random_pet.workers",
            "module.eks-jx.module.cluster.module.eks.random_pet.workers_launch_template",
            "module.eks-jx.module.cluster.module.vpc.aws_subnet.private",
            "module.eks-jx.module.cluster.module.vpc.aws_subnet.public",
            "module.eks-jx.module.cluster.module.vpc.aws_vpc.this",
            "module.eks-jx.module.cluster.module.vpc.aws_vpc_ipv4_cidr_block_association.this",
            "module.eks-jx.module.cluster.null_resource.kubeconfig",
            "module.eks-jx.random_pet.current"
          ]
        }
      ]
    },
    {
      "module": "module.eks-jx.module.cluster",
      "mode": "managed",
      "type": "kubernetes_service_account",
      "name": "cm-cainjector",
      "provider": "module.eks-jx.module.cluster.provider[\"registry.terraform.io/hashicorp/kubernetes\"]",
      "instances": [
        {
          "index_key": 0,
          "schema_version": 0,
          "attributes": {
            "automount_service_account_token": true,
            "default_secret_name": "cm-cainjector-token-8rfzc",
            "id": "cert-manager/cm-cainjector",
            "image_pull_secret": [],
            "metadata": [
              {
                "annotations": {
                  "eks.amazonaws.com/role-arn": "arn:aws:iam::621520006631:role/tf-capires-sa-role-cm_cainjector-qxYUTiM6"
                },
                "generate_name": "",
                "generation": 0,
                "labels": {},
                "name": "cm-cainjector",
                "namespace": "cert-manager",
                "resource_version": "1152",
                "self_link": "/api/v1/namespaces/cert-manager/serviceaccounts/cm-cainjector",
                "uid": "65faefdb-635f-4393-8534-c58212bcf1b3"
              }
            ],
            "secret": [],
            "timeouts": null
          },
          "private": "eyJlMmJmYjczMC1lY2FhLTExZTYtOGY4OC0zNDM2M2JjN2M0YzAiOnsiY3JlYXRlIjozMDAwMDAwMDAwMH19",
          "dependencies": [
            "module.eks-jx.module.cluster.data.aws_availability_zones.available",
            "module.eks-jx.module.cluster.data.aws_eks_cluster.cluster",
            "module.eks-jx.module.cluster.data.aws_eks_cluster_auth.cluster",
            "module.eks-jx.module.cluster.kubernetes_namespace.cert_manager",
            "module.eks-jx.module.cluster.module.eks.aws_autoscaling_group.workers",
            "module.eks-jx.module.cluster.module.eks.aws_autoscaling_group.workers_launch_template",
            "module.eks-jx.module.cluster.module.eks.aws_cloudwatch_log_group.this",
            "module.eks-jx.module.cluster.module.eks.aws_eks_cluster.this",
            "module.eks-jx.module.cluster.module.eks.aws_iam_instance_profile.workers",
            "module.eks-jx.module.cluster.module.eks.aws_iam_instance_profile.workers_launch_template",
            "module.eks-jx.module.cluster.module.eks.aws_iam_openid_connect_provider.oidc_provider",
            "module.eks-jx.module.cluster.module.eks.aws_iam_role.cluster",
            "module.eks-jx.module.cluster.module.eks.aws_iam_role.workers",
            "module.eks-jx.module.cluster.module.eks.aws_iam_role_policy_attachment.cluster_AmazonEKSClusterPolicy",
            "module.eks-jx.module.cluster.module.eks.aws_iam_role_policy_attachment.cluster_AmazonEKSServicePolicy",
            "module.eks-jx.module.cluster.module.eks.aws_iam_role_policy_attachment.workers_AmazonEC2ContainerRegistryReadOnly",
            "module.eks-jx.module.cluster.module.eks.aws_iam_role_policy_attachment.workers_AmazonEKSWorkerNodePolicy",
            "module.eks-jx.module.cluster.module.eks.aws_iam_role_policy_attachment.workers_AmazonEKS_CNI_Policy",
            "module.eks-jx.module.cluster.module.eks.aws_iam_role_policy_attachment.workers_additional_policies",
            "module.eks-jx.module.cluster.module.eks.aws_launch_configuration.workers",
            "module.eks-jx.module.cluster.module.eks.aws_launch_template.workers_launch_template",
            "module.eks-jx.module.cluster.module.eks.aws_security_group.cluster",
            "module.eks-jx.module.cluster.module.eks.aws_security_group.workers",
            "module.eks-jx.module.cluster.module.eks.aws_security_group_rule.cluster_egress_internet",
            "module.eks-jx.module.cluster.module.eks.aws_security_group_rule.cluster_https_worker_ingress",
            "module.eks-jx.module.cluster.module.eks.aws_security_group_rule.cluster_primary_ingress_workers",
            "module.eks-jx.module.cluster.module.eks.aws_security_group_rule.cluster_private_access",
            "module.eks-jx.module.cluster.module.eks.aws_security_group_rule.workers_egress_internet",
            "module.eks-jx.module.cluster.module.eks.aws_security_group_rule.workers_ingress_cluster",
            "module.eks-jx.module.cluster.module.eks.aws_security_group_rule.workers_ingress_cluster_https",
            "module.eks-jx.module.cluster.module.eks.aws_security_group_rule.workers_ingress_cluster_kubelet",
            "module.eks-jx.module.cluster.module.eks.aws_security_group_rule.workers_ingress_cluster_primary",
            "module.eks-jx.module.cluster.module.eks.aws_security_group_rule.workers_ingress_self",
            "module.eks-jx.module.cluster.module.eks.data.aws_ami.eks_worker",
            "module.eks-jx.module.cluster.module.eks.data.aws_ami.eks_worker_windows",
            "module.eks-jx.module.cluster.module.eks.data.aws_caller_identity.current",
            "module.eks-jx.module.cluster.module.eks.data.aws_iam_instance_profile.custom_worker_group_iam_instance_profile",
            "module.eks-jx.module.cluster.module.eks.data.aws_iam_instance_profile.custom_worker_group_launch_template_iam_instance_profile",
            "module.eks-jx.module.cluster.module.eks.data.aws_iam_policy_document.cluster_assume_role_policy",
            "module.eks-jx.module.cluster.module.eks.data.aws_iam_policy_document.workers_assume_role_policy",
            "module.eks-jx.module.cluster.module.eks.data.aws_iam_role.custom_cluster_iam_role",
            "module.eks-jx.module.cluster.module.eks.data.aws_partition.current",
            "module.eks-jx.module.cluster.module.eks.data.null_data_source.node_groups",
            "module.eks-jx.module.cluster.module.eks.data.template_file.launch_template_userdata",
            "module.eks-jx.module.cluster.module.eks.data.template_file.userdata",
            "module.eks-jx.module.cluster.module.eks.kubernetes_config_map.aws_auth",
            "module.eks-jx.module.cluster.module.eks.local_file.kubeconfig",
            "module.eks-jx.module.cluster.module.eks.module.node_groups.aws_eks_node_group.workers",
            "module.eks-jx.module.cluster.module.eks.module.node_groups.random_pet.node_groups",
            "module.eks-jx.module.cluster.module.eks.null_resource.wait_for_cluster",
            "module.eks-jx.module.cluster.module.eks.random_pet.workers",
            "module.eks-jx.module.cluster.module.eks.random_pet.workers_launch_template",
            "module.eks-jx.module.cluster.module.iam_assumable_role_cm_cainjector.aws_iam_role.this",
            "module.eks-jx.module.cluster.module.iam_assumable_role_cm_cainjector.data.aws_caller_identity.current",
            "module.eks-jx.module.cluster.module.iam_assumable_role_cm_cainjector.data.aws_iam_policy_document.assume_role_with_oidc",
            "module.eks-jx.module.cluster.module.vpc.aws_subnet.private",
            "module.eks-jx.module.cluster.module.vpc.aws_subnet.public",
            "module.eks-jx.module.cluster.module.vpc.aws_vpc.this",
            "module.eks-jx.module.cluster.module.vpc.aws_vpc_ipv4_cidr_block_association.this",
            "module.eks-jx.module.cluster.null_resource.kubeconfig",
            "module.eks-jx.module.cluster.random_string.suffix",
            "module.eks-jx.random_pet.current"
          ]
        }
      ]
    },
    {
      "module": "module.eks-jx.module.cluster",
      "mode": "managed",
      "type": "kubernetes_service_account",
      "name": "cm-cert-manager",
      "provider": "module.eks-jx.module.cluster.provider[\"registry.terraform.io/hashicorp/kubernetes\"]",
      "instances": [
        {
          "index_key": 0,
          "schema_version": 0,
          "attributes": {
            "automount_service_account_token": true,
            "default_secret_name": "cm-cert-manager-token-f8rwm",
            "id": "cert-manager/cm-cert-manager",
            "image_pull_secret": [],
            "metadata": [
              {
                "annotations": {
                  "eks.amazonaws.com/role-arn": "arn:aws:iam::621520006631:role/tf-capires-sa-role-cert_manager-qxYUTiM6"
                },
                "generate_name": "",
                "generation": 0,
                "labels": {},
                "name": "cm-cert-manager",
                "namespace": "cert-manager",
                "resource_version": "1153",
                "self_link": "/api/v1/namespaces/cert-manager/serviceaccounts/cm-cert-manager",
                "uid": "bcb8ac14-48cd-43a3-a046-cf9bfa95803c"
              }
            ],
            "secret": [],
            "timeouts": null
          },
          "private": "eyJlMmJmYjczMC1lY2FhLTExZTYtOGY4OC0zNDM2M2JjN2M0YzAiOnsiY3JlYXRlIjozMDAwMDAwMDAwMH19",
          "dependencies": [
            "module.eks-jx.module.cluster.data.aws_availability_zones.available",
            "module.eks-jx.module.cluster.data.aws_eks_cluster.cluster",
            "module.eks-jx.module.cluster.data.aws_eks_cluster_auth.cluster",
            "module.eks-jx.module.cluster.kubernetes_namespace.cert_manager",
            "module.eks-jx.module.cluster.module.eks.aws_autoscaling_group.workers",
            "module.eks-jx.module.cluster.module.eks.aws_autoscaling_group.workers_launch_template",
            "module.eks-jx.module.cluster.module.eks.aws_cloudwatch_log_group.this",
            "module.eks-jx.module.cluster.module.eks.aws_eks_cluster.this",
            "module.eks-jx.module.cluster.module.eks.aws_iam_instance_profile.workers",
            "module.eks-jx.module.cluster.module.eks.aws_iam_instance_profile.workers_launch_template",
            "module.eks-jx.module.cluster.module.eks.aws_iam_openid_connect_provider.oidc_provider",
            "module.eks-jx.module.cluster.module.eks.aws_iam_role.cluster",
            "module.eks-jx.module.cluster.module.eks.aws_iam_role.workers",
            "module.eks-jx.module.cluster.module.eks.aws_iam_role_policy_attachment.cluster_AmazonEKSClusterPolicy",
            "module.eks-jx.module.cluster.module.eks.aws_iam_role_policy_attachment.cluster_AmazonEKSServicePolicy",
            "module.eks-jx.module.cluster.module.eks.aws_iam_role_policy_attachment.workers_AmazonEC2ContainerRegistryReadOnly",
            "module.eks-jx.module.cluster.module.eks.aws_iam_role_policy_attachment.workers_AmazonEKSWorkerNodePolicy",
            "module.eks-jx.module.cluster.module.eks.aws_iam_role_policy_attachment.workers_AmazonEKS_CNI_Policy",
            "module.eks-jx.module.cluster.module.eks.aws_iam_role_policy_attachment.workers_additional_policies",
            "module.eks-jx.module.cluster.module.eks.aws_launch_configuration.workers",
            "module.eks-jx.module.cluster.module.eks.aws_launch_template.workers_launch_template",
            "module.eks-jx.module.cluster.module.eks.aws_security_group.cluster",
            "module.eks-jx.module.cluster.module.eks.aws_security_group.workers",
            "module.eks-jx.module.cluster.module.eks.aws_security_group_rule.cluster_egress_internet",
            "module.eks-jx.module.cluster.module.eks.aws_security_group_rule.cluster_https_worker_ingress",
            "module.eks-jx.module.cluster.module.eks.aws_security_group_rule.cluster_primary_ingress_workers",
            "module.eks-jx.module.cluster.module.eks.aws_security_group_rule.cluster_private_access",
            "module.eks-jx.module.cluster.module.eks.aws_security_group_rule.workers_egress_internet",
            "module.eks-jx.module.cluster.module.eks.aws_security_group_rule.workers_ingress_cluster",
            "module.eks-jx.module.cluster.module.eks.aws_security_group_rule.workers_ingress_cluster_https",
            "module.eks-jx.module.cluster.module.eks.aws_security_group_rule.workers_ingress_cluster_kubelet",
            "module.eks-jx.module.cluster.module.eks.aws_security_group_rule.workers_ingress_cluster_primary",
            "module.eks-jx.module.cluster.module.eks.aws_security_group_rule.workers_ingress_self",
            "module.eks-jx.module.cluster.module.eks.data.aws_ami.eks_worker",
            "module.eks-jx.module.cluster.module.eks.data.aws_ami.eks_worker_windows",
            "module.eks-jx.module.cluster.module.eks.data.aws_caller_identity.current",
            "module.eks-jx.module.cluster.module.eks.data.aws_iam_instance_profile.custom_worker_group_iam_instance_profile",
            "module.eks-jx.module.cluster.module.eks.data.aws_iam_instance_profile.custom_worker_group_launch_template_iam_instance_profile",
            "module.eks-jx.module.cluster.module.eks.data.aws_iam_policy_document.cluster_assume_role_policy",
            "module.eks-jx.module.cluster.module.eks.data.aws_iam_policy_document.workers_assume_role_policy",
            "module.eks-jx.module.cluster.module.eks.data.aws_iam_role.custom_cluster_iam_role",
            "module.eks-jx.module.cluster.module.eks.data.aws_partition.current",
            "module.eks-jx.module.cluster.module.eks.data.null_data_source.node_groups",
            "module.eks-jx.module.cluster.module.eks.data.template_file.launch_template_userdata",
            "module.eks-jx.module.cluster.module.eks.data.template_file.userdata",
            "module.eks-jx.module.cluster.module.eks.kubernetes_config_map.aws_auth",
            "module.eks-jx.module.cluster.module.eks.local_file.kubeconfig",
            "module.eks-jx.module.cluster.module.eks.module.node_groups.aws_eks_node_group.workers",
            "module.eks-jx.module.cluster.module.eks.module.node_groups.random_pet.node_groups",
            "module.eks-jx.module.cluster.module.eks.null_resource.wait_for_cluster",
            "module.eks-jx.module.cluster.module.eks.random_pet.workers",
            "module.eks-jx.module.cluster.module.eks.random_pet.workers_launch_template",
            "module.eks-jx.module.cluster.module.iam_assumable_role_cert_manager.aws_iam_role.this",
            "module.eks-jx.module.cluster.module.iam_assumable_role_cert_manager.data.aws_caller_identity.current",
            "module.eks-jx.module.cluster.module.iam_assumable_role_cert_manager.data.aws_iam_policy_document.assume_role_with_oidc",
            "module.eks-jx.module.cluster.module.vpc.aws_subnet.private",
            "module.eks-jx.module.cluster.module.vpc.aws_subnet.public",
            "module.eks-jx.module.cluster.module.vpc.aws_vpc.this",
            "module.eks-jx.module.cluster.module.vpc.aws_vpc_ipv4_cidr_block_association.this",
            "module.eks-jx.module.cluster.null_resource.kubeconfig",
            "module.eks-jx.module.cluster.random_string.suffix",
            "module.eks-jx.random_pet.current"
          ]
        }
      ]
    },
    {
      "module": "module.eks-jx.module.cluster",
      "mode": "managed",
      "type": "kubernetes_service_account",
      "name": "exdns-external-dns",
      "provider": "module.eks-jx.module.cluster.provider[\"registry.terraform.io/hashicorp/kubernetes\"]",
      "instances": [
        {
          "index_key": 0,
          "schema_version": 0,
          "attributes": {
            "automount_service_account_token": true,
            "default_secret_name": "exdns-external-dns-token-dgpwh",
            "id": "jx/exdns-external-dns",
            "image_pull_secret": [],
            "metadata": [
              {
                "annotations": {
                  "eks.amazonaws.com/role-arn": "arn:aws:iam::621520006631:role/tf-capires-sa-role-external_dns-qxYUTiM6"
                },
                "generate_name": "",
                "generation": 0,
                "labels": {},
                "name": "exdns-external-dns",
                "namespace": "jx",
                "resource_version": "1162",
                "self_link": "/api/v1/namespaces/jx/serviceaccounts/exdns-external-dns",
                "uid": "83b57494-b205-489f-a13e-51b0645b4acc"
              }
            ],
            "secret": [],
            "timeouts": null
          },
          "private": "eyJlMmJmYjczMC1lY2FhLTExZTYtOGY4OC0zNDM2M2JjN2M0YzAiOnsiY3JlYXRlIjozMDAwMDAwMDAwMH19",
          "dependencies": [
            "module.eks-jx.module.cluster.data.aws_availability_zones.available",
            "module.eks-jx.module.cluster.data.aws_eks_cluster.cluster",
            "module.eks-jx.module.cluster.data.aws_eks_cluster_auth.cluster",
            "module.eks-jx.module.cluster.kubernetes_namespace.jx",
            "module.eks-jx.module.cluster.module.eks.aws_autoscaling_group.workers",
            "module.eks-jx.module.cluster.module.eks.aws_autoscaling_group.workers_launch_template",
            "module.eks-jx.module.cluster.module.eks.aws_cloudwatch_log_group.this",
            "module.eks-jx.module.cluster.module.eks.aws_eks_cluster.this",
            "module.eks-jx.module.cluster.module.eks.aws_iam_instance_profile.workers",
            "module.eks-jx.module.cluster.module.eks.aws_iam_instance_profile.workers_launch_template",
            "module.eks-jx.module.cluster.module.eks.aws_iam_openid_connect_provider.oidc_provider",
            "module.eks-jx.module.cluster.module.eks.aws_iam_role.cluster",
            "module.eks-jx.module.cluster.module.eks.aws_iam_role.workers",
            "module.eks-jx.module.cluster.module.eks.aws_iam_role_policy_attachment.cluster_AmazonEKSClusterPolicy",
            "module.eks-jx.module.cluster.module.eks.aws_iam_role_policy_attachment.cluster_AmazonEKSServicePolicy",
            "module.eks-jx.module.cluster.module.eks.aws_iam_role_policy_attachment.workers_AmazonEC2ContainerRegistryReadOnly",
            "module.eks-jx.module.cluster.module.eks.aws_iam_role_policy_attachment.workers_AmazonEKSWorkerNodePolicy",
            "module.eks-jx.module.cluster.module.eks.aws_iam_role_policy_attachment.workers_AmazonEKS_CNI_Policy",
            "module.eks-jx.module.cluster.module.eks.aws_iam_role_policy_attachment.workers_additional_policies",
            "module.eks-jx.module.cluster.module.eks.aws_launch_configuration.workers",
            "module.eks-jx.module.cluster.module.eks.aws_launch_template.workers_launch_template",
            "module.eks-jx.module.cluster.module.eks.aws_security_group.cluster",
            "module.eks-jx.module.cluster.module.eks.aws_security_group.workers",
            "module.eks-jx.module.cluster.module.eks.aws_security_group_rule.cluster_egress_internet",
            "module.eks-jx.module.cluster.module.eks.aws_security_group_rule.cluster_https_worker_ingress",
            "module.eks-jx.module.cluster.module.eks.aws_security_group_rule.cluster_primary_ingress_workers",
            "module.eks-jx.module.cluster.module.eks.aws_security_group_rule.cluster_private_access",
            "module.eks-jx.module.cluster.module.eks.aws_security_group_rule.workers_egress_internet",
            "module.eks-jx.module.cluster.module.eks.aws_security_group_rule.workers_ingress_cluster",
            "module.eks-jx.module.cluster.module.eks.aws_security_group_rule.workers_ingress_cluster_https",
            "module.eks-jx.module.cluster.module.eks.aws_security_group_rule.workers_ingress_cluster_kubelet",
            "module.eks-jx.module.cluster.module.eks.aws_security_group_rule.workers_ingress_cluster_primary",
            "module.eks-jx.module.cluster.module.eks.aws_security_group_rule.workers_ingress_self",
            "module.eks-jx.module.cluster.module.eks.data.aws_ami.eks_worker",
            "module.eks-jx.module.cluster.module.eks.data.aws_ami.eks_worker_windows",
            "module.eks-jx.module.cluster.module.eks.data.aws_caller_identity.current",
            "module.eks-jx.module.cluster.module.eks.data.aws_iam_instance_profile.custom_worker_group_iam_instance_profile",
            "module.eks-jx.module.cluster.module.eks.data.aws_iam_instance_profile.custom_worker_group_launch_template_iam_instance_profile",
            "module.eks-jx.module.cluster.module.eks.data.aws_iam_policy_document.cluster_assume_role_policy",
            "module.eks-jx.module.cluster.module.eks.data.aws_iam_policy_document.workers_assume_role_policy",
            "module.eks-jx.module.cluster.module.eks.data.aws_iam_role.custom_cluster_iam_role",
            "module.eks-jx.module.cluster.module.eks.data.aws_partition.current",
            "module.eks-jx.module.cluster.module.eks.data.null_data_source.node_groups",
            "module.eks-jx.module.cluster.module.eks.data.template_file.launch_template_userdata",
            "module.eks-jx.module.cluster.module.eks.data.template_file.userdata",
            "module.eks-jx.module.cluster.module.eks.kubernetes_config_map.aws_auth",
            "module.eks-jx.module.cluster.module.eks.local_file.kubeconfig",
            "module.eks-jx.module.cluster.module.eks.module.node_groups.aws_eks_node_group.workers",
            "module.eks-jx.module.cluster.module.eks.module.node_groups.random_pet.node_groups",
            "module.eks-jx.module.cluster.module.eks.null_resource.wait_for_cluster",
            "module.eks-jx.module.cluster.module.eks.random_pet.workers",
            "module.eks-jx.module.cluster.module.eks.random_pet.workers_launch_template",
            "module.eks-jx.module.cluster.module.iam_assumable_role_external_dns.aws_iam_role.this",
            "module.eks-jx.module.cluster.module.iam_assumable_role_external_dns.data.aws_caller_identity.current",
            "module.eks-jx.module.cluster.module.iam_assumable_role_external_dns.data.aws_iam_policy_document.assume_role_with_oidc",
            "module.eks-jx.module.cluster.module.vpc.aws_subnet.private",
            "module.eks-jx.module.cluster.module.vpc.aws_subnet.public",
            "module.eks-jx.module.cluster.module.vpc.aws_vpc.this",
            "module.eks-jx.module.cluster.module.vpc.aws_vpc_ipv4_cidr_block_association.this",
            "module.eks-jx.module.cluster.null_resource.kubeconfig",
            "module.eks-jx.module.cluster.random_string.suffix",
            "module.eks-jx.random_pet.current"
          ]
        }
      ]
    },
    {
      "module": "module.eks-jx.module.cluster",
      "mode": "managed",
      "type": "kubernetes_service_account",
      "name": "jenkins-x-controllerbuild",
      "provider": "module.eks-jx.module.cluster.provider[\"registry.terraform.io/hashicorp/kubernetes\"]",
      "instances": [
        {
          "index_key": 0,
          "schema_version": 0,
          "attributes": {
            "automount_service_account_token": true,
            "default_secret_name": "jenkins-x-controllerbuild-token-dzw6t",
            "id": "jx/jenkins-x-controllerbuild",
            "image_pull_secret": [],
            "metadata": [
              {
                "annotations": {
                  "eks.amazonaws.com/role-arn": "arn:aws:iam::621520006631:role/tf-capires-sa-role-ctrlb-qxYUTiM6",
                  "jenkins.io/chart": "env"
                },
                "generate_name": "",
                "generation": 0,
                "labels": {
                  "app": "controllerbuild",
                  "chart": "controllerbuild-2.1.150",
                  "heritage": "Tiller",
                  "jenkins.io/chart-release": "jenkins-x",
                  "jenkins.io/namespace": "jx",
                  "jenkins.io/version": "1",
                  "release": "jenkins-x"
                },
                "name": "jenkins-x-controllerbuild",
                "namespace": "jx",
                "resource_version": "7901",
                "self_link": "/api/v1/namespaces/jx/serviceaccounts/jenkins-x-controllerbuild",
                "uid": "543eefdd-95a3-45fa-ad56-84550f48e1f5"
              }
            ],
            "secret": [],
            "timeouts": null
          },
          "private": "eyJlMmJmYjczMC1lY2FhLTExZTYtOGY4OC0zNDM2M2JjN2M0YzAiOnsiY3JlYXRlIjozMDAwMDAwMDAwMH19",
          "dependencies": [
            "module.eks-jx.module.cluster.data.aws_availability_zones.available",
            "module.eks-jx.module.cluster.data.aws_eks_cluster.cluster",
            "module.eks-jx.module.cluster.data.aws_eks_cluster_auth.cluster",
            "module.eks-jx.module.cluster.kubernetes_namespace.jx",
            "module.eks-jx.module.cluster.module.eks.aws_autoscaling_group.workers",
            "module.eks-jx.module.cluster.module.eks.aws_autoscaling_group.workers_launch_template",
            "module.eks-jx.module.cluster.module.eks.aws_cloudwatch_log_group.this",
            "module.eks-jx.module.cluster.module.eks.aws_eks_cluster.this",
            "module.eks-jx.module.cluster.module.eks.aws_iam_instance_profile.workers",
            "module.eks-jx.module.cluster.module.eks.aws_iam_instance_profile.workers_launch_template",
            "module.eks-jx.module.cluster.module.eks.aws_iam_openid_connect_provider.oidc_provider",
            "module.eks-jx.module.cluster.module.eks.aws_iam_role.cluster",
            "module.eks-jx.module.cluster.module.eks.aws_iam_role.workers",
            "module.eks-jx.module.cluster.module.eks.aws_iam_role_policy_attachment.cluster_AmazonEKSClusterPolicy",
            "module.eks-jx.module.cluster.module.eks.aws_iam_role_policy_attachment.cluster_AmazonEKSServicePolicy",
            "module.eks-jx.module.cluster.module.eks.aws_iam_role_policy_attachment.workers_AmazonEC2ContainerRegistryReadOnly",
            "module.eks-jx.module.cluster.module.eks.aws_iam_role_policy_attachment.workers_AmazonEKSWorkerNodePolicy",
            "module.eks-jx.module.cluster.module.eks.aws_iam_role_policy_attachment.workers_AmazonEKS_CNI_Policy",
            "module.eks-jx.module.cluster.module.eks.aws_iam_role_policy_attachment.workers_additional_policies",
            "module.eks-jx.module.cluster.module.eks.aws_launch_configuration.workers",
            "module.eks-jx.module.cluster.module.eks.aws_launch_template.workers_launch_template",
            "module.eks-jx.module.cluster.module.eks.aws_security_group.cluster",
            "module.eks-jx.module.cluster.module.eks.aws_security_group.workers",
            "module.eks-jx.module.cluster.module.eks.aws_security_group_rule.cluster_egress_internet",
            "module.eks-jx.module.cluster.module.eks.aws_security_group_rule.cluster_https_worker_ingress",
            "module.eks-jx.module.cluster.module.eks.aws_security_group_rule.cluster_primary_ingress_workers",
            "module.eks-jx.module.cluster.module.eks.aws_security_group_rule.cluster_private_access",
            "module.eks-jx.module.cluster.module.eks.aws_security_group_rule.workers_egress_internet",
            "module.eks-jx.module.cluster.module.eks.aws_security_group_rule.workers_ingress_cluster",
            "module.eks-jx.module.cluster.module.eks.aws_security_group_rule.workers_ingress_cluster_https",
            "module.eks-jx.module.cluster.module.eks.aws_security_group_rule.workers_ingress_cluster_kubelet",
            "module.eks-jx.module.cluster.module.eks.aws_security_group_rule.workers_ingress_cluster_primary",
            "module.eks-jx.module.cluster.module.eks.aws_security_group_rule.workers_ingress_self",
            "module.eks-jx.module.cluster.module.eks.data.aws_ami.eks_worker",
            "module.eks-jx.module.cluster.module.eks.data.aws_ami.eks_worker_windows",
            "module.eks-jx.module.cluster.module.eks.data.aws_caller_identity.current",
            "module.eks-jx.module.cluster.module.eks.data.aws_iam_instance_profile.custom_worker_group_iam_instance_profile",
            "module.eks-jx.module.cluster.module.eks.data.aws_iam_instance_profile.custom_worker_group_launch_template_iam_instance_profile",
            "module.eks-jx.module.cluster.module.eks.data.aws_iam_policy_document.cluster_assume_role_policy",
            "module.eks-jx.module.cluster.module.eks.data.aws_iam_policy_document.workers_assume_role_policy",
            "module.eks-jx.module.cluster.module.eks.data.aws_iam_role.custom_cluster_iam_role",
            "module.eks-jx.module.cluster.module.eks.data.aws_partition.current",
            "module.eks-jx.module.cluster.module.eks.data.null_data_source.node_groups",
            "module.eks-jx.module.cluster.module.eks.data.template_file.launch_template_userdata",
            "module.eks-jx.module.cluster.module.eks.data.template_file.userdata",
            "module.eks-jx.module.cluster.module.eks.kubernetes_config_map.aws_auth",
            "module.eks-jx.module.cluster.module.eks.local_file.kubeconfig",
            "module.eks-jx.module.cluster.module.eks.module.node_groups.aws_eks_node_group.workers",
            "module.eks-jx.module.cluster.module.eks.module.node_groups.random_pet.node_groups",
            "module.eks-jx.module.cluster.module.eks.null_resource.wait_for_cluster",
            "module.eks-jx.module.cluster.module.eks.random_pet.workers",
            "module.eks-jx.module.cluster.module.eks.random_pet.workers_launch_template",
            "module.eks-jx.module.cluster.module.iam_assumable_role_controllerbuild.aws_iam_role.this",
            "module.eks-jx.module.cluster.module.iam_assumable_role_controllerbuild.data.aws_caller_identity.current",
            "module.eks-jx.module.cluster.module.iam_assumable_role_controllerbuild.data.aws_iam_policy_document.assume_role_with_oidc",
            "module.eks-jx.module.cluster.module.vpc.aws_subnet.private",
            "module.eks-jx.module.cluster.module.vpc.aws_subnet.public",
            "module.eks-jx.module.cluster.module.vpc.aws_vpc.this",
            "module.eks-jx.module.cluster.module.vpc.aws_vpc_ipv4_cidr_block_association.this",
            "module.eks-jx.module.cluster.null_resource.kubeconfig",
            "module.eks-jx.module.cluster.random_string.suffix",
            "module.eks-jx.random_pet.current"
          ]
        }
      ]
    },
    {
      "module": "module.eks-jx.module.cluster",
      "mode": "managed",
      "type": "kubernetes_service_account",
      "name": "tekton-bot",
      "provider": "module.eks-jx.module.cluster.provider[\"registry.terraform.io/hashicorp/kubernetes\"]",
      "instances": [
        {
          "index_key": 0,
          "schema_version": 0,
          "attributes": {
            "automount_service_account_token": true,
            "default_secret_name": "tekton-bot-token-d664t",
            "id": "jx/tekton-bot",
            "image_pull_secret": [],
            "metadata": [
              {
                "annotations": {
                  "eks.amazonaws.com/role-arn": "arn:aws:iam::621520006631:role/tf-capires-sa-role-tekton-bot-qxYUTiM6",
                  "jenkins.io/chart": "env"
                },
                "generate_name": "",
                "generation": 0,
                "labels": {
                  "jenkins.io/chart-release": "jenkins-x",
                  "jenkins.io/namespace": "jx",
                  "jenkins.io/version": "1"
                },
                "name": "tekton-bot",
                "namespace": "jx",
                "resource_version": "8505",
                "self_link": "/api/v1/namespaces/jx/serviceaccounts/tekton-bot",
                "uid": "ce11ba42-256c-4236-a1d7-453edbadc5f3"
              }
            ],
            "secret": [
              {
                "name": "knative-git-user-pass"
              }
            ],
            "timeouts": null
          },
          "private": "eyJlMmJmYjczMC1lY2FhLTExZTYtOGY4OC0zNDM2M2JjN2M0YzAiOnsiY3JlYXRlIjozMDAwMDAwMDAwMH19",
          "dependencies": [
            "module.eks-jx.module.cluster.data.aws_availability_zones.available",
            "module.eks-jx.module.cluster.data.aws_eks_cluster.cluster",
            "module.eks-jx.module.cluster.data.aws_eks_cluster_auth.cluster",
            "module.eks-jx.module.cluster.kubernetes_namespace.jx",
            "module.eks-jx.module.cluster.module.eks.aws_autoscaling_group.workers",
            "module.eks-jx.module.cluster.module.eks.aws_autoscaling_group.workers_launch_template",
            "module.eks-jx.module.cluster.module.eks.aws_cloudwatch_log_group.this",
            "module.eks-jx.module.cluster.module.eks.aws_eks_cluster.this",
            "module.eks-jx.module.cluster.module.eks.aws_iam_instance_profile.workers",
            "module.eks-jx.module.cluster.module.eks.aws_iam_instance_profile.workers_launch_template",
            "module.eks-jx.module.cluster.module.eks.aws_iam_openid_connect_provider.oidc_provider",
            "module.eks-jx.module.cluster.module.eks.aws_iam_role.cluster",
            "module.eks-jx.module.cluster.module.eks.aws_iam_role.workers",
            "module.eks-jx.module.cluster.module.eks.aws_iam_role_policy_attachment.cluster_AmazonEKSClusterPolicy",
            "module.eks-jx.module.cluster.module.eks.aws_iam_role_policy_attachment.cluster_AmazonEKSServicePolicy",
            "module.eks-jx.module.cluster.module.eks.aws_iam_role_policy_attachment.workers_AmazonEC2ContainerRegistryReadOnly",
            "module.eks-jx.module.cluster.module.eks.aws_iam_role_policy_attachment.workers_AmazonEKSWorkerNodePolicy",
            "module.eks-jx.module.cluster.module.eks.aws_iam_role_policy_attachment.workers_AmazonEKS_CNI_Policy",
            "module.eks-jx.module.cluster.module.eks.aws_iam_role_policy_attachment.workers_additional_policies",
            "module.eks-jx.module.cluster.module.eks.aws_launch_configuration.workers",
            "module.eks-jx.module.cluster.module.eks.aws_launch_template.workers_launch_template",
            "module.eks-jx.module.cluster.module.eks.aws_security_group.cluster",
            "module.eks-jx.module.cluster.module.eks.aws_security_group.workers",
            "module.eks-jx.module.cluster.module.eks.aws_security_group_rule.cluster_egress_internet",
            "module.eks-jx.module.cluster.module.eks.aws_security_group_rule.cluster_https_worker_ingress",
            "module.eks-jx.module.cluster.module.eks.aws_security_group_rule.cluster_primary_ingress_workers",
            "module.eks-jx.module.cluster.module.eks.aws_security_group_rule.cluster_private_access",
            "module.eks-jx.module.cluster.module.eks.aws_security_group_rule.workers_egress_internet",
            "module.eks-jx.module.cluster.module.eks.aws_security_group_rule.workers_ingress_cluster",
            "module.eks-jx.module.cluster.module.eks.aws_security_group_rule.workers_ingress_cluster_https",
            "module.eks-jx.module.cluster.module.eks.aws_security_group_rule.workers_ingress_cluster_kubelet",
            "module.eks-jx.module.cluster.module.eks.aws_security_group_rule.workers_ingress_cluster_primary",
            "module.eks-jx.module.cluster.module.eks.aws_security_group_rule.workers_ingress_self",
            "module.eks-jx.module.cluster.module.eks.data.aws_ami.eks_worker",
            "module.eks-jx.module.cluster.module.eks.data.aws_ami.eks_worker_windows",
            "module.eks-jx.module.cluster.module.eks.data.aws_caller_identity.current",
            "module.eks-jx.module.cluster.module.eks.data.aws_iam_instance_profile.custom_worker_group_iam_instance_profile",
            "module.eks-jx.module.cluster.module.eks.data.aws_iam_instance_profile.custom_worker_group_launch_template_iam_instance_profile",
            "module.eks-jx.module.cluster.module.eks.data.aws_iam_policy_document.cluster_assume_role_policy",
            "module.eks-jx.module.cluster.module.eks.data.aws_iam_policy_document.workers_assume_role_policy",
            "module.eks-jx.module.cluster.module.eks.data.aws_iam_role.custom_cluster_iam_role",
            "module.eks-jx.module.cluster.module.eks.data.aws_partition.current",
            "module.eks-jx.module.cluster.module.eks.data.null_data_source.node_groups",
            "module.eks-jx.module.cluster.module.eks.data.template_file.launch_template_userdata",
            "module.eks-jx.module.cluster.module.eks.data.template_file.userdata",
            "module.eks-jx.module.cluster.module.eks.kubernetes_config_map.aws_auth",
            "module.eks-jx.module.cluster.module.eks.local_file.kubeconfig",
            "module.eks-jx.module.cluster.module.eks.module.node_groups.aws_eks_node_group.workers",
            "module.eks-jx.module.cluster.module.eks.module.node_groups.random_pet.node_groups",
            "module.eks-jx.module.cluster.module.eks.null_resource.wait_for_cluster",
            "module.eks-jx.module.cluster.module.eks.random_pet.workers",
            "module.eks-jx.module.cluster.module.eks.random_pet.workers_launch_template",
            "module.eks-jx.module.cluster.module.iam_assumable_role_tekton_bot.aws_iam_role.this",
            "module.eks-jx.module.cluster.module.iam_assumable_role_tekton_bot.data.aws_caller_identity.current",
            "module.eks-jx.module.cluster.module.iam_assumable_role_tekton_bot.data.aws_iam_policy_document.assume_role_with_oidc",
            "module.eks-jx.module.cluster.module.vpc.aws_subnet.private",
            "module.eks-jx.module.cluster.module.vpc.aws_subnet.public",
            "module.eks-jx.module.cluster.module.vpc.aws_vpc.this",
            "module.eks-jx.module.cluster.module.vpc.aws_vpc_ipv4_cidr_block_association.this",
            "module.eks-jx.module.cluster.null_resource.kubeconfig",
            "module.eks-jx.module.cluster.random_string.suffix",
            "module.eks-jx.random_pet.current"
          ]
        }
      ]
    },
    {
      "module": "module.eks-jx.module.cluster",
      "mode": "managed",
      "type": "null_resource",
      "name": "kubeconfig",
      "provider": "provider[\"registry.terraform.io/hashicorp/null\"]",
      "instances": [
        {
          "schema_version": 0,
          "attributes": {
            "id": "1646602825833941640",
            "triggers": null
          },
          "dependencies": [
            "module.eks-jx.module.cluster.data.aws_availability_zones.available",
            "module.eks-jx.module.cluster.data.aws_eks_cluster.cluster",
            "module.eks-jx.module.cluster.data.aws_eks_cluster_auth.cluster",
            "module.eks-jx.module.cluster.module.eks.aws_autoscaling_group.workers",
            "module.eks-jx.module.cluster.module.eks.aws_autoscaling_group.workers_launch_template",
            "module.eks-jx.module.cluster.module.eks.aws_cloudwatch_log_group.this",
            "module.eks-jx.module.cluster.module.eks.aws_eks_cluster.this",
            "module.eks-jx.module.cluster.module.eks.aws_iam_instance_profile.workers",
            "module.eks-jx.module.cluster.module.eks.aws_iam_instance_profile.workers_launch_template",
            "module.eks-jx.module.cluster.module.eks.aws_iam_openid_connect_provider.oidc_provider",
            "module.eks-jx.module.cluster.module.eks.aws_iam_role.cluster",
            "module.eks-jx.module.cluster.module.eks.aws_iam_role.workers",
            "module.eks-jx.module.cluster.module.eks.aws_iam_role_policy_attachment.cluster_AmazonEKSClusterPolicy",
            "module.eks-jx.module.cluster.module.eks.aws_iam_role_policy_attachment.cluster_AmazonEKSServicePolicy",
            "module.eks-jx.module.cluster.module.eks.aws_iam_role_policy_attachment.workers_AmazonEC2ContainerRegistryReadOnly",
            "module.eks-jx.module.cluster.module.eks.aws_iam_role_policy_attachment.workers_AmazonEKSWorkerNodePolicy",
            "module.eks-jx.module.cluster.module.eks.aws_iam_role_policy_attachment.workers_AmazonEKS_CNI_Policy",
            "module.eks-jx.module.cluster.module.eks.aws_iam_role_policy_attachment.workers_additional_policies",
            "module.eks-jx.module.cluster.module.eks.aws_launch_configuration.workers",
            "module.eks-jx.module.cluster.module.eks.aws_launch_template.workers_launch_template",
            "module.eks-jx.module.cluster.module.eks.aws_security_group.cluster",
            "module.eks-jx.module.cluster.module.eks.aws_security_group.workers",
            "module.eks-jx.module.cluster.module.eks.aws_security_group_rule.cluster_egress_internet",
            "module.eks-jx.module.cluster.module.eks.aws_security_group_rule.cluster_https_worker_ingress",
            "module.eks-jx.module.cluster.module.eks.aws_security_group_rule.cluster_primary_ingress_workers",
            "module.eks-jx.module.cluster.module.eks.aws_security_group_rule.cluster_private_access",
            "module.eks-jx.module.cluster.module.eks.aws_security_group_rule.workers_egress_internet",
            "module.eks-jx.module.cluster.module.eks.aws_security_group_rule.workers_ingress_cluster",
            "module.eks-jx.module.cluster.module.eks.aws_security_group_rule.workers_ingress_cluster_https",
            "module.eks-jx.module.cluster.module.eks.aws_security_group_rule.workers_ingress_cluster_kubelet",
            "module.eks-jx.module.cluster.module.eks.aws_security_group_rule.workers_ingress_cluster_primary",
            "module.eks-jx.module.cluster.module.eks.aws_security_group_rule.workers_ingress_self",
            "module.eks-jx.module.cluster.module.eks.data.aws_ami.eks_worker",
            "module.eks-jx.module.cluster.module.eks.data.aws_ami.eks_worker_windows",
            "module.eks-jx.module.cluster.module.eks.data.aws_caller_identity.current",
            "module.eks-jx.module.cluster.module.eks.data.aws_iam_instance_profile.custom_worker_group_iam_instance_profile",
            "module.eks-jx.module.cluster.module.eks.data.aws_iam_instance_profile.custom_worker_group_launch_template_iam_instance_profile",
            "module.eks-jx.module.cluster.module.eks.data.aws_iam_policy_document.cluster_assume_role_policy",
            "module.eks-jx.module.cluster.module.eks.data.aws_iam_policy_document.workers_assume_role_policy",
            "module.eks-jx.module.cluster.module.eks.data.aws_iam_role.custom_cluster_iam_role",
            "module.eks-jx.module.cluster.module.eks.data.aws_partition.current",
            "module.eks-jx.module.cluster.module.eks.data.null_data_source.node_groups",
            "module.eks-jx.module.cluster.module.eks.data.template_file.launch_template_userdata",
            "module.eks-jx.module.cluster.module.eks.data.template_file.userdata",
            "module.eks-jx.module.cluster.module.eks.kubernetes_config_map.aws_auth",
            "module.eks-jx.module.cluster.module.eks.local_file.kubeconfig",
            "module.eks-jx.module.cluster.module.eks.module.node_groups.aws_eks_node_group.workers",
            "module.eks-jx.module.cluster.module.eks.module.node_groups.random_pet.node_groups",
            "module.eks-jx.module.cluster.module.eks.null_resource.wait_for_cluster",
            "module.eks-jx.module.cluster.module.eks.random_pet.workers",
            "module.eks-jx.module.cluster.module.eks.random_pet.workers_launch_template",
            "module.eks-jx.module.cluster.module.vpc.aws_subnet.private",
            "module.eks-jx.module.cluster.module.vpc.aws_subnet.public",
            "module.eks-jx.module.cluster.module.vpc.aws_vpc.this",
            "module.eks-jx.module.cluster.module.vpc.aws_vpc_ipv4_cidr_block_association.this",
            "module.eks-jx.random_pet.current"
          ]
        }
      ]
    },
    {
      "module": "module.eks-jx.module.cluster",
      "mode": "managed",
      "type": "random_string",
      "name": "suffix",
      "provider": "provider[\"registry.terraform.io/hashicorp/random\"]",
      "instances": [
        {
          "schema_version": 1,
          "attributes": {
            "id": "qxYUTiM6",
            "keepers": null,
            "length": 8,
            "lower": true,
            "min_lower": 0,
            "min_numeric": 0,
            "min_special": 0,
            "min_upper": 0,
            "number": true,
            "override_special": null,
            "result": "qxYUTiM6",
            "special": false,
            "upper": true
          },
          "private": "eyJzY2hlbWFfdmVyc2lvbiI6IjEifQ=="
        }
      ]
    },
    {
      "module": "module.eks-jx.module.cluster.module.eks",
      "mode": "data",
      "type": "aws_ami",
      "name": "eks_worker",
      "provider": "module.eks-jx.provider[\"registry.terraform.io/hashicorp/aws\"]",
      "instances": [
        {
          "schema_version": 0,
          "attributes": {
            "architecture": "x86_64",
            "arn": "arn:aws:ec2:us-east-1::image/ami-07250434f8a7bc5f1",
            "block_device_mappings": [
              {
                "device_name": "/dev/xvda",
                "ebs": {
                  "delete_on_termination": "true",
                  "encrypted": "false",
                  "iops": "0",
                  "snapshot_id": "snap-05cfbb82ee402f4a9",
                  "volume_size": "20",
                  "volume_type": "gp2"
                },
                "no_device": "",
                "virtual_name": ""
              }
            ],
            "creation_date": "2020-10-07T22:13:21.000Z",
            "description": "EKS Kubernetes Worker AMI with AmazonLinux2 image, (k8s: 1.17.11, docker:19.03.6ce-4.amzn2)",
            "executable_users": null,
            "filter": [
              {
                "name": "name",
                "values": [
                  "amazon-eks-node-1.17-v*"
                ]
              }
            ],
            "hypervisor": "xen",
            "id": "ami-07250434f8a7bc5f1",
            "image_id": "ami-07250434f8a7bc5f1",
            "image_location": "amazon/amazon-eks-node-1.17-v20201007",
            "image_owner_alias": "amazon",
            "image_type": "machine",
            "kernel_id": null,
            "most_recent": true,
            "name": "amazon-eks-node-1.17-v20201007",
            "name_regex": null,
            "owner_id": "602401143452",
            "owners": [
              "602401143452"
            ],
            "platform": null,
            "product_codes": [],
            "public": true,
            "ramdisk_id": null,
            "root_device_name": "/dev/xvda",
            "root_device_type": "ebs",
            "root_snapshot_id": "snap-05cfbb82ee402f4a9",
            "sriov_net_support": "simple",
            "state": "available",
            "state_reason": {
              "code": "UNSET",
              "message": "UNSET"
            },
            "tags": {},
            "virtualization_type": "hvm"
          }
        }
      ]
    },
    {
      "module": "module.eks-jx.module.cluster.module.eks",
      "mode": "data",
      "type": "aws_ami",
      "name": "eks_worker_windows",
      "provider": "module.eks-jx.provider[\"registry.terraform.io/hashicorp/aws\"]",
      "instances": [
        {
          "schema_version": 0,
          "attributes": {
            "architecture": "x86_64",
            "arn": "arn:aws:ec2:us-east-1::image/ami-0e74d304a57b5274f",
            "block_device_mappings": [
              {
                "device_name": "/dev/sda1",
                "ebs": {
                  "delete_on_termination": "true",
                  "encrypted": "false",
                  "iops": "0",
                  "snapshot_id": "snap-0de1db7b6a2609428",
                  "volume_size": "50",
                  "volume_type": "gp2"
                },
                "no_device": "",
                "virtual_name": ""
              },
              {
                "device_name": "xvdca",
                "ebs": {},
                "no_device": "",
                "virtual_name": "ephemeral0"
              },
              {
                "device_name": "xvdcb",
                "ebs": {},
                "no_device": "",
                "virtual_name": "ephemeral1"
              },
              {
                "device_name": "xvdcc",
                "ebs": {},
                "no_device": "",
                "virtual_name": "ephemeral2"
              },
              {
                "device_name": "xvdcd",
                "ebs": {},
                "no_device": "",
                "virtual_name": "ephemeral3"
              },
              {
                "device_name": "xvdce",
                "ebs": {},
                "no_device": "",
                "virtual_name": "ephemeral4"
              },
              {
                "device_name": "xvdcf",
                "ebs": {},
                "no_device": "",
                "virtual_name": "ephemeral5"
              },
              {
                "device_name": "xvdcg",
                "ebs": {},
                "no_device": "",
                "virtual_name": "ephemeral6"
              },
              {
                "device_name": "xvdch",
                "ebs": {},
                "no_device": "",
                "virtual_name": "ephemeral7"
              },
              {
                "device_name": "xvdci",
                "ebs": {},
                "no_device": "",
                "virtual_name": "ephemeral8"
              },
              {
                "device_name": "xvdcj",
                "ebs": {},
                "no_device": "",
                "virtual_name": "ephemeral9"
              },
              {
                "device_name": "xvdck",
                "ebs": {},
                "no_device": "",
                "virtual_name": "ephemeral10"
              },
              {
                "device_name": "xvdcl",
                "ebs": {},
                "no_device": "",
                "virtual_name": "ephemeral11"
              },
              {
                "device_name": "xvdcm",
                "ebs": {},
                "no_device": "",
                "virtual_name": "ephemeral12"
              },
              {
                "device_name": "xvdcn",
                "ebs": {},
                "no_device": "",
                "virtual_name": "ephemeral13"
              },
              {
                "device_name": "xvdco",
                "ebs": {},
                "no_device": "",
                "virtual_name": "ephemeral14"
              },
              {
                "device_name": "xvdcp",
                "ebs": {},
                "no_device": "",
                "virtual_name": "ephemeral15"
              },
              {
                "device_name": "xvdcq",
                "ebs": {},
                "no_device": "",
                "virtual_name": "ephemeral16"
              },
              {
                "device_name": "xvdcr",
                "ebs": {},
                "no_device": "",
                "virtual_name": "ephemeral17"
              },
              {
                "device_name": "xvdcs",
                "ebs": {},
                "no_device": "",
                "virtual_name": "ephemeral18"
              },
              {
                "device_name": "xvdct",
                "ebs": {},
                "no_device": "",
                "virtual_name": "ephemeral19"
              },
              {
                "device_name": "xvdcu",
                "ebs": {},
                "no_device": "",
                "virtual_name": "ephemeral20"
              },
              {
                "device_name": "xvdcv",
                "ebs": {},
                "no_device": "",
                "virtual_name": "ephemeral21"
              },
              {
                "device_name": "xvdcw",
                "ebs": {},
                "no_device": "",
                "virtual_name": "ephemeral22"
              },
              {
                "device_name": "xvdcx",
                "ebs": {},
                "no_device": "",
                "virtual_name": "ephemeral23"
              },
              {
                "device_name": "xvdcy",
                "ebs": {},
                "no_device": "",
                "virtual_name": "ephemeral24"
              },
              {
                "device_name": "xvdcz",
                "ebs": {},
                "no_device": "",
                "virtual_name": "ephemeral25"
              }
            ],
            "creation_date": "2020-09-09T06:01:47.000Z",
            "description": "Microsoft Windows Server 2019 Core optimized for EKS and provided by Amazon",
            "executable_users": null,
            "filter": [
              {
                "name": "name",
                "values": [
                  "Windows_Server-2019-English-Core-EKS_Optimized-1.17-*"
                ]
              },
              {
                "name": "platform",
                "values": [
                  "windows"
                ]
              }
            ],
            "hypervisor": "xen",
            "id": "ami-0e74d304a57b5274f",
            "image_id": "ami-0e74d304a57b5274f",
            "image_location": "amazon/Windows_Server-2019-English-Core-EKS_Optimized-1.17-2020.09.09",
            "image_owner_alias": "amazon",
            "image_type": "machine",
            "kernel_id": null,
            "most_recent": true,
            "name": "Windows_Server-2019-English-Core-EKS_Optimized-1.17-2020.09.09",
            "name_regex": null,
            "owner_id": "801119661308",
            "owners": [
              "801119661308"
            ],
            "platform": "windows",
            "product_codes": [],
            "public": true,
            "ramdisk_id": null,
            "root_device_name": "/dev/sda1",
            "root_device_type": "ebs",
            "root_snapshot_id": "snap-0de1db7b6a2609428",
            "sriov_net_support": "simple",
            "state": "available",
            "state_reason": {
              "code": "UNSET",
              "message": "UNSET"
            },
            "tags": {},
            "virtualization_type": "hvm"
          }
        }
      ]
    },
    {
      "module": "module.eks-jx.module.cluster.module.eks",
      "mode": "data",
      "type": "aws_caller_identity",
      "name": "current",
      "provider": "module.eks-jx.provider[\"registry.terraform.io/hashicorp/aws\"]",
      "instances": [
        {
          "schema_version": 0,
          "attributes": {
            "account_id": "621520006631",
            "arn": "arn:aws:iam::621520006631:user/Administrator",
            "id": "2020-10-29 11:04:27.888034 +0000 UTC",
            "user_id": "AIDAZBNL2VXTXHK42HACQ"
          }
        }
      ]
    },
    {
      "module": "module.eks-jx.module.cluster.module.eks",
      "mode": "data",
      "type": "aws_iam_policy_document",
      "name": "cluster_assume_role_policy",
      "provider": "module.eks-jx.provider[\"registry.terraform.io/hashicorp/aws\"]",
      "instances": [
        {
          "schema_version": 0,
          "attributes": {
            "id": "2764486067",
            "json": "{\n  \"Version\": \"2012-10-17\",\n  \"Statement\": [\n    {\n      \"Sid\": \"EKSClusterAssumeRole\",\n      \"Effect\": \"Allow\",\n      \"Action\": \"sts:AssumeRole\",\n      \"Principal\": {\n        \"Service\": \"eks.amazonaws.com\"\n      }\n    }\n  ]\n}",
            "override_json": null,
            "policy_id": null,
            "source_json": null,
            "statement": [
              {
                "actions": [
                  "sts:AssumeRole"
                ],
                "condition": [],
                "effect": "Allow",
                "not_actions": [],
                "not_principals": [],
                "not_resources": [],
                "principals": [
                  {
                    "identifiers": [
                      "eks.amazonaws.com"
                    ],
                    "type": "Service"
                  }
                ],
                "resources": [],
                "sid": "EKSClusterAssumeRole"
              }
            ],
            "version": "2012-10-17"
          }
        }
      ]
    },
    {
      "module": "module.eks-jx.module.cluster.module.eks",
      "mode": "data",
      "type": "aws_iam_policy_document",
      "name": "workers_assume_role_policy",
      "provider": "module.eks-jx.provider[\"registry.terraform.io/hashicorp/aws\"]",
      "instances": [
        {
          "schema_version": 0,
          "attributes": {
            "id": "3778018924",
            "json": "{\n  \"Version\": \"2012-10-17\",\n  \"Statement\": [\n    {\n      \"Sid\": \"EKSWorkerAssumeRole\",\n      \"Effect\": \"Allow\",\n      \"Action\": \"sts:AssumeRole\",\n      \"Principal\": {\n        \"Service\": \"ec2.amazonaws.com\"\n      }\n    }\n  ]\n}",
            "override_json": null,
            "policy_id": null,
            "source_json": null,
            "statement": [
              {
                "actions": [
                  "sts:AssumeRole"
                ],
                "condition": [],
                "effect": "Allow",
                "not_actions": [],
                "not_principals": [],
                "not_resources": [],
                "principals": [
                  {
                    "identifiers": [
                      "ec2.amazonaws.com"
                    ],
                    "type": "Service"
                  }
                ],
                "resources": [],
                "sid": "EKSWorkerAssumeRole"
              }
            ],
            "version": "2012-10-17"
          }
        }
      ]
    },
    {
      "module": "module.eks-jx.module.cluster.module.eks",
      "mode": "data",
      "type": "aws_partition",
      "name": "current",
      "provider": "module.eks-jx.provider[\"registry.terraform.io/hashicorp/aws\"]",
      "instances": [
        {
          "schema_version": 0,
          "attributes": {
            "dns_suffix": "amazonaws.com",
            "id": "aws",
            "partition": "aws"
          }
        }
      ]
    },
    {
      "module": "module.eks-jx.module.cluster.module.eks",
      "mode": "data",
      "type": "null_data_source",
      "name": "node_groups",
      "provider": "provider[\"registry.terraform.io/hashicorp/null\"]",
      "instances": [
        {
          "index_key": 0,
          "schema_version": 0,
          "attributes": {
            "has_computed_default": "default",
            "id": "static",
            "inputs": {
              "aws_auth": "kube-system/aws-auth",
              "cluster_name": "capires",
              "role_CNI_Policy": "capires2020102910215403610000000e-20201029102156936300000014",
              "role_Container": "capires2020102910215403610000000e-20201029102157109300000017",
              "role_NodePolicy": "capires2020102910215403610000000e-20201029102156991700000016"
            },
            "outputs": {
              "aws_auth": "kube-system/aws-auth",
              "cluster_name": "capires",
              "role_CNI_Policy": "capires2020102910215403610000000e-20201029102156936300000014",
              "role_Container": "capires2020102910215403610000000e-20201029102157109300000017",
              "role_NodePolicy": "capires2020102910215403610000000e-20201029102156991700000016"
            },
            "random": "4805065239837153893"
          }
        }
      ]
    },
    {
      "module": "module.eks-jx.module.cluster.module.eks",
      "mode": "data",
      "type": "template_file",
      "name": "launch_template_userdata",
      "provider": "provider[\"registry.terraform.io/hashicorp/template\"]",
      "instances": [
        {
          "index_key": 0,
          "schema_version": 0,
          "attributes": {
            "filename": null,
            "id": "5c00f7dff9997ce65a85e0e5dd14ab4b2d4988fec1f71363031ad09f36fc7cf8",
            "rendered": "#!/bin/bash -xe\n\n# Allow user supplied pre userdata code\n\n\n# Bootstrap and join the cluster\n/etc/eks/bootstrap.sh --b64-cluster-ca 'LS0tLS1CRUdJTiBDRVJUSUZJQ0FURS0tLS0tCk1JSUN5RENDQWJDZ0F3SUJBZ0lCQURBTkJna3Foa2lHOXcwQkFRc0ZBREFWTVJNd0VRWURWUVFERXdwcmRXSmwKY201bGRHVnpNQjRYRFRJd01UQXlPVEV3TVRnd05Wb1hEVE13TVRBeU56RXdNVGd3TlZvd0ZURVRNQkVHQTFVRQpBeE1LYTNWaVpYSnVaWFJsY3pDQ0FTSXdEUVlKS29aSWh2Y05BUUVCQlFBRGdnRVBBRENDQVFvQ2dnRUJBTFBkCmgxY2FWb21GMDdhSEoxUU5FOTVkblRlL2xLSlRCMk1iUUljQXFwSXF5NEZEcFRhQ1hMeFZnT1VyN0xIN2pIYmcKd0VsaFV4blRGUVo1TFpCVzVkcmx3VzdvNHhWd3RUZWY4R2dMcERMUEhiMzVqNGM4RjU3LzBGUDlqMEdLMENFZgptWERiSlJjWDNRcGRIQ2lqS25xT2xicGJIemtsM1JaZVphdG5leWxUdkYrelYrNE9WemY2M2NlM05yNVZLTDVoCkx4a1ljUWxDRDJxY2FkMHZhcnkrVmlKMVlkQ082YUh5RWNHdlJJMkRLa2syeE82NlhiVXh2diswVXRSUDNEaloKMFI0dnZhNTl5RzVabDU5MndjNk5LcnRLMWI4aTRLYWZvSS9qbE1OdjNEbW1CRk5SdWdLWE14Z2JSVFlqekJxaApaQXF6WHBMYitnM09QZUo4RkdrQ0F3RUFBYU1qTUNFd0RnWURWUjBQQVFIL0JBUURBZ0trTUE4R0ExVWRFd0VCCi93UUZNQU1CQWY4d0RRWUpLb1pJaHZjTkFRRUxCUUFEZ2dFQkFDQTYzU09ZOTVrK3BpK0kzbG5kMHo0OWF2cGwKODcrL0hLSmRzaFFDUzUraHBEUUV3SENEenpYSFJzTWV3YUZ6Q2VJTTRPalRnRHF4R2NTR0ZZdmkxbnNzOGtlQgovZW9wdzFtMnJpVWlJeFdvcDF6bmk4VXFHSzVoelNsQWgyWjRYTFhuakFkdEF0QlJ4eFJ5SmozcVZjZzJqTk9DCnpYZkUyM3BhS1hLVjNVdVZxd1U4NUJVYlZDRHhmdmNvUG8rYUQ3UUhYUGl5TkxXdkRXUm1NTjFkSm94M3NLVGIKRlQ0cVNweTFHTldtb1Y3NU5QK2xqRGs1NUR5dUsrQlpXTlFROC93Rkk3cHlkU2s0OE5JU1RRUEtMNE51dUJ2QQprTmFrTmlCWnh4dmY4dUhLcG9RMk1wU0FXS0UvUzRJakN5QXppWURVNy9ib2VRSDBlTHZIdmlUK241ST0KLS0tLS1FTkQgQ0VSVElGSUNBVEUtLS0tLQo=' --apiserver-endpoint 'https://552D7E72A668FA4D2ACD29C13EA28221.gr7.us-east-1.eks.amazonaws.com'  --kubelet-extra-args \"\" 'capires'\n\n# Allow user supplied userdata code\n\n",
            "template": "#!/bin/bash -xe\n\n# Allow user supplied pre userdata code\n${pre_userdata}\n\n# Bootstrap and join the cluster\n/etc/eks/bootstrap.sh --b64-cluster-ca '${cluster_auth_base64}' --apiserver-endpoint '${endpoint}' ${bootstrap_extra_args} --kubelet-extra-args \"${kubelet_extra_args}\" '${cluster_name}'\n\n# Allow user supplied userdata code\n${additional_userdata}\n",
            "vars": {
              "additional_userdata": "",
              "bootstrap_extra_args": "",
              "cluster_auth_base64": "LS0tLS1CRUdJTiBDRVJUSUZJQ0FURS0tLS0tCk1JSUN5RENDQWJDZ0F3SUJBZ0lCQURBTkJna3Foa2lHOXcwQkFRc0ZBREFWTVJNd0VRWURWUVFERXdwcmRXSmwKY201bGRHVnpNQjRYRFRJd01UQXlPVEV3TVRnd05Wb1hEVE13TVRBeU56RXdNVGd3TlZvd0ZURVRNQkVHQTFVRQpBeE1LYTNWaVpYSnVaWFJsY3pDQ0FTSXdEUVlKS29aSWh2Y05BUUVCQlFBRGdnRVBBRENDQVFvQ2dnRUJBTFBkCmgxY2FWb21GMDdhSEoxUU5FOTVkblRlL2xLSlRCMk1iUUljQXFwSXF5NEZEcFRhQ1hMeFZnT1VyN0xIN2pIYmcKd0VsaFV4blRGUVo1TFpCVzVkcmx3VzdvNHhWd3RUZWY4R2dMcERMUEhiMzVqNGM4RjU3LzBGUDlqMEdLMENFZgptWERiSlJjWDNRcGRIQ2lqS25xT2xicGJIemtsM1JaZVphdG5leWxUdkYrelYrNE9WemY2M2NlM05yNVZLTDVoCkx4a1ljUWxDRDJxY2FkMHZhcnkrVmlKMVlkQ082YUh5RWNHdlJJMkRLa2syeE82NlhiVXh2diswVXRSUDNEaloKMFI0dnZhNTl5RzVabDU5MndjNk5LcnRLMWI4aTRLYWZvSS9qbE1OdjNEbW1CRk5SdWdLWE14Z2JSVFlqekJxaApaQXF6WHBMYitnM09QZUo4RkdrQ0F3RUFBYU1qTUNFd0RnWURWUjBQQVFIL0JBUURBZ0trTUE4R0ExVWRFd0VCCi93UUZNQU1CQWY4d0RRWUpLb1pJaHZjTkFRRUxCUUFEZ2dFQkFDQTYzU09ZOTVrK3BpK0kzbG5kMHo0OWF2cGwKODcrL0hLSmRzaFFDUzUraHBEUUV3SENEenpYSFJzTWV3YUZ6Q2VJTTRPalRnRHF4R2NTR0ZZdmkxbnNzOGtlQgovZW9wdzFtMnJpVWlJeFdvcDF6bmk4VXFHSzVoelNsQWgyWjRYTFhuakFkdEF0QlJ4eFJ5SmozcVZjZzJqTk9DCnpYZkUyM3BhS1hLVjNVdVZxd1U4NUJVYlZDRHhmdmNvUG8rYUQ3UUhYUGl5TkxXdkRXUm1NTjFkSm94M3NLVGIKRlQ0cVNweTFHTldtb1Y3NU5QK2xqRGs1NUR5dUsrQlpXTlFROC93Rkk3cHlkU2s0OE5JU1RRUEtMNE51dUJ2QQprTmFrTmlCWnh4dmY4dUhLcG9RMk1wU0FXS0UvUzRJakN5QXppWURVNy9ib2VRSDBlTHZIdmlUK241ST0KLS0tLS1FTkQgQ0VSVElGSUNBVEUtLS0tLQo=",
              "cluster_name": "capires",
              "endpoint": "https://552D7E72A668FA4D2ACD29C13EA28221.gr7.us-east-1.eks.amazonaws.com",
              "kubelet_extra_args": "",
              "platform": "linux",
              "pre_userdata": ""
            }
          }
        },
        {
          "index_key": 1,
          "schema_version": 0,
          "attributes": {
            "filename": null,
            "id": "5c00f7dff9997ce65a85e0e5dd14ab4b2d4988fec1f71363031ad09f36fc7cf8",
            "rendered": "#!/bin/bash -xe\n\n# Allow user supplied pre userdata code\n\n\n# Bootstrap and join the cluster\n/etc/eks/bootstrap.sh --b64-cluster-ca 'LS0tLS1CRUdJTiBDRVJUSUZJQ0FURS0tLS0tCk1JSUN5RENDQWJDZ0F3SUJBZ0lCQURBTkJna3Foa2lHOXcwQkFRc0ZBREFWTVJNd0VRWURWUVFERXdwcmRXSmwKY201bGRHVnpNQjRYRFRJd01UQXlPVEV3TVRnd05Wb1hEVE13TVRBeU56RXdNVGd3TlZvd0ZURVRNQkVHQTFVRQpBeE1LYTNWaVpYSnVaWFJsY3pDQ0FTSXdEUVlKS29aSWh2Y05BUUVCQlFBRGdnRVBBRENDQVFvQ2dnRUJBTFBkCmgxY2FWb21GMDdhSEoxUU5FOTVkblRlL2xLSlRCMk1iUUljQXFwSXF5NEZEcFRhQ1hMeFZnT1VyN0xIN2pIYmcKd0VsaFV4blRGUVo1TFpCVzVkcmx3VzdvNHhWd3RUZWY4R2dMcERMUEhiMzVqNGM4RjU3LzBGUDlqMEdLMENFZgptWERiSlJjWDNRcGRIQ2lqS25xT2xicGJIemtsM1JaZVphdG5leWxUdkYrelYrNE9WemY2M2NlM05yNVZLTDVoCkx4a1ljUWxDRDJxY2FkMHZhcnkrVmlKMVlkQ082YUh5RWNHdlJJMkRLa2syeE82NlhiVXh2diswVXRSUDNEaloKMFI0dnZhNTl5RzVabDU5MndjNk5LcnRLMWI4aTRLYWZvSS9qbE1OdjNEbW1CRk5SdWdLWE14Z2JSVFlqekJxaApaQXF6WHBMYitnM09QZUo4RkdrQ0F3RUFBYU1qTUNFd0RnWURWUjBQQVFIL0JBUURBZ0trTUE4R0ExVWRFd0VCCi93UUZNQU1CQWY4d0RRWUpLb1pJaHZjTkFRRUxCUUFEZ2dFQkFDQTYzU09ZOTVrK3BpK0kzbG5kMHo0OWF2cGwKODcrL0hLSmRzaFFDUzUraHBEUUV3SENEenpYSFJzTWV3YUZ6Q2VJTTRPalRnRHF4R2NTR0ZZdmkxbnNzOGtlQgovZW9wdzFtMnJpVWlJeFdvcDF6bmk4VXFHSzVoelNsQWgyWjRYTFhuakFkdEF0QlJ4eFJ5SmozcVZjZzJqTk9DCnpYZkUyM3BhS1hLVjNVdVZxd1U4NUJVYlZDRHhmdmNvUG8rYUQ3UUhYUGl5TkxXdkRXUm1NTjFkSm94M3NLVGIKRlQ0cVNweTFHTldtb1Y3NU5QK2xqRGs1NUR5dUsrQlpXTlFROC93Rkk3cHlkU2s0OE5JU1RRUEtMNE51dUJ2QQprTmFrTmlCWnh4dmY4dUhLcG9RMk1wU0FXS0UvUzRJakN5QXppWURVNy9ib2VRSDBlTHZIdmlUK241ST0KLS0tLS1FTkQgQ0VSVElGSUNBVEUtLS0tLQo=' --apiserver-endpoint 'https://552D7E72A668FA4D2ACD29C13EA28221.gr7.us-east-1.eks.amazonaws.com'  --kubelet-extra-args \"\" 'capires'\n\n# Allow user supplied userdata code\n\n",
            "template": "#!/bin/bash -xe\n\n# Allow user supplied pre userdata code\n${pre_userdata}\n\n# Bootstrap and join the cluster\n/etc/eks/bootstrap.sh --b64-cluster-ca '${cluster_auth_base64}' --apiserver-endpoint '${endpoint}' ${bootstrap_extra_args} --kubelet-extra-args \"${kubelet_extra_args}\" '${cluster_name}'\n\n# Allow user supplied userdata code\n${additional_userdata}\n",
            "vars": {
              "additional_userdata": "",
              "bootstrap_extra_args": "",
              "cluster_auth_base64": "LS0tLS1CRUdJTiBDRVJUSUZJQ0FURS0tLS0tCk1JSUN5RENDQWJDZ0F3SUJBZ0lCQURBTkJna3Foa2lHOXcwQkFRc0ZBREFWTVJNd0VRWURWUVFERXdwcmRXSmwKY201bGRHVnpNQjRYRFRJd01UQXlPVEV3TVRnd05Wb1hEVE13TVRBeU56RXdNVGd3TlZvd0ZURVRNQkVHQTFVRQpBeE1LYTNWaVpYSnVaWFJsY3pDQ0FTSXdEUVlKS29aSWh2Y05BUUVCQlFBRGdnRVBBRENDQVFvQ2dnRUJBTFBkCmgxY2FWb21GMDdhSEoxUU5FOTVkblRlL2xLSlRCMk1iUUljQXFwSXF5NEZEcFRhQ1hMeFZnT1VyN0xIN2pIYmcKd0VsaFV4blRGUVo1TFpCVzVkcmx3VzdvNHhWd3RUZWY4R2dMcERMUEhiMzVqNGM4RjU3LzBGUDlqMEdLMENFZgptWERiSlJjWDNRcGRIQ2lqS25xT2xicGJIemtsM1JaZVphdG5leWxUdkYrelYrNE9WemY2M2NlM05yNVZLTDVoCkx4a1ljUWxDRDJxY2FkMHZhcnkrVmlKMVlkQ082YUh5RWNHdlJJMkRLa2syeE82NlhiVXh2diswVXRSUDNEaloKMFI0dnZhNTl5RzVabDU5MndjNk5LcnRLMWI4aTRLYWZvSS9qbE1OdjNEbW1CRk5SdWdLWE14Z2JSVFlqekJxaApaQXF6WHBMYitnM09QZUo4RkdrQ0F3RUFBYU1qTUNFd0RnWURWUjBQQVFIL0JBUURBZ0trTUE4R0ExVWRFd0VCCi93UUZNQU1CQWY4d0RRWUpLb1pJaHZjTkFRRUxCUUFEZ2dFQkFDQTYzU09ZOTVrK3BpK0kzbG5kMHo0OWF2cGwKODcrL0hLSmRzaFFDUzUraHBEUUV3SENEenpYSFJzTWV3YUZ6Q2VJTTRPalRnRHF4R2NTR0ZZdmkxbnNzOGtlQgovZW9wdzFtMnJpVWlJeFdvcDF6bmk4VXFHSzVoelNsQWgyWjRYTFhuakFkdEF0QlJ4eFJ5SmozcVZjZzJqTk9DCnpYZkUyM3BhS1hLVjNVdVZxd1U4NUJVYlZDRHhmdmNvUG8rYUQ3UUhYUGl5TkxXdkRXUm1NTjFkSm94M3NLVGIKRlQ0cVNweTFHTldtb1Y3NU5QK2xqRGs1NUR5dUsrQlpXTlFROC93Rkk3cHlkU2s0OE5JU1RRUEtMNE51dUJ2QQprTmFrTmlCWnh4dmY4dUhLcG9RMk1wU0FXS0UvUzRJakN5QXppWURVNy9ib2VRSDBlTHZIdmlUK241ST0KLS0tLS1FTkQgQ0VSVElGSUNBVEUtLS0tLQo=",
              "cluster_name": "capires",
              "endpoint": "https://552D7E72A668FA4D2ACD29C13EA28221.gr7.us-east-1.eks.amazonaws.com",
              "kubelet_extra_args": "",
              "platform": "linux",
              "pre_userdata": ""
            }
          }
        },
        {
          "index_key": 2,
          "schema_version": 0,
          "attributes": {
            "filename": null,
            "id": "5c00f7dff9997ce65a85e0e5dd14ab4b2d4988fec1f71363031ad09f36fc7cf8",
            "rendered": "#!/bin/bash -xe\n\n# Allow user supplied pre userdata code\n\n\n# Bootstrap and join the cluster\n/etc/eks/bootstrap.sh --b64-cluster-ca 'LS0tLS1CRUdJTiBDRVJUSUZJQ0FURS0tLS0tCk1JSUN5RENDQWJDZ0F3SUJBZ0lCQURBTkJna3Foa2lHOXcwQkFRc0ZBREFWTVJNd0VRWURWUVFERXdwcmRXSmwKY201bGRHVnpNQjRYRFRJd01UQXlPVEV3TVRnd05Wb1hEVE13TVRBeU56RXdNVGd3TlZvd0ZURVRNQkVHQTFVRQpBeE1LYTNWaVpYSnVaWFJsY3pDQ0FTSXdEUVlKS29aSWh2Y05BUUVCQlFBRGdnRVBBRENDQVFvQ2dnRUJBTFBkCmgxY2FWb21GMDdhSEoxUU5FOTVkblRlL2xLSlRCMk1iUUljQXFwSXF5NEZEcFRhQ1hMeFZnT1VyN0xIN2pIYmcKd0VsaFV4blRGUVo1TFpCVzVkcmx3VzdvNHhWd3RUZWY4R2dMcERMUEhiMzVqNGM4RjU3LzBGUDlqMEdLMENFZgptWERiSlJjWDNRcGRIQ2lqS25xT2xicGJIemtsM1JaZVphdG5leWxUdkYrelYrNE9WemY2M2NlM05yNVZLTDVoCkx4a1ljUWxDRDJxY2FkMHZhcnkrVmlKMVlkQ082YUh5RWNHdlJJMkRLa2syeE82NlhiVXh2diswVXRSUDNEaloKMFI0dnZhNTl5RzVabDU5MndjNk5LcnRLMWI4aTRLYWZvSS9qbE1OdjNEbW1CRk5SdWdLWE14Z2JSVFlqekJxaApaQXF6WHBMYitnM09QZUo4RkdrQ0F3RUFBYU1qTUNFd0RnWURWUjBQQVFIL0JBUURBZ0trTUE4R0ExVWRFd0VCCi93UUZNQU1CQWY4d0RRWUpLb1pJaHZjTkFRRUxCUUFEZ2dFQkFDQTYzU09ZOTVrK3BpK0kzbG5kMHo0OWF2cGwKODcrL0hLSmRzaFFDUzUraHBEUUV3SENEenpYSFJzTWV3YUZ6Q2VJTTRPalRnRHF4R2NTR0ZZdmkxbnNzOGtlQgovZW9wdzFtMnJpVWlJeFdvcDF6bmk4VXFHSzVoelNsQWgyWjRYTFhuakFkdEF0QlJ4eFJ5SmozcVZjZzJqTk9DCnpYZkUyM3BhS1hLVjNVdVZxd1U4NUJVYlZDRHhmdmNvUG8rYUQ3UUhYUGl5TkxXdkRXUm1NTjFkSm94M3NLVGIKRlQ0cVNweTFHTldtb1Y3NU5QK2xqRGs1NUR5dUsrQlpXTlFROC93Rkk3cHlkU2s0OE5JU1RRUEtMNE51dUJ2QQprTmFrTmlCWnh4dmY4dUhLcG9RMk1wU0FXS0UvUzRJakN5QXppWURVNy9ib2VRSDBlTHZIdmlUK241ST0KLS0tLS1FTkQgQ0VSVElGSUNBVEUtLS0tLQo=' --apiserver-endpoint 'https://552D7E72A668FA4D2ACD29C13EA28221.gr7.us-east-1.eks.amazonaws.com'  --kubelet-extra-args \"\" 'capires'\n\n# Allow user supplied userdata code\n\n",
            "template": "#!/bin/bash -xe\n\n# Allow user supplied pre userdata code\n${pre_userdata}\n\n# Bootstrap and join the cluster\n/etc/eks/bootstrap.sh --b64-cluster-ca '${cluster_auth_base64}' --apiserver-endpoint '${endpoint}' ${bootstrap_extra_args} --kubelet-extra-args \"${kubelet_extra_args}\" '${cluster_name}'\n\n# Allow user supplied userdata code\n${additional_userdata}\n",
            "vars": {
              "additional_userdata": "",
              "bootstrap_extra_args": "",
              "cluster_auth_base64": "LS0tLS1CRUdJTiBDRVJUSUZJQ0FURS0tLS0tCk1JSUN5RENDQWJDZ0F3SUJBZ0lCQURBTkJna3Foa2lHOXcwQkFRc0ZBREFWTVJNd0VRWURWUVFERXdwcmRXSmwKY201bGRHVnpNQjRYRFRJd01UQXlPVEV3TVRnd05Wb1hEVE13TVRBeU56RXdNVGd3TlZvd0ZURVRNQkVHQTFVRQpBeE1LYTNWaVpYSnVaWFJsY3pDQ0FTSXdEUVlKS29aSWh2Y05BUUVCQlFBRGdnRVBBRENDQVFvQ2dnRUJBTFBkCmgxY2FWb21GMDdhSEoxUU5FOTVkblRlL2xLSlRCMk1iUUljQXFwSXF5NEZEcFRhQ1hMeFZnT1VyN0xIN2pIYmcKd0VsaFV4blRGUVo1TFpCVzVkcmx3VzdvNHhWd3RUZWY4R2dMcERMUEhiMzVqNGM4RjU3LzBGUDlqMEdLMENFZgptWERiSlJjWDNRcGRIQ2lqS25xT2xicGJIemtsM1JaZVphdG5leWxUdkYrelYrNE9WemY2M2NlM05yNVZLTDVoCkx4a1ljUWxDRDJxY2FkMHZhcnkrVmlKMVlkQ082YUh5RWNHdlJJMkRLa2syeE82NlhiVXh2diswVXRSUDNEaloKMFI0dnZhNTl5RzVabDU5MndjNk5LcnRLMWI4aTRLYWZvSS9qbE1OdjNEbW1CRk5SdWdLWE14Z2JSVFlqekJxaApaQXF6WHBMYitnM09QZUo4RkdrQ0F3RUFBYU1qTUNFd0RnWURWUjBQQVFIL0JBUURBZ0trTUE4R0ExVWRFd0VCCi93UUZNQU1CQWY4d0RRWUpLb1pJaHZjTkFRRUxCUUFEZ2dFQkFDQTYzU09ZOTVrK3BpK0kzbG5kMHo0OWF2cGwKODcrL0hLSmRzaFFDUzUraHBEUUV3SENEenpYSFJzTWV3YUZ6Q2VJTTRPalRnRHF4R2NTR0ZZdmkxbnNzOGtlQgovZW9wdzFtMnJpVWlJeFdvcDF6bmk4VXFHSzVoelNsQWgyWjRYTFhuakFkdEF0QlJ4eFJ5SmozcVZjZzJqTk9DCnpYZkUyM3BhS1hLVjNVdVZxd1U4NUJVYlZDRHhmdmNvUG8rYUQ3UUhYUGl5TkxXdkRXUm1NTjFkSm94M3NLVGIKRlQ0cVNweTFHTldtb1Y3NU5QK2xqRGs1NUR5dUsrQlpXTlFROC93Rkk3cHlkU2s0OE5JU1RRUEtMNE51dUJ2QQprTmFrTmlCWnh4dmY4dUhLcG9RMk1wU0FXS0UvUzRJakN5QXppWURVNy9ib2VRSDBlTHZIdmlUK241ST0KLS0tLS1FTkQgQ0VSVElGSUNBVEUtLS0tLQo=",
              "cluster_name": "capires",
              "endpoint": "https://552D7E72A668FA4D2ACD29C13EA28221.gr7.us-east-1.eks.amazonaws.com",
              "kubelet_extra_args": "",
              "platform": "linux",
              "pre_userdata": ""
            }
          }
        }
      ]
    },
    {
      "module": "module.eks-jx.module.cluster.module.eks",
      "mode": "data",
      "type": "template_file",
      "name": "userdata",
      "provider": "provider[\"registry.terraform.io/hashicorp/template\"]",
      "instances": [
        {
          "index_key": 0,
          "schema_version": 0,
          "attributes": {
            "filename": null,
            "id": "5c00f7dff9997ce65a85e0e5dd14ab4b2d4988fec1f71363031ad09f36fc7cf8",
            "rendered": "#!/bin/bash -xe\n\n# Allow user supplied pre userdata code\n\n\n# Bootstrap and join the cluster\n/etc/eks/bootstrap.sh --b64-cluster-ca 'LS0tLS1CRUdJTiBDRVJUSUZJQ0FURS0tLS0tCk1JSUN5RENDQWJDZ0F3SUJBZ0lCQURBTkJna3Foa2lHOXcwQkFRc0ZBREFWTVJNd0VRWURWUVFERXdwcmRXSmwKY201bGRHVnpNQjRYRFRJd01UQXlPVEV3TVRnd05Wb1hEVE13TVRBeU56RXdNVGd3TlZvd0ZURVRNQkVHQTFVRQpBeE1LYTNWaVpYSnVaWFJsY3pDQ0FTSXdEUVlKS29aSWh2Y05BUUVCQlFBRGdnRVBBRENDQVFvQ2dnRUJBTFBkCmgxY2FWb21GMDdhSEoxUU5FOTVkblRlL2xLSlRCMk1iUUljQXFwSXF5NEZEcFRhQ1hMeFZnT1VyN0xIN2pIYmcKd0VsaFV4blRGUVo1TFpCVzVkcmx3VzdvNHhWd3RUZWY4R2dMcERMUEhiMzVqNGM4RjU3LzBGUDlqMEdLMENFZgptWERiSlJjWDNRcGRIQ2lqS25xT2xicGJIemtsM1JaZVphdG5leWxUdkYrelYrNE9WemY2M2NlM05yNVZLTDVoCkx4a1ljUWxDRDJxY2FkMHZhcnkrVmlKMVlkQ082YUh5RWNHdlJJMkRLa2syeE82NlhiVXh2diswVXRSUDNEaloKMFI0dnZhNTl5RzVabDU5MndjNk5LcnRLMWI4aTRLYWZvSS9qbE1OdjNEbW1CRk5SdWdLWE14Z2JSVFlqekJxaApaQXF6WHBMYitnM09QZUo4RkdrQ0F3RUFBYU1qTUNFd0RnWURWUjBQQVFIL0JBUURBZ0trTUE4R0ExVWRFd0VCCi93UUZNQU1CQWY4d0RRWUpLb1pJaHZjTkFRRUxCUUFEZ2dFQkFDQTYzU09ZOTVrK3BpK0kzbG5kMHo0OWF2cGwKODcrL0hLSmRzaFFDUzUraHBEUUV3SENEenpYSFJzTWV3YUZ6Q2VJTTRPalRnRHF4R2NTR0ZZdmkxbnNzOGtlQgovZW9wdzFtMnJpVWlJeFdvcDF6bmk4VXFHSzVoelNsQWgyWjRYTFhuakFkdEF0QlJ4eFJ5SmozcVZjZzJqTk9DCnpYZkUyM3BhS1hLVjNVdVZxd1U4NUJVYlZDRHhmdmNvUG8rYUQ3UUhYUGl5TkxXdkRXUm1NTjFkSm94M3NLVGIKRlQ0cVNweTFHTldtb1Y3NU5QK2xqRGs1NUR5dUsrQlpXTlFROC93Rkk3cHlkU2s0OE5JU1RRUEtMNE51dUJ2QQprTmFrTmlCWnh4dmY4dUhLcG9RMk1wU0FXS0UvUzRJakN5QXppWURVNy9ib2VRSDBlTHZIdmlUK241ST0KLS0tLS1FTkQgQ0VSVElGSUNBVEUtLS0tLQo=' --apiserver-endpoint 'https://552D7E72A668FA4D2ACD29C13EA28221.gr7.us-east-1.eks.amazonaws.com'  --kubelet-extra-args \"\" 'capires'\n\n# Allow user supplied userdata code\n\n",
            "template": "#!/bin/bash -xe\n\n# Allow user supplied pre userdata code\n${pre_userdata}\n\n# Bootstrap and join the cluster\n/etc/eks/bootstrap.sh --b64-cluster-ca '${cluster_auth_base64}' --apiserver-endpoint '${endpoint}' ${bootstrap_extra_args} --kubelet-extra-args \"${kubelet_extra_args}\" '${cluster_name}'\n\n# Allow user supplied userdata code\n${additional_userdata}\n",
            "vars": {
              "additional_userdata": "",
              "bootstrap_extra_args": "",
              "cluster_auth_base64": "LS0tLS1CRUdJTiBDRVJUSUZJQ0FURS0tLS0tCk1JSUN5RENDQWJDZ0F3SUJBZ0lCQURBTkJna3Foa2lHOXcwQkFRc0ZBREFWTVJNd0VRWURWUVFERXdwcmRXSmwKY201bGRHVnpNQjRYRFRJd01UQXlPVEV3TVRnd05Wb1hEVE13TVRBeU56RXdNVGd3TlZvd0ZURVRNQkVHQTFVRQpBeE1LYTNWaVpYSnVaWFJsY3pDQ0FTSXdEUVlKS29aSWh2Y05BUUVCQlFBRGdnRVBBRENDQVFvQ2dnRUJBTFBkCmgxY2FWb21GMDdhSEoxUU5FOTVkblRlL2xLSlRCMk1iUUljQXFwSXF5NEZEcFRhQ1hMeFZnT1VyN0xIN2pIYmcKd0VsaFV4blRGUVo1TFpCVzVkcmx3VzdvNHhWd3RUZWY4R2dMcERMUEhiMzVqNGM4RjU3LzBGUDlqMEdLMENFZgptWERiSlJjWDNRcGRIQ2lqS25xT2xicGJIemtsM1JaZVphdG5leWxUdkYrelYrNE9WemY2M2NlM05yNVZLTDVoCkx4a1ljUWxDRDJxY2FkMHZhcnkrVmlKMVlkQ082YUh5RWNHdlJJMkRLa2syeE82NlhiVXh2diswVXRSUDNEaloKMFI0dnZhNTl5RzVabDU5MndjNk5LcnRLMWI4aTRLYWZvSS9qbE1OdjNEbW1CRk5SdWdLWE14Z2JSVFlqekJxaApaQXF6WHBMYitnM09QZUo4RkdrQ0F3RUFBYU1qTUNFd0RnWURWUjBQQVFIL0JBUURBZ0trTUE4R0ExVWRFd0VCCi93UUZNQU1CQWY4d0RRWUpLb1pJaHZjTkFRRUxCUUFEZ2dFQkFDQTYzU09ZOTVrK3BpK0kzbG5kMHo0OWF2cGwKODcrL0hLSmRzaFFDUzUraHBEUUV3SENEenpYSFJzTWV3YUZ6Q2VJTTRPalRnRHF4R2NTR0ZZdmkxbnNzOGtlQgovZW9wdzFtMnJpVWlJeFdvcDF6bmk4VXFHSzVoelNsQWgyWjRYTFhuakFkdEF0QlJ4eFJ5SmozcVZjZzJqTk9DCnpYZkUyM3BhS1hLVjNVdVZxd1U4NUJVYlZDRHhmdmNvUG8rYUQ3UUhYUGl5TkxXdkRXUm1NTjFkSm94M3NLVGIKRlQ0cVNweTFHTldtb1Y3NU5QK2xqRGs1NUR5dUsrQlpXTlFROC93Rkk3cHlkU2s0OE5JU1RRUEtMNE51dUJ2QQprTmFrTmlCWnh4dmY4dUhLcG9RMk1wU0FXS0UvUzRJakN5QXppWURVNy9ib2VRSDBlTHZIdmlUK241ST0KLS0tLS1FTkQgQ0VSVElGSUNBVEUtLS0tLQo=",
              "cluster_name": "capires",
              "endpoint": "https://552D7E72A668FA4D2ACD29C13EA28221.gr7.us-east-1.eks.amazonaws.com",
              "kubelet_extra_args": "",
              "platform": "linux",
              "pre_userdata": ""
            }
          }
        }
      ]
    },
    {
      "module": "module.eks-jx.module.cluster.module.eks",
      "mode": "managed",
      "type": "aws_autoscaling_group",
      "name": "workers",
      "provider": "module.eks-jx.provider[\"registry.terraform.io/hashicorp/aws\"]",
      "instances": [
        {
          "index_key": 0,
          "schema_version": 0,
          "attributes": {
            "arn": "arn:aws:autoscaling:us-east-1:621520006631:autoScalingGroup:43a19f0f-4396-480f-8f60-e68cc3935052:autoScalingGroupName/capires-worker-group-capires20201029102245935400000027",
            "availability_zones": [
              "us-east-1a",
              "us-east-1b",
              "us-east-1c"
            ],
            "default_cooldown": 300,
            "desired_capacity": 3,
            "enabled_metrics": [],
            "force_delete": false,
            "health_check_grace_period": 300,
            "health_check_type": "EC2",
            "id": "capires-worker-group-capires20201029102245935400000027",
            "initial_lifecycle_hook": [],
            "launch_configuration": "capires-worker-group-capires20201029102238943700000026",
            "launch_template": [],
            "load_balancers": [],
            "max_instance_lifetime": 0,
            "max_size": 5,
            "metrics_granularity": "1Minute",
            "min_elb_capacity": null,
            "min_size": 3,
            "mixed_instances_policy": [],
            "name": "capires-worker-group-capires20201029102245935400000027",
            "name_prefix": "capires-worker-group-capires",
            "placement_group": "",
            "protect_from_scale_in": false,
            "service_linked_role_arn": "arn:aws:iam::621520006631:role/aws-service-role/autoscaling.amazonaws.com/AWSServiceRoleForAutoScaling",
            "suspended_processes": [
              "AZRebalance"
            ],
            "tag": [],
            "tags": [
              {
                "key": "Name",
                "propagate_at_launch": "true",
                "value": "capires-worker-group-capires-eks_asg"
              },
              {
                "key": "k8s.io/cluster-autoscaler/capires",
                "propagate_at_launch": "false",
                "value": "true"
              },
              {
                "key": "k8s.io/cluster-autoscaler/enabled",
                "propagate_at_launch": "false",
                "value": "true"
              },
              {
                "key": "k8s.io/cluster/capires",
                "propagate_at_launch": "true",
                "value": "owned"
              },
              {
                "key": "kubernetes.io/cluster/capires",
                "propagate_at_launch": "true",
                "value": "owned"
              }
            ],
            "target_group_arns": [],
            "termination_policies": [],
            "timeouts": null,
            "vpc_zone_identifier": [
              "subnet-013474d379ea8cabc",
              "subnet-0590e87914926b8bb",
              "subnet-082d7c60e77b1f2cb"
            ],
            "wait_for_capacity_timeout": "10m",
            "wait_for_elb_capacity": null
          },
          "private": "eyJlMmJmYjczMC1lY2FhLTExZTYtOGY4OC0zNDM2M2JjN2M0YzAiOnsiZGVsZXRlIjo2MDAwMDAwMDAwMDB9fQ==",
          "dependencies": [
            "module.eks-jx.module.cluster.data.aws_availability_zones.available",
            "module.eks-jx.module.cluster.module.eks.aws_cloudwatch_log_group.this",
            "module.eks-jx.module.cluster.module.eks.aws_eks_cluster.this",
            "module.eks-jx.module.cluster.module.eks.aws_iam_instance_profile.workers",
            "module.eks-jx.module.cluster.module.eks.aws_iam_role.cluster",
            "module.eks-jx.module.cluster.module.eks.aws_iam_role.workers",
            "module.eks-jx.module.cluster.module.eks.aws_iam_role_policy_attachment.cluster_AmazonEKSClusterPolicy",
            "module.eks-jx.module.cluster.module.eks.aws_iam_role_policy_attachment.cluster_AmazonEKSServicePolicy",
            "module.eks-jx.module.cluster.module.eks.aws_launch_configuration.workers",
            "module.eks-jx.module.cluster.module.eks.aws_security_group.cluster",
            "module.eks-jx.module.cluster.module.eks.aws_security_group.workers",
            "module.eks-jx.module.cluster.module.eks.data.aws_ami.eks_worker",
            "module.eks-jx.module.cluster.module.eks.data.aws_ami.eks_worker_windows",
            "module.eks-jx.module.cluster.module.eks.data.aws_iam_instance_profile.custom_worker_group_iam_instance_profile",
            "module.eks-jx.module.cluster.module.eks.data.aws_iam_policy_document.cluster_assume_role_policy",
            "module.eks-jx.module.cluster.module.eks.data.aws_iam_policy_document.workers_assume_role_policy",
            "module.eks-jx.module.cluster.module.eks.data.aws_iam_role.custom_cluster_iam_role",
            "module.eks-jx.module.cluster.module.eks.data.aws_partition.current",
            "module.eks-jx.module.cluster.module.eks.data.template_file.userdata",
            "module.eks-jx.module.cluster.module.eks.random_pet.workers",
            "module.eks-jx.module.cluster.module.vpc.aws_subnet.private",
            "module.eks-jx.module.cluster.module.vpc.aws_subnet.public",
            "module.eks-jx.module.cluster.module.vpc.aws_vpc.this",
            "module.eks-jx.module.cluster.module.vpc.aws_vpc_ipv4_cidr_block_association.this",
            "module.eks-jx.random_pet.current"
          ],
          "create_before_destroy": true
        }
      ]
    },
    {
      "module": "module.eks-jx.module.cluster.module.eks",
      "mode": "managed",
      "type": "aws_autoscaling_group",
      "name": "workers_launch_template",
      "provider": "module.eks-jx.provider[\"registry.terraform.io/hashicorp/aws\"]",
      "instances": [
        {
          "index_key": 0,
          "schema_version": 0,
          "attributes": {
            "arn": "arn:aws:autoscaling:us-east-1:621520006631:autoScalingGroup:fb5b5b76-f818-4ddc-9ac2-a6ace7074db5:autoScalingGroupName/capires-020201029102217175900000024",
            "availability_zones": [
              "us-east-1a"
            ],
            "default_cooldown": 300,
            "desired_capacity": 1,
            "enabled_metrics": [],
            "force_delete": false,
            "health_check_grace_period": 300,
            "health_check_type": "EC2",
            "id": "capires-020201029102217175900000024",
            "initial_lifecycle_hook": [],
            "launch_configuration": "",
            "launch_template": [],
            "load_balancers": [],
            "max_instance_lifetime": 0,
            "max_size": 1,
            "metrics_granularity": "1Minute",
            "min_elb_capacity": null,
            "min_size": 1,
            "mixed_instances_policy": [
              {
                "instances_distribution": [
                  {
                    "on_demand_allocation_strategy": "prioritized",
                    "on_demand_base_capacity": 0,
                    "on_demand_percentage_above_base_capacity": 0,
                    "spot_allocation_strategy": "lowest-price",
                    "spot_instance_pools": 10,
                    "spot_max_price": ""
                  }
                ],
                "launch_template": [
                  {
                    "launch_template_specification": [
                      {
                        "launch_template_id": "lt-01b0b227e539b530f",
                        "launch_template_name": "capires-02020102910220566960000001d",
                        "version": "$Latest"
                      }
                    ],
                    "override": [
                      {
                        "instance_type": "m5.large",
                        "weighted_capacity": ""
                      },
                      {
                        "instance_type": "m5a.large",
                        "weighted_capacity": ""
                      },
                      {
                        "instance_type": "m5d.large",
                        "weighted_capacity": ""
                      },
                      {
                        "instance_type": "m5ad.large",
                        "weighted_capacity": ""
                      },
                      {
                        "instance_type": "t3.large",
                        "weighted_capacity": ""
                      },
                      {
                        "instance_type": "t3a.large",
                        "weighted_capacity": ""
                      }
                    ]
                  }
                ]
              }
            ],
            "name": "capires-020201029102217175900000024",
            "name_prefix": "capires-0",
            "placement_group": "",
            "protect_from_scale_in": false,
            "service_linked_role_arn": "arn:aws:iam::621520006631:role/aws-service-role/autoscaling.amazonaws.com/AWSServiceRoleForAutoScaling",
            "suspended_processes": [
              "AZRebalance"
            ],
            "tag": [],
            "tags": [
              {
                "key": "Name",
                "propagate_at_launch": "true",
                "value": "capires-0-eks_asg"
              },
              {
                "key": "k8s.io/cluster-autoscaler/capires",
                "propagate_at_launch": "false",
                "value": "true"
              },
              {
                "key": "k8s.io/cluster-autoscaler/enabled",
                "propagate_at_launch": "false",
                "value": "true"
              },
              {
                "key": "kubernetes.io/cluster/capires",
                "propagate_at_launch": "true",
                "value": "owned"
              }
            ],
            "target_group_arns": [],
            "termination_policies": [],
            "timeouts": null,
            "vpc_zone_identifier": [
              "subnet-082d7c60e77b1f2cb"
            ],
            "wait_for_capacity_timeout": "10m",
            "wait_for_elb_capacity": null
          },
          "private": "eyJlMmJmYjczMC1lY2FhLTExZTYtOGY4OC0zNDM2M2JjN2M0YzAiOnsiZGVsZXRlIjo2MDAwMDAwMDAwMDB9fQ==",
          "dependencies": [
            "module.eks-jx.module.cluster.data.aws_availability_zones.available",
            "module.eks-jx.module.cluster.module.eks.aws_eks_cluster.this",
            "module.eks-jx.module.cluster.module.eks.aws_launch_template.workers_launch_template",
            "module.eks-jx.module.cluster.module.eks.data.aws_ami.eks_worker",
            "module.eks-jx.module.cluster.module.eks.random_pet.workers_launch_template",
            "module.eks-jx.module.cluster.module.vpc.aws_subnet.private",
            "module.eks-jx.module.cluster.module.vpc.aws_subnet.public",
            "module.eks-jx.random_pet.current"
          ],
          "create_before_destroy": true
        },
        {
          "index_key": 1,
          "schema_version": 0,
          "attributes": {
            "arn": "arn:aws:autoscaling:us-east-1:621520006631:autoScalingGroup:88e672ad-63eb-4d6c-8ff3-2460908a86d6:autoScalingGroupName/capires-120201029102217174600000023",
            "availability_zones": [
              "us-east-1b"
            ],
            "default_cooldown": 300,
            "desired_capacity": 1,
            "enabled_metrics": [],
            "force_delete": false,
            "health_check_grace_period": 300,
            "health_check_type": "EC2",
            "id": "capires-120201029102217174600000023",
            "initial_lifecycle_hook": [],
            "launch_configuration": "",
            "launch_template": [],
            "load_balancers": [],
            "max_instance_lifetime": 0,
            "max_size": 1,
            "metrics_granularity": "1Minute",
            "min_elb_capacity": null,
            "min_size": 1,
            "mixed_instances_policy": [
              {
                "instances_distribution": [
                  {
                    "on_demand_allocation_strategy": "prioritized",
                    "on_demand_base_capacity": 0,
                    "on_demand_percentage_above_base_capacity": 0,
                    "spot_allocation_strategy": "lowest-price",
                    "spot_instance_pools": 10,
                    "spot_max_price": ""
                  }
                ],
                "launch_template": [
                  {
                    "launch_template_specification": [
                      {
                        "launch_template_id": "lt-009ea75a29f17ad12",
                        "launch_template_name": "capires-120201029102205670300000020",
                        "version": "$Latest"
                      }
                    ],
                    "override": [
                      {
                        "instance_type": "m5.large",
                        "weighted_capacity": ""
                      },
                      {
                        "instance_type": "m5a.large",
                        "weighted_capacity": ""
                      },
                      {
                        "instance_type": "m5d.large",
                        "weighted_capacity": ""
                      },
                      {
                        "instance_type": "m5ad.large",
                        "weighted_capacity": ""
                      },
                      {
                        "instance_type": "t3.large",
                        "weighted_capacity": ""
                      },
                      {
                        "instance_type": "t3a.large",
                        "weighted_capacity": ""
                      }
                    ]
                  }
                ]
              }
            ],
            "name": "capires-120201029102217174600000023",
            "name_prefix": "capires-1",
            "placement_group": "",
            "protect_from_scale_in": false,
            "service_linked_role_arn": "arn:aws:iam::621520006631:role/aws-service-role/autoscaling.amazonaws.com/AWSServiceRoleForAutoScaling",
            "suspended_processes": [
              "AZRebalance"
            ],
            "tag": [],
            "tags": [
              {
                "key": "Name",
                "propagate_at_launch": "true",
                "value": "capires-1-eks_asg"
              },
              {
                "key": "k8s.io/cluster-autoscaler/capires",
                "propagate_at_launch": "false",
                "value": "true"
              },
              {
                "key": "k8s.io/cluster-autoscaler/enabled",
                "propagate_at_launch": "false",
                "value": "true"
              },
              {
                "key": "kubernetes.io/cluster/capires",
                "propagate_at_launch": "true",
                "value": "owned"
              }
            ],
            "target_group_arns": [],
            "termination_policies": [],
            "timeouts": null,
            "vpc_zone_identifier": [
              "subnet-013474d379ea8cabc"
            ],
            "wait_for_capacity_timeout": "10m",
            "wait_for_elb_capacity": null
          },
          "private": "eyJlMmJmYjczMC1lY2FhLTExZTYtOGY4OC0zNDM2M2JjN2M0YzAiOnsiZGVsZXRlIjo2MDAwMDAwMDAwMDB9fQ==",
          "dependencies": [
            "module.eks-jx.module.cluster.data.aws_availability_zones.available",
            "module.eks-jx.module.cluster.module.eks.aws_eks_cluster.this",
            "module.eks-jx.module.cluster.module.eks.aws_launch_template.workers_launch_template",
            "module.eks-jx.module.cluster.module.eks.data.aws_ami.eks_worker",
            "module.eks-jx.module.cluster.module.eks.random_pet.workers_launch_template",
            "module.eks-jx.module.cluster.module.vpc.aws_subnet.private",
            "module.eks-jx.module.cluster.module.vpc.aws_subnet.public",
            "module.eks-jx.random_pet.current"
          ],
          "create_before_destroy": true
        },
        {
          "index_key": 2,
          "schema_version": 0,
          "attributes": {
            "arn": "arn:aws:autoscaling:us-east-1:621520006631:autoScalingGroup:4c393707-1a67-4d78-9074-fb2185ab4936:autoScalingGroupName/capires-220201029102217180700000025",
            "availability_zones": [
              "us-east-1c"
            ],
            "default_cooldown": 300,
            "desired_capacity": 1,
            "enabled_metrics": [],
            "force_delete": false,
            "health_check_grace_period": 300,
            "health_check_type": "EC2",
            "id": "capires-220201029102217180700000025",
            "initial_lifecycle_hook": [],
            "launch_configuration": "",
            "launch_template": [],
            "load_balancers": [],
            "max_instance_lifetime": 0,
            "max_size": 1,
            "metrics_granularity": "1Minute",
            "min_elb_capacity": null,
            "min_size": 1,
            "mixed_instances_policy": [
              {
                "instances_distribution": [
                  {
                    "on_demand_allocation_strategy": "prioritized",
                    "on_demand_base_capacity": 0,
                    "on_demand_percentage_above_base_capacity": 0,
                    "spot_allocation_strategy": "lowest-price",
                    "spot_instance_pools": 10,
                    "spot_max_price": ""
                  }
                ],
                "launch_template": [
                  {
                    "launch_template_specification": [
                      {
                        "launch_template_id": "lt-099807251854dea3f",
                        "launch_template_name": "capires-22020102910220567020000001f",
                        "version": "$Latest"
                      }
                    ],
                    "override": [
                      {
                        "instance_type": "m5.large",
                        "weighted_capacity": ""
                      },
                      {
                        "instance_type": "m5a.large",
                        "weighted_capacity": ""
                      },
                      {
                        "instance_type": "m5d.large",
                        "weighted_capacity": ""
                      },
                      {
                        "instance_type": "m5ad.large",
                        "weighted_capacity": ""
                      },
                      {
                        "instance_type": "t3.large",
                        "weighted_capacity": ""
                      },
                      {
                        "instance_type": "t3a.large",
                        "weighted_capacity": ""
                      }
                    ]
                  }
                ]
              }
            ],
            "name": "capires-220201029102217180700000025",
            "name_prefix": "capires-2",
            "placement_group": "",
            "protect_from_scale_in": false,
            "service_linked_role_arn": "arn:aws:iam::621520006631:role/aws-service-role/autoscaling.amazonaws.com/AWSServiceRoleForAutoScaling",
            "suspended_processes": [
              "AZRebalance"
            ],
            "tag": [],
            "tags": [
              {
                "key": "Name",
                "propagate_at_launch": "true",
                "value": "capires-2-eks_asg"
              },
              {
                "key": "k8s.io/cluster-autoscaler/capires",
                "propagate_at_launch": "false",
                "value": "true"
              },
              {
                "key": "k8s.io/cluster-autoscaler/enabled",
                "propagate_at_launch": "false",
                "value": "true"
              },
              {
                "key": "kubernetes.io/cluster/capires",
                "propagate_at_launch": "true",
                "value": "owned"
              }
            ],
            "target_group_arns": [],
            "termination_policies": [],
            "timeouts": null,
            "vpc_zone_identifier": [
              "subnet-0590e87914926b8bb"
            ],
            "wait_for_capacity_timeout": "10m",
            "wait_for_elb_capacity": null
          },
          "private": "eyJlMmJmYjczMC1lY2FhLTExZTYtOGY4OC0zNDM2M2JjN2M0YzAiOnsiZGVsZXRlIjo2MDAwMDAwMDAwMDB9fQ==",
          "dependencies": [
            "module.eks-jx.module.cluster.data.aws_availability_zones.available",
            "module.eks-jx.module.cluster.module.eks.aws_eks_cluster.this",
            "module.eks-jx.module.cluster.module.eks.aws_launch_template.workers_launch_template",
            "module.eks-jx.module.cluster.module.eks.data.aws_ami.eks_worker",
            "module.eks-jx.module.cluster.module.eks.random_pet.workers_launch_template",
            "module.eks-jx.module.cluster.module.vpc.aws_subnet.private",
            "module.eks-jx.module.cluster.module.vpc.aws_subnet.public",
            "module.eks-jx.random_pet.current"
          ],
          "create_before_destroy": true
        }
      ]
    },
    {
      "module": "module.eks-jx.module.cluster.module.eks",
      "mode": "managed",
      "type": "aws_eks_cluster",
      "name": "this",
      "provider": "module.eks-jx.provider[\"registry.terraform.io/hashicorp/aws\"]",
      "instances": [
        {
          "index_key": 0,
          "schema_version": 0,
          "attributes": {
            "arn": "arn:aws:eks:us-east-1:621520006631:cluster/capires",
            "certificate_authority": [
              {
                "data": "LS0tLS1CRUdJTiBDRVJUSUZJQ0FURS0tLS0tCk1JSUN5RENDQWJDZ0F3SUJBZ0lCQURBTkJna3Foa2lHOXcwQkFRc0ZBREFWTVJNd0VRWURWUVFERXdwcmRXSmwKY201bGRHVnpNQjRYRFRJd01UQXlPVEV3TVRnd05Wb1hEVE13TVRBeU56RXdNVGd3TlZvd0ZURVRNQkVHQTFVRQpBeE1LYTNWaVpYSnVaWFJsY3pDQ0FTSXdEUVlKS29aSWh2Y05BUUVCQlFBRGdnRVBBRENDQVFvQ2dnRUJBTFBkCmgxY2FWb21GMDdhSEoxUU5FOTVkblRlL2xLSlRCMk1iUUljQXFwSXF5NEZEcFRhQ1hMeFZnT1VyN0xIN2pIYmcKd0VsaFV4blRGUVo1TFpCVzVkcmx3VzdvNHhWd3RUZWY4R2dMcERMUEhiMzVqNGM4RjU3LzBGUDlqMEdLMENFZgptWERiSlJjWDNRcGRIQ2lqS25xT2xicGJIemtsM1JaZVphdG5leWxUdkYrelYrNE9WemY2M2NlM05yNVZLTDVoCkx4a1ljUWxDRDJxY2FkMHZhcnkrVmlKMVlkQ082YUh5RWNHdlJJMkRLa2syeE82NlhiVXh2diswVXRSUDNEaloKMFI0dnZhNTl5RzVabDU5MndjNk5LcnRLMWI4aTRLYWZvSS9qbE1OdjNEbW1CRk5SdWdLWE14Z2JSVFlqekJxaApaQXF6WHBMYitnM09QZUo4RkdrQ0F3RUFBYU1qTUNFd0RnWURWUjBQQVFIL0JBUURBZ0trTUE4R0ExVWRFd0VCCi93UUZNQU1CQWY4d0RRWUpLb1pJaHZjTkFRRUxCUUFEZ2dFQkFDQTYzU09ZOTVrK3BpK0kzbG5kMHo0OWF2cGwKODcrL0hLSmRzaFFDUzUraHBEUUV3SENEenpYSFJzTWV3YUZ6Q2VJTTRPalRnRHF4R2NTR0ZZdmkxbnNzOGtlQgovZW9wdzFtMnJpVWlJeFdvcDF6bmk4VXFHSzVoelNsQWgyWjRYTFhuakFkdEF0QlJ4eFJ5SmozcVZjZzJqTk9DCnpYZkUyM3BhS1hLVjNVdVZxd1U4NUJVYlZDRHhmdmNvUG8rYUQ3UUhYUGl5TkxXdkRXUm1NTjFkSm94M3NLVGIKRlQ0cVNweTFHTldtb1Y3NU5QK2xqRGs1NUR5dUsrQlpXTlFROC93Rkk3cHlkU2s0OE5JU1RRUEtMNE51dUJ2QQprTmFrTmlCWnh4dmY4dUhLcG9RMk1wU0FXS0UvUzRJakN5QXppWURVNy9ib2VRSDBlTHZIdmlUK241ST0KLS0tLS1FTkQgQ0VSVElGSUNBVEUtLS0tLQo="
              }
            ],
            "created_at": "2020-10-29 10:09:29.456 +0000 UTC",
            "enabled_cluster_log_types": [],
            "encryption_config": [],
            "endpoint": "https://552D7E72A668FA4D2ACD29C13EA28221.gr7.us-east-1.eks.amazonaws.com",
            "id": "capires",
            "identity": [
              {
                "oidc": [
                  {
                    "issuer": "https://oidc.eks.us-east-1.amazonaws.com/id/552D7E72A668FA4D2ACD29C13EA28221"
                  }
                ]
              }
            ],
            "name": "capires",
            "platform_version": "eks.3",
            "role_arn": "arn:aws:iam::621520006631:role/capires20201029100912204000000006",
            "status": "ACTIVE",
            "tags": {},
            "timeouts": {
              "create": "30m",
              "delete": "15m",
              "update": null
            },
            "version": "1.17",
            "vpc_config": [
              {
                "cluster_security_group_id": "sg-0473fab207ab917bd",
                "endpoint_private_access": false,
                "endpoint_public_access": true,
                "public_access_cidrs": [
                  "0.0.0.0/0"
                ],
                "security_group_ids": [
                  "sg-0b6637ddef383b5d8"
                ],
                "subnet_ids": [
                  "subnet-013474d379ea8cabc",
                  "subnet-0590e87914926b8bb",
                  "subnet-082d7c60e77b1f2cb"
                ],
                "vpc_id": "vpc-01acca9b887511bbe"
              }
            ]
          },
          "private": "eyJlMmJmYjczMC1lY2FhLTExZTYtOGY4OC0zNDM2M2JjN2M0YzAiOnsiY3JlYXRlIjoxODAwMDAwMDAwMDAwLCJkZWxldGUiOjkwMDAwMDAwMDAwMCwidXBkYXRlIjozNjAwMDAwMDAwMDAwfX0=",
          "dependencies": [
            "module.eks-jx.module.cluster.data.aws_availability_zones.available",
            "module.eks-jx.module.cluster.module.eks.aws_cloudwatch_log_group.this",
            "module.eks-jx.module.cluster.module.eks.aws_iam_role.cluster",
            "module.eks-jx.module.cluster.module.eks.aws_iam_role_policy_attachment.cluster_AmazonEKSClusterPolicy",
            "module.eks-jx.module.cluster.module.eks.aws_iam_role_policy_attachment.cluster_AmazonEKSServicePolicy",
            "module.eks-jx.module.cluster.module.eks.aws_security_group.cluster",
            "module.eks-jx.module.cluster.module.eks.data.aws_iam_policy_document.cluster_assume_role_policy",
            "module.eks-jx.module.cluster.module.eks.data.aws_iam_role.custom_cluster_iam_role",
            "module.eks-jx.module.cluster.module.eks.data.aws_partition.current",
            "module.eks-jx.module.cluster.module.vpc.aws_subnet.private",
            "module.eks-jx.module.cluster.module.vpc.aws_subnet.public",
            "module.eks-jx.module.cluster.module.vpc.aws_vpc.this",
            "module.eks-jx.module.cluster.module.vpc.aws_vpc_ipv4_cidr_block_association.this",
            "module.eks-jx.random_pet.current"
          ]
        }
      ]
    },
    {
      "module": "module.eks-jx.module.cluster.module.eks",
      "mode": "managed",
      "type": "aws_iam_instance_profile",
      "name": "workers",
      "provider": "module.eks-jx.provider[\"registry.terraform.io/hashicorp/aws\"]",
      "instances": [
        {
          "index_key": 0,
          "schema_version": 0,
          "attributes": {
            "arn": "arn:aws:iam::621520006631:instance-profile/capires20201029102158653700000019",
            "create_date": "2020-10-29T10:22:02Z",
            "id": "capires20201029102158653700000019",
            "name": "capires20201029102158653700000019",
            "name_prefix": "capires",
            "path": "/",
            "role": "capires2020102910215403610000000e",
            "unique_id": "AIPAZBNL2VXTRE3BQVDMJ"
          },
          "private": "bnVsbA==",
          "dependencies": [
            "module.eks-jx.module.cluster.data.aws_availability_zones.available",
            "module.eks-jx.module.cluster.module.eks.aws_cloudwatch_log_group.this",
            "module.eks-jx.module.cluster.module.eks.aws_eks_cluster.this",
            "module.eks-jx.module.cluster.module.eks.aws_iam_role.cluster",
            "module.eks-jx.module.cluster.module.eks.aws_iam_role.workers",
            "module.eks-jx.module.cluster.module.eks.aws_iam_role_policy_attachment.cluster_AmazonEKSClusterPolicy",
            "module.eks-jx.module.cluster.module.eks.aws_iam_role_policy_attachment.cluster_AmazonEKSServicePolicy",
            "module.eks-jx.module.cluster.module.eks.aws_security_group.cluster",
            "module.eks-jx.module.cluster.module.eks.data.aws_iam_policy_document.cluster_assume_role_policy",
            "module.eks-jx.module.cluster.module.eks.data.aws_iam_policy_document.workers_assume_role_policy",
            "module.eks-jx.module.cluster.module.eks.data.aws_iam_role.custom_cluster_iam_role",
            "module.eks-jx.module.cluster.module.eks.data.aws_partition.current",
            "module.eks-jx.module.cluster.module.vpc.aws_subnet.private",
            "module.eks-jx.module.cluster.module.vpc.aws_subnet.public",
            "module.eks-jx.module.cluster.module.vpc.aws_vpc.this",
            "module.eks-jx.module.cluster.module.vpc.aws_vpc_ipv4_cidr_block_association.this",
            "module.eks-jx.random_pet.current"
          ]
        }
      ]
    },
    {
      "module": "module.eks-jx.module.cluster.module.eks",
      "mode": "managed",
      "type": "aws_iam_instance_profile",
      "name": "workers_launch_template",
      "provider": "module.eks-jx.provider[\"registry.terraform.io/hashicorp/aws\"]",
      "instances": [
        {
          "index_key": 0,
          "schema_version": 0,
          "attributes": {
            "arn": "arn:aws:iam::621520006631:instance-profile/capires20201029102156414800000010",
            "create_date": "2020-10-29T10:21:56Z",
            "id": "capires20201029102156414800000010",
            "name": "capires20201029102156414800000010",
            "name_prefix": "capires",
            "path": "/",
            "role": "capires2020102910215403610000000e",
            "unique_id": "AIPAZBNL2VXTXVAWSD5LI"
          },
          "private": "bnVsbA==",
          "dependencies": [
            "module.eks-jx.module.cluster.data.aws_availability_zones.available",
            "module.eks-jx.module.cluster.module.eks.aws_cloudwatch_log_group.this",
            "module.eks-jx.module.cluster.module.eks.aws_eks_cluster.this",
            "module.eks-jx.module.cluster.module.eks.aws_iam_role.cluster",
            "module.eks-jx.module.cluster.module.eks.aws_iam_role.workers",
            "module.eks-jx.module.cluster.module.eks.aws_iam_role_policy_attachment.cluster_AmazonEKSClusterPolicy",
            "module.eks-jx.module.cluster.module.eks.aws_iam_role_policy_attachment.cluster_AmazonEKSServicePolicy",
            "module.eks-jx.module.cluster.module.eks.aws_security_group.cluster",
            "module.eks-jx.module.cluster.module.eks.data.aws_iam_policy_document.cluster_assume_role_policy",
            "module.eks-jx.module.cluster.module.eks.data.aws_iam_policy_document.workers_assume_role_policy",
            "module.eks-jx.module.cluster.module.eks.data.aws_iam_role.custom_cluster_iam_role",
            "module.eks-jx.module.cluster.module.eks.data.aws_partition.current",
            "module.eks-jx.module.cluster.module.vpc.aws_subnet.private",
            "module.eks-jx.module.cluster.module.vpc.aws_subnet.public",
            "module.eks-jx.module.cluster.module.vpc.aws_vpc.this",
            "module.eks-jx.module.cluster.module.vpc.aws_vpc_ipv4_cidr_block_association.this",
            "module.eks-jx.random_pet.current"
          ]
        },
        {
          "index_key": 1,
          "schema_version": 0,
          "attributes": {
            "arn": "arn:aws:iam::621520006631:instance-profile/capires20201029102157519800000018",
            "create_date": "2020-10-29T10:22:00Z",
            "id": "capires20201029102157519800000018",
            "name": "capires20201029102157519800000018",
            "name_prefix": "capires",
            "path": "/",
            "role": "capires2020102910215403610000000e",
            "unique_id": "AIPAZBNL2VXTYX52RBFEA"
          },
          "private": "bnVsbA==",
          "dependencies": [
            "module.eks-jx.module.cluster.data.aws_availability_zones.available",
            "module.eks-jx.module.cluster.module.eks.aws_cloudwatch_log_group.this",
            "module.eks-jx.module.cluster.module.eks.aws_eks_cluster.this",
            "module.eks-jx.module.cluster.module.eks.aws_iam_role.cluster",
            "module.eks-jx.module.cluster.module.eks.aws_iam_role.workers",
            "module.eks-jx.module.cluster.module.eks.aws_iam_role_policy_attachment.cluster_AmazonEKSClusterPolicy",
            "module.eks-jx.module.cluster.module.eks.aws_iam_role_policy_attachment.cluster_AmazonEKSServicePolicy",
            "module.eks-jx.module.cluster.module.eks.aws_security_group.cluster",
            "module.eks-jx.module.cluster.module.eks.data.aws_iam_policy_document.cluster_assume_role_policy",
            "module.eks-jx.module.cluster.module.eks.data.aws_iam_policy_document.workers_assume_role_policy",
            "module.eks-jx.module.cluster.module.eks.data.aws_iam_role.custom_cluster_iam_role",
            "module.eks-jx.module.cluster.module.eks.data.aws_partition.current",
            "module.eks-jx.module.cluster.module.vpc.aws_subnet.private",
            "module.eks-jx.module.cluster.module.vpc.aws_subnet.public",
            "module.eks-jx.module.cluster.module.vpc.aws_vpc.this",
            "module.eks-jx.module.cluster.module.vpc.aws_vpc_ipv4_cidr_block_association.this",
            "module.eks-jx.random_pet.current"
          ]
        },
        {
          "index_key": 2,
          "schema_version": 0,
          "attributes": {
            "arn": "arn:aws:iam::621520006631:instance-profile/capires2020102910215867310000001a",
            "create_date": "2020-10-29T10:22:02Z",
            "id": "capires2020102910215867310000001a",
            "name": "capires2020102910215867310000001a",
            "name_prefix": "capires",
            "path": "/",
            "role": "capires2020102910215403610000000e",
            "unique_id": "AIPAZBNL2VXT6H3ZXCCVE"
          },
          "private": "bnVsbA==",
          "dependencies": [
            "module.eks-jx.module.cluster.data.aws_availability_zones.available",
            "module.eks-jx.module.cluster.module.eks.aws_cloudwatch_log_group.this",
            "module.eks-jx.module.cluster.module.eks.aws_eks_cluster.this",
            "module.eks-jx.module.cluster.module.eks.aws_iam_role.cluster",
            "module.eks-jx.module.cluster.module.eks.aws_iam_role.workers",
            "module.eks-jx.module.cluster.module.eks.aws_iam_role_policy_attachment.cluster_AmazonEKSClusterPolicy",
            "module.eks-jx.module.cluster.module.eks.aws_iam_role_policy_attachment.cluster_AmazonEKSServicePolicy",
            "module.eks-jx.module.cluster.module.eks.aws_security_group.cluster",
            "module.eks-jx.module.cluster.module.eks.data.aws_iam_policy_document.cluster_assume_role_policy",
            "module.eks-jx.module.cluster.module.eks.data.aws_iam_policy_document.workers_assume_role_policy",
            "module.eks-jx.module.cluster.module.eks.data.aws_iam_role.custom_cluster_iam_role",
            "module.eks-jx.module.cluster.module.eks.data.aws_partition.current",
            "module.eks-jx.module.cluster.module.vpc.aws_subnet.private",
            "module.eks-jx.module.cluster.module.vpc.aws_subnet.public",
            "module.eks-jx.module.cluster.module.vpc.aws_vpc.this",
            "module.eks-jx.module.cluster.module.vpc.aws_vpc_ipv4_cidr_block_association.this",
            "module.eks-jx.random_pet.current"
          ]
        }
      ]
    },
    {
      "module": "module.eks-jx.module.cluster.module.eks",
      "mode": "managed",
      "type": "aws_iam_openid_connect_provider",
      "name": "oidc_provider",
      "provider": "module.eks-jx.provider[\"registry.terraform.io/hashicorp/aws\"]",
      "instances": [
        {
          "index_key": 0,
          "schema_version": 0,
          "attributes": {
            "arn": "arn:aws:iam::621520006631:oidc-provider/oidc.eks.us-east-1.amazonaws.com/id/552D7E72A668FA4D2ACD29C13EA28221",
            "client_id_list": [
              "sts.amazonaws.com"
            ],
            "id": "arn:aws:iam::621520006631:oidc-provider/oidc.eks.us-east-1.amazonaws.com/id/552D7E72A668FA4D2ACD29C13EA28221",
            "thumbprint_list": [
              "9e99a48a9960b14926bb7f3b02e22da2b0ab7280"
            ],
            "url": "oidc.eks.us-east-1.amazonaws.com/id/552D7E72A668FA4D2ACD29C13EA28221"
          },
          "private": "bnVsbA==",
          "dependencies": [
            "module.eks-jx.module.cluster.data.aws_availability_zones.available",
            "module.eks-jx.module.cluster.module.eks.aws_cloudwatch_log_group.this",
            "module.eks-jx.module.cluster.module.eks.aws_eks_cluster.this",
            "module.eks-jx.module.cluster.module.eks.aws_iam_role.cluster",
            "module.eks-jx.module.cluster.module.eks.aws_iam_role_policy_attachment.cluster_AmazonEKSClusterPolicy",
            "module.eks-jx.module.cluster.module.eks.aws_iam_role_policy_attachment.cluster_AmazonEKSServicePolicy",
            "module.eks-jx.module.cluster.module.eks.aws_security_group.cluster",
            "module.eks-jx.module.cluster.module.eks.data.aws_iam_policy_document.cluster_assume_role_policy",
            "module.eks-jx.module.cluster.module.eks.data.aws_iam_role.custom_cluster_iam_role",
            "module.eks-jx.module.cluster.module.eks.data.aws_partition.current",
            "module.eks-jx.module.cluster.module.vpc.aws_subnet.private",
            "module.eks-jx.module.cluster.module.vpc.aws_subnet.public",
            "module.eks-jx.module.cluster.module.vpc.aws_vpc.this",
            "module.eks-jx.module.cluster.module.vpc.aws_vpc_ipv4_cidr_block_association.this",
            "module.eks-jx.random_pet.current"
          ]
        }
      ]
    },
    {
      "module": "module.eks-jx.module.cluster.module.eks",
      "mode": "managed",
      "type": "aws_iam_role",
      "name": "cluster",
      "provider": "module.eks-jx.provider[\"registry.terraform.io/hashicorp/aws\"]",
      "instances": [
        {
          "index_key": 0,
          "schema_version": 0,
          "attributes": {
            "arn": "arn:aws:iam::621520006631:role/capires20201029100912204000000006",
            "assume_role_policy": "{\"Version\":\"2012-10-17\",\"Statement\":[{\"Sid\":\"EKSClusterAssumeRole\",\"Effect\":\"Allow\",\"Principal\":{\"Service\":\"eks.amazonaws.com\"},\"Action\":\"sts:AssumeRole\"}]}",
            "create_date": "2020-10-29T10:09:12Z",
            "description": "",
            "force_detach_policies": true,
            "id": "capires20201029100912204000000006",
            "max_session_duration": 3600,
            "name": "capires20201029100912204000000006",
            "name_prefix": "capires",
            "path": "/",
            "permissions_boundary": null,
            "tags": {},
            "unique_id": "AROAZBNL2VXTTEUKFVHOD"
          },
          "private": "bnVsbA==",
          "dependencies": [
            "module.eks-jx.module.cluster.module.eks.data.aws_iam_policy_document.cluster_assume_role_policy",
            "module.eks-jx.random_pet.current"
          ]
        }
      ]
    },
    {
      "module": "module.eks-jx.module.cluster.module.eks",
      "mode": "managed",
      "type": "aws_iam_role",
      "name": "workers",
      "provider": "module.eks-jx.provider[\"registry.terraform.io/hashicorp/aws\"]",
      "instances": [
        {
          "index_key": 0,
          "schema_version": 0,
          "attributes": {
            "arn": "arn:aws:iam::621520006631:role/capires2020102910215403610000000e",
            "assume_role_policy": "{\"Version\":\"2012-10-17\",\"Statement\":[{\"Sid\":\"EKSWorkerAssumeRole\",\"Effect\":\"Allow\",\"Principal\":{\"Service\":\"ec2.amazonaws.com\"},\"Action\":\"sts:AssumeRole\"}]}",
            "create_date": "2020-10-29T10:21:54Z",
            "description": "",
            "force_detach_policies": true,
            "id": "capires2020102910215403610000000e",
            "max_session_duration": 3600,
            "name": "capires2020102910215403610000000e",
            "name_prefix": "capires",
            "path": "/",
            "permissions_boundary": null,
            "tags": {},
            "unique_id": "AROAZBNL2VXTZGQVPAHSA"
          },
          "private": "bnVsbA==",
          "dependencies": [
            "module.eks-jx.module.cluster.data.aws_availability_zones.available",
            "module.eks-jx.module.cluster.module.eks.aws_cloudwatch_log_group.this",
            "module.eks-jx.module.cluster.module.eks.aws_eks_cluster.this",
            "module.eks-jx.module.cluster.module.eks.aws_iam_role.cluster",
            "module.eks-jx.module.cluster.module.eks.aws_iam_role_policy_attachment.cluster_AmazonEKSClusterPolicy",
            "module.eks-jx.module.cluster.module.eks.aws_iam_role_policy_attachment.cluster_AmazonEKSServicePolicy",
            "module.eks-jx.module.cluster.module.eks.aws_security_group.cluster",
            "module.eks-jx.module.cluster.module.eks.data.aws_iam_policy_document.cluster_assume_role_policy",
            "module.eks-jx.module.cluster.module.eks.data.aws_iam_policy_document.workers_assume_role_policy",
            "module.eks-jx.module.cluster.module.eks.data.aws_iam_role.custom_cluster_iam_role",
            "module.eks-jx.module.cluster.module.eks.data.aws_partition.current",
            "module.eks-jx.module.cluster.module.vpc.aws_subnet.private",
            "module.eks-jx.module.cluster.module.vpc.aws_subnet.public",
            "module.eks-jx.module.cluster.module.vpc.aws_vpc.this",
            "module.eks-jx.module.cluster.module.vpc.aws_vpc_ipv4_cidr_block_association.this",
            "module.eks-jx.random_pet.current"
          ]
        }
      ]
    },
    {
      "module": "module.eks-jx.module.cluster.module.eks",
      "mode": "managed",
      "type": "aws_iam_role_policy_attachment",
      "name": "cluster_AmazonEKSClusterPolicy",
      "provider": "module.eks-jx.provider[\"registry.terraform.io/hashicorp/aws\"]",
      "instances": [
        {
          "index_key": 0,
          "schema_version": 0,
          "attributes": {
            "id": "capires20201029100912204000000006-20201029100914433700000009",
            "policy_arn": "arn:aws:iam::aws:policy/AmazonEKSClusterPolicy",
            "role": "capires20201029100912204000000006"
          },
          "private": "bnVsbA==",
          "dependencies": [
            "module.eks-jx.module.cluster.module.eks.aws_iam_role.cluster",
            "module.eks-jx.module.cluster.module.eks.data.aws_iam_policy_document.cluster_assume_role_policy",
            "module.eks-jx.module.cluster.module.eks.data.aws_partition.current",
            "module.eks-jx.random_pet.current"
          ]
        }
      ]
    },
    {
      "module": "module.eks-jx.module.cluster.module.eks",
      "mode": "managed",
      "type": "aws_iam_role_policy_attachment",
      "name": "cluster_AmazonEKSServicePolicy",
      "provider": "module.eks-jx.provider[\"registry.terraform.io/hashicorp/aws\"]",
      "instances": [
        {
          "index_key": 0,
          "schema_version": 0,
          "attributes": {
            "id": "capires20201029100912204000000006-2020102910091443500000000a",
            "policy_arn": "arn:aws:iam::aws:policy/AmazonEKSServicePolicy",
            "role": "capires20201029100912204000000006"
          },
          "private": "bnVsbA==",
          "dependencies": [
            "module.eks-jx.module.cluster.module.eks.aws_iam_role.cluster",
            "module.eks-jx.module.cluster.module.eks.data.aws_iam_policy_document.cluster_assume_role_policy",
            "module.eks-jx.module.cluster.module.eks.data.aws_partition.current",
            "module.eks-jx.random_pet.current"
          ]
        }
      ]
    },
    {
      "module": "module.eks-jx.module.cluster.module.eks",
      "mode": "managed",
      "type": "aws_iam_role_policy_attachment",
      "name": "workers_AmazonEC2ContainerRegistryReadOnly",
      "provider": "module.eks-jx.provider[\"registry.terraform.io/hashicorp/aws\"]",
      "instances": [
        {
          "index_key": 0,
          "schema_version": 0,
          "attributes": {
            "id": "capires2020102910215403610000000e-20201029102157109300000017",
            "policy_arn": "arn:aws:iam::aws:policy/AmazonEC2ContainerRegistryReadOnly",
            "role": "capires2020102910215403610000000e"
          },
          "private": "bnVsbA==",
          "dependencies": [
            "module.eks-jx.module.cluster.data.aws_availability_zones.available",
            "module.eks-jx.module.cluster.module.eks.aws_cloudwatch_log_group.this",
            "module.eks-jx.module.cluster.module.eks.aws_eks_cluster.this",
            "module.eks-jx.module.cluster.module.eks.aws_iam_role.cluster",
            "module.eks-jx.module.cluster.module.eks.aws_iam_role.workers",
            "module.eks-jx.module.cluster.module.eks.aws_iam_role_policy_attachment.cluster_AmazonEKSClusterPolicy",
            "module.eks-jx.module.cluster.module.eks.aws_iam_role_policy_attachment.cluster_AmazonEKSServicePolicy",
            "module.eks-jx.module.cluster.module.eks.aws_security_group.cluster",
            "module.eks-jx.module.cluster.module.eks.data.aws_iam_policy_document.cluster_assume_role_policy",
            "module.eks-jx.module.cluster.module.eks.data.aws_iam_policy_document.workers_assume_role_policy",
            "module.eks-jx.module.cluster.module.eks.data.aws_iam_role.custom_cluster_iam_role",
            "module.eks-jx.module.cluster.module.eks.data.aws_partition.current",
            "module.eks-jx.module.cluster.module.vpc.aws_subnet.private",
            "module.eks-jx.module.cluster.module.vpc.aws_subnet.public",
            "module.eks-jx.module.cluster.module.vpc.aws_vpc.this",
            "module.eks-jx.module.cluster.module.vpc.aws_vpc_ipv4_cidr_block_association.this",
            "module.eks-jx.random_pet.current"
          ]
        }
      ]
    },
    {
      "module": "module.eks-jx.module.cluster.module.eks",
      "mode": "managed",
      "type": "aws_iam_role_policy_attachment",
      "name": "workers_AmazonEKSWorkerNodePolicy",
      "provider": "module.eks-jx.provider[\"registry.terraform.io/hashicorp/aws\"]",
      "instances": [
        {
          "index_key": 0,
          "schema_version": 0,
          "attributes": {
            "id": "capires2020102910215403610000000e-20201029102156991700000016",
            "policy_arn": "arn:aws:iam::aws:policy/AmazonEKSWorkerNodePolicy",
            "role": "capires2020102910215403610000000e"
          },
          "private": "bnVsbA==",
          "dependencies": [
            "module.eks-jx.module.cluster.data.aws_availability_zones.available",
            "module.eks-jx.module.cluster.module.eks.aws_cloudwatch_log_group.this",
            "module.eks-jx.module.cluster.module.eks.aws_eks_cluster.this",
            "module.eks-jx.module.cluster.module.eks.aws_iam_role.cluster",
            "module.eks-jx.module.cluster.module.eks.aws_iam_role.workers",
            "module.eks-jx.module.cluster.module.eks.aws_iam_role_policy_attachment.cluster_AmazonEKSClusterPolicy",
            "module.eks-jx.module.cluster.module.eks.aws_iam_role_policy_attachment.cluster_AmazonEKSServicePolicy",
            "module.eks-jx.module.cluster.module.eks.aws_security_group.cluster",
            "module.eks-jx.module.cluster.module.eks.data.aws_iam_policy_document.cluster_assume_role_policy",
            "module.eks-jx.module.cluster.module.eks.data.aws_iam_policy_document.workers_assume_role_policy",
            "module.eks-jx.module.cluster.module.eks.data.aws_iam_role.custom_cluster_iam_role",
            "module.eks-jx.module.cluster.module.eks.data.aws_partition.current",
            "module.eks-jx.module.cluster.module.vpc.aws_subnet.private",
            "module.eks-jx.module.cluster.module.vpc.aws_subnet.public",
            "module.eks-jx.module.cluster.module.vpc.aws_vpc.this",
            "module.eks-jx.module.cluster.module.vpc.aws_vpc_ipv4_cidr_block_association.this",
            "module.eks-jx.random_pet.current"
          ]
        }
      ]
    },
    {
      "module": "module.eks-jx.module.cluster.module.eks",
      "mode": "managed",
      "type": "aws_iam_role_policy_attachment",
      "name": "workers_AmazonEKS_CNI_Policy",
      "provider": "module.eks-jx.provider[\"registry.terraform.io/hashicorp/aws\"]",
      "instances": [
        {
          "index_key": 0,
          "schema_version": 0,
          "attributes": {
            "id": "capires2020102910215403610000000e-20201029102156936300000014",
            "policy_arn": "arn:aws:iam::aws:policy/AmazonEKS_CNI_Policy",
            "role": "capires2020102910215403610000000e"
          },
          "private": "bnVsbA==",
          "dependencies": [
            "module.eks-jx.module.cluster.data.aws_availability_zones.available",
            "module.eks-jx.module.cluster.module.eks.aws_cloudwatch_log_group.this",
            "module.eks-jx.module.cluster.module.eks.aws_eks_cluster.this",
            "module.eks-jx.module.cluster.module.eks.aws_iam_role.cluster",
            "module.eks-jx.module.cluster.module.eks.aws_iam_role.workers",
            "module.eks-jx.module.cluster.module.eks.aws_iam_role_policy_attachment.cluster_AmazonEKSClusterPolicy",
            "module.eks-jx.module.cluster.module.eks.aws_iam_role_policy_attachment.cluster_AmazonEKSServicePolicy",
            "module.eks-jx.module.cluster.module.eks.aws_security_group.cluster",
            "module.eks-jx.module.cluster.module.eks.data.aws_iam_policy_document.cluster_assume_role_policy",
            "module.eks-jx.module.cluster.module.eks.data.aws_iam_policy_document.workers_assume_role_policy",
            "module.eks-jx.module.cluster.module.eks.data.aws_iam_role.custom_cluster_iam_role",
            "module.eks-jx.module.cluster.module.eks.data.aws_partition.current",
            "module.eks-jx.module.cluster.module.vpc.aws_subnet.private",
            "module.eks-jx.module.cluster.module.vpc.aws_subnet.public",
            "module.eks-jx.module.cluster.module.vpc.aws_vpc.this",
            "module.eks-jx.module.cluster.module.vpc.aws_vpc_ipv4_cidr_block_association.this",
            "module.eks-jx.random_pet.current"
          ]
        }
      ]
    },
    {
      "module": "module.eks-jx.module.cluster.module.eks",
      "mode": "managed",
      "type": "aws_iam_role_policy_attachment",
      "name": "workers_additional_policies",
      "provider": "module.eks-jx.provider[\"registry.terraform.io/hashicorp/aws\"]",
      "instances": [
        {
          "index_key": 0,
          "schema_version": 0,
          "attributes": {
            "id": "capires2020102910215403610000000e-20201029102156976900000015",
            "policy_arn": "arn:aws:iam::aws:policy/AmazonEC2ContainerRegistryPowerUser",
            "role": "capires2020102910215403610000000e"
          },
          "private": "bnVsbA==",
          "dependencies": [
            "module.eks-jx.module.cluster.data.aws_availability_zones.available",
            "module.eks-jx.module.cluster.module.eks.aws_cloudwatch_log_group.this",
            "module.eks-jx.module.cluster.module.eks.aws_eks_cluster.this",
            "module.eks-jx.module.cluster.module.eks.aws_iam_role.cluster",
            "module.eks-jx.module.cluster.module.eks.aws_iam_role.workers",
            "module.eks-jx.module.cluster.module.eks.aws_iam_role_policy_attachment.cluster_AmazonEKSClusterPolicy",
            "module.eks-jx.module.cluster.module.eks.aws_iam_role_policy_attachment.cluster_AmazonEKSServicePolicy",
            "module.eks-jx.module.cluster.module.eks.aws_security_group.cluster",
            "module.eks-jx.module.cluster.module.eks.data.aws_iam_policy_document.cluster_assume_role_policy",
            "module.eks-jx.module.cluster.module.eks.data.aws_iam_policy_document.workers_assume_role_policy",
            "module.eks-jx.module.cluster.module.eks.data.aws_iam_role.custom_cluster_iam_role",
            "module.eks-jx.module.cluster.module.eks.data.aws_partition.current",
            "module.eks-jx.module.cluster.module.vpc.aws_subnet.private",
            "module.eks-jx.module.cluster.module.vpc.aws_subnet.public",
            "module.eks-jx.module.cluster.module.vpc.aws_vpc.this",
            "module.eks-jx.module.cluster.module.vpc.aws_vpc_ipv4_cidr_block_association.this",
            "module.eks-jx.random_pet.current"
          ]
        }
      ]
    },
    {
      "module": "module.eks-jx.module.cluster.module.eks",
      "mode": "managed",
      "type": "aws_launch_configuration",
      "name": "workers",
      "provider": "module.eks-jx.provider[\"registry.terraform.io/hashicorp/aws\"]",
      "instances": [
        {
          "index_key": 0,
          "schema_version": 0,
          "attributes": {
            "arn": "arn:aws:autoscaling:us-east-1:621520006631:launchConfiguration:54181865-aaf3-4c19-8f35-1def9ea22879:launchConfigurationName/capires-worker-group-capires20201029102238943700000026",
            "associate_public_ip_address": false,
            "ebs_block_device": [],
            "ebs_optimized": true,
            "enable_monitoring": true,
            "ephemeral_block_device": [],
            "iam_instance_profile": "capires20201029102158653700000019",
            "id": "capires-worker-group-capires20201029102238943700000026",
            "image_id": "ami-07250434f8a7bc5f1",
            "instance_type": "m5.large",
            "key_name": "",
            "name": "capires-worker-group-capires20201029102238943700000026",
            "name_prefix": "capires-worker-group-capires",
            "placement_tenancy": "",
            "root_block_device": [
              {
                "delete_on_termination": true,
                "encrypted": false,
                "iops": 0,
                "volume_size": 50,
                "volume_type": "gp2"
              }
            ],
            "security_groups": [
              "sg-00dbda938c1b272ab"
            ],
            "spot_price": "0.1",
            "user_data": null,
            "user_data_base64": "IyEvYmluL2Jhc2ggLXhlCgojIEFsbG93IHVzZXIgc3VwcGxpZWQgcHJlIHVzZXJkYXRhIGNvZGUKCgojIEJvb3RzdHJhcCBhbmQgam9pbiB0aGUgY2x1c3RlcgovZXRjL2Vrcy9ib290c3RyYXAuc2ggLS1iNjQtY2x1c3Rlci1jYSAnTFMwdExTMUNSVWRKVGlCRFJWSlVTVVpKUTBGVVJTMHRMUzB0Q2sxSlNVTjVSRU5EUVdKRFowRjNTVUpCWjBsQ1FVUkJUa0puYTNGb2EybEhPWGN3UWtGUmMwWkJSRUZXVFZKTmQwVlJXVVJXVVZGRVJYZHdjbVJYU213S1kyMDFiR1JIVm5wTlFqUllSRlJKZDAxVVFYbFBWRVYzVFZSbmQwNVdiMWhFVkUxM1RWUkJlVTU2UlhkTlZHZDNUbFp2ZDBaVVJWUk5Ra1ZIUVRGVlJRcEJlRTFMWVROV2FWcFlTblZhV0ZKc1kzcERRMEZUU1hkRVVWbEtTMjlhU1doMlkwNUJVVVZDUWxGQlJHZG5SVkJCUkVORFFWRnZRMmRuUlVKQlRGQmtDbWd4WTJGV2IyMUdNRGRoU0VveFVVNUZPVFZrYmxSbEwyeExTbFJDTWsxaVVVbGpRWEZ3U1hGNU5FWkVjRlJoUTFoTWVGWm5UMVZ5TjB4SU4ycElZbWNLZDBWc2FGVjRibFJHVVZvMVRGcENWelZrY214M1Z6ZHZOSGhXZDNSVVpXWTRSMmRNY0VSTVVFaGlNelZxTkdNNFJqVTNMekJHVURscU1FZExNRU5GWmdwdFdFUmlTbEpqV0ROUmNHUklRMmxxUzI1eFQyeGljR0pJZW10c00xSmFaVnBoZEc1bGVXeFVka1lyZWxZck5FOVdlbVkyTTJObE0wNXlOVlpMVERWb0NreDRhMWxqVVd4RFJESnhZMkZrTUhaaGNua3JWbWxLTVZsa1EwODJZVWg1UldOSGRsSkpNa1JMYTJzeWVFODJObGhpVlhoMmRpc3dWWFJTVURORWFsb0tNRkkwZG5aaE5UbDVSelZhYkRVNU1uZGpOazVMY25STE1XSTRhVFJMWVdadlNTOXFiRTFPZGpORWJXMUNSazVTZFdkTFdFMTRaMkpTVkZscWVrSnhhQXBhUVhGNldIQk1ZaXRuTTA5UVpVbzRSa2RyUTBGM1JVRkJZVTFxVFVORmQwUm5XVVJXVWpCUVFWRklMMEpCVVVSQlowdHJUVUU0UjBFeFZXUkZkMFZDQ2k5M1VVWk5RVTFDUVdZNGQwUlJXVXBMYjFwSmFIWmpUa0ZSUlV4Q1VVRkVaMmRGUWtGRFFUWXpVMDlaT1RWckszQnBLMGt6Ykc1a01IbzBPV0YyY0d3S09EY3JMMGhMU21SemFGRkRVelVyYUhCRVVVVjNTRU5FZW5wWVNGSnpUV1YzWVVaNlEyVkpUVFJQYWxSblJIRjRSMk5UUjBaWmRta3hibk56T0d0bFFnb3ZaVzl3ZHpGdE1uSnBWV2xKZUZkdmNERjZibWs0VlhGSFN6Vm9lbE5zUVdneVdqUllURmh1YWtGa2RFRjBRbEo0ZUZKNVNtb3pjVlpqWnpKcVRrOURDbnBZWmtVeU0zQmhTMWhMVmpOVmRWWnhkMVU0TlVKVllsWkRSSGhtZG1OdlVHOHJZVVEzVVVoWVVHbDVUa3hYZGtSWFVtMU5UakZrU205NE0zTkxWR0lLUmxRMGNWTndlVEZIVGxkdGIxWTNOVTVRSzJ4cVJHczFOVVI1ZFVzclFscFhUbEZST0M5M1JrazNjSGxrVTJzME9FNUpVMVJSVUV0TU5FNTFkVUoyUVFwclRtRnJUbWxDV25oNGRtWTRkVWhMY0c5Uk1rMXdVMEZYUzBVdlV6Ukpha041UVhwcFdVUlZOeTlpYjJWUlNEQmxUSFpJZG1sVUsyNDFTVDBLTFMwdExTMUZUa1FnUTBWU1ZFbEdTVU5CVkVVdExTMHRMUW89JyAtLWFwaXNlcnZlci1lbmRwb2ludCAnaHR0cHM6Ly81NTJEN0U3MkE2NjhGQTREMkFDRDI5QzEzRUEyODIyMS5ncjcudXMtZWFzdC0xLmVrcy5hbWF6b25hd3MuY29tJyAgLS1rdWJlbGV0LWV4dHJhLWFyZ3MgIiIgJ2NhcGlyZXMnCgojIEFsbG93IHVzZXIgc3VwcGxpZWQgdXNlcmRhdGEgY29kZQoK",
            "vpc_classic_link_id": "",
            "vpc_classic_link_security_groups": []
          },
          "private": "bnVsbA==",
          "dependencies": [
            "module.eks-jx.module.cluster.data.aws_availability_zones.available",
            "module.eks-jx.module.cluster.module.eks.aws_cloudwatch_log_group.this",
            "module.eks-jx.module.cluster.module.eks.aws_eks_cluster.this",
            "module.eks-jx.module.cluster.module.eks.aws_iam_instance_profile.workers",
            "module.eks-jx.module.cluster.module.eks.aws_iam_role.cluster",
            "module.eks-jx.module.cluster.module.eks.aws_iam_role.workers",
            "module.eks-jx.module.cluster.module.eks.aws_iam_role_policy_attachment.cluster_AmazonEKSClusterPolicy",
            "module.eks-jx.module.cluster.module.eks.aws_iam_role_policy_attachment.cluster_AmazonEKSServicePolicy",
            "module.eks-jx.module.cluster.module.eks.aws_security_group.cluster",
            "module.eks-jx.module.cluster.module.eks.aws_security_group.workers",
            "module.eks-jx.module.cluster.module.eks.data.aws_ami.eks_worker",
            "module.eks-jx.module.cluster.module.eks.data.aws_ami.eks_worker_windows",
            "module.eks-jx.module.cluster.module.eks.data.aws_iam_instance_profile.custom_worker_group_iam_instance_profile",
            "module.eks-jx.module.cluster.module.eks.data.aws_iam_policy_document.cluster_assume_role_policy",
            "module.eks-jx.module.cluster.module.eks.data.aws_iam_policy_document.workers_assume_role_policy",
            "module.eks-jx.module.cluster.module.eks.data.aws_iam_role.custom_cluster_iam_role",
            "module.eks-jx.module.cluster.module.eks.data.aws_partition.current",
            "module.eks-jx.module.cluster.module.eks.data.template_file.userdata",
            "module.eks-jx.module.cluster.module.vpc.aws_subnet.private",
            "module.eks-jx.module.cluster.module.vpc.aws_subnet.public",
            "module.eks-jx.module.cluster.module.vpc.aws_vpc.this",
            "module.eks-jx.module.cluster.module.vpc.aws_vpc_ipv4_cidr_block_association.this",
            "module.eks-jx.random_pet.current"
          ],
          "create_before_destroy": true
        }
      ]
    },
    {
      "module": "module.eks-jx.module.cluster.module.eks",
      "mode": "managed",
      "type": "aws_launch_template",
      "name": "workers_launch_template",
      "provider": "module.eks-jx.provider[\"registry.terraform.io/hashicorp/aws\"]",
      "instances": [
        {
          "index_key": 0,
          "schema_version": 0,
          "attributes": {
            "arn": "arn:aws:ec2:us-east-1:621520006631:launch-template/lt-01b0b227e539b530f",
            "block_device_mappings": [
              {
                "device_name": "/dev/xvda",
                "ebs": [
                  {
                    "delete_on_termination": "true",
                    "encrypted": "false",
                    "iops": 0,
                    "kms_key_id": "",
                    "snapshot_id": "",
                    "volume_size": 100,
                    "volume_type": "gp2"
                  }
                ],
                "no_device": "",
                "virtual_name": ""
              }
            ],
            "capacity_reservation_specification": [],
            "cpu_options": [],
            "credit_specification": [
              {
                "cpu_credits": "standard"
              }
            ],
            "default_version": 1,
            "description": "",
            "disable_api_termination": false,
            "ebs_optimized": "true",
            "elastic_gpu_specifications": [],
            "elastic_inference_accelerator": [],
            "hibernation_options": [],
            "iam_instance_profile": [
              {
                "arn": "",
                "name": "capires20201029102156414800000010"
              }
            ],
            "id": "lt-01b0b227e539b530f",
            "image_id": "ami-07250434f8a7bc5f1",
            "instance_initiated_shutdown_behavior": "",
            "instance_market_options": [],
            "instance_type": "m5.large",
            "kernel_id": "",
            "key_name": "",
            "latest_version": 1,
            "license_specification": [],
            "metadata_options": [],
            "monitoring": [
              {
                "enabled": true
              }
            ],
            "name": "capires-02020102910220566960000001d",
            "name_prefix": "capires-0",
            "network_interfaces": [
              {
                "associate_public_ip_address": "true",
                "delete_on_termination": "true",
                "description": "",
                "device_index": 0,
                "ipv4_address_count": 0,
                "ipv4_addresses": [],
                "ipv6_address_count": 0,
                "ipv6_addresses": [],
                "network_interface_id": "",
                "private_ip_address": "",
                "security_groups": [
                  "sg-00dbda938c1b272ab"
                ],
                "subnet_id": ""
              }
            ],
            "placement": [],
            "ram_disk_id": "",
            "security_group_names": [],
            "tag_specifications": [
              {
                "resource_type": "volume",
                "tags": {
                  "Name": "capires-0-eks_asg"
                }
              },
              {
                "resource_type": "instance",
                "tags": {
                  "Name": "capires-0-eks_asg"
                }
              }
            ],
            "tags": {},
            "update_default_version": null,
            "user_data": "IyEvYmluL2Jhc2ggLXhlCgojIEFsbG93IHVzZXIgc3VwcGxpZWQgcHJlIHVzZXJkYXRhIGNvZGUKCgojIEJvb3RzdHJhcCBhbmQgam9pbiB0aGUgY2x1c3RlcgovZXRjL2Vrcy9ib290c3RyYXAuc2ggLS1iNjQtY2x1c3Rlci1jYSAnTFMwdExTMUNSVWRKVGlCRFJWSlVTVVpKUTBGVVJTMHRMUzB0Q2sxSlNVTjVSRU5EUVdKRFowRjNTVUpCWjBsQ1FVUkJUa0puYTNGb2EybEhPWGN3UWtGUmMwWkJSRUZXVFZKTmQwVlJXVVJXVVZGRVJYZHdjbVJYU213S1kyMDFiR1JIVm5wTlFqUllSRlJKZDAxVVFYbFBWRVYzVFZSbmQwNVdiMWhFVkUxM1RWUkJlVTU2UlhkTlZHZDNUbFp2ZDBaVVJWUk5Ra1ZIUVRGVlJRcEJlRTFMWVROV2FWcFlTblZhV0ZKc1kzcERRMEZUU1hkRVVWbEtTMjlhU1doMlkwNUJVVVZDUWxGQlJHZG5SVkJCUkVORFFWRnZRMmRuUlVKQlRGQmtDbWd4WTJGV2IyMUdNRGRoU0VveFVVNUZPVFZrYmxSbEwyeExTbFJDTWsxaVVVbGpRWEZ3U1hGNU5FWkVjRlJoUTFoTWVGWm5UMVZ5TjB4SU4ycElZbWNLZDBWc2FGVjRibFJHVVZvMVRGcENWelZrY214M1Z6ZHZOSGhXZDNSVVpXWTRSMmRNY0VSTVVFaGlNelZxTkdNNFJqVTNMekJHVURscU1FZExNRU5GWmdwdFdFUmlTbEpqV0ROUmNHUklRMmxxUzI1eFQyeGljR0pJZW10c00xSmFaVnBoZEc1bGVXeFVka1lyZWxZck5FOVdlbVkyTTJObE0wNXlOVlpMVERWb0NreDRhMWxqVVd4RFJESnhZMkZrTUhaaGNua3JWbWxLTVZsa1EwODJZVWg1UldOSGRsSkpNa1JMYTJzeWVFODJObGhpVlhoMmRpc3dWWFJTVURORWFsb0tNRkkwZG5aaE5UbDVSelZhYkRVNU1uZGpOazVMY25STE1XSTRhVFJMWVdadlNTOXFiRTFPZGpORWJXMUNSazVTZFdkTFdFMTRaMkpTVkZscWVrSnhhQXBhUVhGNldIQk1ZaXRuTTA5UVpVbzRSa2RyUTBGM1JVRkJZVTFxVFVORmQwUm5XVVJXVWpCUVFWRklMMEpCVVVSQlowdHJUVUU0UjBFeFZXUkZkMFZDQ2k5M1VVWk5RVTFDUVdZNGQwUlJXVXBMYjFwSmFIWmpUa0ZSUlV4Q1VVRkVaMmRGUWtGRFFUWXpVMDlaT1RWckszQnBLMGt6Ykc1a01IbzBPV0YyY0d3S09EY3JMMGhMU21SemFGRkRVelVyYUhCRVVVVjNTRU5FZW5wWVNGSnpUV1YzWVVaNlEyVkpUVFJQYWxSblJIRjRSMk5UUjBaWmRta3hibk56T0d0bFFnb3ZaVzl3ZHpGdE1uSnBWV2xKZUZkdmNERjZibWs0VlhGSFN6Vm9lbE5zUVdneVdqUllURmh1YWtGa2RFRjBRbEo0ZUZKNVNtb3pjVlpqWnpKcVRrOURDbnBZWmtVeU0zQmhTMWhMVmpOVmRWWnhkMVU0TlVKVllsWkRSSGhtZG1OdlVHOHJZVVEzVVVoWVVHbDVUa3hYZGtSWFVtMU5UakZrU205NE0zTkxWR0lLUmxRMGNWTndlVEZIVGxkdGIxWTNOVTVRSzJ4cVJHczFOVVI1ZFVzclFscFhUbEZST0M5M1JrazNjSGxrVTJzME9FNUpVMVJSVUV0TU5FNTFkVUoyUVFwclRtRnJUbWxDV25oNGRtWTRkVWhMY0c5Uk1rMXdVMEZYUzBVdlV6Ukpha041UVhwcFdVUlZOeTlpYjJWUlNEQmxUSFpJZG1sVUsyNDFTVDBLTFMwdExTMUZUa1FnUTBWU1ZFbEdTVU5CVkVVdExTMHRMUW89JyAtLWFwaXNlcnZlci1lbmRwb2ludCAnaHR0cHM6Ly81NTJEN0U3MkE2NjhGQTREMkFDRDI5QzEzRUEyODIyMS5ncjcudXMtZWFzdC0xLmVrcy5hbWF6b25hd3MuY29tJyAgLS1rdWJlbGV0LWV4dHJhLWFyZ3MgIiIgJ2NhcGlyZXMnCgojIEFsbG93IHVzZXIgc3VwcGxpZWQgdXNlcmRhdGEgY29kZQoK",
            "vpc_security_group_ids": []
          },
          "private": "bnVsbA==",
          "dependencies": [
            "module.eks-jx.module.cluster.data.aws_availability_zones.available",
            "module.eks-jx.module.cluster.module.eks.aws_cloudwatch_log_group.this",
            "module.eks-jx.module.cluster.module.eks.aws_eks_cluster.this",
            "module.eks-jx.module.cluster.module.eks.aws_iam_instance_profile.workers_launch_template",
            "module.eks-jx.module.cluster.module.eks.aws_iam_role.cluster",
            "module.eks-jx.module.cluster.module.eks.aws_iam_role.workers",
            "module.eks-jx.module.cluster.module.eks.aws_iam_role_policy_attachment.cluster_AmazonEKSClusterPolicy",
            "module.eks-jx.module.cluster.module.eks.aws_iam_role_policy_attachment.cluster_AmazonEKSServicePolicy",
            "module.eks-jx.module.cluster.module.eks.aws_security_group.cluster",
            "module.eks-jx.module.cluster.module.eks.aws_security_group.workers",
            "module.eks-jx.module.cluster.module.eks.data.aws_ami.eks_worker",
            "module.eks-jx.module.cluster.module.eks.data.aws_ami.eks_worker_windows",
            "module.eks-jx.module.cluster.module.eks.data.aws_iam_instance_profile.custom_worker_group_launch_template_iam_instance_profile",
            "module.eks-jx.module.cluster.module.eks.data.aws_iam_policy_document.cluster_assume_role_policy",
            "module.eks-jx.module.cluster.module.eks.data.aws_iam_policy_document.workers_assume_role_policy",
            "module.eks-jx.module.cluster.module.eks.data.aws_iam_role.custom_cluster_iam_role",
            "module.eks-jx.module.cluster.module.eks.data.aws_partition.current",
            "module.eks-jx.module.cluster.module.eks.data.template_file.launch_template_userdata",
            "module.eks-jx.module.cluster.module.vpc.aws_subnet.private",
            "module.eks-jx.module.cluster.module.vpc.aws_subnet.public",
            "module.eks-jx.module.cluster.module.vpc.aws_vpc.this",
            "module.eks-jx.module.cluster.module.vpc.aws_vpc_ipv4_cidr_block_association.this",
            "module.eks-jx.random_pet.current"
          ],
          "create_before_destroy": true
        },
        {
          "index_key": 1,
          "schema_version": 0,
          "attributes": {
            "arn": "arn:aws:ec2:us-east-1:621520006631:launch-template/lt-009ea75a29f17ad12",
            "block_device_mappings": [
              {
                "device_name": "/dev/xvda",
                "ebs": [
                  {
                    "delete_on_termination": "true",
                    "encrypted": "false",
                    "iops": 0,
                    "kms_key_id": "",
                    "snapshot_id": "",
                    "volume_size": 100,
                    "volume_type": "gp2"
                  }
                ],
                "no_device": "",
                "virtual_name": ""
              }
            ],
            "capacity_reservation_specification": [],
            "cpu_options": [],
            "credit_specification": [
              {
                "cpu_credits": "standard"
              }
            ],
            "default_version": 1,
            "description": "",
            "disable_api_termination": false,
            "ebs_optimized": "true",
            "elastic_gpu_specifications": [],
            "elastic_inference_accelerator": [],
            "hibernation_options": [],
            "iam_instance_profile": [
              {
                "arn": "",
                "name": "capires20201029102157519800000018"
              }
            ],
            "id": "lt-009ea75a29f17ad12",
            "image_id": "ami-07250434f8a7bc5f1",
            "instance_initiated_shutdown_behavior": "",
            "instance_market_options": [],
            "instance_type": "m5.large",
            "kernel_id": "",
            "key_name": "",
            "latest_version": 1,
            "license_specification": [],
            "metadata_options": [],
            "monitoring": [
              {
                "enabled": true
              }
            ],
            "name": "capires-120201029102205670300000020",
            "name_prefix": "capires-1",
            "network_interfaces": [
              {
                "associate_public_ip_address": "true",
                "delete_on_termination": "true",
                "description": "",
                "device_index": 0,
                "ipv4_address_count": 0,
                "ipv4_addresses": [],
                "ipv6_address_count": 0,
                "ipv6_addresses": [],
                "network_interface_id": "",
                "private_ip_address": "",
                "security_groups": [
                  "sg-00dbda938c1b272ab"
                ],
                "subnet_id": ""
              }
            ],
            "placement": [],
            "ram_disk_id": "",
            "security_group_names": [],
            "tag_specifications": [
              {
                "resource_type": "volume",
                "tags": {
                  "Name": "capires-1-eks_asg"
                }
              },
              {
                "resource_type": "instance",
                "tags": {
                  "Name": "capires-1-eks_asg"
                }
              }
            ],
            "tags": {},
            "update_default_version": null,
            "user_data": "IyEvYmluL2Jhc2ggLXhlCgojIEFsbG93IHVzZXIgc3VwcGxpZWQgcHJlIHVzZXJkYXRhIGNvZGUKCgojIEJvb3RzdHJhcCBhbmQgam9pbiB0aGUgY2x1c3RlcgovZXRjL2Vrcy9ib290c3RyYXAuc2ggLS1iNjQtY2x1c3Rlci1jYSAnTFMwdExTMUNSVWRKVGlCRFJWSlVTVVpKUTBGVVJTMHRMUzB0Q2sxSlNVTjVSRU5EUVdKRFowRjNTVUpCWjBsQ1FVUkJUa0puYTNGb2EybEhPWGN3UWtGUmMwWkJSRUZXVFZKTmQwVlJXVVJXVVZGRVJYZHdjbVJYU213S1kyMDFiR1JIVm5wTlFqUllSRlJKZDAxVVFYbFBWRVYzVFZSbmQwNVdiMWhFVkUxM1RWUkJlVTU2UlhkTlZHZDNUbFp2ZDBaVVJWUk5Ra1ZIUVRGVlJRcEJlRTFMWVROV2FWcFlTblZhV0ZKc1kzcERRMEZUU1hkRVVWbEtTMjlhU1doMlkwNUJVVVZDUWxGQlJHZG5SVkJCUkVORFFWRnZRMmRuUlVKQlRGQmtDbWd4WTJGV2IyMUdNRGRoU0VveFVVNUZPVFZrYmxSbEwyeExTbFJDTWsxaVVVbGpRWEZ3U1hGNU5FWkVjRlJoUTFoTWVGWm5UMVZ5TjB4SU4ycElZbWNLZDBWc2FGVjRibFJHVVZvMVRGcENWelZrY214M1Z6ZHZOSGhXZDNSVVpXWTRSMmRNY0VSTVVFaGlNelZxTkdNNFJqVTNMekJHVURscU1FZExNRU5GWmdwdFdFUmlTbEpqV0ROUmNHUklRMmxxUzI1eFQyeGljR0pJZW10c00xSmFaVnBoZEc1bGVXeFVka1lyZWxZck5FOVdlbVkyTTJObE0wNXlOVlpMVERWb0NreDRhMWxqVVd4RFJESnhZMkZrTUhaaGNua3JWbWxLTVZsa1EwODJZVWg1UldOSGRsSkpNa1JMYTJzeWVFODJObGhpVlhoMmRpc3dWWFJTVURORWFsb0tNRkkwZG5aaE5UbDVSelZhYkRVNU1uZGpOazVMY25STE1XSTRhVFJMWVdadlNTOXFiRTFPZGpORWJXMUNSazVTZFdkTFdFMTRaMkpTVkZscWVrSnhhQXBhUVhGNldIQk1ZaXRuTTA5UVpVbzRSa2RyUTBGM1JVRkJZVTFxVFVORmQwUm5XVVJXVWpCUVFWRklMMEpCVVVSQlowdHJUVUU0UjBFeFZXUkZkMFZDQ2k5M1VVWk5RVTFDUVdZNGQwUlJXVXBMYjFwSmFIWmpUa0ZSUlV4Q1VVRkVaMmRGUWtGRFFUWXpVMDlaT1RWckszQnBLMGt6Ykc1a01IbzBPV0YyY0d3S09EY3JMMGhMU21SemFGRkRVelVyYUhCRVVVVjNTRU5FZW5wWVNGSnpUV1YzWVVaNlEyVkpUVFJQYWxSblJIRjRSMk5UUjBaWmRta3hibk56T0d0bFFnb3ZaVzl3ZHpGdE1uSnBWV2xKZUZkdmNERjZibWs0VlhGSFN6Vm9lbE5zUVdneVdqUllURmh1YWtGa2RFRjBRbEo0ZUZKNVNtb3pjVlpqWnpKcVRrOURDbnBZWmtVeU0zQmhTMWhMVmpOVmRWWnhkMVU0TlVKVllsWkRSSGhtZG1OdlVHOHJZVVEzVVVoWVVHbDVUa3hYZGtSWFVtMU5UakZrU205NE0zTkxWR0lLUmxRMGNWTndlVEZIVGxkdGIxWTNOVTVRSzJ4cVJHczFOVVI1ZFVzclFscFhUbEZST0M5M1JrazNjSGxrVTJzME9FNUpVMVJSVUV0TU5FNTFkVUoyUVFwclRtRnJUbWxDV25oNGRtWTRkVWhMY0c5Uk1rMXdVMEZYUzBVdlV6Ukpha041UVhwcFdVUlZOeTlpYjJWUlNEQmxUSFpJZG1sVUsyNDFTVDBLTFMwdExTMUZUa1FnUTBWU1ZFbEdTVU5CVkVVdExTMHRMUW89JyAtLWFwaXNlcnZlci1lbmRwb2ludCAnaHR0cHM6Ly81NTJEN0U3MkE2NjhGQTREMkFDRDI5QzEzRUEyODIyMS5ncjcudXMtZWFzdC0xLmVrcy5hbWF6b25hd3MuY29tJyAgLS1rdWJlbGV0LWV4dHJhLWFyZ3MgIiIgJ2NhcGlyZXMnCgojIEFsbG93IHVzZXIgc3VwcGxpZWQgdXNlcmRhdGEgY29kZQoK",
            "vpc_security_group_ids": []
          },
          "private": "bnVsbA==",
          "dependencies": [
            "module.eks-jx.module.cluster.data.aws_availability_zones.available",
            "module.eks-jx.module.cluster.module.eks.aws_cloudwatch_log_group.this",
            "module.eks-jx.module.cluster.module.eks.aws_eks_cluster.this",
            "module.eks-jx.module.cluster.module.eks.aws_iam_instance_profile.workers_launch_template",
            "module.eks-jx.module.cluster.module.eks.aws_iam_role.cluster",
            "module.eks-jx.module.cluster.module.eks.aws_iam_role.workers",
            "module.eks-jx.module.cluster.module.eks.aws_iam_role_policy_attachment.cluster_AmazonEKSClusterPolicy",
            "module.eks-jx.module.cluster.module.eks.aws_iam_role_policy_attachment.cluster_AmazonEKSServicePolicy",
            "module.eks-jx.module.cluster.module.eks.aws_security_group.cluster",
            "module.eks-jx.module.cluster.module.eks.aws_security_group.workers",
            "module.eks-jx.module.cluster.module.eks.data.aws_ami.eks_worker",
            "module.eks-jx.module.cluster.module.eks.data.aws_ami.eks_worker_windows",
            "module.eks-jx.module.cluster.module.eks.data.aws_iam_instance_profile.custom_worker_group_launch_template_iam_instance_profile",
            "module.eks-jx.module.cluster.module.eks.data.aws_iam_policy_document.cluster_assume_role_policy",
            "module.eks-jx.module.cluster.module.eks.data.aws_iam_policy_document.workers_assume_role_policy",
            "module.eks-jx.module.cluster.module.eks.data.aws_iam_role.custom_cluster_iam_role",
            "module.eks-jx.module.cluster.module.eks.data.aws_partition.current",
            "module.eks-jx.module.cluster.module.eks.data.template_file.launch_template_userdata",
            "module.eks-jx.module.cluster.module.vpc.aws_subnet.private",
            "module.eks-jx.module.cluster.module.vpc.aws_subnet.public",
            "module.eks-jx.module.cluster.module.vpc.aws_vpc.this",
            "module.eks-jx.module.cluster.module.vpc.aws_vpc_ipv4_cidr_block_association.this",
            "module.eks-jx.random_pet.current"
          ],
          "create_before_destroy": true
        },
        {
          "index_key": 2,
          "schema_version": 0,
          "attributes": {
            "arn": "arn:aws:ec2:us-east-1:621520006631:launch-template/lt-099807251854dea3f",
            "block_device_mappings": [
              {
                "device_name": "/dev/xvda",
                "ebs": [
                  {
                    "delete_on_termination": "true",
                    "encrypted": "false",
                    "iops": 0,
                    "kms_key_id": "",
                    "snapshot_id": "",
                    "volume_size": 100,
                    "volume_type": "gp2"
                  }
                ],
                "no_device": "",
                "virtual_name": ""
              }
            ],
            "capacity_reservation_specification": [],
            "cpu_options": [],
            "credit_specification": [
              {
                "cpu_credits": "standard"
              }
            ],
            "default_version": 1,
            "description": "",
            "disable_api_termination": false,
            "ebs_optimized": "true",
            "elastic_gpu_specifications": [],
            "elastic_inference_accelerator": [],
            "hibernation_options": [],
            "iam_instance_profile": [
              {
                "arn": "",
                "name": "capires2020102910215867310000001a"
              }
            ],
            "id": "lt-099807251854dea3f",
            "image_id": "ami-07250434f8a7bc5f1",
            "instance_initiated_shutdown_behavior": "",
            "instance_market_options": [],
            "instance_type": "m5.large",
            "kernel_id": "",
            "key_name": "",
            "latest_version": 1,
            "license_specification": [],
            "metadata_options": [],
            "monitoring": [
              {
                "enabled": true
              }
            ],
            "name": "capires-22020102910220567020000001f",
            "name_prefix": "capires-2",
            "network_interfaces": [
              {
                "associate_public_ip_address": "true",
                "delete_on_termination": "true",
                "description": "",
                "device_index": 0,
                "ipv4_address_count": 0,
                "ipv4_addresses": [],
                "ipv6_address_count": 0,
                "ipv6_addresses": [],
                "network_interface_id": "",
                "private_ip_address": "",
                "security_groups": [
                  "sg-00dbda938c1b272ab"
                ],
                "subnet_id": ""
              }
            ],
            "placement": [],
            "ram_disk_id": "",
            "security_group_names": [],
            "tag_specifications": [
              {
                "resource_type": "volume",
                "tags": {
                  "Name": "capires-2-eks_asg"
                }
              },
              {
                "resource_type": "instance",
                "tags": {
                  "Name": "capires-2-eks_asg"
                }
              }
            ],
            "tags": {},
            "update_default_version": null,
            "user_data": "IyEvYmluL2Jhc2ggLXhlCgojIEFsbG93IHVzZXIgc3VwcGxpZWQgcHJlIHVzZXJkYXRhIGNvZGUKCgojIEJvb3RzdHJhcCBhbmQgam9pbiB0aGUgY2x1c3RlcgovZXRjL2Vrcy9ib290c3RyYXAuc2ggLS1iNjQtY2x1c3Rlci1jYSAnTFMwdExTMUNSVWRKVGlCRFJWSlVTVVpKUTBGVVJTMHRMUzB0Q2sxSlNVTjVSRU5EUVdKRFowRjNTVUpCWjBsQ1FVUkJUa0puYTNGb2EybEhPWGN3UWtGUmMwWkJSRUZXVFZKTmQwVlJXVVJXVVZGRVJYZHdjbVJYU213S1kyMDFiR1JIVm5wTlFqUllSRlJKZDAxVVFYbFBWRVYzVFZSbmQwNVdiMWhFVkUxM1RWUkJlVTU2UlhkTlZHZDNUbFp2ZDBaVVJWUk5Ra1ZIUVRGVlJRcEJlRTFMWVROV2FWcFlTblZhV0ZKc1kzcERRMEZUU1hkRVVWbEtTMjlhU1doMlkwNUJVVVZDUWxGQlJHZG5SVkJCUkVORFFWRnZRMmRuUlVKQlRGQmtDbWd4WTJGV2IyMUdNRGRoU0VveFVVNUZPVFZrYmxSbEwyeExTbFJDTWsxaVVVbGpRWEZ3U1hGNU5FWkVjRlJoUTFoTWVGWm5UMVZ5TjB4SU4ycElZbWNLZDBWc2FGVjRibFJHVVZvMVRGcENWelZrY214M1Z6ZHZOSGhXZDNSVVpXWTRSMmRNY0VSTVVFaGlNelZxTkdNNFJqVTNMekJHVURscU1FZExNRU5GWmdwdFdFUmlTbEpqV0ROUmNHUklRMmxxUzI1eFQyeGljR0pJZW10c00xSmFaVnBoZEc1bGVXeFVka1lyZWxZck5FOVdlbVkyTTJObE0wNXlOVlpMVERWb0NreDRhMWxqVVd4RFJESnhZMkZrTUhaaGNua3JWbWxLTVZsa1EwODJZVWg1UldOSGRsSkpNa1JMYTJzeWVFODJObGhpVlhoMmRpc3dWWFJTVURORWFsb0tNRkkwZG5aaE5UbDVSelZhYkRVNU1uZGpOazVMY25STE1XSTRhVFJMWVdadlNTOXFiRTFPZGpORWJXMUNSazVTZFdkTFdFMTRaMkpTVkZscWVrSnhhQXBhUVhGNldIQk1ZaXRuTTA5UVpVbzRSa2RyUTBGM1JVRkJZVTFxVFVORmQwUm5XVVJXVWpCUVFWRklMMEpCVVVSQlowdHJUVUU0UjBFeFZXUkZkMFZDQ2k5M1VVWk5RVTFDUVdZNGQwUlJXVXBMYjFwSmFIWmpUa0ZSUlV4Q1VVRkVaMmRGUWtGRFFUWXpVMDlaT1RWckszQnBLMGt6Ykc1a01IbzBPV0YyY0d3S09EY3JMMGhMU21SemFGRkRVelVyYUhCRVVVVjNTRU5FZW5wWVNGSnpUV1YzWVVaNlEyVkpUVFJQYWxSblJIRjRSMk5UUjBaWmRta3hibk56T0d0bFFnb3ZaVzl3ZHpGdE1uSnBWV2xKZUZkdmNERjZibWs0VlhGSFN6Vm9lbE5zUVdneVdqUllURmh1YWtGa2RFRjBRbEo0ZUZKNVNtb3pjVlpqWnpKcVRrOURDbnBZWmtVeU0zQmhTMWhMVmpOVmRWWnhkMVU0TlVKVllsWkRSSGhtZG1OdlVHOHJZVVEzVVVoWVVHbDVUa3hYZGtSWFVtMU5UakZrU205NE0zTkxWR0lLUmxRMGNWTndlVEZIVGxkdGIxWTNOVTVRSzJ4cVJHczFOVVI1ZFVzclFscFhUbEZST0M5M1JrazNjSGxrVTJzME9FNUpVMVJSVUV0TU5FNTFkVUoyUVFwclRtRnJUbWxDV25oNGRtWTRkVWhMY0c5Uk1rMXdVMEZYUzBVdlV6Ukpha041UVhwcFdVUlZOeTlpYjJWUlNEQmxUSFpJZG1sVUsyNDFTVDBLTFMwdExTMUZUa1FnUTBWU1ZFbEdTVU5CVkVVdExTMHRMUW89JyAtLWFwaXNlcnZlci1lbmRwb2ludCAnaHR0cHM6Ly81NTJEN0U3MkE2NjhGQTREMkFDRDI5QzEzRUEyODIyMS5ncjcudXMtZWFzdC0xLmVrcy5hbWF6b25hd3MuY29tJyAgLS1rdWJlbGV0LWV4dHJhLWFyZ3MgIiIgJ2NhcGlyZXMnCgojIEFsbG93IHVzZXIgc3VwcGxpZWQgdXNlcmRhdGEgY29kZQoK",
            "vpc_security_group_ids": []
          },
          "private": "bnVsbA==",
          "dependencies": [
            "module.eks-jx.module.cluster.data.aws_availability_zones.available",
            "module.eks-jx.module.cluster.module.eks.aws_cloudwatch_log_group.this",
            "module.eks-jx.module.cluster.module.eks.aws_eks_cluster.this",
            "module.eks-jx.module.cluster.module.eks.aws_iam_instance_profile.workers_launch_template",
            "module.eks-jx.module.cluster.module.eks.aws_iam_role.cluster",
            "module.eks-jx.module.cluster.module.eks.aws_iam_role.workers",
            "module.eks-jx.module.cluster.module.eks.aws_iam_role_policy_attachment.cluster_AmazonEKSClusterPolicy",
            "module.eks-jx.module.cluster.module.eks.aws_iam_role_policy_attachment.cluster_AmazonEKSServicePolicy",
            "module.eks-jx.module.cluster.module.eks.aws_security_group.cluster",
            "module.eks-jx.module.cluster.module.eks.aws_security_group.workers",
            "module.eks-jx.module.cluster.module.eks.data.aws_ami.eks_worker",
            "module.eks-jx.module.cluster.module.eks.data.aws_ami.eks_worker_windows",
            "module.eks-jx.module.cluster.module.eks.data.aws_iam_instance_profile.custom_worker_group_launch_template_iam_instance_profile",
            "module.eks-jx.module.cluster.module.eks.data.aws_iam_policy_document.cluster_assume_role_policy",
            "module.eks-jx.module.cluster.module.eks.data.aws_iam_policy_document.workers_assume_role_policy",
            "module.eks-jx.module.cluster.module.eks.data.aws_iam_role.custom_cluster_iam_role",
            "module.eks-jx.module.cluster.module.eks.data.aws_partition.current",
            "module.eks-jx.module.cluster.module.eks.data.template_file.launch_template_userdata",
            "module.eks-jx.module.cluster.module.vpc.aws_subnet.private",
            "module.eks-jx.module.cluster.module.vpc.aws_subnet.public",
            "module.eks-jx.module.cluster.module.vpc.aws_vpc.this",
            "module.eks-jx.module.cluster.module.vpc.aws_vpc_ipv4_cidr_block_association.this",
            "module.eks-jx.random_pet.current"
          ],
          "create_before_destroy": true
        }
      ]
    },
    {
      "module": "module.eks-jx.module.cluster.module.eks",
      "mode": "managed",
      "type": "aws_security_group",
      "name": "cluster",
      "provider": "module.eks-jx.provider[\"registry.terraform.io/hashicorp/aws\"]",
      "instances": [
        {
          "index_key": 0,
          "schema_version": 1,
          "attributes": {
            "arn": "arn:aws:ec2:us-east-1:621520006631:security-group/sg-0b6637ddef383b5d8",
            "description": "EKS cluster security group.",
            "egress": [
              {
                "cidr_blocks": [
                  "0.0.0.0/0"
                ],
                "description": "Allow cluster egress access to the Internet.",
                "from_port": 0,
                "ipv6_cidr_blocks": [],
                "prefix_list_ids": [],
                "protocol": "-1",
                "security_groups": [],
                "self": false,
                "to_port": 0
              }
            ],
            "id": "sg-0b6637ddef383b5d8",
            "ingress": [
              {
                "cidr_blocks": [],
                "description": "Allow pods to communicate with the EKS cluster API.",
                "from_port": 443,
                "ipv6_cidr_blocks": [],
                "prefix_list_ids": [],
                "protocol": "tcp",
                "security_groups": [
                  "sg-00dbda938c1b272ab"
                ],
                "self": false,
                "to_port": 443
              }
            ],
            "name": "capires2020102910092411240000000b",
            "name_prefix": "capires",
            "owner_id": "621520006631",
            "revoke_rules_on_delete": false,
            "tags": {
              "Name": "capires-eks_cluster_sg"
            },
            "timeouts": null,
            "vpc_id": "vpc-01acca9b887511bbe"
          },
          "private": "eyJlMmJmYjczMC1lY2FhLTExZTYtOGY4OC0zNDM2M2JjN2M0YzAiOnsiY3JlYXRlIjo2MDAwMDAwMDAwMDAsImRlbGV0ZSI6NjAwMDAwMDAwMDAwfSwic2NoZW1hX3ZlcnNpb24iOiIxIn0=",
          "dependencies": [
            "module.eks-jx.module.cluster.module.vpc.aws_vpc.this",
            "module.eks-jx.random_pet.current"
          ]
        }
      ]
    },
    {
      "module": "module.eks-jx.module.cluster.module.eks",
      "mode": "managed",
      "type": "aws_security_group",
      "name": "workers",
      "provider": "module.eks-jx.provider[\"registry.terraform.io/hashicorp/aws\"]",
      "instances": [
        {
          "index_key": 0,
          "schema_version": 1,
          "attributes": {
            "arn": "arn:aws:ec2:us-east-1:621520006631:security-group/sg-00dbda938c1b272ab",
            "description": "Security group for all nodes in the cluster.",
            "egress": [
              {
                "cidr_blocks": [
                  "0.0.0.0/0"
                ],
                "description": "Allow nodes all egress to the Internet.",
                "from_port": 0,
                "ipv6_cidr_blocks": [],
                "prefix_list_ids": [],
                "protocol": "-1",
                "security_groups": [],
                "self": false,
                "to_port": 0
              }
            ],
            "id": "sg-00dbda938c1b272ab",
            "ingress": [
              {
                "cidr_blocks": [
                  "0.0.0.0/0"
                ],
                "description": "kubernetes.io/rule/nlb/client=a36861886afa8411dbb1081d42bc1baa",
                "from_port": 30484,
                "ipv6_cidr_blocks": [],
                "prefix_list_ids": [],
                "protocol": "tcp",
                "security_groups": [],
                "self": false,
                "to_port": 30484
              },
              {
                "cidr_blocks": [
                  "0.0.0.0/0"
                ],
                "description": "kubernetes.io/rule/nlb/client=a36861886afa8411dbb1081d42bc1baa",
                "from_port": 31738,
                "ipv6_cidr_blocks": [],
                "prefix_list_ids": [],
                "protocol": "tcp",
                "security_groups": [],
                "self": false,
                "to_port": 31738
              },
              {
                "cidr_blocks": [
                  "0.0.0.0/0"
                ],
                "description": "kubernetes.io/rule/nlb/mtu",
                "from_port": 3,
                "ipv6_cidr_blocks": [],
                "prefix_list_ids": [],
                "protocol": "icmp",
                "security_groups": [],
                "self": false,
                "to_port": 4
              },
              {
                "cidr_blocks": [
                  "10.0.0.0/16"
                ],
                "description": "kubernetes.io/rule/nlb/health=a36861886afa8411dbb1081d42bc1baa",
                "from_port": 30484,
                "ipv6_cidr_blocks": [],
                "prefix_list_ids": [],
                "protocol": "tcp",
                "security_groups": [],
                "self": false,
                "to_port": 30484
              },
              {
                "cidr_blocks": [
                  "10.0.0.0/16"
                ],
                "description": "kubernetes.io/rule/nlb/health=a36861886afa8411dbb1081d42bc1baa",
                "from_port": 31738,
                "ipv6_cidr_blocks": [],
                "prefix_list_ids": [],
                "protocol": "tcp",
                "security_groups": [],
                "self": false,
                "to_port": 31738
              },
              {
                "cidr_blocks": [],
                "description": "Allow node to communicate with each other.",
                "from_port": 0,
                "ipv6_cidr_blocks": [],
                "prefix_list_ids": [],
                "protocol": "-1",
                "security_groups": [],
                "self": true,
                "to_port": 0
              },
              {
                "cidr_blocks": [],
                "description": "Allow pods running extension API servers on port 443 to receive communication from cluster control plane.",
                "from_port": 443,
                "ipv6_cidr_blocks": [],
                "prefix_list_ids": [],
                "protocol": "tcp",
                "security_groups": [
                  "sg-0b6637ddef383b5d8"
                ],
                "self": false,
                "to_port": 443
              },
              {
                "cidr_blocks": [],
                "description": "Allow workers pods to receive communication from the cluster control plane.",
                "from_port": 1025,
                "ipv6_cidr_blocks": [],
                "prefix_list_ids": [],
                "protocol": "tcp",
                "security_groups": [
                  "sg-0b6637ddef383b5d8"
                ],
                "self": false,
                "to_port": 65535
              }
            ],
            "name": "capires2020102910215407790000000f",
            "name_prefix": "capires",
            "owner_id": "621520006631",
            "revoke_rules_on_delete": false,
            "tags": {
              "Name": "capires-eks_worker_sg",
              "kubernetes.io/cluster/capires": "owned"
            },
            "timeouts": null,
            "vpc_id": "vpc-01acca9b887511bbe"
          },
          "private": "eyJlMmJmYjczMC1lY2FhLTExZTYtOGY4OC0zNDM2M2JjN2M0YzAiOnsiY3JlYXRlIjo2MDAwMDAwMDAwMDAsImRlbGV0ZSI6NjAwMDAwMDAwMDAwfSwic2NoZW1hX3ZlcnNpb24iOiIxIn0=",
          "dependencies": [
            "module.eks-jx.module.cluster.data.aws_availability_zones.available",
            "module.eks-jx.module.cluster.module.eks.aws_cloudwatch_log_group.this",
            "module.eks-jx.module.cluster.module.eks.aws_eks_cluster.this",
            "module.eks-jx.module.cluster.module.eks.aws_iam_role.cluster",
            "module.eks-jx.module.cluster.module.eks.aws_iam_role_policy_attachment.cluster_AmazonEKSClusterPolicy",
            "module.eks-jx.module.cluster.module.eks.aws_iam_role_policy_attachment.cluster_AmazonEKSServicePolicy",
            "module.eks-jx.module.cluster.module.eks.aws_security_group.cluster",
            "module.eks-jx.module.cluster.module.eks.data.aws_iam_policy_document.cluster_assume_role_policy",
            "module.eks-jx.module.cluster.module.eks.data.aws_iam_role.custom_cluster_iam_role",
            "module.eks-jx.module.cluster.module.eks.data.aws_partition.current",
            "module.eks-jx.module.cluster.module.vpc.aws_subnet.private",
            "module.eks-jx.module.cluster.module.vpc.aws_subnet.public",
            "module.eks-jx.module.cluster.module.vpc.aws_vpc.this",
            "module.eks-jx.module.cluster.module.vpc.aws_vpc_ipv4_cidr_block_association.this",
            "module.eks-jx.random_pet.current"
          ]
        }
      ]
    },
    {
      "module": "module.eks-jx.module.cluster.module.eks",
      "mode": "managed",
      "type": "aws_security_group_rule",
      "name": "cluster_egress_internet",
      "provider": "module.eks-jx.provider[\"registry.terraform.io/hashicorp/aws\"]",
      "instances": [
        {
          "index_key": 0,
          "schema_version": 2,
          "attributes": {
            "cidr_blocks": [
              "0.0.0.0/0"
            ],
            "description": "Allow cluster egress access to the Internet.",
            "from_port": 0,
            "id": "sgrule-2090615468",
            "ipv6_cidr_blocks": [],
            "prefix_list_ids": [],
            "protocol": "-1",
            "security_group_id": "sg-0b6637ddef383b5d8",
            "self": false,
            "source_security_group_id": null,
            "to_port": 0,
            "type": "egress"
          },
          "private": "eyJzY2hlbWFfdmVyc2lvbiI6IjIifQ==",
          "dependencies": [
            "module.eks-jx.module.cluster.module.eks.aws_security_group.cluster",
            "module.eks-jx.module.cluster.module.vpc.aws_vpc.this",
            "module.eks-jx.random_pet.current"
          ]
        }
      ]
    },
    {
      "module": "module.eks-jx.module.cluster.module.eks",
      "mode": "managed",
      "type": "aws_security_group_rule",
      "name": "cluster_https_worker_ingress",
      "provider": "module.eks-jx.provider[\"registry.terraform.io/hashicorp/aws\"]",
      "instances": [
        {
          "index_key": 0,
          "schema_version": 2,
          "attributes": {
            "cidr_blocks": [],
            "description": "Allow pods to communicate with the EKS cluster API.",
            "from_port": 443,
            "id": "sgrule-2832940928",
            "ipv6_cidr_blocks": [],
            "prefix_list_ids": [],
            "protocol": "tcp",
            "security_group_id": "sg-0b6637ddef383b5d8",
            "self": false,
            "source_security_group_id": "sg-00dbda938c1b272ab",
            "to_port": 443,
            "type": "ingress"
          },
          "private": "eyJzY2hlbWFfdmVyc2lvbiI6IjIifQ==",
          "dependencies": [
            "module.eks-jx.module.cluster.data.aws_availability_zones.available",
            "module.eks-jx.module.cluster.module.eks.aws_cloudwatch_log_group.this",
            "module.eks-jx.module.cluster.module.eks.aws_eks_cluster.this",
            "module.eks-jx.module.cluster.module.eks.aws_iam_role.cluster",
            "module.eks-jx.module.cluster.module.eks.aws_iam_role_policy_attachment.cluster_AmazonEKSClusterPolicy",
            "module.eks-jx.module.cluster.module.eks.aws_iam_role_policy_attachment.cluster_AmazonEKSServicePolicy",
            "module.eks-jx.module.cluster.module.eks.aws_security_group.cluster",
            "module.eks-jx.module.cluster.module.eks.aws_security_group.workers",
            "module.eks-jx.module.cluster.module.eks.data.aws_iam_policy_document.cluster_assume_role_policy",
            "module.eks-jx.module.cluster.module.eks.data.aws_iam_role.custom_cluster_iam_role",
            "module.eks-jx.module.cluster.module.eks.data.aws_partition.current",
            "module.eks-jx.module.cluster.module.vpc.aws_subnet.private",
            "module.eks-jx.module.cluster.module.vpc.aws_subnet.public",
            "module.eks-jx.module.cluster.module.vpc.aws_vpc.this",
            "module.eks-jx.module.cluster.module.vpc.aws_vpc_ipv4_cidr_block_association.this",
            "module.eks-jx.random_pet.current"
          ]
        }
      ]
    },
    {
      "module": "module.eks-jx.module.cluster.module.eks",
      "mode": "managed",
      "type": "aws_security_group_rule",
      "name": "workers_egress_internet",
      "provider": "module.eks-jx.provider[\"registry.terraform.io/hashicorp/aws\"]",
      "instances": [
        {
          "index_key": 0,
          "schema_version": 2,
          "attributes": {
            "cidr_blocks": [
              "0.0.0.0/0"
            ],
            "description": "Allow nodes all egress to the Internet.",
            "from_port": 0,
            "id": "sgrule-3932573887",
            "ipv6_cidr_blocks": [],
            "prefix_list_ids": [],
            "protocol": "-1",
            "security_group_id": "sg-00dbda938c1b272ab",
            "self": false,
            "source_security_group_id": null,
            "to_port": 0,
            "type": "egress"
          },
          "private": "eyJzY2hlbWFfdmVyc2lvbiI6IjIifQ==",
          "dependencies": [
            "module.eks-jx.module.cluster.data.aws_availability_zones.available",
            "module.eks-jx.module.cluster.module.eks.aws_cloudwatch_log_group.this",
            "module.eks-jx.module.cluster.module.eks.aws_eks_cluster.this",
            "module.eks-jx.module.cluster.module.eks.aws_iam_role.cluster",
            "module.eks-jx.module.cluster.module.eks.aws_iam_role_policy_attachment.cluster_AmazonEKSClusterPolicy",
            "module.eks-jx.module.cluster.module.eks.aws_iam_role_policy_attachment.cluster_AmazonEKSServicePolicy",
            "module.eks-jx.module.cluster.module.eks.aws_security_group.cluster",
            "module.eks-jx.module.cluster.module.eks.aws_security_group.workers",
            "module.eks-jx.module.cluster.module.eks.data.aws_iam_policy_document.cluster_assume_role_policy",
            "module.eks-jx.module.cluster.module.eks.data.aws_iam_role.custom_cluster_iam_role",
            "module.eks-jx.module.cluster.module.eks.data.aws_partition.current",
            "module.eks-jx.module.cluster.module.vpc.aws_subnet.private",
            "module.eks-jx.module.cluster.module.vpc.aws_subnet.public",
            "module.eks-jx.module.cluster.module.vpc.aws_vpc.this",
            "module.eks-jx.module.cluster.module.vpc.aws_vpc_ipv4_cidr_block_association.this",
            "module.eks-jx.random_pet.current"
          ]
        }
      ]
    },
    {
      "module": "module.eks-jx.module.cluster.module.eks",
      "mode": "managed",
      "type": "aws_security_group_rule",
      "name": "workers_ingress_cluster",
      "provider": "module.eks-jx.provider[\"registry.terraform.io/hashicorp/aws\"]",
      "instances": [
        {
          "index_key": 0,
          "schema_version": 2,
          "attributes": {
            "cidr_blocks": [],
            "description": "Allow workers pods to receive communication from the cluster control plane.",
            "from_port": 1025,
            "id": "sgrule-2495339683",
            "ipv6_cidr_blocks": [],
            "prefix_list_ids": [],
            "protocol": "tcp",
            "security_group_id": "sg-00dbda938c1b272ab",
            "self": false,
            "source_security_group_id": "sg-0b6637ddef383b5d8",
            "to_port": 65535,
            "type": "ingress"
          },
          "private": "eyJzY2hlbWFfdmVyc2lvbiI6IjIifQ==",
          "dependencies": [
            "module.eks-jx.module.cluster.data.aws_availability_zones.available",
            "module.eks-jx.module.cluster.module.eks.aws_cloudwatch_log_group.this",
            "module.eks-jx.module.cluster.module.eks.aws_eks_cluster.this",
            "module.eks-jx.module.cluster.module.eks.aws_iam_role.cluster",
            "module.eks-jx.module.cluster.module.eks.aws_iam_role_policy_attachment.cluster_AmazonEKSClusterPolicy",
            "module.eks-jx.module.cluster.module.eks.aws_iam_role_policy_attachment.cluster_AmazonEKSServicePolicy",
            "module.eks-jx.module.cluster.module.eks.aws_security_group.cluster",
            "module.eks-jx.module.cluster.module.eks.aws_security_group.workers",
            "module.eks-jx.module.cluster.module.eks.data.aws_iam_policy_document.cluster_assume_role_policy",
            "module.eks-jx.module.cluster.module.eks.data.aws_iam_role.custom_cluster_iam_role",
            "module.eks-jx.module.cluster.module.eks.data.aws_partition.current",
            "module.eks-jx.module.cluster.module.vpc.aws_subnet.private",
            "module.eks-jx.module.cluster.module.vpc.aws_subnet.public",
            "module.eks-jx.module.cluster.module.vpc.aws_vpc.this",
            "module.eks-jx.module.cluster.module.vpc.aws_vpc_ipv4_cidr_block_association.this",
            "module.eks-jx.random_pet.current"
          ]
        }
      ]
    },
    {
      "module": "module.eks-jx.module.cluster.module.eks",
      "mode": "managed",
      "type": "aws_security_group_rule",
      "name": "workers_ingress_cluster_https",
      "provider": "module.eks-jx.provider[\"registry.terraform.io/hashicorp/aws\"]",
      "instances": [
        {
          "index_key": 0,
          "schema_version": 2,
          "attributes": {
            "cidr_blocks": [],
            "description": "Allow pods running extension API servers on port 443 to receive communication from cluster control plane.",
            "from_port": 443,
            "id": "sgrule-243413489",
            "ipv6_cidr_blocks": [],
            "prefix_list_ids": [],
            "protocol": "tcp",
            "security_group_id": "sg-00dbda938c1b272ab",
            "self": false,
            "source_security_group_id": "sg-0b6637ddef383b5d8",
            "to_port": 443,
            "type": "ingress"
          },
          "private": "eyJzY2hlbWFfdmVyc2lvbiI6IjIifQ==",
          "dependencies": [
            "module.eks-jx.module.cluster.data.aws_availability_zones.available",
            "module.eks-jx.module.cluster.module.eks.aws_cloudwatch_log_group.this",
            "module.eks-jx.module.cluster.module.eks.aws_eks_cluster.this",
            "module.eks-jx.module.cluster.module.eks.aws_iam_role.cluster",
            "module.eks-jx.module.cluster.module.eks.aws_iam_role_policy_attachment.cluster_AmazonEKSClusterPolicy",
            "module.eks-jx.module.cluster.module.eks.aws_iam_role_policy_attachment.cluster_AmazonEKSServicePolicy",
            "module.eks-jx.module.cluster.module.eks.aws_security_group.cluster",
            "module.eks-jx.module.cluster.module.eks.aws_security_group.workers",
            "module.eks-jx.module.cluster.module.eks.data.aws_iam_policy_document.cluster_assume_role_policy",
            "module.eks-jx.module.cluster.module.eks.data.aws_iam_role.custom_cluster_iam_role",
            "module.eks-jx.module.cluster.module.eks.data.aws_partition.current",
            "module.eks-jx.module.cluster.module.vpc.aws_subnet.private",
            "module.eks-jx.module.cluster.module.vpc.aws_subnet.public",
            "module.eks-jx.module.cluster.module.vpc.aws_vpc.this",
            "module.eks-jx.module.cluster.module.vpc.aws_vpc_ipv4_cidr_block_association.this",
            "module.eks-jx.random_pet.current"
          ]
        }
      ]
    },
    {
      "module": "module.eks-jx.module.cluster.module.eks",
      "mode": "managed",
      "type": "aws_security_group_rule",
      "name": "workers_ingress_self",
      "provider": "module.eks-jx.provider[\"registry.terraform.io/hashicorp/aws\"]",
      "instances": [
        {
          "index_key": 0,
          "schema_version": 2,
          "attributes": {
            "cidr_blocks": [],
            "description": "Allow node to communicate with each other.",
            "from_port": 0,
            "id": "sgrule-2505897547",
            "ipv6_cidr_blocks": [],
            "prefix_list_ids": [],
            "protocol": "-1",
            "security_group_id": "sg-00dbda938c1b272ab",
            "self": false,
            "source_security_group_id": "sg-00dbda938c1b272ab",
            "to_port": 0,
            "type": "ingress"
          },
          "private": "eyJzY2hlbWFfdmVyc2lvbiI6IjIifQ==",
          "dependencies": [
            "module.eks-jx.module.cluster.data.aws_availability_zones.available",
            "module.eks-jx.module.cluster.module.eks.aws_cloudwatch_log_group.this",
            "module.eks-jx.module.cluster.module.eks.aws_eks_cluster.this",
            "module.eks-jx.module.cluster.module.eks.aws_iam_role.cluster",
            "module.eks-jx.module.cluster.module.eks.aws_iam_role_policy_attachment.cluster_AmazonEKSClusterPolicy",
            "module.eks-jx.module.cluster.module.eks.aws_iam_role_policy_attachment.cluster_AmazonEKSServicePolicy",
            "module.eks-jx.module.cluster.module.eks.aws_security_group.cluster",
            "module.eks-jx.module.cluster.module.eks.aws_security_group.workers",
            "module.eks-jx.module.cluster.module.eks.data.aws_iam_policy_document.cluster_assume_role_policy",
            "module.eks-jx.module.cluster.module.eks.data.aws_iam_role.custom_cluster_iam_role",
            "module.eks-jx.module.cluster.module.eks.data.aws_partition.current",
            "module.eks-jx.module.cluster.module.vpc.aws_subnet.private",
            "module.eks-jx.module.cluster.module.vpc.aws_subnet.public",
            "module.eks-jx.module.cluster.module.vpc.aws_vpc.this",
            "module.eks-jx.module.cluster.module.vpc.aws_vpc_ipv4_cidr_block_association.this",
            "module.eks-jx.random_pet.current"
          ]
        }
      ]
    },
    {
      "module": "module.eks-jx.module.cluster.module.eks",
      "mode": "managed",
      "type": "kubernetes_config_map",
      "name": "aws_auth",
      "provider": "module.eks-jx.module.cluster.provider[\"registry.terraform.io/hashicorp/kubernetes\"]",
      "instances": [
        {
          "index_key": 0,
          "schema_version": 0,
          "attributes": {
            "binary_data": {},
            "data": {
              "mapAccounts": "[]\n",
              "mapRoles": "- \"groups\":\n  - \"system:bootstrappers\"\n  - \"system:nodes\"\n  \"rolearn\": \"arn:aws:iam::621520006631:role/capires2020102910215403610000000e\"\n  \"username\": \"system:node:{{EC2PrivateDNSName}}\"\n",
              "mapUsers": "[]\n"
            },
            "id": "kube-system/aws-auth",
            "metadata": [
              {
                "annotations": {},
                "generate_name": "",
                "generation": 0,
                "labels": {},
                "name": "aws-auth",
                "namespace": "kube-system",
                "resource_version": "1085",
                "self_link": "/api/v1/namespaces/kube-system/configmaps/aws-auth",
                "uid": "a66303a8-7044-4952-ab47-8319f06df655"
              }
            ]
          },
          "private": "bnVsbA==",
          "dependencies": [
            "module.eks-jx.module.cluster.data.aws_availability_zones.available",
            "module.eks-jx.module.cluster.data.aws_eks_cluster.cluster",
            "module.eks-jx.module.cluster.data.aws_eks_cluster_auth.cluster",
            "module.eks-jx.module.cluster.module.eks.aws_cloudwatch_log_group.this",
            "module.eks-jx.module.cluster.module.eks.aws_eks_cluster.this",
            "module.eks-jx.module.cluster.module.eks.aws_iam_instance_profile.workers",
            "module.eks-jx.module.cluster.module.eks.aws_iam_instance_profile.workers_launch_template",
            "module.eks-jx.module.cluster.module.eks.aws_iam_role.cluster",
            "module.eks-jx.module.cluster.module.eks.aws_iam_role.workers",
            "module.eks-jx.module.cluster.module.eks.aws_iam_role_policy_attachment.cluster_AmazonEKSClusterPolicy",
            "module.eks-jx.module.cluster.module.eks.aws_iam_role_policy_attachment.cluster_AmazonEKSServicePolicy",
            "module.eks-jx.module.cluster.module.eks.aws_security_group.cluster",
            "module.eks-jx.module.cluster.module.eks.aws_security_group_rule.cluster_private_access",
            "module.eks-jx.module.cluster.module.eks.data.aws_ami.eks_worker",
            "module.eks-jx.module.cluster.module.eks.data.aws_caller_identity.current",
            "module.eks-jx.module.cluster.module.eks.data.aws_iam_instance_profile.custom_worker_group_iam_instance_profile",
            "module.eks-jx.module.cluster.module.eks.data.aws_iam_instance_profile.custom_worker_group_launch_template_iam_instance_profile",
            "module.eks-jx.module.cluster.module.eks.data.aws_iam_policy_document.cluster_assume_role_policy",
            "module.eks-jx.module.cluster.module.eks.data.aws_iam_policy_document.workers_assume_role_policy",
            "module.eks-jx.module.cluster.module.eks.data.aws_iam_role.custom_cluster_iam_role",
            "module.eks-jx.module.cluster.module.eks.data.aws_partition.current",
            "module.eks-jx.module.cluster.module.eks.null_resource.wait_for_cluster",
            "module.eks-jx.module.cluster.module.vpc.aws_subnet.private",
            "module.eks-jx.module.cluster.module.vpc.aws_subnet.public",
            "module.eks-jx.module.cluster.module.vpc.aws_vpc.this",
            "module.eks-jx.module.cluster.module.vpc.aws_vpc_ipv4_cidr_block_association.this",
            "module.eks-jx.random_pet.current"
          ]
        }
      ]
    },
    {
      "module": "module.eks-jx.module.cluster.module.eks",
      "mode": "managed",
      "type": "local_file",
      "name": "kubeconfig",
      "provider": "provider[\"registry.terraform.io/hashicorp/local\"]",
      "instances": [
        {
          "index_key": 0,
          "schema_version": 0,
          "attributes": {
            "content": "apiVersion: v1\npreferences: {}\nkind: Config\n\nclusters:\n- cluster:\n    server: https://552D7E72A668FA4D2ACD29C13EA28221.gr7.us-east-1.eks.amazonaws.com\n    certificate-authority-data: LS0tLS1CRUdJTiBDRVJUSUZJQ0FURS0tLS0tCk1JSUN5RENDQWJDZ0F3SUJBZ0lCQURBTkJna3Foa2lHOXcwQkFRc0ZBREFWTVJNd0VRWURWUVFERXdwcmRXSmwKY201bGRHVnpNQjRYRFRJd01UQXlPVEV3TVRnd05Wb1hEVE13TVRBeU56RXdNVGd3TlZvd0ZURVRNQkVHQTFVRQpBeE1LYTNWaVpYSnVaWFJsY3pDQ0FTSXdEUVlKS29aSWh2Y05BUUVCQlFBRGdnRVBBRENDQVFvQ2dnRUJBTFBkCmgxY2FWb21GMDdhSEoxUU5FOTVkblRlL2xLSlRCMk1iUUljQXFwSXF5NEZEcFRhQ1hMeFZnT1VyN0xIN2pIYmcKd0VsaFV4blRGUVo1TFpCVzVkcmx3VzdvNHhWd3RUZWY4R2dMcERMUEhiMzVqNGM4RjU3LzBGUDlqMEdLMENFZgptWERiSlJjWDNRcGRIQ2lqS25xT2xicGJIemtsM1JaZVphdG5leWxUdkYrelYrNE9WemY2M2NlM05yNVZLTDVoCkx4a1ljUWxDRDJxY2FkMHZhcnkrVmlKMVlkQ082YUh5RWNHdlJJMkRLa2syeE82NlhiVXh2diswVXRSUDNEaloKMFI0dnZhNTl5RzVabDU5MndjNk5LcnRLMWI4aTRLYWZvSS9qbE1OdjNEbW1CRk5SdWdLWE14Z2JSVFlqekJxaApaQXF6WHBMYitnM09QZUo4RkdrQ0F3RUFBYU1qTUNFd0RnWURWUjBQQVFIL0JBUURBZ0trTUE4R0ExVWRFd0VCCi93UUZNQU1CQWY4d0RRWUpLb1pJaHZjTkFRRUxCUUFEZ2dFQkFDQTYzU09ZOTVrK3BpK0kzbG5kMHo0OWF2cGwKODcrL0hLSmRzaFFDUzUraHBEUUV3SENEenpYSFJzTWV3YUZ6Q2VJTTRPalRnRHF4R2NTR0ZZdmkxbnNzOGtlQgovZW9wdzFtMnJpVWlJeFdvcDF6bmk4VXFHSzVoelNsQWgyWjRYTFhuakFkdEF0QlJ4eFJ5SmozcVZjZzJqTk9DCnpYZkUyM3BhS1hLVjNVdVZxd1U4NUJVYlZDRHhmdmNvUG8rYUQ3UUhYUGl5TkxXdkRXUm1NTjFkSm94M3NLVGIKRlQ0cVNweTFHTldtb1Y3NU5QK2xqRGs1NUR5dUsrQlpXTlFROC93Rkk3cHlkU2s0OE5JU1RRUEtMNE51dUJ2QQprTmFrTmlCWnh4dmY4dUhLcG9RMk1wU0FXS0UvUzRJakN5QXppWURVNy9ib2VRSDBlTHZIdmlUK241ST0KLS0tLS1FTkQgQ0VSVElGSUNBVEUtLS0tLQo=\n  name: eks_capires\n\ncontexts:\n- context:\n    cluster: eks_capires\n    user: eks_capires\n  name: eks_capires\n\ncurrent-context: eks_capires\n\nusers:\n- name: eks_capires\n  user:\n    exec:\n      apiVersion: client.authentication.k8s.io/v1alpha1\n      command: aws-iam-authenticator\n      args:\n        - \"token\"\n        - \"-i\"\n        - \"capires\"\n",
            "content_base64": null,
            "directory_permission": "0755",
            "file_permission": "0644",
            "filename": "./kubeconfig_capires",
            "id": "97fd28ee2f087b4dc3ebdfdf88b140dd42416a18",
            "sensitive_content": null
          },
          "private": "bnVsbA==",
          "dependencies": [
            "module.eks-jx.module.cluster.data.aws_availability_zones.available",
            "module.eks-jx.module.cluster.module.eks.aws_cloudwatch_log_group.this",
            "module.eks-jx.module.cluster.module.eks.aws_eks_cluster.this",
            "module.eks-jx.module.cluster.module.eks.aws_iam_role.cluster",
            "module.eks-jx.module.cluster.module.eks.aws_iam_role_policy_attachment.cluster_AmazonEKSClusterPolicy",
            "module.eks-jx.module.cluster.module.eks.aws_iam_role_policy_attachment.cluster_AmazonEKSServicePolicy",
            "module.eks-jx.module.cluster.module.eks.aws_security_group.cluster",
            "module.eks-jx.module.cluster.module.eks.data.aws_iam_policy_document.cluster_assume_role_policy",
            "module.eks-jx.module.cluster.module.eks.data.aws_iam_role.custom_cluster_iam_role",
            "module.eks-jx.module.cluster.module.eks.data.aws_partition.current",
            "module.eks-jx.module.cluster.module.vpc.aws_subnet.private",
            "module.eks-jx.module.cluster.module.vpc.aws_subnet.public",
            "module.eks-jx.module.cluster.module.vpc.aws_vpc.this",
            "module.eks-jx.module.cluster.module.vpc.aws_vpc_ipv4_cidr_block_association.this",
            "module.eks-jx.random_pet.current"
          ]
        }
      ]
    },
    {
      "module": "module.eks-jx.module.cluster.module.eks",
      "mode": "managed",
      "type": "null_resource",
      "name": "wait_for_cluster",
      "provider": "provider[\"registry.terraform.io/hashicorp/null\"]",
      "instances": [
        {
          "index_key": 0,
          "schema_version": 0,
          "attributes": {
            "id": "3134545194071366506",
            "triggers": null
          },
          "dependencies": [
            "module.eks-jx.module.cluster.data.aws_availability_zones.available",
            "module.eks-jx.module.cluster.module.eks.aws_cloudwatch_log_group.this",
            "module.eks-jx.module.cluster.module.eks.aws_eks_cluster.this",
            "module.eks-jx.module.cluster.module.eks.aws_iam_role.cluster",
            "module.eks-jx.module.cluster.module.eks.aws_iam_role_policy_attachment.cluster_AmazonEKSClusterPolicy",
            "module.eks-jx.module.cluster.module.eks.aws_iam_role_policy_attachment.cluster_AmazonEKSServicePolicy",
            "module.eks-jx.module.cluster.module.eks.aws_security_group.cluster",
            "module.eks-jx.module.cluster.module.eks.aws_security_group_rule.cluster_private_access",
            "module.eks-jx.module.cluster.module.eks.data.aws_iam_policy_document.cluster_assume_role_policy",
            "module.eks-jx.module.cluster.module.eks.data.aws_iam_role.custom_cluster_iam_role",
            "module.eks-jx.module.cluster.module.eks.data.aws_partition.current",
            "module.eks-jx.module.cluster.module.vpc.aws_subnet.private",
            "module.eks-jx.module.cluster.module.vpc.aws_subnet.public",
            "module.eks-jx.module.cluster.module.vpc.aws_vpc.this",
            "module.eks-jx.module.cluster.module.vpc.aws_vpc_ipv4_cidr_block_association.this",
            "module.eks-jx.random_pet.current"
          ]
        }
      ]
    },
    {
      "module": "module.eks-jx.module.cluster.module.eks",
      "mode": "managed",
      "type": "random_pet",
      "name": "workers",
      "provider": "provider[\"registry.terraform.io/hashicorp/random\"]",
      "instances": [
        {
          "index_key": 0,
          "schema_version": 0,
          "attributes": {
            "id": "united-mouse",
            "keepers": {
              "lc_name": "capires-worker-group-capires20201029102238943700000026"
            },
            "length": 2,
            "prefix": null,
            "separator": "-"
          },
          "private": "bnVsbA==",
          "dependencies": [
            "module.eks-jx.module.cluster.data.aws_availability_zones.available",
            "module.eks-jx.module.cluster.module.eks.aws_cloudwatch_log_group.this",
            "module.eks-jx.module.cluster.module.eks.aws_eks_cluster.this",
            "module.eks-jx.module.cluster.module.eks.aws_iam_instance_profile.workers",
            "module.eks-jx.module.cluster.module.eks.aws_iam_role.cluster",
            "module.eks-jx.module.cluster.module.eks.aws_iam_role.workers",
            "module.eks-jx.module.cluster.module.eks.aws_iam_role_policy_attachment.cluster_AmazonEKSClusterPolicy",
            "module.eks-jx.module.cluster.module.eks.aws_iam_role_policy_attachment.cluster_AmazonEKSServicePolicy",
            "module.eks-jx.module.cluster.module.eks.aws_launch_configuration.workers",
            "module.eks-jx.module.cluster.module.eks.aws_security_group.cluster",
            "module.eks-jx.module.cluster.module.eks.aws_security_group.workers",
            "module.eks-jx.module.cluster.module.eks.data.aws_ami.eks_worker",
            "module.eks-jx.module.cluster.module.eks.data.aws_ami.eks_worker_windows",
            "module.eks-jx.module.cluster.module.eks.data.aws_iam_instance_profile.custom_worker_group_iam_instance_profile",
            "module.eks-jx.module.cluster.module.eks.data.aws_iam_policy_document.cluster_assume_role_policy",
            "module.eks-jx.module.cluster.module.eks.data.aws_iam_policy_document.workers_assume_role_policy",
            "module.eks-jx.module.cluster.module.eks.data.aws_iam_role.custom_cluster_iam_role",
            "module.eks-jx.module.cluster.module.eks.data.aws_partition.current",
            "module.eks-jx.module.cluster.module.eks.data.template_file.userdata",
            "module.eks-jx.module.cluster.module.vpc.aws_subnet.private",
            "module.eks-jx.module.cluster.module.vpc.aws_subnet.public",
            "module.eks-jx.module.cluster.module.vpc.aws_vpc.this",
            "module.eks-jx.module.cluster.module.vpc.aws_vpc_ipv4_cidr_block_association.this",
            "module.eks-jx.random_pet.current"
          ]
        }
      ]
    },
    {
      "module": "module.eks-jx.module.cluster.module.eks",
      "mode": "managed",
      "type": "random_pet",
      "name": "workers_launch_template",
      "provider": "provider[\"registry.terraform.io/hashicorp/random\"]",
      "instances": [
        {
          "index_key": 0,
          "schema_version": 0,
          "attributes": {
            "id": "flowing-ewe",
            "keepers": {
              "lt_name": "capires-02020102910220566960000001d-1"
            },
            "length": 2,
            "prefix": null,
            "separator": "-"
          },
          "private": "bnVsbA==",
          "dependencies": [
            "module.eks-jx.module.cluster.data.aws_availability_zones.available",
            "module.eks-jx.module.cluster.module.eks.aws_cloudwatch_log_group.this",
            "module.eks-jx.module.cluster.module.eks.aws_eks_cluster.this",
            "module.eks-jx.module.cluster.module.eks.aws_iam_instance_profile.workers_launch_template",
            "module.eks-jx.module.cluster.module.eks.aws_iam_role.cluster",
            "module.eks-jx.module.cluster.module.eks.aws_iam_role.workers",
            "module.eks-jx.module.cluster.module.eks.aws_iam_role_policy_attachment.cluster_AmazonEKSClusterPolicy",
            "module.eks-jx.module.cluster.module.eks.aws_iam_role_policy_attachment.cluster_AmazonEKSServicePolicy",
            "module.eks-jx.module.cluster.module.eks.aws_launch_template.workers_launch_template",
            "module.eks-jx.module.cluster.module.eks.aws_security_group.cluster",
            "module.eks-jx.module.cluster.module.eks.aws_security_group.workers",
            "module.eks-jx.module.cluster.module.eks.data.aws_ami.eks_worker",
            "module.eks-jx.module.cluster.module.eks.data.aws_ami.eks_worker_windows",
            "module.eks-jx.module.cluster.module.eks.data.aws_iam_instance_profile.custom_worker_group_launch_template_iam_instance_profile",
            "module.eks-jx.module.cluster.module.eks.data.aws_iam_policy_document.cluster_assume_role_policy",
            "module.eks-jx.module.cluster.module.eks.data.aws_iam_policy_document.workers_assume_role_policy",
            "module.eks-jx.module.cluster.module.eks.data.aws_iam_role.custom_cluster_iam_role",
            "module.eks-jx.module.cluster.module.eks.data.aws_partition.current",
            "module.eks-jx.module.cluster.module.eks.data.template_file.launch_template_userdata",
            "module.eks-jx.module.cluster.module.vpc.aws_subnet.private",
            "module.eks-jx.module.cluster.module.vpc.aws_subnet.public",
            "module.eks-jx.module.cluster.module.vpc.aws_vpc.this",
            "module.eks-jx.module.cluster.module.vpc.aws_vpc_ipv4_cidr_block_association.this",
            "module.eks-jx.random_pet.current"
          ]
        },
        {
          "index_key": 1,
          "schema_version": 0,
          "attributes": {
            "id": "flying-heron",
            "keepers": {
              "lt_name": "capires-120201029102205670300000020-1"
            },
            "length": 2,
            "prefix": null,
            "separator": "-"
          },
          "private": "bnVsbA==",
          "dependencies": [
            "module.eks-jx.module.cluster.data.aws_availability_zones.available",
            "module.eks-jx.module.cluster.module.eks.aws_cloudwatch_log_group.this",
            "module.eks-jx.module.cluster.module.eks.aws_eks_cluster.this",
            "module.eks-jx.module.cluster.module.eks.aws_iam_instance_profile.workers_launch_template",
            "module.eks-jx.module.cluster.module.eks.aws_iam_role.cluster",
            "module.eks-jx.module.cluster.module.eks.aws_iam_role.workers",
            "module.eks-jx.module.cluster.module.eks.aws_iam_role_policy_attachment.cluster_AmazonEKSClusterPolicy",
            "module.eks-jx.module.cluster.module.eks.aws_iam_role_policy_attachment.cluster_AmazonEKSServicePolicy",
            "module.eks-jx.module.cluster.module.eks.aws_launch_template.workers_launch_template",
            "module.eks-jx.module.cluster.module.eks.aws_security_group.cluster",
            "module.eks-jx.module.cluster.module.eks.aws_security_group.workers",
            "module.eks-jx.module.cluster.module.eks.data.aws_ami.eks_worker",
            "module.eks-jx.module.cluster.module.eks.data.aws_ami.eks_worker_windows",
            "module.eks-jx.module.cluster.module.eks.data.aws_iam_instance_profile.custom_worker_group_launch_template_iam_instance_profile",
            "module.eks-jx.module.cluster.module.eks.data.aws_iam_policy_document.cluster_assume_role_policy",
            "module.eks-jx.module.cluster.module.eks.data.aws_iam_policy_document.workers_assume_role_policy",
            "module.eks-jx.module.cluster.module.eks.data.aws_iam_role.custom_cluster_iam_role",
            "module.eks-jx.module.cluster.module.eks.data.aws_partition.current",
            "module.eks-jx.module.cluster.module.eks.data.template_file.launch_template_userdata",
            "module.eks-jx.module.cluster.module.vpc.aws_subnet.private",
            "module.eks-jx.module.cluster.module.vpc.aws_subnet.public",
            "module.eks-jx.module.cluster.module.vpc.aws_vpc.this",
            "module.eks-jx.module.cluster.module.vpc.aws_vpc_ipv4_cidr_block_association.this",
            "module.eks-jx.random_pet.current"
          ]
        },
        {
          "index_key": 2,
          "schema_version": 0,
          "attributes": {
            "id": "daring-earwig",
            "keepers": {
              "lt_name": "capires-22020102910220567020000001f-1"
            },
            "length": 2,
            "prefix": null,
            "separator": "-"
          },
          "private": "bnVsbA==",
          "dependencies": [
            "module.eks-jx.module.cluster.data.aws_availability_zones.available",
            "module.eks-jx.module.cluster.module.eks.aws_cloudwatch_log_group.this",
            "module.eks-jx.module.cluster.module.eks.aws_eks_cluster.this",
            "module.eks-jx.module.cluster.module.eks.aws_iam_instance_profile.workers_launch_template",
            "module.eks-jx.module.cluster.module.eks.aws_iam_role.cluster",
            "module.eks-jx.module.cluster.module.eks.aws_iam_role.workers",
            "module.eks-jx.module.cluster.module.eks.aws_iam_role_policy_attachment.cluster_AmazonEKSClusterPolicy",
            "module.eks-jx.module.cluster.module.eks.aws_iam_role_policy_attachment.cluster_AmazonEKSServicePolicy",
            "module.eks-jx.module.cluster.module.eks.aws_launch_template.workers_launch_template",
            "module.eks-jx.module.cluster.module.eks.aws_security_group.cluster",
            "module.eks-jx.module.cluster.module.eks.aws_security_group.workers",
            "module.eks-jx.module.cluster.module.eks.data.aws_ami.eks_worker",
            "module.eks-jx.module.cluster.module.eks.data.aws_ami.eks_worker_windows",
            "module.eks-jx.module.cluster.module.eks.data.aws_iam_instance_profile.custom_worker_group_launch_template_iam_instance_profile",
            "module.eks-jx.module.cluster.module.eks.data.aws_iam_policy_document.cluster_assume_role_policy",
            "module.eks-jx.module.cluster.module.eks.data.aws_iam_policy_document.workers_assume_role_policy",
            "module.eks-jx.module.cluster.module.eks.data.aws_iam_role.custom_cluster_iam_role",
            "module.eks-jx.module.cluster.module.eks.data.aws_partition.current",
            "module.eks-jx.module.cluster.module.eks.data.template_file.launch_template_userdata",
            "module.eks-jx.module.cluster.module.vpc.aws_subnet.private",
            "module.eks-jx.module.cluster.module.vpc.aws_subnet.public",
            "module.eks-jx.module.cluster.module.vpc.aws_vpc.this",
            "module.eks-jx.module.cluster.module.vpc.aws_vpc_ipv4_cidr_block_association.this",
            "module.eks-jx.random_pet.current"
          ]
        }
      ]
    },
    {
      "module": "module.eks-jx.module.cluster.module.iam_assumable_role_cert_manager",
      "mode": "data",
      "type": "aws_caller_identity",
      "name": "current",
      "provider": "module.eks-jx.provider[\"registry.terraform.io/hashicorp/aws\"]",
      "instances": [
        {
          "schema_version": 0,
          "attributes": {
            "account_id": "621520006631",
            "arn": "arn:aws:iam::621520006631:user/Administrator",
            "id": "2020-10-29 11:04:29.0526472 +0000 UTC",
            "user_id": "AIDAZBNL2VXTXHK42HACQ"
          }
        }
      ]
    },
    {
      "module": "module.eks-jx.module.cluster.module.iam_assumable_role_cert_manager",
      "mode": "data",
      "type": "aws_iam_policy_document",
      "name": "assume_role_with_oidc",
      "provider": "module.eks-jx.provider[\"registry.terraform.io/hashicorp/aws\"]",
      "instances": [
        {
          "index_key": 0,
          "schema_version": 0,
          "attributes": {
            "id": "255167191",
            "json": "{\n  \"Version\": \"2012-10-17\",\n  \"Statement\": [\n    {\n      \"Sid\": \"\",\n      \"Effect\": \"Allow\",\n      \"Action\": \"sts:AssumeRoleWithWebIdentity\",\n      \"Principal\": {\n        \"Federated\": \"arn:aws:iam::621520006631:oidc-provider/oidc.eks.us-east-1.amazonaws.com/id/552D7E72A668FA4D2ACD29C13EA28221\"\n      },\n      \"Condition\": {\n        \"StringEquals\": {\n          \"oidc.eks.us-east-1.amazonaws.com/id/552D7E72A668FA4D2ACD29C13EA28221:sub\": \"system:serviceaccount:cert-manager:cm-cert-manager\"\n        }\n      }\n    }\n  ]\n}",
            "override_json": null,
            "policy_id": null,
            "source_json": null,
            "statement": [
              {
                "actions": [
                  "sts:AssumeRoleWithWebIdentity"
                ],
                "condition": [
                  {
                    "test": "StringEquals",
                    "values": [
                      "system:serviceaccount:cert-manager:cm-cert-manager"
                    ],
                    "variable": "oidc.eks.us-east-1.amazonaws.com/id/552D7E72A668FA4D2ACD29C13EA28221:sub"
                  }
                ],
                "effect": "Allow",
                "not_actions": [],
                "not_principals": [],
                "not_resources": [],
                "principals": [
                  {
                    "identifiers": [
                      "arn:aws:iam::621520006631:oidc-provider/oidc.eks.us-east-1.amazonaws.com/id/552D7E72A668FA4D2ACD29C13EA28221"
                    ],
                    "type": "Federated"
                  }
                ],
                "resources": [],
                "sid": ""
              }
            ],
            "version": "2012-10-17"
          }
        }
      ]
    },
    {
      "module": "module.eks-jx.module.cluster.module.iam_assumable_role_cert_manager",
      "mode": "managed",
      "type": "aws_iam_role",
      "name": "this",
      "provider": "module.eks-jx.provider[\"registry.terraform.io/hashicorp/aws\"]",
      "instances": [
        {
          "index_key": 0,
          "schema_version": 0,
          "attributes": {
            "arn": "arn:aws:iam::621520006631:role/tf-capires-sa-role-cert_manager-qxYUTiM6",
            "assume_role_policy": "{\"Version\":\"2012-10-17\",\"Statement\":[{\"Sid\":\"\",\"Effect\":\"Allow\",\"Principal\":{\"Federated\":\"arn:aws:iam::621520006631:oidc-provider/oidc.eks.us-east-1.amazonaws.com/id/552D7E72A668FA4D2ACD29C13EA28221\"},\"Action\":\"sts:AssumeRoleWithWebIdentity\",\"Condition\":{\"StringEquals\":{\"oidc.eks.us-east-1.amazonaws.com/id/552D7E72A668FA4D2ACD29C13EA28221:sub\":\"system:serviceaccount:cert-manager:cm-cert-manager\"}}}]}",
            "create_date": "2020-10-29T10:21:54Z",
            "description": "",
            "force_detach_policies": false,
            "id": "tf-capires-sa-role-cert_manager-qxYUTiM6",
            "max_session_duration": 3600,
            "name": "tf-capires-sa-role-cert_manager-qxYUTiM6",
            "name_prefix": null,
            "path": "/",
            "permissions_boundary": "",
            "tags": {},
            "unique_id": "AROAZBNL2VXTSQNYRYAM4"
          },
          "private": "bnVsbA==",
          "dependencies": [
            "module.eks-jx.module.cluster.data.aws_availability_zones.available",
            "module.eks-jx.module.cluster.module.eks.aws_cloudwatch_log_group.this",
            "module.eks-jx.module.cluster.module.eks.aws_eks_cluster.this",
            "module.eks-jx.module.cluster.module.eks.aws_iam_role.cluster",
            "module.eks-jx.module.cluster.module.eks.aws_iam_role_policy_attachment.cluster_AmazonEKSClusterPolicy",
            "module.eks-jx.module.cluster.module.eks.aws_iam_role_policy_attachment.cluster_AmazonEKSServicePolicy",
            "module.eks-jx.module.cluster.module.eks.aws_security_group.cluster",
            "module.eks-jx.module.cluster.module.eks.data.aws_iam_policy_document.cluster_assume_role_policy",
            "module.eks-jx.module.cluster.module.eks.data.aws_iam_role.custom_cluster_iam_role",
            "module.eks-jx.module.cluster.module.eks.data.aws_partition.current",
            "module.eks-jx.module.cluster.module.iam_assumable_role_cert_manager.data.aws_caller_identity.current",
            "module.eks-jx.module.cluster.module.iam_assumable_role_cert_manager.data.aws_iam_policy_document.assume_role_with_oidc",
            "module.eks-jx.module.cluster.module.vpc.aws_subnet.private",
            "module.eks-jx.module.cluster.module.vpc.aws_subnet.public",
            "module.eks-jx.module.cluster.module.vpc.aws_vpc.this",
            "module.eks-jx.module.cluster.module.vpc.aws_vpc_ipv4_cidr_block_association.this",
            "module.eks-jx.module.cluster.random_string.suffix",
            "module.eks-jx.random_pet.current"
          ]
        }
      ]
    },
    {
      "module": "module.eks-jx.module.cluster.module.iam_assumable_role_cert_manager",
      "mode": "managed",
      "type": "aws_iam_role_policy_attachment",
      "name": "custom",
      "provider": "module.eks-jx.provider[\"registry.terraform.io/hashicorp/aws\"]",
      "instances": [
        {
          "index_key": 0,
          "schema_version": 0,
          "attributes": {
            "id": "tf-capires-sa-role-cert_manager-qxYUTiM6-2020102910220341730000001c",
            "policy_arn": "arn:aws:iam::621520006631:policy/jenkins-x-cert-manager20201029100912199500000001",
            "role": "tf-capires-sa-role-cert_manager-qxYUTiM6"
          },
          "private": "bnVsbA==",
          "dependencies": [
            "module.eks-jx.module.cluster.aws_iam_policy.cert-manager",
            "module.eks-jx.module.cluster.data.aws_availability_zones.available",
            "module.eks-jx.module.cluster.data.aws_iam_policy_document.cert-manager-policy",
            "module.eks-jx.module.cluster.module.eks.aws_cloudwatch_log_group.this",
            "module.eks-jx.module.cluster.module.eks.aws_eks_cluster.this",
            "module.eks-jx.module.cluster.module.eks.aws_iam_role.cluster",
            "module.eks-jx.module.cluster.module.eks.aws_iam_role_policy_attachment.cluster_AmazonEKSClusterPolicy",
            "module.eks-jx.module.cluster.module.eks.aws_iam_role_policy_attachment.cluster_AmazonEKSServicePolicy",
            "module.eks-jx.module.cluster.module.eks.aws_security_group.cluster",
            "module.eks-jx.module.cluster.module.eks.data.aws_iam_policy_document.cluster_assume_role_policy",
            "module.eks-jx.module.cluster.module.eks.data.aws_iam_role.custom_cluster_iam_role",
            "module.eks-jx.module.cluster.module.eks.data.aws_partition.current",
            "module.eks-jx.module.cluster.module.iam_assumable_role_cert_manager.aws_iam_role.this",
            "module.eks-jx.module.cluster.module.iam_assumable_role_cert_manager.data.aws_caller_identity.current",
            "module.eks-jx.module.cluster.module.iam_assumable_role_cert_manager.data.aws_iam_policy_document.assume_role_with_oidc",
            "module.eks-jx.module.cluster.module.vpc.aws_subnet.private",
            "module.eks-jx.module.cluster.module.vpc.aws_subnet.public",
            "module.eks-jx.module.cluster.module.vpc.aws_vpc.this",
            "module.eks-jx.module.cluster.module.vpc.aws_vpc_ipv4_cidr_block_association.this",
            "module.eks-jx.module.cluster.random_string.suffix",
            "module.eks-jx.random_pet.current"
          ]
        }
      ]
    },
    {
      "module": "module.eks-jx.module.cluster.module.iam_assumable_role_cluster_autoscaler",
      "mode": "data",
      "type": "aws_caller_identity",
      "name": "current",
      "provider": "module.eks-jx.provider[\"registry.terraform.io/hashicorp/aws\"]",
      "instances": [
        {
          "schema_version": 0,
          "attributes": {
            "account_id": "621520006631",
            "arn": "arn:aws:iam::621520006631:user/Administrator",
            "id": "2020-10-29 11:04:28.3955412 +0000 UTC",
            "user_id": "AIDAZBNL2VXTXHK42HACQ"
          }
        }
      ]
    },
    {
      "module": "module.eks-jx.module.cluster.module.iam_assumable_role_cluster_autoscaler",
      "mode": "data",
      "type": "aws_iam_policy_document",
      "name": "assume_role_with_oidc",
      "provider": "module.eks-jx.provider[\"registry.terraform.io/hashicorp/aws\"]",
      "instances": [
        {
          "index_key": 0,
          "schema_version": 0,
          "attributes": {
            "id": "4282614654",
            "json": "{\n  \"Version\": \"2012-10-17\",\n  \"Statement\": [\n    {\n      \"Sid\": \"\",\n      \"Effect\": \"Allow\",\n      \"Action\": \"sts:AssumeRoleWithWebIdentity\",\n      \"Principal\": {\n        \"Federated\": \"arn:aws:iam::621520006631:oidc-provider/oidc.eks.us-east-1.amazonaws.com/id/552D7E72A668FA4D2ACD29C13EA28221\"\n      },\n      \"Condition\": {\n        \"StringEquals\": {\n          \"oidc.eks.us-east-1.amazonaws.com/id/552D7E72A668FA4D2ACD29C13EA28221:sub\": \"system:serviceaccount:kube-system:cluster-autoscaler\"\n        }\n      }\n    }\n  ]\n}",
            "override_json": null,
            "policy_id": null,
            "source_json": null,
            "statement": [
              {
                "actions": [
                  "sts:AssumeRoleWithWebIdentity"
                ],
                "condition": [
                  {
                    "test": "StringEquals",
                    "values": [
                      "system:serviceaccount:kube-system:cluster-autoscaler"
                    ],
                    "variable": "oidc.eks.us-east-1.amazonaws.com/id/552D7E72A668FA4D2ACD29C13EA28221:sub"
                  }
                ],
                "effect": "Allow",
                "not_actions": [],
                "not_principals": [],
                "not_resources": [],
                "principals": [
                  {
                    "identifiers": [
                      "arn:aws:iam::621520006631:oidc-provider/oidc.eks.us-east-1.amazonaws.com/id/552D7E72A668FA4D2ACD29C13EA28221"
                    ],
                    "type": "Federated"
                  }
                ],
                "resources": [],
                "sid": ""
              }
            ],
            "version": "2012-10-17"
          }
        }
      ]
    },
    {
      "module": "module.eks-jx.module.cluster.module.iam_assumable_role_cluster_autoscaler",
      "mode": "managed",
      "type": "aws_iam_role",
      "name": "this",
      "provider": "module.eks-jx.provider[\"registry.terraform.io/hashicorp/aws\"]",
      "instances": [
        {
          "index_key": 0,
          "schema_version": 0,
          "attributes": {
            "arn": "arn:aws:iam::621520006631:role/tf-capires-cluster-autoscaler",
            "assume_role_policy": "{\"Version\":\"2012-10-17\",\"Statement\":[{\"Sid\":\"\",\"Effect\":\"Allow\",\"Principal\":{\"Federated\":\"arn:aws:iam::621520006631:oidc-provider/oidc.eks.us-east-1.amazonaws.com/id/552D7E72A668FA4D2ACD29C13EA28221\"},\"Action\":\"sts:AssumeRoleWithWebIdentity\",\"Condition\":{\"StringEquals\":{\"oidc.eks.us-east-1.amazonaws.com/id/552D7E72A668FA4D2ACD29C13EA28221:sub\":\"system:serviceaccount:kube-system:cluster-autoscaler\"}}}]}",
            "create_date": "2020-10-29T10:21:54Z",
            "description": "",
            "force_detach_policies": false,
            "id": "tf-capires-cluster-autoscaler",
            "max_session_duration": 3600,
            "name": "tf-capires-cluster-autoscaler",
            "name_prefix": null,
            "path": "/",
            "permissions_boundary": "",
            "tags": {},
            "unique_id": "AROAZBNL2VXTSBKKXSDD3"
          },
          "private": "bnVsbA==",
          "dependencies": [
            "module.eks-jx.module.cluster.data.aws_availability_zones.available",
            "module.eks-jx.module.cluster.module.eks.aws_cloudwatch_log_group.this",
            "module.eks-jx.module.cluster.module.eks.aws_eks_cluster.this",
            "module.eks-jx.module.cluster.module.eks.aws_iam_role.cluster",
            "module.eks-jx.module.cluster.module.eks.aws_iam_role_policy_attachment.cluster_AmazonEKSClusterPolicy",
            "module.eks-jx.module.cluster.module.eks.aws_iam_role_policy_attachment.cluster_AmazonEKSServicePolicy",
            "module.eks-jx.module.cluster.module.eks.aws_security_group.cluster",
            "module.eks-jx.module.cluster.module.eks.data.aws_iam_policy_document.cluster_assume_role_policy",
            "module.eks-jx.module.cluster.module.eks.data.aws_iam_role.custom_cluster_iam_role",
            "module.eks-jx.module.cluster.module.eks.data.aws_partition.current",
            "module.eks-jx.module.cluster.module.iam_assumable_role_cluster_autoscaler.data.aws_caller_identity.current",
            "module.eks-jx.module.cluster.module.iam_assumable_role_cluster_autoscaler.data.aws_iam_policy_document.assume_role_with_oidc",
            "module.eks-jx.module.cluster.module.vpc.aws_subnet.private",
            "module.eks-jx.module.cluster.module.vpc.aws_subnet.public",
            "module.eks-jx.module.cluster.module.vpc.aws_vpc.this",
            "module.eks-jx.module.cluster.module.vpc.aws_vpc_ipv4_cidr_block_association.this",
            "module.eks-jx.random_pet.current"
          ]
        }
      ]
    },
    {
      "module": "module.eks-jx.module.cluster.module.iam_assumable_role_cluster_autoscaler",
      "mode": "managed",
      "type": "aws_iam_role_policy_attachment",
      "name": "custom",
      "provider": "module.eks-jx.provider[\"registry.terraform.io/hashicorp/aws\"]",
      "instances": [
        {
          "index_key": 0,
          "schema_version": 0,
          "attributes": {
            "id": "tf-capires-cluster-autoscaler-20201029102410255500000029",
            "policy_arn": "arn:aws:iam::621520006631:policy/cluster-autoscaler20201029102405023000000028",
            "role": "tf-capires-cluster-autoscaler"
          },
          "private": "bnVsbA==",
          "dependencies": [
            "module.eks-jx.module.cluster.aws_iam_policy.cluster_autoscaler",
            "module.eks-jx.module.cluster.data.aws_availability_zones.available",
            "module.eks-jx.module.cluster.data.aws_iam_policy_document.cluster_autoscaler",
            "module.eks-jx.module.cluster.module.eks.aws_cloudwatch_log_group.this",
            "module.eks-jx.module.cluster.module.eks.aws_eks_cluster.this",
            "module.eks-jx.module.cluster.module.eks.aws_iam_role.cluster",
            "module.eks-jx.module.cluster.module.eks.aws_iam_role_policy_attachment.cluster_AmazonEKSClusterPolicy",
            "module.eks-jx.module.cluster.module.eks.aws_iam_role_policy_attachment.cluster_AmazonEKSServicePolicy",
            "module.eks-jx.module.cluster.module.eks.aws_security_group.cluster",
            "module.eks-jx.module.cluster.module.eks.aws_security_group_rule.cluster_private_access",
            "module.eks-jx.module.cluster.module.eks.data.aws_iam_policy_document.cluster_assume_role_policy",
            "module.eks-jx.module.cluster.module.eks.data.aws_iam_role.custom_cluster_iam_role",
            "module.eks-jx.module.cluster.module.eks.data.aws_partition.current",
            "module.eks-jx.module.cluster.module.eks.null_resource.wait_for_cluster",
            "module.eks-jx.module.cluster.module.iam_assumable_role_cluster_autoscaler.aws_iam_role.this",
            "module.eks-jx.module.cluster.module.iam_assumable_role_cluster_autoscaler.data.aws_caller_identity.current",
            "module.eks-jx.module.cluster.module.iam_assumable_role_cluster_autoscaler.data.aws_iam_policy_document.assume_role_with_oidc",
            "module.eks-jx.module.cluster.module.vpc.aws_subnet.private",
            "module.eks-jx.module.cluster.module.vpc.aws_subnet.public",
            "module.eks-jx.module.cluster.module.vpc.aws_vpc.this",
            "module.eks-jx.module.cluster.module.vpc.aws_vpc_ipv4_cidr_block_association.this",
            "module.eks-jx.random_pet.current"
          ]
        }
      ]
    },
    {
      "module": "module.eks-jx.module.cluster.module.iam_assumable_role_cm_cainjector",
      "mode": "data",
      "type": "aws_caller_identity",
      "name": "current",
      "provider": "module.eks-jx.provider[\"registry.terraform.io/hashicorp/aws\"]",
      "instances": [
        {
          "schema_version": 0,
          "attributes": {
            "account_id": "621520006631",
            "arn": "arn:aws:iam::621520006631:user/Administrator",
            "id": "2020-10-29 11:04:27.9058497 +0000 UTC",
            "user_id": "AIDAZBNL2VXTXHK42HACQ"
          }
        }
      ]
    },
    {
      "module": "module.eks-jx.module.cluster.module.iam_assumable_role_cm_cainjector",
      "mode": "data",
      "type": "aws_iam_policy_document",
      "name": "assume_role_with_oidc",
      "provider": "module.eks-jx.provider[\"registry.terraform.io/hashicorp/aws\"]",
      "instances": [
        {
          "index_key": 0,
          "schema_version": 0,
          "attributes": {
            "id": "1862684843",
            "json": "{\n  \"Version\": \"2012-10-17\",\n  \"Statement\": [\n    {\n      \"Sid\": \"\",\n      \"Effect\": \"Allow\",\n      \"Action\": \"sts:AssumeRoleWithWebIdentity\",\n      \"Principal\": {\n        \"Federated\": \"arn:aws:iam::621520006631:oidc-provider/oidc.eks.us-east-1.amazonaws.com/id/552D7E72A668FA4D2ACD29C13EA28221\"\n      },\n      \"Condition\": {\n        \"StringEquals\": {\n          \"oidc.eks.us-east-1.amazonaws.com/id/552D7E72A668FA4D2ACD29C13EA28221:sub\": \"system:serviceaccount:cert-manager:cm-cainjector\"\n        }\n      }\n    }\n  ]\n}",
            "override_json": null,
            "policy_id": null,
            "source_json": null,
            "statement": [
              {
                "actions": [
                  "sts:AssumeRoleWithWebIdentity"
                ],
                "condition": [
                  {
                    "test": "StringEquals",
                    "values": [
                      "system:serviceaccount:cert-manager:cm-cainjector"
                    ],
                    "variable": "oidc.eks.us-east-1.amazonaws.com/id/552D7E72A668FA4D2ACD29C13EA28221:sub"
                  }
                ],
                "effect": "Allow",
                "not_actions": [],
                "not_principals": [],
                "not_resources": [],
                "principals": [
                  {
                    "identifiers": [
                      "arn:aws:iam::621520006631:oidc-provider/oidc.eks.us-east-1.amazonaws.com/id/552D7E72A668FA4D2ACD29C13EA28221"
                    ],
                    "type": "Federated"
                  }
                ],
                "resources": [],
                "sid": ""
              }
            ],
            "version": "2012-10-17"
          }
        }
      ]
    },
    {
      "module": "module.eks-jx.module.cluster.module.iam_assumable_role_cm_cainjector",
      "mode": "managed",
      "type": "aws_iam_role",
      "name": "this",
      "provider": "module.eks-jx.provider[\"registry.terraform.io/hashicorp/aws\"]",
      "instances": [
        {
          "index_key": 0,
          "schema_version": 0,
          "attributes": {
            "arn": "arn:aws:iam::621520006631:role/tf-capires-sa-role-cm_cainjector-qxYUTiM6",
            "assume_role_policy": "{\"Version\":\"2012-10-17\",\"Statement\":[{\"Sid\":\"\",\"Effect\":\"Allow\",\"Principal\":{\"Federated\":\"arn:aws:iam::621520006631:oidc-provider/oidc.eks.us-east-1.amazonaws.com/id/552D7E72A668FA4D2ACD29C13EA28221\"},\"Action\":\"sts:AssumeRoleWithWebIdentity\",\"Condition\":{\"StringEquals\":{\"oidc.eks.us-east-1.amazonaws.com/id/552D7E72A668FA4D2ACD29C13EA28221:sub\":\"system:serviceaccount:cert-manager:cm-cainjector\"}}}]}",
            "create_date": "2020-10-29T10:21:54Z",
            "description": "",
            "force_detach_policies": false,
            "id": "tf-capires-sa-role-cm_cainjector-qxYUTiM6",
            "max_session_duration": 3600,
            "name": "tf-capires-sa-role-cm_cainjector-qxYUTiM6",
            "name_prefix": null,
            "path": "/",
            "permissions_boundary": "",
            "tags": {},
            "unique_id": "AROAZBNL2VXTVUJRMTTIM"
          },
          "private": "bnVsbA==",
          "dependencies": [
            "module.eks-jx.module.cluster.data.aws_availability_zones.available",
            "module.eks-jx.module.cluster.module.eks.aws_cloudwatch_log_group.this",
            "module.eks-jx.module.cluster.module.eks.aws_eks_cluster.this",
            "module.eks-jx.module.cluster.module.eks.aws_iam_role.cluster",
            "module.eks-jx.module.cluster.module.eks.aws_iam_role_policy_attachment.cluster_AmazonEKSClusterPolicy",
            "module.eks-jx.module.cluster.module.eks.aws_iam_role_policy_attachment.cluster_AmazonEKSServicePolicy",
            "module.eks-jx.module.cluster.module.eks.aws_security_group.cluster",
            "module.eks-jx.module.cluster.module.eks.data.aws_iam_policy_document.cluster_assume_role_policy",
            "module.eks-jx.module.cluster.module.eks.data.aws_iam_role.custom_cluster_iam_role",
            "module.eks-jx.module.cluster.module.eks.data.aws_partition.current",
            "module.eks-jx.module.cluster.module.iam_assumable_role_cm_cainjector.data.aws_caller_identity.current",
            "module.eks-jx.module.cluster.module.iam_assumable_role_cm_cainjector.data.aws_iam_policy_document.assume_role_with_oidc",
            "module.eks-jx.module.cluster.module.vpc.aws_subnet.private",
            "module.eks-jx.module.cluster.module.vpc.aws_subnet.public",
            "module.eks-jx.module.cluster.module.vpc.aws_vpc.this",
            "module.eks-jx.module.cluster.module.vpc.aws_vpc_ipv4_cidr_block_association.this",
            "module.eks-jx.module.cluster.random_string.suffix",
            "module.eks-jx.random_pet.current"
          ]
        }
      ]
    },
    {
      "module": "module.eks-jx.module.cluster.module.iam_assumable_role_cm_cainjector",
      "mode": "managed",
      "type": "aws_iam_role_policy_attachment",
      "name": "custom",
      "provider": "module.eks-jx.provider[\"registry.terraform.io/hashicorp/aws\"]",
      "instances": [
        {
          "index_key": 0,
          "schema_version": 0,
          "attributes": {
            "id": "tf-capires-sa-role-cm_cainjector-qxYUTiM6-20201029102156900700000012",
            "policy_arn": "arn:aws:iam::621520006631:policy/jenkins-x-cert-manager20201029100912199500000001",
            "role": "tf-capires-sa-role-cm_cainjector-qxYUTiM6"
          },
          "private": "bnVsbA==",
          "dependencies": [
            "module.eks-jx.module.cluster.aws_iam_policy.cert-manager",
            "module.eks-jx.module.cluster.data.aws_availability_zones.available",
            "module.eks-jx.module.cluster.data.aws_iam_policy_document.cert-manager-policy",
            "module.eks-jx.module.cluster.module.eks.aws_cloudwatch_log_group.this",
            "module.eks-jx.module.cluster.module.eks.aws_eks_cluster.this",
            "module.eks-jx.module.cluster.module.eks.aws_iam_role.cluster",
            "module.eks-jx.module.cluster.module.eks.aws_iam_role_policy_attachment.cluster_AmazonEKSClusterPolicy",
            "module.eks-jx.module.cluster.module.eks.aws_iam_role_policy_attachment.cluster_AmazonEKSServicePolicy",
            "module.eks-jx.module.cluster.module.eks.aws_security_group.cluster",
            "module.eks-jx.module.cluster.module.eks.data.aws_iam_policy_document.cluster_assume_role_policy",
            "module.eks-jx.module.cluster.module.eks.data.aws_iam_role.custom_cluster_iam_role",
            "module.eks-jx.module.cluster.module.eks.data.aws_partition.current",
            "module.eks-jx.module.cluster.module.iam_assumable_role_cm_cainjector.aws_iam_role.this",
            "module.eks-jx.module.cluster.module.iam_assumable_role_cm_cainjector.data.aws_caller_identity.current",
            "module.eks-jx.module.cluster.module.iam_assumable_role_cm_cainjector.data.aws_iam_policy_document.assume_role_with_oidc",
            "module.eks-jx.module.cluster.module.vpc.aws_subnet.private",
            "module.eks-jx.module.cluster.module.vpc.aws_subnet.public",
            "module.eks-jx.module.cluster.module.vpc.aws_vpc.this",
            "module.eks-jx.module.cluster.module.vpc.aws_vpc_ipv4_cidr_block_association.this",
            "module.eks-jx.module.cluster.random_string.suffix",
            "module.eks-jx.random_pet.current"
          ]
        }
      ]
    },
    {
      "module": "module.eks-jx.module.cluster.module.iam_assumable_role_controllerbuild",
      "mode": "data",
      "type": "aws_caller_identity",
      "name": "current",
      "provider": "module.eks-jx.provider[\"registry.terraform.io/hashicorp/aws\"]",
      "instances": [
        {
          "schema_version": 0,
          "attributes": {
            "account_id": "621520006631",
            "arn": "arn:aws:iam::621520006631:user/Administrator",
            "id": "2020-10-29 11:04:27.8878824 +0000 UTC",
            "user_id": "AIDAZBNL2VXTXHK42HACQ"
          }
        }
      ]
    },
    {
      "module": "module.eks-jx.module.cluster.module.iam_assumable_role_controllerbuild",
      "mode": "data",
      "type": "aws_iam_policy_document",
      "name": "assume_role_with_oidc",
      "provider": "module.eks-jx.provider[\"registry.terraform.io/hashicorp/aws\"]",
      "instances": [
        {
          "index_key": 0,
          "schema_version": 0,
          "attributes": {
            "id": "3257449471",
            "json": "{\n  \"Version\": \"2012-10-17\",\n  \"Statement\": [\n    {\n      \"Sid\": \"\",\n      \"Effect\": \"Allow\",\n      \"Action\": \"sts:AssumeRoleWithWebIdentity\",\n      \"Principal\": {\n        \"Federated\": \"arn:aws:iam::621520006631:oidc-provider/oidc.eks.us-east-1.amazonaws.com/id/552D7E72A668FA4D2ACD29C13EA28221\"\n      },\n      \"Condition\": {\n        \"StringEquals\": {\n          \"oidc.eks.us-east-1.amazonaws.com/id/552D7E72A668FA4D2ACD29C13EA28221:sub\": \"system:serviceaccount:jx:jenkins-x-controllerbuild\"\n        }\n      }\n    }\n  ]\n}",
            "override_json": null,
            "policy_id": null,
            "source_json": null,
            "statement": [
              {
                "actions": [
                  "sts:AssumeRoleWithWebIdentity"
                ],
                "condition": [
                  {
                    "test": "StringEquals",
                    "values": [
                      "system:serviceaccount:jx:jenkins-x-controllerbuild"
                    ],
                    "variable": "oidc.eks.us-east-1.amazonaws.com/id/552D7E72A668FA4D2ACD29C13EA28221:sub"
                  }
                ],
                "effect": "Allow",
                "not_actions": [],
                "not_principals": [],
                "not_resources": [],
                "principals": [
                  {
                    "identifiers": [
                      "arn:aws:iam::621520006631:oidc-provider/oidc.eks.us-east-1.amazonaws.com/id/552D7E72A668FA4D2ACD29C13EA28221"
                    ],
                    "type": "Federated"
                  }
                ],
                "resources": [],
                "sid": ""
              }
            ],
            "version": "2012-10-17"
          }
        }
      ]
    },
    {
      "module": "module.eks-jx.module.cluster.module.iam_assumable_role_controllerbuild",
      "mode": "managed",
      "type": "aws_iam_role",
      "name": "this",
      "provider": "module.eks-jx.provider[\"registry.terraform.io/hashicorp/aws\"]",
      "instances": [
        {
          "index_key": 0,
          "schema_version": 0,
          "attributes": {
            "arn": "arn:aws:iam::621520006631:role/tf-capires-sa-role-ctrlb-qxYUTiM6",
            "assume_role_policy": "{\"Version\":\"2012-10-17\",\"Statement\":[{\"Sid\":\"\",\"Effect\":\"Allow\",\"Principal\":{\"Federated\":\"arn:aws:iam::621520006631:oidc-provider/oidc.eks.us-east-1.amazonaws.com/id/552D7E72A668FA4D2ACD29C13EA28221\"},\"Action\":\"sts:AssumeRoleWithWebIdentity\",\"Condition\":{\"StringEquals\":{\"oidc.eks.us-east-1.amazonaws.com/id/552D7E72A668FA4D2ACD29C13EA28221:sub\":\"system:serviceaccount:jx:jenkins-x-controllerbuild\"}}}]}",
            "create_date": "2020-10-29T10:21:54Z",
            "description": "",
            "force_detach_policies": false,
            "id": "tf-capires-sa-role-ctrlb-qxYUTiM6",
            "max_session_duration": 3600,
            "name": "tf-capires-sa-role-ctrlb-qxYUTiM6",
            "name_prefix": null,
            "path": "/",
            "permissions_boundary": "",
            "tags": {},
            "unique_id": "AROAZBNL2VXT3ULXAQB43"
          },
          "private": "bnVsbA==",
          "dependencies": [
            "module.eks-jx.module.cluster.data.aws_availability_zones.available",
            "module.eks-jx.module.cluster.module.eks.aws_cloudwatch_log_group.this",
            "module.eks-jx.module.cluster.module.eks.aws_eks_cluster.this",
            "module.eks-jx.module.cluster.module.eks.aws_iam_role.cluster",
            "module.eks-jx.module.cluster.module.eks.aws_iam_role_policy_attachment.cluster_AmazonEKSClusterPolicy",
            "module.eks-jx.module.cluster.module.eks.aws_iam_role_policy_attachment.cluster_AmazonEKSServicePolicy",
            "module.eks-jx.module.cluster.module.eks.aws_security_group.cluster",
            "module.eks-jx.module.cluster.module.eks.data.aws_iam_policy_document.cluster_assume_role_policy",
            "module.eks-jx.module.cluster.module.eks.data.aws_iam_role.custom_cluster_iam_role",
            "module.eks-jx.module.cluster.module.eks.data.aws_partition.current",
            "module.eks-jx.module.cluster.module.iam_assumable_role_controllerbuild.data.aws_caller_identity.current",
            "module.eks-jx.module.cluster.module.iam_assumable_role_controllerbuild.data.aws_iam_policy_document.assume_role_with_oidc",
            "module.eks-jx.module.cluster.module.vpc.aws_subnet.private",
            "module.eks-jx.module.cluster.module.vpc.aws_subnet.public",
            "module.eks-jx.module.cluster.module.vpc.aws_vpc.this",
            "module.eks-jx.module.cluster.module.vpc.aws_vpc_ipv4_cidr_block_association.this",
            "module.eks-jx.module.cluster.random_string.suffix",
            "module.eks-jx.random_pet.current"
          ]
        }
      ]
    },
    {
      "module": "module.eks-jx.module.cluster.module.iam_assumable_role_controllerbuild",
      "mode": "managed",
      "type": "aws_iam_role_policy_attachment",
      "name": "custom",
      "provider": "module.eks-jx.provider[\"registry.terraform.io/hashicorp/aws\"]",
      "instances": [
        {
          "index_key": 0,
          "schema_version": 0,
          "attributes": {
            "id": "tf-capires-sa-role-ctrlb-qxYUTiM6-2020102910220323820000001b",
            "policy_arn": "arn:aws:iam::aws:policy/AmazonS3FullAccess",
            "role": "tf-capires-sa-role-ctrlb-qxYUTiM6"
          },
          "private": "bnVsbA==",
          "dependencies": [
            "module.eks-jx.module.cluster.data.aws_availability_zones.available",
            "module.eks-jx.module.cluster.module.eks.aws_cloudwatch_log_group.this",
            "module.eks-jx.module.cluster.module.eks.aws_eks_cluster.this",
            "module.eks-jx.module.cluster.module.eks.aws_iam_role.cluster",
            "module.eks-jx.module.cluster.module.eks.aws_iam_role_policy_attachment.cluster_AmazonEKSClusterPolicy",
            "module.eks-jx.module.cluster.module.eks.aws_iam_role_policy_attachment.cluster_AmazonEKSServicePolicy",
            "module.eks-jx.module.cluster.module.eks.aws_security_group.cluster",
            "module.eks-jx.module.cluster.module.eks.data.aws_iam_policy_document.cluster_assume_role_policy",
            "module.eks-jx.module.cluster.module.eks.data.aws_iam_role.custom_cluster_iam_role",
            "module.eks-jx.module.cluster.module.eks.data.aws_partition.current",
            "module.eks-jx.module.cluster.module.iam_assumable_role_controllerbuild.aws_iam_role.this",
            "module.eks-jx.module.cluster.module.iam_assumable_role_controllerbuild.data.aws_caller_identity.current",
            "module.eks-jx.module.cluster.module.iam_assumable_role_controllerbuild.data.aws_iam_policy_document.assume_role_with_oidc",
            "module.eks-jx.module.cluster.module.vpc.aws_subnet.private",
            "module.eks-jx.module.cluster.module.vpc.aws_subnet.public",
            "module.eks-jx.module.cluster.module.vpc.aws_vpc.this",
            "module.eks-jx.module.cluster.module.vpc.aws_vpc_ipv4_cidr_block_association.this",
            "module.eks-jx.module.cluster.random_string.suffix",
            "module.eks-jx.random_pet.current"
          ]
        }
      ]
    },
    {
      "module": "module.eks-jx.module.cluster.module.iam_assumable_role_external_dns",
      "mode": "data",
      "type": "aws_caller_identity",
      "name": "current",
      "provider": "module.eks-jx.provider[\"registry.terraform.io/hashicorp/aws\"]",
      "instances": [
        {
          "schema_version": 0,
          "attributes": {
            "account_id": "621520006631",
            "arn": "arn:aws:iam::621520006631:user/Administrator",
            "id": "2020-10-29 11:04:28.3698544 +0000 UTC",
            "user_id": "AIDAZBNL2VXTXHK42HACQ"
          }
        }
      ]
    },
    {
      "module": "module.eks-jx.module.cluster.module.iam_assumable_role_external_dns",
      "mode": "data",
      "type": "aws_iam_policy_document",
      "name": "assume_role_with_oidc",
      "provider": "module.eks-jx.provider[\"registry.terraform.io/hashicorp/aws\"]",
      "instances": [
        {
          "index_key": 0,
          "schema_version": 0,
          "attributes": {
            "id": "1829296427",
            "json": "{\n  \"Version\": \"2012-10-17\",\n  \"Statement\": [\n    {\n      \"Sid\": \"\",\n      \"Effect\": \"Allow\",\n      \"Action\": \"sts:AssumeRoleWithWebIdentity\",\n      \"Principal\": {\n        \"Federated\": \"arn:aws:iam::621520006631:oidc-provider/oidc.eks.us-east-1.amazonaws.com/id/552D7E72A668FA4D2ACD29C13EA28221\"\n      },\n      \"Condition\": {\n        \"StringEquals\": {\n          \"oidc.eks.us-east-1.amazonaws.com/id/552D7E72A668FA4D2ACD29C13EA28221:sub\": \"system:serviceaccount:jx:exdns-external-dns\"\n        }\n      }\n    }\n  ]\n}",
            "override_json": null,
            "policy_id": null,
            "source_json": null,
            "statement": [
              {
                "actions": [
                  "sts:AssumeRoleWithWebIdentity"
                ],
                "condition": [
                  {
                    "test": "StringEquals",
                    "values": [
                      "system:serviceaccount:jx:exdns-external-dns"
                    ],
                    "variable": "oidc.eks.us-east-1.amazonaws.com/id/552D7E72A668FA4D2ACD29C13EA28221:sub"
                  }
                ],
                "effect": "Allow",
                "not_actions": [],
                "not_principals": [],
                "not_resources": [],
                "principals": [
                  {
                    "identifiers": [
                      "arn:aws:iam::621520006631:oidc-provider/oidc.eks.us-east-1.amazonaws.com/id/552D7E72A668FA4D2ACD29C13EA28221"
                    ],
                    "type": "Federated"
                  }
                ],
                "resources": [],
                "sid": ""
              }
            ],
            "version": "2012-10-17"
          }
        }
      ]
    },
    {
      "module": "module.eks-jx.module.cluster.module.iam_assumable_role_external_dns",
      "mode": "managed",
      "type": "aws_iam_role",
      "name": "this",
      "provider": "module.eks-jx.provider[\"registry.terraform.io/hashicorp/aws\"]",
      "instances": [
        {
          "index_key": 0,
          "schema_version": 0,
          "attributes": {
            "arn": "arn:aws:iam::621520006631:role/tf-capires-sa-role-external_dns-qxYUTiM6",
            "assume_role_policy": "{\"Version\":\"2012-10-17\",\"Statement\":[{\"Sid\":\"\",\"Effect\":\"Allow\",\"Principal\":{\"Federated\":\"arn:aws:iam::621520006631:oidc-provider/oidc.eks.us-east-1.amazonaws.com/id/552D7E72A668FA4D2ACD29C13EA28221\"},\"Action\":\"sts:AssumeRoleWithWebIdentity\",\"Condition\":{\"StringEquals\":{\"oidc.eks.us-east-1.amazonaws.com/id/552D7E72A668FA4D2ACD29C13EA28221:sub\":\"system:serviceaccount:jx:exdns-external-dns\"}}}]}",
            "create_date": "2020-10-29T10:21:54Z",
            "description": "",
            "force_detach_policies": false,
            "id": "tf-capires-sa-role-external_dns-qxYUTiM6",
            "max_session_duration": 3600,
            "name": "tf-capires-sa-role-external_dns-qxYUTiM6",
            "name_prefix": null,
            "path": "/",
            "permissions_boundary": "",
            "tags": {},
            "unique_id": "AROAZBNL2VXT3I45BHSMT"
          },
          "private": "bnVsbA==",
          "dependencies": [
            "module.eks-jx.module.cluster.data.aws_availability_zones.available",
            "module.eks-jx.module.cluster.module.eks.aws_cloudwatch_log_group.this",
            "module.eks-jx.module.cluster.module.eks.aws_eks_cluster.this",
            "module.eks-jx.module.cluster.module.eks.aws_iam_role.cluster",
            "module.eks-jx.module.cluster.module.eks.aws_iam_role_policy_attachment.cluster_AmazonEKSClusterPolicy",
            "module.eks-jx.module.cluster.module.eks.aws_iam_role_policy_attachment.cluster_AmazonEKSServicePolicy",
            "module.eks-jx.module.cluster.module.eks.aws_security_group.cluster",
            "module.eks-jx.module.cluster.module.eks.data.aws_iam_policy_document.cluster_assume_role_policy",
            "module.eks-jx.module.cluster.module.eks.data.aws_iam_role.custom_cluster_iam_role",
            "module.eks-jx.module.cluster.module.eks.data.aws_partition.current",
            "module.eks-jx.module.cluster.module.iam_assumable_role_external_dns.data.aws_caller_identity.current",
            "module.eks-jx.module.cluster.module.iam_assumable_role_external_dns.data.aws_iam_policy_document.assume_role_with_oidc",
            "module.eks-jx.module.cluster.module.vpc.aws_subnet.private",
            "module.eks-jx.module.cluster.module.vpc.aws_subnet.public",
            "module.eks-jx.module.cluster.module.vpc.aws_vpc.this",
            "module.eks-jx.module.cluster.module.vpc.aws_vpc_ipv4_cidr_block_association.this",
            "module.eks-jx.module.cluster.random_string.suffix",
            "module.eks-jx.random_pet.current"
          ]
        }
      ]
    },
    {
      "module": "module.eks-jx.module.cluster.module.iam_assumable_role_external_dns",
      "mode": "managed",
      "type": "aws_iam_role_policy_attachment",
      "name": "custom",
      "provider": "module.eks-jx.provider[\"registry.terraform.io/hashicorp/aws\"]",
      "instances": [
        {
          "index_key": 0,
          "schema_version": 0,
          "attributes": {
            "id": "tf-capires-sa-role-external_dns-qxYUTiM6-20201029102156908600000013",
            "policy_arn": "arn:aws:iam::621520006631:policy/jenkins-x-external-dns20201029100912200200000003",
            "role": "tf-capires-sa-role-external_dns-qxYUTiM6"
          },
          "private": "bnVsbA==",
          "dependencies": [
            "module.eks-jx.module.cluster.aws_iam_policy.external-dns",
            "module.eks-jx.module.cluster.data.aws_availability_zones.available",
            "module.eks-jx.module.cluster.data.aws_iam_policy_document.external-dns-policy",
            "module.eks-jx.module.cluster.module.eks.aws_cloudwatch_log_group.this",
            "module.eks-jx.module.cluster.module.eks.aws_eks_cluster.this",
            "module.eks-jx.module.cluster.module.eks.aws_iam_role.cluster",
            "module.eks-jx.module.cluster.module.eks.aws_iam_role_policy_attachment.cluster_AmazonEKSClusterPolicy",
            "module.eks-jx.module.cluster.module.eks.aws_iam_role_policy_attachment.cluster_AmazonEKSServicePolicy",
            "module.eks-jx.module.cluster.module.eks.aws_security_group.cluster",
            "module.eks-jx.module.cluster.module.eks.data.aws_iam_policy_document.cluster_assume_role_policy",
            "module.eks-jx.module.cluster.module.eks.data.aws_iam_role.custom_cluster_iam_role",
            "module.eks-jx.module.cluster.module.eks.data.aws_partition.current",
            "module.eks-jx.module.cluster.module.iam_assumable_role_external_dns.aws_iam_role.this",
            "module.eks-jx.module.cluster.module.iam_assumable_role_external_dns.data.aws_caller_identity.current",
            "module.eks-jx.module.cluster.module.iam_assumable_role_external_dns.data.aws_iam_policy_document.assume_role_with_oidc",
            "module.eks-jx.module.cluster.module.vpc.aws_subnet.private",
            "module.eks-jx.module.cluster.module.vpc.aws_subnet.public",
            "module.eks-jx.module.cluster.module.vpc.aws_vpc.this",
            "module.eks-jx.module.cluster.module.vpc.aws_vpc_ipv4_cidr_block_association.this",
            "module.eks-jx.module.cluster.random_string.suffix",
            "module.eks-jx.random_pet.current"
          ]
        }
      ]
    },
    {
      "module": "module.eks-jx.module.cluster.module.iam_assumable_role_tekton_bot",
      "mode": "data",
      "type": "aws_caller_identity",
      "name": "current",
      "provider": "module.eks-jx.provider[\"registry.terraform.io/hashicorp/aws\"]",
      "instances": [
        {
          "schema_version": 0,
          "attributes": {
            "account_id": "621520006631",
            "arn": "arn:aws:iam::621520006631:user/Administrator",
            "id": "2020-10-29 11:04:29.1901447 +0000 UTC",
            "user_id": "AIDAZBNL2VXTXHK42HACQ"
          }
        }
      ]
    },
    {
      "module": "module.eks-jx.module.cluster.module.iam_assumable_role_tekton_bot",
      "mode": "data",
      "type": "aws_iam_policy_document",
      "name": "assume_role_with_oidc",
      "provider": "module.eks-jx.provider[\"registry.terraform.io/hashicorp/aws\"]",
      "instances": [
        {
          "index_key": 0,
          "schema_version": 0,
          "attributes": {
            "id": "3887636256",
            "json": "{\n  \"Version\": \"2012-10-17\",\n  \"Statement\": [\n    {\n      \"Sid\": \"\",\n      \"Effect\": \"Allow\",\n      \"Action\": \"sts:AssumeRoleWithWebIdentity\",\n      \"Principal\": {\n        \"Federated\": \"arn:aws:iam::621520006631:oidc-provider/oidc.eks.us-east-1.amazonaws.com/id/552D7E72A668FA4D2ACD29C13EA28221\"\n      },\n      \"Condition\": {\n        \"StringEquals\": {\n          \"oidc.eks.us-east-1.amazonaws.com/id/552D7E72A668FA4D2ACD29C13EA28221:sub\": \"system:serviceaccount:jx:tekton-bot\"\n        }\n      }\n    }\n  ]\n}",
            "override_json": null,
            "policy_id": null,
            "source_json": null,
            "statement": [
              {
                "actions": [
                  "sts:AssumeRoleWithWebIdentity"
                ],
                "condition": [
                  {
                    "test": "StringEquals",
                    "values": [
                      "system:serviceaccount:jx:tekton-bot"
                    ],
                    "variable": "oidc.eks.us-east-1.amazonaws.com/id/552D7E72A668FA4D2ACD29C13EA28221:sub"
                  }
                ],
                "effect": "Allow",
                "not_actions": [],
                "not_principals": [],
                "not_resources": [],
                "principals": [
                  {
                    "identifiers": [
                      "arn:aws:iam::621520006631:oidc-provider/oidc.eks.us-east-1.amazonaws.com/id/552D7E72A668FA4D2ACD29C13EA28221"
                    ],
                    "type": "Federated"
                  }
                ],
                "resources": [],
                "sid": ""
              }
            ],
            "version": "2012-10-17"
          }
        }
      ]
    },
    {
      "module": "module.eks-jx.module.cluster.module.iam_assumable_role_tekton_bot",
      "mode": "managed",
      "type": "aws_iam_role",
      "name": "this",
      "provider": "module.eks-jx.provider[\"registry.terraform.io/hashicorp/aws\"]",
      "instances": [
        {
          "index_key": 0,
          "schema_version": 0,
          "attributes": {
            "arn": "arn:aws:iam::621520006631:role/tf-capires-sa-role-tekton-bot-qxYUTiM6",
            "assume_role_policy": "{\"Version\":\"2012-10-17\",\"Statement\":[{\"Sid\":\"\",\"Effect\":\"Allow\",\"Principal\":{\"Federated\":\"arn:aws:iam::621520006631:oidc-provider/oidc.eks.us-east-1.amazonaws.com/id/552D7E72A668FA4D2ACD29C13EA28221\"},\"Action\":\"sts:AssumeRoleWithWebIdentity\",\"Condition\":{\"StringEquals\":{\"oidc.eks.us-east-1.amazonaws.com/id/552D7E72A668FA4D2ACD29C13EA28221:sub\":\"system:serviceaccount:jx:tekton-bot\"}}}]}",
            "create_date": "2020-10-29T10:21:54Z",
            "description": "",
            "force_detach_policies": false,
            "id": "tf-capires-sa-role-tekton-bot-qxYUTiM6",
            "max_session_duration": 3600,
            "name": "tf-capires-sa-role-tekton-bot-qxYUTiM6",
            "name_prefix": null,
            "path": "/",
            "permissions_boundary": "",
            "tags": {},
            "unique_id": "AROAZBNL2VXTWXG6M6X24"
          },
          "private": "bnVsbA==",
          "dependencies": [
            "module.eks-jx.module.cluster.data.aws_availability_zones.available",
            "module.eks-jx.module.cluster.module.eks.aws_cloudwatch_log_group.this",
            "module.eks-jx.module.cluster.module.eks.aws_eks_cluster.this",
            "module.eks-jx.module.cluster.module.eks.aws_iam_role.cluster",
            "module.eks-jx.module.cluster.module.eks.aws_iam_role_policy_attachment.cluster_AmazonEKSClusterPolicy",
            "module.eks-jx.module.cluster.module.eks.aws_iam_role_policy_attachment.cluster_AmazonEKSServicePolicy",
            "module.eks-jx.module.cluster.module.eks.aws_security_group.cluster",
            "module.eks-jx.module.cluster.module.eks.data.aws_iam_policy_document.cluster_assume_role_policy",
            "module.eks-jx.module.cluster.module.eks.data.aws_iam_role.custom_cluster_iam_role",
            "module.eks-jx.module.cluster.module.eks.data.aws_partition.current",
            "module.eks-jx.module.cluster.module.iam_assumable_role_tekton_bot.data.aws_caller_identity.current",
            "module.eks-jx.module.cluster.module.iam_assumable_role_tekton_bot.data.aws_iam_policy_document.assume_role_with_oidc",
            "module.eks-jx.module.cluster.module.vpc.aws_subnet.private",
            "module.eks-jx.module.cluster.module.vpc.aws_subnet.public",
            "module.eks-jx.module.cluster.module.vpc.aws_vpc.this",
            "module.eks-jx.module.cluster.module.vpc.aws_vpc_ipv4_cidr_block_association.this",
            "module.eks-jx.module.cluster.random_string.suffix",
            "module.eks-jx.random_pet.current"
          ]
        }
      ]
    },
    {
      "module": "module.eks-jx.module.cluster.module.iam_assumable_role_tekton_bot",
      "mode": "managed",
      "type": "aws_iam_role_policy_attachment",
      "name": "custom",
      "provider": "module.eks-jx.provider[\"registry.terraform.io/hashicorp/aws\"]",
      "instances": [
        {
          "index_key": 0,
          "schema_version": 0,
          "attributes": {
            "id": "tf-capires-sa-role-tekton-bot-qxYUTiM6-20201029102156855200000011",
            "policy_arn": "arn:aws:iam::621520006631:policy/jenkins-x-tekton-bot20201029100912200000000002",
            "role": "tf-capires-sa-role-tekton-bot-qxYUTiM6"
          },
          "private": "bnVsbA==",
          "dependencies": [
            "module.eks-jx.module.cluster.aws_iam_policy.tekton-bot",
            "module.eks-jx.module.cluster.data.aws_availability_zones.available",
            "module.eks-jx.module.cluster.data.aws_iam_policy_document.tekton-bot-policy",
            "module.eks-jx.module.cluster.module.eks.aws_cloudwatch_log_group.this",
            "module.eks-jx.module.cluster.module.eks.aws_eks_cluster.this",
            "module.eks-jx.module.cluster.module.eks.aws_iam_role.cluster",
            "module.eks-jx.module.cluster.module.eks.aws_iam_role_policy_attachment.cluster_AmazonEKSClusterPolicy",
            "module.eks-jx.module.cluster.module.eks.aws_iam_role_policy_attachment.cluster_AmazonEKSServicePolicy",
            "module.eks-jx.module.cluster.module.eks.aws_security_group.cluster",
            "module.eks-jx.module.cluster.module.eks.data.aws_iam_policy_document.cluster_assume_role_policy",
            "module.eks-jx.module.cluster.module.eks.data.aws_iam_role.custom_cluster_iam_role",
            "module.eks-jx.module.cluster.module.eks.data.aws_partition.current",
            "module.eks-jx.module.cluster.module.iam_assumable_role_tekton_bot.aws_iam_role.this",
            "module.eks-jx.module.cluster.module.iam_assumable_role_tekton_bot.data.aws_caller_identity.current",
            "module.eks-jx.module.cluster.module.iam_assumable_role_tekton_bot.data.aws_iam_policy_document.assume_role_with_oidc",
            "module.eks-jx.module.cluster.module.vpc.aws_subnet.private",
            "module.eks-jx.module.cluster.module.vpc.aws_subnet.public",
            "module.eks-jx.module.cluster.module.vpc.aws_vpc.this",
            "module.eks-jx.module.cluster.module.vpc.aws_vpc_ipv4_cidr_block_association.this",
            "module.eks-jx.module.cluster.random_string.suffix",
            "module.eks-jx.random_pet.current"
          ]
        }
      ]
    },
    {
      "module": "module.eks-jx.module.cluster.module.vpc",
      "mode": "managed",
      "type": "aws_internet_gateway",
      "name": "this",
      "provider": "module.eks-jx.provider[\"registry.terraform.io/hashicorp/aws\"]",
      "instances": [
        {
          "index_key": 0,
          "schema_version": 0,
          "attributes": {
            "arn": "arn:aws:ec2:us-east-1:621520006631:internet-gateway/igw-073d638b5df43c872",
            "id": "igw-073d638b5df43c872",
            "owner_id": "621520006631",
            "tags": {
              "Name": "tf-vpc-eks",
              "kubernetes.io/cluster/capires": "shared"
            },
            "vpc_id": "vpc-01acca9b887511bbe"
          },
          "private": "bnVsbA==",
          "dependencies": [
            "module.eks-jx.module.cluster.module.vpc.aws_vpc.this",
            "module.eks-jx.module.cluster.module.vpc.aws_vpc_ipv4_cidr_block_association.this",
            "module.eks-jx.random_pet.current"
          ]
        }
      ]
    },
    {
      "module": "module.eks-jx.module.cluster.module.vpc",
      "mode": "managed",
      "type": "aws_route",
      "name": "public_internet_gateway",
      "provider": "module.eks-jx.provider[\"registry.terraform.io/hashicorp/aws\"]",
      "instances": [
        {
          "index_key": 0,
          "schema_version": 0,
          "attributes": {
            "destination_cidr_block": "0.0.0.0/0",
            "destination_ipv6_cidr_block": "",
            "destination_prefix_list_id": "",
            "egress_only_gateway_id": "",
            "gateway_id": "igw-073d638b5df43c872",
            "id": "r-rtb-05dc0313fc5d4aadd1080289494",
            "instance_id": "",
            "instance_owner_id": "",
            "local_gateway_id": "",
            "nat_gateway_id": "",
            "network_interface_id": "",
            "origin": "CreateRoute",
            "route_table_id": "rtb-05dc0313fc5d4aadd",
            "state": "active",
            "timeouts": {
              "create": "5m",
              "delete": null
            },
            "transit_gateway_id": "",
            "vpc_peering_connection_id": ""
          },
          "private": "eyJlMmJmYjczMC1lY2FhLTExZTYtOGY4OC0zNDM2M2JjN2M0YzAiOnsiY3JlYXRlIjozMDAwMDAwMDAwMDAsImRlbGV0ZSI6MzAwMDAwMDAwMDAwfX0=",
          "dependencies": [
            "module.eks-jx.module.cluster.module.vpc.aws_internet_gateway.this",
            "module.eks-jx.module.cluster.module.vpc.aws_route_table.public",
            "module.eks-jx.module.cluster.module.vpc.aws_vpc.this",
            "module.eks-jx.module.cluster.module.vpc.aws_vpc_ipv4_cidr_block_association.this",
            "module.eks-jx.random_pet.current"
          ]
        }
      ]
    },
    {
      "module": "module.eks-jx.module.cluster.module.vpc",
      "mode": "managed",
      "type": "aws_route_table",
      "name": "private",
      "provider": "module.eks-jx.provider[\"registry.terraform.io/hashicorp/aws\"]",
      "instances": [
        {
          "index_key": 0,
          "schema_version": 0,
          "attributes": {
            "id": "rtb-01169d0ec91d00751",
            "owner_id": "621520006631",
            "propagating_vgws": [],
            "route": [],
            "tags": {
              "Name": "tf-vpc-eks-private-us-east-1a",
              "kubernetes.io/cluster/capires": "shared"
            },
            "vpc_id": "vpc-01acca9b887511bbe"
          },
          "private": "bnVsbA==",
          "dependencies": [
            "module.eks-jx.module.cluster.data.aws_availability_zones.available",
            "module.eks-jx.module.cluster.module.vpc.aws_vpc.this",
            "module.eks-jx.module.cluster.module.vpc.aws_vpc_ipv4_cidr_block_association.this",
            "module.eks-jx.random_pet.current"
          ]
        },
        {
          "index_key": 1,
          "schema_version": 0,
          "attributes": {
            "id": "rtb-0c02328fd52bdfbd9",
            "owner_id": "621520006631",
            "propagating_vgws": [],
            "route": [],
            "tags": {
              "Name": "tf-vpc-eks-private-us-east-1b",
              "kubernetes.io/cluster/capires": "shared"
            },
            "vpc_id": "vpc-01acca9b887511bbe"
          },
          "private": "bnVsbA==",
          "dependencies": [
            "module.eks-jx.module.cluster.data.aws_availability_zones.available",
            "module.eks-jx.module.cluster.module.vpc.aws_vpc.this",
            "module.eks-jx.module.cluster.module.vpc.aws_vpc_ipv4_cidr_block_association.this",
            "module.eks-jx.random_pet.current"
          ]
        },
        {
          "index_key": 2,
          "schema_version": 0,
          "attributes": {
            "id": "rtb-0f3cd1cd96447fb1e",
            "owner_id": "621520006631",
            "propagating_vgws": [],
            "route": [],
            "tags": {
              "Name": "tf-vpc-eks-private-us-east-1c",
              "kubernetes.io/cluster/capires": "shared"
            },
            "vpc_id": "vpc-01acca9b887511bbe"
          },
          "private": "bnVsbA==",
          "dependencies": [
            "module.eks-jx.module.cluster.data.aws_availability_zones.available",
            "module.eks-jx.module.cluster.module.vpc.aws_vpc.this",
            "module.eks-jx.module.cluster.module.vpc.aws_vpc_ipv4_cidr_block_association.this",
            "module.eks-jx.random_pet.current"
          ]
        }
      ]
    },
    {
      "module": "module.eks-jx.module.cluster.module.vpc",
      "mode": "managed",
      "type": "aws_route_table",
      "name": "public",
      "provider": "module.eks-jx.provider[\"registry.terraform.io/hashicorp/aws\"]",
      "instances": [
        {
          "index_key": 0,
          "schema_version": 0,
          "attributes": {
            "id": "rtb-05dc0313fc5d4aadd",
            "owner_id": "621520006631",
            "propagating_vgws": [],
            "route": [
              {
                "cidr_block": "0.0.0.0/0",
                "egress_only_gateway_id": "",
                "gateway_id": "igw-073d638b5df43c872",
                "instance_id": "",
                "ipv6_cidr_block": "",
                "local_gateway_id": "",
                "nat_gateway_id": "",
                "network_interface_id": "",
                "transit_gateway_id": "",
                "vpc_peering_connection_id": ""
              }
            ],
            "tags": {
              "Name": "tf-vpc-eks-public",
              "kubernetes.io/cluster/capires": "shared"
            },
            "vpc_id": "vpc-01acca9b887511bbe"
          },
          "private": "bnVsbA==",
          "dependencies": [
            "module.eks-jx.module.cluster.module.vpc.aws_vpc.this",
            "module.eks-jx.module.cluster.module.vpc.aws_vpc_ipv4_cidr_block_association.this",
            "module.eks-jx.random_pet.current"
          ]
        }
      ]
    },
    {
      "module": "module.eks-jx.module.cluster.module.vpc",
      "mode": "managed",
      "type": "aws_route_table_association",
      "name": "private",
      "provider": "module.eks-jx.provider[\"registry.terraform.io/hashicorp/aws\"]",
      "instances": [
        {
          "index_key": 0,
          "schema_version": 0,
          "attributes": {
            "gateway_id": null,
            "id": "rtbassoc-0f5e04c9198a3e127",
            "route_table_id": "rtb-01169d0ec91d00751",
            "subnet_id": "subnet-01090ffdcd8324fbb"
          },
          "private": "bnVsbA==",
          "dependencies": [
            "module.eks-jx.module.cluster.data.aws_availability_zones.available",
            "module.eks-jx.module.cluster.module.vpc.aws_route_table.private",
            "module.eks-jx.module.cluster.module.vpc.aws_subnet.private",
            "module.eks-jx.module.cluster.module.vpc.aws_vpc.this",
            "module.eks-jx.module.cluster.module.vpc.aws_vpc_ipv4_cidr_block_association.this",
            "module.eks-jx.random_pet.current"
          ]
        },
        {
          "index_key": 1,
          "schema_version": 0,
          "attributes": {
            "gateway_id": null,
            "id": "rtbassoc-0d55782343e48c3a0",
            "route_table_id": "rtb-0c02328fd52bdfbd9",
            "subnet_id": "subnet-0e05d44064d9a95fa"
          },
          "private": "bnVsbA==",
          "dependencies": [
            "module.eks-jx.module.cluster.data.aws_availability_zones.available",
            "module.eks-jx.module.cluster.module.vpc.aws_route_table.private",
            "module.eks-jx.module.cluster.module.vpc.aws_subnet.private",
            "module.eks-jx.module.cluster.module.vpc.aws_vpc.this",
            "module.eks-jx.module.cluster.module.vpc.aws_vpc_ipv4_cidr_block_association.this",
            "module.eks-jx.random_pet.current"
          ]
        },
        {
          "index_key": 2,
          "schema_version": 0,
          "attributes": {
            "gateway_id": null,
            "id": "rtbassoc-06f60d7ccdb540e31",
            "route_table_id": "rtb-0f3cd1cd96447fb1e",
            "subnet_id": "subnet-06b4c8939bee28063"
          },
          "private": "bnVsbA==",
          "dependencies": [
            "module.eks-jx.module.cluster.data.aws_availability_zones.available",
            "module.eks-jx.module.cluster.module.vpc.aws_route_table.private",
            "module.eks-jx.module.cluster.module.vpc.aws_subnet.private",
            "module.eks-jx.module.cluster.module.vpc.aws_vpc.this",
            "module.eks-jx.module.cluster.module.vpc.aws_vpc_ipv4_cidr_block_association.this",
            "module.eks-jx.random_pet.current"
          ]
        }
      ]
    },
    {
      "module": "module.eks-jx.module.cluster.module.vpc",
      "mode": "managed",
      "type": "aws_route_table_association",
      "name": "public",
      "provider": "module.eks-jx.provider[\"registry.terraform.io/hashicorp/aws\"]",
      "instances": [
        {
          "index_key": 0,
          "schema_version": 0,
          "attributes": {
            "gateway_id": null,
            "id": "rtbassoc-0d76b4e21a91fbd0b",
            "route_table_id": "rtb-05dc0313fc5d4aadd",
            "subnet_id": "subnet-082d7c60e77b1f2cb"
          },
          "private": "bnVsbA==",
          "dependencies": [
            "module.eks-jx.module.cluster.data.aws_availability_zones.available",
            "module.eks-jx.module.cluster.module.vpc.aws_route_table.public",
            "module.eks-jx.module.cluster.module.vpc.aws_subnet.public",
            "module.eks-jx.module.cluster.module.vpc.aws_vpc.this",
            "module.eks-jx.module.cluster.module.vpc.aws_vpc_ipv4_cidr_block_association.this",
            "module.eks-jx.random_pet.current"
          ]
        },
        {
          "index_key": 1,
          "schema_version": 0,
          "attributes": {
            "gateway_id": null,
            "id": "rtbassoc-0996575037a9e79fd",
            "route_table_id": "rtb-05dc0313fc5d4aadd",
            "subnet_id": "subnet-013474d379ea8cabc"
          },
          "private": "bnVsbA==",
          "dependencies": [
            "module.eks-jx.module.cluster.data.aws_availability_zones.available",
            "module.eks-jx.module.cluster.module.vpc.aws_route_table.public",
            "module.eks-jx.module.cluster.module.vpc.aws_subnet.public",
            "module.eks-jx.module.cluster.module.vpc.aws_vpc.this",
            "module.eks-jx.module.cluster.module.vpc.aws_vpc_ipv4_cidr_block_association.this",
            "module.eks-jx.random_pet.current"
          ]
        },
        {
          "index_key": 2,
          "schema_version": 0,
          "attributes": {
            "gateway_id": null,
            "id": "rtbassoc-01479887ab6baecb4",
            "route_table_id": "rtb-05dc0313fc5d4aadd",
            "subnet_id": "subnet-0590e87914926b8bb"
          },
          "private": "bnVsbA==",
          "dependencies": [
            "module.eks-jx.module.cluster.data.aws_availability_zones.available",
            "module.eks-jx.module.cluster.module.vpc.aws_route_table.public",
            "module.eks-jx.module.cluster.module.vpc.aws_subnet.public",
            "module.eks-jx.module.cluster.module.vpc.aws_vpc.this",
            "module.eks-jx.module.cluster.module.vpc.aws_vpc_ipv4_cidr_block_association.this",
            "module.eks-jx.random_pet.current"
          ]
        }
      ]
    },
    {
      "module": "module.eks-jx.module.cluster.module.vpc",
      "mode": "managed",
      "type": "aws_subnet",
      "name": "private",
      "provider": "module.eks-jx.provider[\"registry.terraform.io/hashicorp/aws\"]",
      "instances": [
        {
          "index_key": 0,
          "schema_version": 1,
          "attributes": {
            "arn": "arn:aws:ec2:us-east-1:621520006631:subnet/subnet-01090ffdcd8324fbb",
            "assign_ipv6_address_on_creation": false,
            "availability_zone": "us-east-1a",
            "availability_zone_id": "use1-az4",
            "cidr_block": "10.0.4.0/24",
            "id": "subnet-01090ffdcd8324fbb",
            "ipv6_cidr_block": "",
            "ipv6_cidr_block_association_id": "",
            "map_public_ip_on_launch": false,
            "outpost_arn": "",
            "owner_id": "621520006631",
            "tags": {
              "Name": "tf-vpc-eks-private-us-east-1a",
              "kubernetes.io/cluster/capires": "shared",
              "kubernetes.io/role/internal-elb": "1"
            },
            "timeouts": null,
            "vpc_id": "vpc-01acca9b887511bbe"
          },
          "private": "eyJlMmJmYjczMC1lY2FhLTExZTYtOGY4OC0zNDM2M2JjN2M0YzAiOnsiY3JlYXRlIjo2MDAwMDAwMDAwMDAsImRlbGV0ZSI6MTIwMDAwMDAwMDAwMH0sInNjaGVtYV92ZXJzaW9uIjoiMSJ9",
          "dependencies": [
            "module.eks-jx.module.cluster.data.aws_availability_zones.available",
            "module.eks-jx.module.cluster.module.vpc.aws_vpc.this",
            "module.eks-jx.module.cluster.module.vpc.aws_vpc_ipv4_cidr_block_association.this",
            "module.eks-jx.random_pet.current"
          ]
        },
        {
          "index_key": 1,
          "schema_version": 1,
          "attributes": {
            "arn": "arn:aws:ec2:us-east-1:621520006631:subnet/subnet-0e05d44064d9a95fa",
            "assign_ipv6_address_on_creation": false,
            "availability_zone": "us-east-1b",
            "availability_zone_id": "use1-az6",
            "cidr_block": "10.0.5.0/24",
            "id": "subnet-0e05d44064d9a95fa",
            "ipv6_cidr_block": "",
            "ipv6_cidr_block_association_id": "",
            "map_public_ip_on_launch": false,
            "outpost_arn": "",
            "owner_id": "621520006631",
            "tags": {
              "Name": "tf-vpc-eks-private-us-east-1b",
              "kubernetes.io/cluster/capires": "shared",
              "kubernetes.io/role/internal-elb": "1"
            },
            "timeouts": null,
            "vpc_id": "vpc-01acca9b887511bbe"
          },
          "private": "eyJlMmJmYjczMC1lY2FhLTExZTYtOGY4OC0zNDM2M2JjN2M0YzAiOnsiY3JlYXRlIjo2MDAwMDAwMDAwMDAsImRlbGV0ZSI6MTIwMDAwMDAwMDAwMH0sInNjaGVtYV92ZXJzaW9uIjoiMSJ9",
          "dependencies": [
            "module.eks-jx.module.cluster.data.aws_availability_zones.available",
            "module.eks-jx.module.cluster.module.vpc.aws_vpc.this",
            "module.eks-jx.module.cluster.module.vpc.aws_vpc_ipv4_cidr_block_association.this",
            "module.eks-jx.random_pet.current"
          ]
        },
        {
          "index_key": 2,
          "schema_version": 1,
          "attributes": {
            "arn": "arn:aws:ec2:us-east-1:621520006631:subnet/subnet-06b4c8939bee28063",
            "assign_ipv6_address_on_creation": false,
            "availability_zone": "us-east-1c",
            "availability_zone_id": "use1-az1",
            "cidr_block": "10.0.6.0/24",
            "id": "subnet-06b4c8939bee28063",
            "ipv6_cidr_block": "",
            "ipv6_cidr_block_association_id": "",
            "map_public_ip_on_launch": false,
            "outpost_arn": "",
            "owner_id": "621520006631",
            "tags": {
              "Name": "tf-vpc-eks-private-us-east-1c",
              "kubernetes.io/cluster/capires": "shared",
              "kubernetes.io/role/internal-elb": "1"
            },
            "timeouts": null,
            "vpc_id": "vpc-01acca9b887511bbe"
          },
          "private": "eyJlMmJmYjczMC1lY2FhLTExZTYtOGY4OC0zNDM2M2JjN2M0YzAiOnsiY3JlYXRlIjo2MDAwMDAwMDAwMDAsImRlbGV0ZSI6MTIwMDAwMDAwMDAwMH0sInNjaGVtYV92ZXJzaW9uIjoiMSJ9",
          "dependencies": [
            "module.eks-jx.module.cluster.data.aws_availability_zones.available",
            "module.eks-jx.module.cluster.module.vpc.aws_vpc.this",
            "module.eks-jx.module.cluster.module.vpc.aws_vpc_ipv4_cidr_block_association.this",
            "module.eks-jx.random_pet.current"
          ]
        }
      ]
    },
    {
      "module": "module.eks-jx.module.cluster.module.vpc",
      "mode": "managed",
      "type": "aws_subnet",
      "name": "public",
      "provider": "module.eks-jx.provider[\"registry.terraform.io/hashicorp/aws\"]",
      "instances": [
        {
          "index_key": 0,
          "schema_version": 1,
          "attributes": {
            "arn": "arn:aws:ec2:us-east-1:621520006631:subnet/subnet-082d7c60e77b1f2cb",
            "assign_ipv6_address_on_creation": false,
            "availability_zone": "us-east-1a",
            "availability_zone_id": "use1-az4",
            "cidr_block": "10.0.1.0/24",
            "id": "subnet-082d7c60e77b1f2cb",
            "ipv6_cidr_block": "",
            "ipv6_cidr_block_association_id": "",
            "map_public_ip_on_launch": true,
            "outpost_arn": "",
            "owner_id": "621520006631",
            "tags": {
              "Name": "tf-vpc-eks-public-us-east-1a",
              "kubernetes.io/cluster/capires": "shared",
              "kubernetes.io/role/elb": "1"
            },
            "timeouts": null,
            "vpc_id": "vpc-01acca9b887511bbe"
          },
          "private": "eyJlMmJmYjczMC1lY2FhLTExZTYtOGY4OC0zNDM2M2JjN2M0YzAiOnsiY3JlYXRlIjo2MDAwMDAwMDAwMDAsImRlbGV0ZSI6MTIwMDAwMDAwMDAwMH0sInNjaGVtYV92ZXJzaW9uIjoiMSJ9",
          "dependencies": [
            "module.eks-jx.module.cluster.data.aws_availability_zones.available",
            "module.eks-jx.module.cluster.module.vpc.aws_vpc.this",
            "module.eks-jx.module.cluster.module.vpc.aws_vpc_ipv4_cidr_block_association.this",
            "module.eks-jx.random_pet.current"
          ]
        },
        {
          "index_key": 1,
          "schema_version": 1,
          "attributes": {
            "arn": "arn:aws:ec2:us-east-1:621520006631:subnet/subnet-013474d379ea8cabc",
            "assign_ipv6_address_on_creation": false,
            "availability_zone": "us-east-1b",
            "availability_zone_id": "use1-az6",
            "cidr_block": "10.0.2.0/24",
            "id": "subnet-013474d379ea8cabc",
            "ipv6_cidr_block": "",
            "ipv6_cidr_block_association_id": "",
            "map_public_ip_on_launch": true,
            "outpost_arn": "",
            "owner_id": "621520006631",
            "tags": {
              "Name": "tf-vpc-eks-public-us-east-1b",
              "kubernetes.io/cluster/capires": "shared",
              "kubernetes.io/role/elb": "1"
            },
            "timeouts": null,
            "vpc_id": "vpc-01acca9b887511bbe"
          },
          "private": "eyJlMmJmYjczMC1lY2FhLTExZTYtOGY4OC0zNDM2M2JjN2M0YzAiOnsiY3JlYXRlIjo2MDAwMDAwMDAwMDAsImRlbGV0ZSI6MTIwMDAwMDAwMDAwMH0sInNjaGVtYV92ZXJzaW9uIjoiMSJ9",
          "dependencies": [
            "module.eks-jx.module.cluster.data.aws_availability_zones.available",
            "module.eks-jx.module.cluster.module.vpc.aws_vpc.this",
            "module.eks-jx.module.cluster.module.vpc.aws_vpc_ipv4_cidr_block_association.this",
            "module.eks-jx.random_pet.current"
          ]
        },
        {
          "index_key": 2,
          "schema_version": 1,
          "attributes": {
            "arn": "arn:aws:ec2:us-east-1:621520006631:subnet/subnet-0590e87914926b8bb",
            "assign_ipv6_address_on_creation": false,
            "availability_zone": "us-east-1c",
            "availability_zone_id": "use1-az1",
            "cidr_block": "10.0.3.0/24",
            "id": "subnet-0590e87914926b8bb",
            "ipv6_cidr_block": "",
            "ipv6_cidr_block_association_id": "",
            "map_public_ip_on_launch": true,
            "outpost_arn": "",
            "owner_id": "621520006631",
            "tags": {
              "Name": "tf-vpc-eks-public-us-east-1c",
              "kubernetes.io/cluster/capires": "shared",
              "kubernetes.io/role/elb": "1"
            },
            "timeouts": null,
            "vpc_id": "vpc-01acca9b887511bbe"
          },
          "private": "eyJlMmJmYjczMC1lY2FhLTExZTYtOGY4OC0zNDM2M2JjN2M0YzAiOnsiY3JlYXRlIjo2MDAwMDAwMDAwMDAsImRlbGV0ZSI6MTIwMDAwMDAwMDAwMH0sInNjaGVtYV92ZXJzaW9uIjoiMSJ9",
          "dependencies": [
            "module.eks-jx.module.cluster.data.aws_availability_zones.available",
            "module.eks-jx.module.cluster.module.vpc.aws_vpc.this",
            "module.eks-jx.module.cluster.module.vpc.aws_vpc_ipv4_cidr_block_association.this",
            "module.eks-jx.random_pet.current"
          ]
        }
      ]
    },
    {
      "module": "module.eks-jx.module.cluster.module.vpc",
      "mode": "managed",
      "type": "aws_vpc",
      "name": "this",
      "provider": "module.eks-jx.provider[\"registry.terraform.io/hashicorp/aws\"]",
      "instances": [
        {
          "index_key": 0,
          "schema_version": 1,
          "attributes": {
            "arn": "arn:aws:ec2:us-east-1:621520006631:vpc/vpc-01acca9b887511bbe",
            "assign_generated_ipv6_cidr_block": false,
            "cidr_block": "10.0.0.0/16",
            "default_network_acl_id": "acl-033948d1ee1d3f7cf",
            "default_route_table_id": "rtb-04044052f3dea080e",
            "default_security_group_id": "sg-00deb134b59f301af",
            "dhcp_options_id": "dopt-c75f31bd",
            "enable_classiclink": false,
            "enable_classiclink_dns_support": false,
            "enable_dns_hostnames": true,
            "enable_dns_support": true,
            "id": "vpc-01acca9b887511bbe",
            "instance_tenancy": "default",
            "ipv6_association_id": "",
            "ipv6_cidr_block": "",
            "main_route_table_id": "rtb-04044052f3dea080e",
            "owner_id": "621520006631",
            "tags": {
              "Name": "tf-vpc-eks",
              "kubernetes.io/cluster/capires": "shared"
            }
          },
          "private": "eyJzY2hlbWFfdmVyc2lvbiI6IjEifQ==",
          "dependencies": [
            "module.eks-jx.random_pet.current"
          ]
        }
      ]
    },
    {
      "module": "module.eks-jx.module.vault",
      "mode": "data",
      "type": "aws_caller_identity",
      "name": "current",
      "provider": "module.eks-jx.provider[\"registry.terraform.io/hashicorp/aws\"]",
      "instances": [
        {
          "schema_version": 0,
          "attributes": {
            "account_id": "621520006631",
            "arn": "arn:aws:iam::621520006631:user/Administrator",
            "id": "2020-10-29 11:04:28.5142317 +0000 UTC",
            "user_id": "AIDAZBNL2VXTXHK42HACQ"
          }
        }
      ]
    },
    {
      "module": "module.eks-jx.module.vault",
      "mode": "data",
      "type": "aws_iam_policy_document",
      "name": "vault_iam_user_policy_document",
      "provider": "module.eks-jx.provider[\"registry.terraform.io/hashicorp/aws\"]",
      "instances": [
        {
          "index_key": 0,
          "schema_version": 0,
          "attributes": {
            "id": "2563907740",
            "json": "{\n  \"Version\": \"2012-10-17\",\n  \"Statement\": [\n    {\n      \"Sid\": \"DynamoDB\",\n      \"Effect\": \"Allow\",\n      \"Action\": [\n        \"dynamodb:UpdateItem\",\n        \"dynamodb:Scan\",\n        \"dynamodb:Query\",\n        \"dynamodb:PutItem\",\n        \"dynamodb:ListTagsOfResource\",\n        \"dynamodb:ListTables\",\n        \"dynamodb:GetRecords\",\n        \"dynamodb:GetItem\",\n        \"dynamodb:DescribeTimeToLive\",\n        \"dynamodb:DescribeTable\",\n        \"dynamodb:DescribeReservedCapacityOfferings\",\n        \"dynamodb:DescribeReservedCapacity\",\n        \"dynamodb:DescribeLimits\",\n        \"dynamodb:DeleteItem\",\n        \"dynamodb:CreateTable\",\n        \"dynamodb:BatchWriteItem\",\n        \"dynamodb:BatchGetItem\"\n      ],\n      \"Resource\": \"arn:aws:dynamodb:us-east-1:621520006631:table/vault-unseal-capires-CkQx2UDv\"\n    },\n    {\n      \"Sid\": \"S3\",\n      \"Effect\": \"Allow\",\n      \"Action\": [\n        \"s3:PutObject\",\n        \"s3:GetObject\"\n      ],\n      \"Resource\": \"arn:aws:s3:::vault-unseal-capires-20201029100912209200000007/*\"\n    },\n    {\n      \"Sid\": \"S3List\",\n      \"Effect\": \"Allow\",\n      \"Action\": \"s3:ListBucket\",\n      \"Resource\": \"arn:aws:s3:::vault-unseal-capires-20201029100912209200000007\"\n    },\n    {\n      \"Sid\": \"KMS\",\n      \"Effect\": \"Allow\",\n      \"Action\": [\n        \"kms:Encrypt\",\n        \"kms:Decrypt\"\n      ],\n      \"Resource\": \"arn:aws:kms:us-east-1:621520006631:key/2e5f7ce3-6db4-4f38-b1c8-72fe0b6b4571\"\n    }\n  ]\n}",
            "override_json": null,
            "policy_id": null,
            "source_json": null,
            "statement": [
              {
                "actions": [
                  "dynamodb:BatchGetItem",
                  "dynamodb:BatchWriteItem",
                  "dynamodb:CreateTable",
                  "dynamodb:DeleteItem",
                  "dynamodb:DescribeLimits",
                  "dynamodb:DescribeReservedCapacity",
                  "dynamodb:DescribeReservedCapacityOfferings",
                  "dynamodb:DescribeTable",
                  "dynamodb:DescribeTimeToLive",
                  "dynamodb:GetItem",
                  "dynamodb:GetRecords",
                  "dynamodb:ListTables",
                  "dynamodb:ListTagsOfResource",
                  "dynamodb:PutItem",
                  "dynamodb:Query",
                  "dynamodb:Scan",
                  "dynamodb:UpdateItem"
                ],
                "condition": [],
                "effect": "Allow",
                "not_actions": [],
                "not_principals": [],
                "not_resources": [],
                "principals": [],
                "resources": [
                  "arn:aws:dynamodb:us-east-1:621520006631:table/vault-unseal-capires-CkQx2UDv"
                ],
                "sid": "DynamoDB"
              },
              {
                "actions": [
                  "s3:GetObject",
                  "s3:PutObject"
                ],
                "condition": [],
                "effect": "Allow",
                "not_actions": [],
                "not_principals": [],
                "not_resources": [],
                "principals": [],
                "resources": [
                  "arn:aws:s3:::vault-unseal-capires-20201029100912209200000007/*"
                ],
                "sid": "S3"
              },
              {
                "actions": [
                  "s3:ListBucket"
                ],
                "condition": [],
                "effect": "Allow",
                "not_actions": [],
                "not_principals": [],
                "not_resources": [],
                "principals": [],
                "resources": [
                  "arn:aws:s3:::vault-unseal-capires-20201029100912209200000007"
                ],
                "sid": "S3List"
              },
              {
                "actions": [
                  "kms:Decrypt",
                  "kms:Encrypt"
                ],
                "condition": [],
                "effect": "Allow",
                "not_actions": [],
                "not_principals": [],
                "not_resources": [],
                "principals": [],
                "resources": [
                  "arn:aws:kms:us-east-1:621520006631:key/2e5f7ce3-6db4-4f38-b1c8-72fe0b6b4571"
                ],
                "sid": "KMS"
              }
            ],
            "version": "2012-10-17"
          }
        }
      ]
    },
    {
      "module": "module.eks-jx.module.vault",
      "mode": "data",
      "type": "aws_iam_user",
      "name": "vault_user",
      "provider": "module.eks-jx.provider[\"registry.terraform.io/hashicorp/aws\"]",
      "instances": [
        {
          "index_key": 0,
          "schema_version": 0,
          "attributes": {
            "arn": "arn:aws:iam::621520006631:user/Administrator",
            "id": "AIDAZBNL2VXTXHK42HACQ",
            "path": "/",
            "permissions_boundary": "",
            "user_id": "AIDAZBNL2VXTXHK42HACQ",
            "user_name": "Administrator"
          }
        }
      ]
    },
    {
      "module": "module.eks-jx.module.vault",
      "mode": "managed",
      "type": "aws_dynamodb_table",
      "name": "vault-dynamodb-table",
      "provider": "module.eks-jx.provider[\"registry.terraform.io/hashicorp/aws\"]",
      "instances": [
        {
          "index_key": 0,
          "schema_version": 1,
          "attributes": {
            "arn": "arn:aws:dynamodb:us-east-1:621520006631:table/vault-unseal-capires-CkQx2UDv",
            "attribute": [
              {
                "name": "Key",
                "type": "S"
              },
              {
                "name": "Path",
                "type": "S"
              }
            ],
            "billing_mode": "PAY_PER_REQUEST",
            "global_secondary_index": [],
            "hash_key": "Path",
            "id": "vault-unseal-capires-CkQx2UDv",
            "local_secondary_index": [],
            "name": "vault-unseal-capires-CkQx2UDv",
            "point_in_time_recovery": [
              {
                "enabled": false
              }
            ],
            "range_key": "Key",
            "read_capacity": 0,
            "replica": [],
            "server_side_encryption": [],
            "stream_arn": "",
            "stream_enabled": false,
            "stream_label": "",
            "stream_view_type": "",
            "tags": {
              "Name": "vault-dynamo-db-table"
            },
            "timeouts": null,
            "ttl": [
              {
                "attribute_name": "",
                "enabled": false
              }
            ],
            "write_capacity": 0
          },
          "private": "eyJlMmJmYjczMC1lY2FhLTExZTYtOGY4OC0zNDM2M2JjN2M0YzAiOnsiY3JlYXRlIjo2MDAwMDAwMDAwMDAsImRlbGV0ZSI6NjAwMDAwMDAwMDAwLCJ1cGRhdGUiOjM2MDAwMDAwMDAwMDB9LCJzY2hlbWFfdmVyc2lvbiI6IjEifQ==",
          "dependencies": [
            "module.eks-jx.module.vault.random_string.suffix",
            "module.eks-jx.random_pet.current"
          ]
        }
      ]
    },
    {
      "module": "module.eks-jx.module.vault",
      "mode": "managed",
      "type": "aws_iam_policy",
      "name": "aws_vault_user_policy",
      "provider": "module.eks-jx.provider[\"registry.terraform.io/hashicorp/aws\"]",
      "instances": [
        {
          "index_key": 0,
          "schema_version": 0,
          "attributes": {
            "arn": "arn:aws:iam::621520006631:policy/vault_us-east-1-2020102910092458650000000c",
            "description": "Vault Policy for the provided IAM User",
            "id": "arn:aws:iam::621520006631:policy/vault_us-east-1-2020102910092458650000000c",
            "name": "vault_us-east-1-2020102910092458650000000c",
            "name_prefix": "vault_us-east-1-",
            "path": "/",
            "policy": "{\n  \"Version\": \"2012-10-17\",\n  \"Statement\": [\n    {\n      \"Sid\": \"DynamoDB\",\n      \"Effect\": \"Allow\",\n      \"Action\": [\n        \"dynamodb:UpdateItem\",\n        \"dynamodb:Scan\",\n        \"dynamodb:Query\",\n        \"dynamodb:PutItem\",\n        \"dynamodb:ListTagsOfResource\",\n        \"dynamodb:ListTables\",\n        \"dynamodb:GetRecords\",\n        \"dynamodb:GetItem\",\n        \"dynamodb:DescribeTimeToLive\",\n        \"dynamodb:DescribeTable\",\n        \"dynamodb:DescribeReservedCapacityOfferings\",\n        \"dynamodb:DescribeReservedCapacity\",\n        \"dynamodb:DescribeLimits\",\n        \"dynamodb:DeleteItem\",\n        \"dynamodb:CreateTable\",\n        \"dynamodb:BatchWriteItem\",\n        \"dynamodb:BatchGetItem\"\n      ],\n      \"Resource\": \"arn:aws:dynamodb:us-east-1:621520006631:table/vault-unseal-capires-CkQx2UDv\"\n    },\n    {\n      \"Sid\": \"S3\",\n      \"Effect\": \"Allow\",\n      \"Action\": [\n        \"s3:PutObject\",\n        \"s3:GetObject\"\n      ],\n      \"Resource\": \"arn:aws:s3:::vault-unseal-capires-20201029100912209200000007/*\"\n    },\n    {\n      \"Sid\": \"S3List\",\n      \"Effect\": \"Allow\",\n      \"Action\": \"s3:ListBucket\",\n      \"Resource\": \"arn:aws:s3:::vault-unseal-capires-20201029100912209200000007\"\n    },\n    {\n      \"Sid\": \"KMS\",\n      \"Effect\": \"Allow\",\n      \"Action\": [\n        \"kms:Encrypt\",\n        \"kms:Decrypt\"\n      ],\n      \"Resource\": \"arn:aws:kms:us-east-1:621520006631:key/2e5f7ce3-6db4-4f38-b1c8-72fe0b6b4571\"\n    }\n  ]\n}"
          },
          "private": "bnVsbA==",
          "dependencies": [
            "module.eks-jx.module.vault.aws_dynamodb_table.vault-dynamodb-table",
            "module.eks-jx.module.vault.aws_iam_user.jenkins-x-vault",
            "module.eks-jx.module.vault.aws_kms_key.kms_vault_unseal",
            "module.eks-jx.module.vault.aws_s3_bucket.vault-unseal-bucket",
            "module.eks-jx.module.vault.data.aws_caller_identity.current",
            "module.eks-jx.module.vault.data.aws_iam_policy_document.vault_iam_user_policy_document",
            "module.eks-jx.module.vault.data.aws_iam_user.vault_user",
            "module.eks-jx.module.vault.random_string.suffix",
            "module.eks-jx.random_pet.current"
          ]
        }
      ]
    },
    {
      "module": "module.eks-jx.module.vault",
      "mode": "managed",
      "type": "aws_iam_user_policy_attachment",
      "name": "attach_vault_policy_to_user",
      "provider": "module.eks-jx.provider[\"registry.terraform.io/hashicorp/aws\"]",
      "instances": [
        {
          "index_key": 0,
          "schema_version": 0,
          "attributes": {
            "id": "Administrator-2020102910092691010000000d",
            "policy_arn": "arn:aws:iam::621520006631:policy/vault_us-east-1-2020102910092458650000000c",
            "user": "Administrator"
          },
          "private": "bnVsbA==",
          "dependencies": [
            "module.eks-jx.module.vault.aws_dynamodb_table.vault-dynamodb-table",
            "module.eks-jx.module.vault.aws_iam_policy.aws_vault_user_policy",
            "module.eks-jx.module.vault.aws_iam_user.jenkins-x-vault",
            "module.eks-jx.module.vault.aws_kms_key.kms_vault_unseal",
            "module.eks-jx.module.vault.aws_s3_bucket.vault-unseal-bucket",
            "module.eks-jx.module.vault.data.aws_caller_identity.current",
            "module.eks-jx.module.vault.data.aws_iam_policy_document.vault_iam_user_policy_document",
            "module.eks-jx.module.vault.data.aws_iam_user.vault_user",
            "module.eks-jx.module.vault.random_string.suffix",
            "module.eks-jx.random_pet.current"
          ]
        }
      ]
    },
    {
      "module": "module.eks-jx.module.vault",
      "mode": "managed",
      "type": "aws_kms_key",
      "name": "kms_vault_unseal",
      "provider": "module.eks-jx.provider[\"registry.terraform.io/hashicorp/aws\"]",
      "instances": [
        {
          "index_key": 0,
          "schema_version": 0,
          "attributes": {
            "arn": "arn:aws:kms:us-east-1:621520006631:key/2e5f7ce3-6db4-4f38-b1c8-72fe0b6b4571",
            "customer_master_key_spec": "SYMMETRIC_DEFAULT",
            "deletion_window_in_days": null,
            "description": "KMS Key for bank vault unseal",
            "enable_key_rotation": true,
            "id": "2e5f7ce3-6db4-4f38-b1c8-72fe0b6b4571",
            "is_enabled": true,
            "key_id": "2e5f7ce3-6db4-4f38-b1c8-72fe0b6b4571",
            "key_usage": "ENCRYPT_DECRYPT",
            "policy": "{\"Statement\":[{\"Action\":\"kms:*\",\"Effect\":\"Allow\",\"Principal\":{\"AWS\":[\"arn:aws:iam::621520006631:root\",\"arn:aws:iam::621520006631:user/Administrator\"]},\"Resource\":\"*\",\"Sid\":\"EnableIAMUserPermissions\"}],\"Version\":\"2012-10-17\"}",
            "tags": {}
          },
          "private": "bnVsbA==",
          "dependencies": [
            "module.eks-jx.module.vault.aws_iam_user.jenkins-x-vault",
            "module.eks-jx.module.vault.data.aws_caller_identity.current",
            "module.eks-jx.module.vault.data.aws_iam_user.vault_user"
          ]
        }
      ]
    },
    {
      "module": "module.eks-jx.module.vault",
      "mode": "managed",
      "type": "aws_s3_bucket",
      "name": "vault-unseal-bucket",
      "provider": "module.eks-jx.provider[\"registry.terraform.io/hashicorp/aws\"]",
      "instances": [
        {
          "index_key": 0,
          "schema_version": 0,
          "attributes": {
            "acceleration_status": "",
            "acl": "private",
            "arn": "arn:aws:s3:::vault-unseal-capires-20201029100912209200000007",
            "bucket": "vault-unseal-capires-20201029100912209200000007",
            "bucket_domain_name": "vault-unseal-capires-20201029100912209200000007.s3.amazonaws.com",
            "bucket_prefix": "vault-unseal-capires-",
            "bucket_regional_domain_name": "vault-unseal-capires-20201029100912209200000007.s3.amazonaws.com",
            "cors_rule": [],
            "force_destroy": true,
            "grant": [],
            "hosted_zone_id": "Z3AQBSTGFYJSTF",
            "id": "vault-unseal-capires-20201029100912209200000007",
            "lifecycle_rule": [],
            "logging": [],
            "object_lock_configuration": [],
            "policy": null,
            "region": "us-east-1",
            "replication_configuration": [],
            "request_payer": "BucketOwner",
            "server_side_encryption_configuration": [
              {
                "rule": [
                  {
                    "apply_server_side_encryption_by_default": [
                      {
                        "kms_master_key_id": "",
                        "sse_algorithm": "AES256"
                      }
                    ]
                  }
                ]
              }
            ],
            "tags": {
              "Name": "Vault unseal bucket"
            },
            "versioning": [
              {
                "enabled": false,
                "mfa_delete": false
              }
            ],
            "website": [],
            "website_domain": null,
            "website_endpoint": null
          },
          "private": "bnVsbA==",
          "dependencies": [
            "module.eks-jx.random_pet.current"
          ]
        }
      ]
    },
    {
      "module": "module.eks-jx.module.vault",
      "mode": "managed",
      "type": "random_string",
      "name": "suffix",
      "provider": "module.eks-jx.module.vault.provider[\"registry.terraform.io/hashicorp/random\"]",
      "instances": [
        {
          "schema_version": 1,
          "attributes": {
            "id": "CkQx2UDv",
            "keepers": null,
            "length": 8,
            "lower": true,
            "min_lower": 0,
            "min_numeric": 0,
            "min_special": 0,
            "min_upper": 0,
            "number": true,
            "override_special": null,
            "result": "CkQx2UDv",
            "special": false,
            "upper": true
          },
          "private": "eyJzY2hlbWFfdmVyc2lvbiI6IjEifQ=="
        }
      ]
    }
  ]
}
